
Microsoft Visual Studio Solution File, Format Version 12.00
# Visual Studio Version 17
VisualStudioVersion = 17.0.31903.59
MinimumVisualStudioVersion = 10.0.40219.1
Project("{9A19103F-16F7-4668-BE54-9A1E7A4F7556}") = "SQLDatabase", "SQLDatabase\SQLDatabase.csproj", "{104273EF-3F98-43FA-871C-86EF4CE6DEA0}"
EndProject
Project("{FAE04EC0-301F-11D3-BF4B-00C04F79EFBC}") = "Storage", "Storage\Storage.csproj", "{76C8D90F-070A-49AE-B997-3FA2037248EA}"
EndProject
Project("{FAE04EC0-301F-11D3-BF4B-00C04F79EFBC}") = "AADAuthLib", "AADAuthLib\AADAuthLib.csproj", "{6F963B1F-B77F-449A-A82B-C9F03E061398}"
EndProject
Global
	GlobalSection(SolutionConfigurationPlatforms) = preSolution
		Debug|Any CPU = Debug|Any CPU
		Release|Any CPU = Release|Any CPU
	EndGlobalSection
	GlobalSection(ProjectConfigurationPlatforms) = postSolution
		{104273EF-3F98-43FA-871C-86EF4CE6DEA0}.Debug|Any CPU.ActiveCfg = Debug|Any CPU
		{104273EF-3F98-43FA-871C-86EF4CE6DEA0}.Debug|Any CPU.Build.0 = Debug|Any CPU
		{104273EF-3F98-43FA-871C-86EF4CE6DEA0}.Release|Any CPU.ActiveCfg = Release|Any CPU
		{104273EF-3F98-43FA-871C-86EF4CE6DEA0}.Release|Any CPU.Build.0 = Release|Any CPU
		{76C8D90F-070A-49AE-B997-3FA2037248EA}.Debug|Any CPU.ActiveCfg = Debug|Any CPU
		{76C8D90F-070A-49AE-B997-3FA2037248EA}.Debug|Any CPU.Build.0 = Debug|Any CPU
		{76C8D90F-070A-49AE-B997-3FA2037248EA}.Release|Any CPU.ActiveCfg = Release|Any CPU
		{76C8D90F-070A-49AE-B997-3FA2037248EA}.Release|Any CPU.Build.0 = Release|Any CPU
		{6F963B1F-B77F-449A-A82B-C9F03E061398}.Debug|Any CPU.ActiveCfg = Debug|Any CPU
		{6F963B1F-B77F-449A-A82B-C9F03E061398}.Debug|Any CPU.Build.0 = Debug|Any CPU
		{6F963B1F-B77F-449A-A82B-C9F03E061398}.Release|Any CPU.ActiveCfg = Release|Any CPU
		{6F963B1F-B77F-449A-A82B-C9F03E061398}.Release|Any CPU.Build.0 = Release|Any CPU
	EndGlobalSection
	GlobalSection(SolutionProperties) = preSolution
		HideSolutionNode = FALSE
	EndGlobalSection
	GlobalSection(ExtensibilityGlobals) = postSolution
		SolutionGuid = {C21F2B06-5600-44F2-A605-8BF9FB59E145}
	EndGlobalSection
EndGlobal
