{
  "version": 4,
  "terraform_version": "1.3.6",
  "serial": 31,
  "lineage": "a16d7833-3b63-a5a0-10dd-d0ea6f682792",
  "outputs": {
    "mssqlapp_application_id": {
      "value": "cb6850e1-fcea-415b-93aa-da99ff2aff98",
      "type": "string"
    },
    "mssqlapp_object_id": {
      "value": "63e87ac2-5f7d-48aa-a2fb-03b85e11aa51",
      "type": "string"
    }
  },
  "resources": [
    {
      "mode": "data",
      "type": "azuread_application_published_app_ids",
      "name": "well_known",
      "provider": "provider[\"registry.terraform.io/hashicorp/azuread\"]",
      "instances": [
        {
          "schema_version": 0,
          "attributes": {
            "id": "appIds",
            "result": {
              "ApplicationInsights": "f5c26e74-f226-4ae8-85f0-b4af0080ac9e",
              "AttestationService": "c61423b7-1d1f-430d-b444-0eee53298103",
              "AzureActiveDirectoryGraph": "00000002-0000-0000-c000-000000000000",
              "AzureAdIdentityGovernanceInsights": "58c746b0-a0b0-4647-a8f6-12dde5981638",
              "AzureAdIntegratedApp": "af47b99c-8954-4b45-ab68-8121157418ef",
              "AzureAdNotification": "fc03f97a-9db0-4627-a216-ec98ce54e018",
              "AzureAnalysisServices": "4ac7d521-0382-477b-b0f8-7e1d95f85ca2",
              "AzureAppConfiguration": "35ffadb3-7fc1-497e-b61b-381d28e744cc",
              "AzureAppService": "abfa0a7c-a6b6-4736-8310-5855508787cd",
              "AzureBatch": "ddbf3205-c6bd-46ae-8127-60eb93363864",
              "AzureContainerRegistry": "6a0ec4d3-30cb-4a83-91c0-ae56bc0e3d26",
              "AzureCosmosDb": "a232010e-820c-4083-83bb-3ace5fc29d0b",
              "AzureDataBricks": "2ff814a6-3304-4ab8-85cb-cd0e6f879c1d",
              "AzureDataCatalog": "9d3e55ba-79e0-4b7c-af50-dc460b81dca1",
              "AzureDataLake": "e9f49c6b-5ce5-44c8-925d-015017e9f7ad",
              "AzureDevOps": "499b84ac-1321-427f-aa17-267ca6975798",
              "AzureDigitalTwins": "0b07f429-9f4b-4714-9392-cc5e8e80c8b0",
              "AzureEventHubs": "80369ed6-5f11-4dd9-bef3-692475845e77",
              "AzureHdInsightCluster": "7865c1d2-f040-46cc-875f-831a1ef6a28a",
              "AzureHealthcare": "4f6778d8-5aef-43dc-a1ff-b073724b9495",
              "AzureIamSupportability": "a57aca87-cbc0-4f3c-8b9e-dc095fdc8978",
              "AzureImportExport": "7de4d5c5-5b32-4235-b8a9-33b34d6bcd2a",
              "AzureIotCentral": "9edfcdd9-0bc5-4bd4-b287-c3afc716aac7",
              "AzureIotHubDeviceProvisioning": "0cd79364-7a90-4354-9984-6e36c841418d",
              "AzureKeyVault": "cfa8b339-82a2-471a-a3c9-0fc0be7a4093",
              "AzureKubernetesServiceAadServer": "6dae42f8-4368-4678-94ff-3960e28e3630",
              "AzureMaps": "ba1ea022-5807-41d5-bbeb-292c7e1cf5f6",
              "AzureMediaServices": "374b2a64-3b6b-436b-934c-b820eacca870",
              "AzurePortal": "c44b4083-3bb0-49c1-b47d-974e53cbdf3c",
              "AzureSecurityInsights": "98785600-1bb7-4fb9-b9fa-19afe2c8a360",
              "AzureServiceBus": "80a10ef9-8168-493d-abf9-3297c4ef6e3c",
              "AzureServiceDeploy": "5b306cba-9c71-49db-96c3-d17ca2379c4d",
              "AzureServiceManagement": "797f4846-ba00-4fd7-ba43-dac1f8f63013",
              "AzureSqlDatabase": "022907d3-0f1b-48f7-badc-1ba6abab6d66",
              "AzureStackHciService": "1322e676-dee7-41ee-a874-ac923822781c",
              "AzureStorage": "e406a681-f3d4-42a8-90b6-c2b029497af1",
              "AzureStreamAnalytics": "66f1e791-7bfb-4e18-aed8-1720056421c7",
              "AzureSynapseGateway": "1ac05c7e-12d2-4605-bf9d-549d7041c6b3",
              "AzureSynapseStudio": "ec52d13d-2e85-410e-a89a-8c79fb6a32ac",
              "AzureTimeSeriesInsights": "120d688d-1518-4cf7-bd38-182f158850b6",
              "AzureVPN": "41b23e61-6c1e-4545-b367-cd054e0ed4b4",
              "Bing": "9ea1ad79-fdb6-4f9a-8bc3-2b70f96e34c7",
              "BotFrameworkDevPortal": "f3723d34-6ff5-4ceb-a148-d99dcd2511fc",
              "BranchConnectWebService": "57084ef3-d413-4087-a28f-f6f3b1ad7786",
              "CognitiveServices": "7d312290-28c8-473c-a0ed-8e53749b6d6d",
              "ComputeRecommendationService": "b9a92e36-2cf8-4f4e-bcb3-9d99e00e14ab",
              "ConnectionsService": "b7912db9-aa33-4820-9d4f-709830fdd78f",
              "CortanaAtWorkBingServices": "22d7579f-06c2-4baa-89d2-e844486adb9d",
              "CortanaAtWorkService": "2a486b53-dbd2-49c0-a2bc-278bdfc30833",
              "CortanaRuntimeService": "81473081-50b9-469a-b9d8-303109583ecb",
              "CustomerInsights": "38c77d00-5fcb-4cce-9d93-af4738258e3c",
              "DataMigrationService": "a4bad4aa-bf02-4631-9f78-a64ffdba8150",
              "DomainControllerServices": "2565bd9d-da50-47d4-8b85-4c97f669dc36",
              "Dynamic365BusinessCentral": "996def3d-b36c-4153-8607-a6fd3c01b89f",
              "Dynamics365DataExportService": "b861dbcc-a7ef-4219-a005-0e4de4ea7dcf",
              "DynamicsCrm": "00000007-0000-0000-c000-000000000000",
              "DynamicsErp": "00000015-0000-0000-c000-000000000000",
              "FlowService": "7df0a125-d3be-4c96-aa54-591f83ff541c",
              "GraphConnectorService": "56c1da01-2129-48f7-9355-af6d59d42766",
              "InTune": "c161e42e-d4df-4a3d-9b42-e7a3c31f59d4",
              "InformationProtectionSyncService": "870c4f2e-85b6-4d43-bdda-6ed9a579b725",
              "KustoService": "2746ea77-4702-4b45-80ca-3c97e680e8b7",
              "KustoServiceMFA": "725d0e77-e1fd-48f1-a295-2115457f7609",
              "LogAnalytics": "ca7f3f0b-7d91-482c-8e09-c5d840d0eac5",
              "Microsoft365DataAtRestEncryption": "c066d759-24ae-40e7-a56f-027002b5d3e4",
              "MicrosoftAzureCli": "04b07795-8ddb-461a-bbee-02f9e1bf7b46",
              "MicrosoftAzureFrontDoor": "ad0e1c7e-6d38-4ba4-9efd-0bc77ba9f037",
              "MicrosoftAzureFrontDoorCdn": "205478c0-bd83-4e1b-a9d6-db63a3e1e1c8",
              "MicrosoftGraph": "00000003-0000-0000-c000-000000000000",
              "MicrosoftInvoicing": "b6b84568-6c01-4981-a80f-09da9a20bbed",
              "MileIqAdminCenter": "de096ee1-dae7-4ee1-8dd5-d88ccc473815",
              "MileIqDashboard": "f7069a8d-9edc-4300-b365-ae53c9627fc4",
              "MileIqRestService": "b692184e-b47f-4706-b352-84b288d2d9ee",
              "MixedReality": "c7ddd9b4-5172-4e28-bd29-1e0792947d18",
              "Office365Connectors": "48af08dc-f6d2-435f-b2a7-069abd99c086",
              "Office365Demeter": "982bda36-4632-4165-a46a-9863b1bbcf7d",
              "Office365DwEngineV2": "441509e5-a165-4363-8ee7-bcf0b7d26739",
              "Office365ExchangeOnline": "00000002-0000-0ff1-ce00-000000000000",
              "Office365ExchangeOnlineProtection": "00000007-0000-0ff1-ce00-000000000000",
              "Office365InformationProtection": "2f3f02c9-5679-4a5c-a605-0de55b07d135",
              "Office365Management": "c5393580-f805-4401-95e8-94b7a6ef2fc2",
              "Office365Portal": "00000006-0000-0ff1-ce00-000000000000",
              "Office365SharePointOnline": "00000003-0000-0ff1-ce00-000000000000",
              "Office365Zoom": "0d38933a-0bbd-41ca-9ebd-28c4b5ba7cb7",
              "OneNote": "2d4d3d8e-2be3-4bef-9f87-7875a61c29de",
              "OneProfileService": "b2cc270f-563e-4d8a-af47-f00963a71dcd",
              "OssRdbms": "123cd850-d9df-40bd-94d5-c9f07b7fa203",
              "PeopleCardsService": "394866fc-eedb-4f01-8536-3ff84b16be2a",
              "PolicyAdministrationService": "0469d4cd-df37-4d93-8a61-f8c75b809164",
              "PowerAppsRuntimeService": "82f77645-8a66-4745-bcdf-9706824f9ad0",
              "PowerBiService": "00000009-0000-0000-c000-000000000000",
              "Purview": "73c2949e-da2d-457a-9607-fcc665198967",
              "RightsManagementServices": "00000012-0000-0000-c000-000000000000",
              "ServiceTrust": "d6fdaa33-e821-4211-83d0-cf74736489e1",
              "Signup": "b4bddae8-ab25-483e-8670-df09b9f1d0ea",
              "SkypeForBusinessOnline": "00000004-0000-0ff1-ce00-000000000000",
              "SpeechRecognition": "1a6fcee6-0816-469b-acac-fe7ef2e87b83",
              "TargetedMessagingService": "4c4f550b-42b2-4a16-93f9-fdb9e01bb6ed",
              "TeamsServices": "cc15fd57-2c6c-4117-a88c-83b1d56b4bbe",
              "ThreatProtection": "8ee8fdad-f234-4243-8f3b-15c294843740",
              "UniversalPrint": "da9b70f6-5323-4ce6-ae5c-88dcc5082966",
              "WindowsDefenderAtp": "fc780465-2017-40d4-a0c5-307022471b92",
              "WindowsVirtualDesktop": "9cdead84-a844-4324-93f2-b2e6bb768d07",
              "Yammer": "00000005-0000-0ff1-ce00-000000000000"
            },
            "timeouts": null
          },
          "sensitive_attributes": []
        }
      ]
    },
    {
      "mode": "data",
      "type": "azurerm_client_config",
      "name": "current",
      "provider": "provider[\"registry.terraform.io/hashicorp/azurerm\"]",
      "instances": [
        {
          "schema_version": 0,
          "attributes": {
            "client_id": "66a10995-b602-4848-8533-4b2ea877c09c",
            "id": "Y2xpZW50Q29uZmlncy9jbGllbnRJZD02NmExMDk5NS1iNjAyLTQ4NDgtODUzMy00YjJlYTg3N2MwOWM7b2JqZWN0SWQ9MjJhMzhmZmUtNGM0YS00Mzg5LWJlOTQtMDA5ZGM1NDkyYWNmO3N1YnNjcmlwdGlvbklkPWIwNmE4OTA5LTcyZTgtNDNjMi1iMzdjLTgxNDAzMzRhNWYzMjt0ZW5hbnRJZD1kYTRlNTM3Ni1lNTkwLTQ0YWMtYjRmNC0zNWMzNmRmOWFlY2I=",
            "object_id": "22a38ffe-4c4a-4389-be94-009dc5492acf",
            "subscription_id": "b06a8909-72e8-43c2-b37c-8140334a5f32",
            "tenant_id": "da4e5376-e590-44ac-b4f4-35c36df9aecb",
            "timeouts": null
          },
          "sensitive_attributes": []
        }
      ]
    },
    {
      "mode": "data",
      "type": "azurerm_subscription",
      "name": "current",
      "provider": "provider[\"registry.terraform.io/hashicorp/azurerm\"]",
      "instances": [
        {
          "schema_version": 0,
          "attributes": {
            "display_name": "従量課金",
            "id": "/subscriptions/b06a8909-72e8-43c2-b37c-8140334a5f32",
            "location_placement_id": "Public_2014-09-01",
            "quota_id": "PayAsYouGo_2014-09-01",
            "spending_limit": "Off",
            "state": "Enabled",
            "subscription_id": "b06a8909-72e8-43c2-b37c-8140334a5f32",
            "tags": {},
            "tenant_id": "da4e5376-e590-44ac-b4f4-35c36df9aecb",
            "timeouts": null
          },
          "sensitive_attributes": []
        }
      ]
    },
    {
      "mode": "managed",
      "type": "azuread_application",
      "name": "mssql-app",
      "provider": "provider[\"registry.terraform.io/hashicorp/azuread\"]",
      "instances": [
        {
          "schema_version": 1,
          "attributes": {
            "api": [
              {
                "known_client_applications": [],
                "mapped_claims_enabled": false,
                "oauth2_permission_scope": [],
                "requested_access_token_version": 1
              }
            ],
            "app_role": [],
            "app_role_ids": {},
            "application_id": "cb6850e1-fcea-415b-93aa-da99ff2aff98",
            "device_only_auth_enabled": false,
            "disabled_by_microsoft": "\u003cnil\u003e",
            "display_name": "mssql_app",
            "fallback_public_client_enabled": false,
            "feature_tags": [
              {
                "custom_single_sign_on": false,
                "enterprise": false,
                "gallery": false,
                "hide": false
              }
            ],
            "group_membership_claims": [],
            "id": "63e87ac2-5f7d-48aa-a2fb-03b85e11aa51",
            "identifier_uris": [],
            "logo_image": "",
            "logo_url": "",
            "marketing_url": "",
            "oauth2_permission_scope_ids": {},
            "oauth2_post_response_required": false,
            "object_id": "63e87ac2-5f7d-48aa-a2fb-03b85e11aa51",
            "optional_claims": [
              {
                "access_token": [],
                "id_token": [],
                "saml2_token": []
              }
            ],
            "owners": [
              "22a38ffe-4c4a-4389-be94-009dc5492acf"
            ],
            "prevent_duplicate_names": false,
            "privacy_statement_url": "",
            "public_client": [
              {
                "redirect_uris": []
              }
            ],
            "publisher_domain": "arimitsu2023.onmicrosoft.com",
            "required_resource_access": [
              {
                "resource_access": [
                  {
                    "id": "df021288-bdef-4463-88db-98f22de89214",
                    "type": "Scope"
                  }
                ],
                "resource_app_id": "00000003-0000-0000-c000-000000000000"
              }
            ],
            "sign_in_audience": "AzureADMyOrg",
            "single_page_application": [
              {
                "redirect_uris": []
              }
            ],
            "support_url": "",
            "tags": [],
            "template_id": "",
            "terms_of_service_url": "",
            "timeouts": null,
            "web": [
              {
                "homepage_url": "",
                "implicit_grant": [
                  {
                    "access_token_issuance_enabled": false,
                    "id_token_issuance_enabled": false
                  }
                ],
                "logout_url": "",
                "redirect_uris": []
              }
            ]
          },
          "sensitive_attributes": [],
          "private": "eyJlMmJmYjczMC1lY2FhLTExZTYtOGY4OC0zNDM2M2JjN2M0YzAiOnsiY3JlYXRlIjo2MDAwMDAwMDAwMDAsImRlbGV0ZSI6MzAwMDAwMDAwMDAwLCJyZWFkIjozMDAwMDAwMDAwMDAsInVwZGF0ZSI6NjAwMDAwMDAwMDAwfSwic2NoZW1hX3ZlcnNpb24iOiIxIn0=",
          "dependencies": [
            "azuread_service_principal.msgraph",
            "data.azuread_application_published_app_ids.well_known",
            "data.azurerm_client_config.current"
          ]
        }
      ]
    },
    {
      "mode": "managed",
      "type": "azuread_service_principal",
      "name": "msgraph",
      "provider": "provider[\"registry.terraform.io/hashicorp/azuread\"]",
      "instances": [
        {
          "schema_version": 0,
          "attributes": {
            "account_enabled": true,
            "alternative_names": [],
            "app_role_assignment_required": false,
            "app_role_ids": {
              "APIConnectors.Read.All": "b86848a7-d5b1-41eb-a9b4-54a4e6306e97",
              "APIConnectors.ReadWrite.All": "1dfe531a-24a6-4f1b-80f4-7a0dc5a0a171",
              "AccessReview.Read.All": "d07a8cc0-3d51-4b77-b3b0-32704d1f69fa",
              "AccessReview.ReadWrite.All": "ef5f7d5c-338f-44b0-86c3-351f46c8bb5f",
              "AccessReview.ReadWrite.Membership": "18228521-a591-40f1-b215-5fad4488c117",
              "Acronym.Read.All": "8c0aed2c-0c61-433d-b63c-6370ddc73248",
              "AdministrativeUnit.Read.All": "134fd756-38ce-4afd-ba33-e9623dbe66c2",
              "AdministrativeUnit.ReadWrite.All": "5eb59dd3-1da2-4329-8733-9dabdc435916",
              "Agreement.Read.All": "2f3e6f8c-093b-4c57-a58b-ba5ce494a169",
              "Agreement.ReadWrite.All": "c9090d00-6101-42f0-a729-c41074260d47",
              "AgreementAcceptance.Read.All": "d8e4ec18-f6c0-4620-8122-c8b1f2bf400e",
              "AppCatalog.Read.All": "e12dae10-5a57-4817-b79d-dfbec5348930",
              "AppCatalog.ReadWrite.All": "dc149144-f292-421e-b185-5953f2e98d7f",
              "AppRoleAssignment.ReadWrite.All": "06b708a9-e830-4db3-a914-8e69da51d44f",
              "Application.Read.All": "9a5d68dd-52b0-4cc2-bd40-abcf44ac3a30",
              "Application.ReadWrite.All": "1bfefb4e-e0b5-418b-a88f-73c46d2cc8e9",
              "Application.ReadWrite.OwnedBy": "18a4783c-866b-4cc7-a460-3d5e5662c884",
              "AttackSimulation.Read.All": "93283d0a-6322-4fa8-966b-8c121624760d",
              "AttackSimulation.ReadWrite.All": "e125258e-8c8a-42a8-8f55-ab502afa52f3",
              "AuditLog.Read.All": "b0afded3-3588-46d8-8b3d-9842eff778da",
              "AuthenticationContext.Read.All": "381f742f-e1f8-4309-b4ab-e3d91ae4c5c1",
              "AuthenticationContext.ReadWrite.All": "a88eef72-fed0-4bf7-a2a9-f19df33f8b83",
              "BillingConfiguration.ReadWrite.All": "9e8be751-7eee-4c09-bcfd-d64f6b087fd8",
              "Bookings.Read.All": "6e98f277-b046-4193-a4f2-6bf6a78cd491",
              "BookingsAppointment.ReadWrite.All": "9769393e-5a9f-4302-9e3d-7e018ecb64a7",
              "Bookmark.Read.All": "be95e614-8ef3-49eb-8464-1c9503433b86",
              "BrowserSiteLists.Read.All": "c5ee1f21-fc7f-4937-9af0-c91648ff9597",
              "BrowserSiteLists.ReadWrite.All": "8349ca94-3061-44d5-9bfb-33774ea5e4f9",
              "BusinessScenarioConfig.Read.OwnedBy": "acc0fc4d-2cd6-4194-8700-1768d8423d86",
              "BusinessScenarioConfig.ReadWrite.OwnedBy": "bbea195a-4c47-4a4f-bff2-cba399e11698",
              "BusinessScenarioData.Read.OwnedBy": "6c0257fd-cffe-415b-8239-2d0d70fdaa9c",
              "BusinessScenarioData.ReadWrite.OwnedBy": "f2d21f22-5d80-499e-91cc-0a8a4ce16f54",
              "Calendars.Read": "798ee544-9d2d-430c-a058-570e29e34338",
              "Calendars.ReadBasic.All": "8ba4a692-bc31-4128-9094-475872af8a53",
              "Calendars.ReadWrite": "ef54d2bf-783f-4e0f-bca1-3210c0444d99",
              "CallRecord-PstnCalls.Read.All": "a2611786-80b3-417e-adaa-707d4261a5f0",
              "CallRecords.Read.All": "45bbb07e-7321-4fd7-a8f6-3ff27e6a81c8",
              "Calls.AccessMedia.All": "a7a681dc-756e-4909-b988-f160edc6655f",
              "Calls.Initiate.All": "284383ee-7f6e-4e40-a2a8-e85dcb029101",
              "Calls.InitiateGroupCall.All": "4c277553-8a09-487b-8023-29ee378d8324",
              "Calls.JoinGroupCall.All": "f6b49018-60ab-4f81-83bd-22caeabfed2d",
              "Calls.JoinGroupCallAsGuest.All": "fd7ccf6b-3d28-418b-9701-cd10f5cd2fd4",
              "Channel.Create": "f3a65bd4-b703-46df-8f7e-0174fea562aa",
              "Channel.Delete.All": "6a118a39-1227-45d4-af0c-ea7b40d210bc",
              "Channel.ReadBasic.All": "59a6b24b-4225-4393-8165-ebaec5f55d7a",
              "ChannelMember.Read.All": "3b55498e-47ec-484f-8136-9013221c06a9",
              "ChannelMember.ReadWrite.All": "35930dcf-aceb-4bd1-b99a-8ffed403c974",
              "ChannelMessage.Read.All": "7b2449af-6ccd-4f4d-9f78-e550c193f0d1",
              "ChannelMessage.UpdatePolicyViolation.All": "4d02b0cc-d90b-441f-8d82-4fb55c34d6bb",
              "ChannelSettings.Read.All": "c97b873f-f59f-49aa-8a0e-52b32d762124",
              "ChannelSettings.ReadWrite.All": "243cded2-bd16-4fd6-a953-ff8177894c3d",
              "Chat.Create": "d9c48af6-9ad9-47ad-82c3-63757137b9af",
              "Chat.Read.All": "6b7d71aa-70aa-4810-a8d9-5d9fb2830017",
              "Chat.Read.WhereInstalled": "1c1b4c8e-3cc7-4c58-8470-9b92c9d5848b",
              "Chat.ReadBasic.All": "b2e060da-3baf-4687-9611-f4ebc0f0cbde",
              "Chat.ReadBasic.WhereInstalled": "818ba5bd-5b3e-4fe0-bbe6-aa4686669073",
              "Chat.ReadWrite.All": "294ce7c9-31ba-490a-ad7d-97a7d075e4ed",
              "Chat.ReadWrite.WhereInstalled": "ad73ce80-f3cd-40ce-b325-df12c33df713",
              "Chat.UpdatePolicyViolation.All": "7e847308-e030-4183-9899-5235d7270f58",
              "ChatMember.Read.All": "a3410be2-8e48-4f32-8454-c29a7465209d",
              "ChatMember.Read.WhereInstalled": "93e7c9e4-54c5-4a41-b796-f2a5adaacda7",
              "ChatMember.ReadWrite.All": "57257249-34ce-4810-a8a2-a03adf0c5693",
              "ChatMember.ReadWrite.WhereInstalled": "e32c2cd9-0124-4e44-88fc-772cd98afbdb",
              "ChatMessage.Read.All": "b9bb2381-47a4-46cd-aafb-00cb12f68504",
              "CloudPC.Read.All": "a9e09520-8ed4-4cde-838e-4fdea192c227",
              "CloudPC.ReadWrite.All": "3b4349e1-8cf5-45a3-95b7-69d1751d3e6a",
              "ConsentRequest.Read.All": "1260ad83-98fb-4785-abbb-d6cc1806fd41",
              "ConsentRequest.ReadWrite.All": "9f1b81a7-0223-4428-bfa4-0bcb5535f27d",
              "Contacts.Read": "089fe4d0-434a-44c5-8827-41ba8a0b17f5",
              "Contacts.ReadWrite": "6918b873-d17a-4dc1-b314-35f528134491",
              "CrossTenantInformation.ReadBasic.All": "cac88765-0581-4025-9725-5ebc13f729ee",
              "CrossTenantUserProfileSharing.Read.All": "8b919d44-6192-4f3d-8a3b-f86f8069ae3c",
              "CrossTenantUserProfileSharing.ReadWrite.All": "306785c5-c09b-4ba0-a4ee-023f3da165cb",
              "CustomAuthenticationExtension.Read.All": "88bb2658-5d9e-454f-aacd-a3933e079526",
              "CustomAuthenticationExtension.ReadWrite.All": "c2667967-7050-4e7e-b059-4cbbb3811d03",
              "CustomAuthenticationExtension.Receive.Payload": "214e810f-fda8-4fd7-a475-29461495eb00",
              "CustomSecAttributeAssignment.Read.All": "3b37c5a4-1226-493d-bec3-5d6c6b866f3f",
              "CustomSecAttributeAssignment.ReadWrite.All": "de89b5e4-5b8f-48eb-8925-29c2b33bd8bd",
              "CustomSecAttributeDefinition.Read.All": "b185aa14-d8d2-42c1-a685-0f5596613624",
              "CustomSecAttributeDefinition.ReadWrite.All": "12338004-21f4-4896-bf5e-b75dfaf1016d",
              "DelegatedAdminRelationship.Read.All": "f6e9e124-4586-492f-adc0-c6f96e4823fd",
              "DelegatedAdminRelationship.ReadWrite.All": "cc13eba4-8cd8-44c6-b4d4-f93237adce58",
              "DelegatedPermissionGrant.ReadWrite.All": "8e8e4742-1d95-4f68-9d56-6ee75648c72a",
              "Device.Read.All": "7438b122-aefc-4978-80ed-43db9fcc7715",
              "Device.ReadWrite.All": "1138cb37-bd11-4084-a2b7-9f71582aeddb",
              "DeviceLocalCredential.Read.All": "884b599e-4d48-43a5-ba94-15c414d00588",
              "DeviceLocalCredential.ReadBasic.All": "db51be59-e728-414b-b800-e0f010df1a79",
              "DeviceManagementApps.Read.All": "7a6ee1e7-141e-4cec-ae74-d9db155731ff",
              "DeviceManagementApps.ReadWrite.All": "78145de6-330d-4800-a6ce-494ff2d33d07",
              "DeviceManagementConfiguration.Read.All": "dc377aa6-52d8-4e23-b271-2a7ae04cedf3",
              "DeviceManagementConfiguration.ReadWrite.All": "9241abd9-d0e6-425a-bd4f-47ba86e767a4",
              "DeviceManagementManagedDevices.PrivilegedOperations.All": "5b07b0dd-2377-4e44-a38d-703f09a0dc3c",
              "DeviceManagementManagedDevices.Read.All": "2f51be20-0bb4-4fed-bf7b-db946066c75e",
              "DeviceManagementManagedDevices.ReadWrite.All": "243333ab-4d21-40cb-a475-36241daa0842",
              "DeviceManagementRBAC.Read.All": "58ca0d9a-1575-47e1-a3cb-007ef2e4583b",
              "DeviceManagementRBAC.ReadWrite.All": "e330c4f0-4170-414e-a55a-2f022ec2b57b",
              "DeviceManagementServiceConfig.Read.All": "06a5fe6d-c49d-46a7-b082-56b1b14103c7",
              "DeviceManagementServiceConfig.ReadWrite.All": "5ac13192-7ace-4fcf-b828-1a26f28068ee",
              "Directory.Read.All": "7ab1d382-f21e-4acd-a863-ba3e13f7da61",
              "Directory.ReadWrite.All": "19dbc75e-c2e2-444c-a770-ec69d8559fc7",
              "Directory.Write.Restricted": "f20584af-9290-4153-9280-ff8bb2c0ea7f",
              "DirectoryRecommendations.Read.All": "ae73097b-cb2a-4447-b064-5d80f6093921",
              "DirectoryRecommendations.ReadWrite.All": "0e9eea12-4f01-45f6-9b8d-3ea4c8144158",
              "Domain.Read.All": "dbb9058a-0e50-45d7-ae91-66909b5d4664",
              "Domain.ReadWrite.All": "7e05723c-0bb0-42da-be95-ae9f08a6e53c",
              "EduAdministration.Read.All": "7c9db06a-ec2d-4e7b-a592-5a1e30992566",
              "EduAdministration.ReadWrite.All": "9bc431c3-b8bc-4a8d-a219-40f10f92eff6",
              "EduAssignments.Read.All": "4c37e1b6-35a1-43bf-926a-6f30f2cdf585",
              "EduAssignments.ReadBasic.All": "6e0a958b-b7fc-4348-b7c4-a6ab9fd3dd0e",
              "EduAssignments.ReadWrite.All": "0d22204b-6cad-4dd0-8362-3e3f2ae699d9",
              "EduAssignments.ReadWriteBasic.All": "f431cc63-a2de-48c4-8054-a34bc093af84",
              "EduRoster.Read.All": "e0ac9e1b-cb65-4fc5-87c5-1a8bc181f648",
              "EduRoster.ReadBasic.All": "0d412a8c-a06c-439f-b3ec-8abcf54d2f96",
              "EduRoster.ReadWrite.All": "d1808e82-ce13-47af-ae0d-f9b254e6d58a",
              "EntitlementManagement.Read.All": "c74fd47d-ed3c-45c3-9a9e-b8676de685d2",
              "EntitlementManagement.ReadWrite.All": "9acd699f-1e81-4958-b001-93b1d2506e19",
              "EventListener.Read.All": "b7f6385c-6ce6-4639-a480-e23c42ed9784",
              "EventListener.ReadWrite.All": "0edf5e9e-4ce8-468a-8432-d08631d18c43",
              "ExternalConnection.Read.All": "1914711b-a1cb-4793-b019-c2ce0ed21b8c",
              "ExternalConnection.ReadWrite.All": "34c37bc0-2b40-4d5e-85e1-2365cd256d79",
              "ExternalConnection.ReadWrite.OwnedBy": "f431331c-49a6-499f-be1c-62af19c34a9d",
              "ExternalItem.Read.All": "7a7cffad-37d2-4f48-afa4-c6ab129adcc2",
              "ExternalItem.ReadWrite.All": "38c3d6ee-69ee-422f-b954-e17819665354",
              "ExternalItem.ReadWrite.OwnedBy": "8116ae0f-55c2-452d-9944-d18420f5b2c8",
              "Files.Read.All": "01d4889c-1287-42c6-ac1f-5d1e02578ef6",
              "Files.ReadWrite.All": "75359482-378d-4052-8f01-80520e7db3cd",
              "Group.Create": "bf7b1a76-6e77-406b-b258-bf5c7720e98f",
              "Group.Read.All": "5b567255-7703-4780-807c-7be8301ae99b",
              "Group.ReadWrite.All": "62a82d76-70ea-41e2-9197-370581804d09",
              "GroupMember.Read.All": "98830695-27a2-44f7-8c18-0c3ebc9698f6",
              "GroupMember.ReadWrite.All": "dbaae8cf-10b5-4b86-a4a1-f871c94c6695",
              "IdentityProvider.Read.All": "e321f0bb-e7f7-481e-bb28-e3b0b32d4bd0",
              "IdentityProvider.ReadWrite.All": "90db2b9a-d928-4d33-a4dd-8442ae3d41e4",
              "IdentityRiskEvent.Read.All": "6e472fd1-ad78-48da-a0f0-97ab2c6b769e",
              "IdentityRiskEvent.ReadWrite.All": "db06fb33-1953-4b7b-a2ac-f1e2c854f7ae",
              "IdentityRiskyServicePrincipal.Read.All": "607c7344-0eed-41e5-823a-9695ebe1b7b0",
              "IdentityRiskyServicePrincipal.ReadWrite.All": "cb8d6980-6bcb-4507-afec-ed6de3a2d798",
              "IdentityRiskyUser.Read.All": "dc5007c0-2d7d-4c42-879c-2dab87571379",
              "IdentityRiskyUser.ReadWrite.All": "656f6061-f9fe-4807-9708-6a2e0934df76",
              "IdentityUserFlow.Read.All": "1b0c317f-dd31-4305-9932-259a8b6e8099",
              "IdentityUserFlow.ReadWrite.All": "65319a09-a2be-469d-8782-f6b07debf789",
              "IndustryData-DataConnector.Read.All": "7ab52c2f-a2ee-4d98-9ebc-725e3934aae2",
              "IndustryData-DataConnector.ReadWrite.All": "eda0971c-482e-4345-b28f-69c309cb8a34",
              "IndustryData-DataConnector.Upload": "9334c44b-a7c6-4350-8036-6bf8e02b4c1f",
              "IndustryData-InboundFlow.Read.All": "305f6ba2-049a-4b1b-88bb-fe7e08758a00",
              "IndustryData-InboundFlow.ReadWrite.All": "e688c61f-d4c6-4d64-a197-3bcf6ba1d6ad",
              "IndustryData-ReferenceDefinition.Read.All": "6ee891c3-74a4-4148-8463-0c834375dfaf",
              "IndustryData-Run.Read.All": "f6f5d10b-3024-4d1d-b674-aae4df4a1a73",
              "IndustryData-SourceSystem.Read.All": "bc167a60-39fe-4865-8b44-78400fc6ed03",
              "IndustryData-SourceSystem.ReadWrite.All": "7d866958-e06e-4dd6-91c6-a086b3f5cfeb",
              "IndustryData-TimePeriod.Read.All": "7c55c952-b095-4c23-a522-022bce4cc1e3",
              "IndustryData-TimePeriod.ReadWrite.All": "7afa7744-a782-4a32-b8c2-e3db637e8de7",
              "IndustryData.ReadBasic.All": "4f5ac95f-62fd-472c-b60f-125d24ca0bc5",
              "InformationProtectionContent.Sign.All": "cbe6c7e4-09aa-4b8d-b3c3-2dbb59af4b54",
              "InformationProtectionContent.Write.All": "287bd98c-e865-4e8c-bade-1a85523195b9",
              "InformationProtectionPolicy.Read.All": "19da66cb-0fb0-4390-b071-ebc76a349482",
              "LearningContent.Read.All": "8740813e-d8aa-4204-860e-2a0f8f84dbc8",
              "LearningContent.ReadWrite.All": "444d6fcb-b738-41e5-b103-ac4f2a2628a3",
              "LicenseAssignment.ReadWrite.All": "5facf0c1-8979-4e95-abcf-ff3d079771c0",
              "LifecycleWorkflows.Read.All": "7c67316a-232a-4b84-be22-cea2c0906404",
              "LifecycleWorkflows.ReadWrite.All": "5c505cf4-8424-4b8e-aa14-ee06e3bb23e3",
              "Mail.Read": "810c84a8-4a9e-49e6-bf7d-12d183f40d01",
              "Mail.ReadBasic": "6be147d2-ea4f-4b5a-a3fa-3eab6f3c140a",
              "Mail.ReadBasic.All": "693c5e45-0940-467d-9b8a-1022fb9d42ef",
              "Mail.ReadWrite": "e2a3a72e-5f79-4c64-b1b1-878b674786c9",
              "Mail.Send": "b633e1c5-b582-4048-a93e-9f11b44c7e96",
              "MailboxSettings.Read": "40f97065-369a-49f4-947c-6a255697ae91",
              "MailboxSettings.ReadWrite": "6931bccd-447a-43d1-b442-00a195474933",
              "Member.Read.Hidden": "658aa5d8-239f-45c4-aa12-864f4fc7e490",
              "NetworkAccessBranch.Read.All": "39ae4a24-1ef0-49e8-9d63-2a66f5c39edd",
              "NetworkAccessBranch.ReadWrite.All": "8137102d-ec16-4191-aaf8-7aeda8026183",
              "NetworkAccessPolicy.Read.All": "8a3d36bf-cb46-4bcc-bec9-8d92829dab84",
              "NetworkAccessPolicy.ReadWrite.All": "f0c341be-8348-4989-8e43-660324294538",
              "Notes.Read.All": "3aeca27b-ee3a-4c2b-8ded-80376e2134a4",
              "Notes.ReadWrite.All": "0c458cef-11f3-48c2-a568-c66751c238c0",
              "OnPremisesPublishingProfiles.ReadWrite.All": "0b57845e-aa49-4e6f-8109-ce654fffa618",
              "OnlineMeetingArtifact.Read.All": "df01ed3b-eb61-4eca-9965-6b3d789751b2",
              "OnlineMeetingRecording.Read.All": "a4a08342-c95d-476b-b943-97e100569c8d",
              "OnlineMeetingTranscript.Read.All": "a4a80d8d-d283-4bd8-8504-555ec3870630",
              "OnlineMeetings.Read.All": "c1684f21-1984-47fa-9d61-2dc8c296bb70",
              "OnlineMeetings.ReadWrite.All": "b8bb2037-6e08-44ac-a4ea-4674e010e2a4",
              "OrgContact.Read.All": "e1a88a34-94c4-4418-be12-c87b00e26bea",
              "Organization.Read.All": "498476ce-e0fe-48b0-b801-37ba7e2685c6",
              "Organization.ReadWrite.All": "292d869f-3427-49a8-9dab-8c70152b74e9",
              "People.Read.All": "b528084d-ad10-4598-8b93-929746b4d7d6",
              "Place.Read.All": "913b9306-0ce1-42b8-9137-6a7df690a760",
              "Policy.Read.All": "246dd0d5-5bd0-4def-940b-0421030a5b68",
              "Policy.Read.ConditionalAccess": "37730810-e9ba-4e46-b07e-8ca78d182097",
              "Policy.Read.PermissionGrant": "9e640839-a198-48fb-8b9a-013fd6f6cbcd",
              "Policy.ReadWrite.AccessReview": "77c863fd-06c0-47ce-a7eb-49773e89d319",
              "Policy.ReadWrite.ApplicationConfiguration": "be74164b-cff1-491c-8741-e671cb536e13",
              "Policy.ReadWrite.AuthenticationFlows": "25f85f3c-f66c-4205-8cd5-de92dd7f0cec",
              "Policy.ReadWrite.AuthenticationMethod": "29c18626-4985-4dcd-85c0-193eef327366",
              "Policy.ReadWrite.Authorization": "fb221be6-99f2-473f-bd32-01c6a0e9ca3b",
              "Policy.ReadWrite.ConditionalAccess": "01c0a623-fc9b-48e9-b794-0756f8e8f067",
              "Policy.ReadWrite.ConsentRequest": "999f8c63-0a38-4f1b-91fd-ed1947bdd1a9",
              "Policy.ReadWrite.CrossTenantAccess": "338163d7-f101-4c92-94ba-ca46fe52447c",
              "Policy.ReadWrite.ExternalIdentities": "03cc4f92-788e-4ede-b93f-199424d144a5",
              "Policy.ReadWrite.FeatureRollout": "2044e4f1-e56c-435b-925c-44cd8f6ba89a",
              "Policy.ReadWrite.PermissionGrant": "a402ca1c-2696-4531-972d-6e5ee4aa11ea",
              "Policy.ReadWrite.SecurityDefaults": "1c6e93a6-28e2-4cbb-9f64-1a46a821124d",
              "Policy.ReadWrite.TrustFramework": "79a677f7-b79d-40d0-a36a-3e6f8688dd7a",
              "Presence.ReadWrite.All": "83cded22-8297-4ff6-a7fa-e97e9545a259",
              "PrintJob.Manage.All": "58a52f47-9e36-4b17-9ebe-ce4ef7f3e6c8",
              "PrintJob.Read.All": "ac6f956c-edea-44e4-bd06-64b1b4b9aec9",
              "PrintJob.ReadBasic.All": "fbf67eee-e074-4ef7-b965-ab5ce1c1f689",
              "PrintJob.ReadWrite.All": "5114b07b-2898-4de7-a541-53b0004e2e13",
              "PrintJob.ReadWriteBasic.All": "57878358-37f4-4d3a-8c20-4816e0d457b1",
              "PrintSettings.Read.All": "b5991872-94cf-4652-9765-29535087c6d8",
              "PrintTaskDefinition.ReadWrite.All": "456b71a7-0ee0-4588-9842-c123fcc8f664",
              "Printer.Read.All": "9709bb33-4549-49d4-8ed9-a8f65e45bb0f",
              "Printer.ReadWrite.All": "f5b3f73d-6247-44df-a74c-866173fddab0",
              "PrivilegedAccess.Read.AzureAD": "4cdc2547-9148-4295-8d11-be0db1391d6b",
              "PrivilegedAccess.Read.AzureADGroup": "01e37dc9-c035-40bd-b438-b2879c4870a6",
              "PrivilegedAccess.Read.AzureResources": "5df6fe86-1be0-44eb-b916-7bd443a71236",
              "PrivilegedAccess.ReadWrite.AzureAD": "854d9ab1-6657-4ec8-be45-823027bcd009",
              "PrivilegedAccess.ReadWrite.AzureADGroup": "2f6817f8-7b12-4f0f-bc18-eeaf60705a9e",
              "PrivilegedAccess.ReadWrite.AzureResources": "6f9d5abc-2db6-400b-a267-7de22a40fb87",
              "ProgramControl.Read.All": "eedb7fdd-7539-4345-a38b-4839e4a84cbd",
              "ProgramControl.ReadWrite.All": "60a901ed-09f7-4aa5-a16e-7dd3d6f9de36",
              "QnA.Read.All": "ee49e170-1dd1-4030-b44c-61ad6e98f743",
              "RecordsManagement.Read.All": "ac3a2b8e-03a3-4da9-9ce0-cbe28bf1accd",
              "RecordsManagement.ReadWrite.All": "eb158f57-df43-4751-8b21-b8932adb3d34",
              "ReportSettings.Read.All": "ee353f83-55ef-4b78-82da-555bfa2b4b95",
              "ReportSettings.ReadWrite.All": "2a60023f-3219-47ad-baa4-40e17cd02a1d",
              "Reports.Read.All": "230c1aed-a721-4c5d-9cb4-a90514e508ef",
              "RoleManagement.Read.All": "c7fbd983-d9aa-4fa7-84b8-17382c103bc4",
              "RoleManagement.Read.CloudPC": "031a549a-bb80-49b6-8032-2068448c6a3c",
              "RoleManagement.Read.Directory": "483bed4a-2ad3-4361-a73b-c83ccdbdc53c",
              "RoleManagement.ReadWrite.CloudPC": "274d0592-d1b6-44bd-af1d-26d259bcb43a",
              "RoleManagement.ReadWrite.Directory": "9e3f62cf-ca93-4989-b6ce-bf83c28f9fe8",
              "RoleManagementAlert.Read.Directory": "ef31918f-2d50-4755-8943-b8638c0a077e",
              "RoleManagementAlert.ReadWrite.Directory": "11059518-d6a6-4851-98ed-509268489c4a",
              "Schedule.Read.All": "7b2ebf90-d836-437f-b90d-7b62722c4456",
              "Schedule.ReadWrite.All": "b7760610-0545-4e8a-9ec3-cce9e63db01c",
              "SearchConfiguration.Read.All": "ada977a5-b8b1-493b-9a91-66c206d76ecf",
              "SearchConfiguration.ReadWrite.All": "0e778b85-fefa-466d-9eec-750569d92122",
              "SecurityActions.Read.All": "5e0edab9-c148-49d0-b423-ac253e121825",
              "SecurityActions.ReadWrite.All": "f2bf083f-0179-402a-bedb-b2784de8a49b",
              "SecurityAlert.Read.All": "472e4a4d-bb4a-4026-98d1-0b0d74cb74a5",
              "SecurityAlert.ReadWrite.All": "ed4fca05-be46-441f-9803-1873825f8fdb",
              "SecurityEvents.Read.All": "bf394140-e372-4bf9-a898-299cfc7564e5",
              "SecurityEvents.ReadWrite.All": "d903a879-88e0-4c09-b0c9-82f6a1333f84",
              "SecurityIncident.Read.All": "45cc0394-e837-488b-a098-1918f48d186c",
              "SecurityIncident.ReadWrite.All": "34bf0e97-1971-4929-b999-9e2442d941d7",
              "ServiceHealth.Read.All": "79c261e0-fe76-4144-aad5-bdc68fbe4037",
              "ServiceMessage.Read.All": "1b620472-6534-4fe6-9df2-4680e8aa28ec",
              "ServicePrincipalEndpoint.Read.All": "5256681e-b7f6-40c0-8447-2d9db68797a0",
              "ServicePrincipalEndpoint.ReadWrite.All": "89c8469c-83ad-45f7-8ff2-6e3d4285709e",
              "SharePointTenantSettings.Read.All": "83d4163d-a2d8-4d3b-9695-4ae3ca98f888",
              "SharePointTenantSettings.ReadWrite.All": "19b94e34-907c-4f43-bde9-38b1909ed408",
              "ShortNotes.Read.All": "0c7d31ec-31ca-4f58-b6ec-9950b6b0de69",
              "ShortNotes.ReadWrite.All": "842c284c-763d-4a97-838d-79787d129bab",
              "Sites.FullControl.All": "a82116e5-55eb-4c41-a434-62fe8a61c773",
              "Sites.Manage.All": "0c0bf378-bf22-4481-8f81-9e89a9b4960a",
              "Sites.Read.All": "332a536c-c7ef-4017-ab91-336970924f0d",
              "Sites.ReadWrite.All": "9492366f-7969-46a4-8d15-ed1a20078fff",
              "Sites.Selected": "883ea226-0bf2-4a8f-9f9d-92c9162a727d",
              "SubjectRightsRequest.Read.All": "ee1460f0-368b-4153-870a-4e1ca7e72c42",
              "SubjectRightsRequest.ReadWrite.All": "8387eaa4-1a3c-41f5-b261-f888138e6041",
              "Synchronization.Read.All": "5ba43d2f-fa88-4db2-bd1c-a67c5f0fb1ce",
              "Synchronization.ReadWrite.All": "9b50c33d-700f-43b1-b2eb-87e89b703581",
              "Tasks.Read.All": "f10e1f91-74ed-437f-a6fd-d6ae88e26c1f",
              "Tasks.ReadWrite.All": "44e666d1-d276-445b-a5fc-8815eeb81d55",
              "Team.Create": "23fc2474-f741-46ce-8465-674744c5c361",
              "Team.ReadBasic.All": "2280dda6-0bfd-44ee-a2f4-cb867cfc4c1e",
              "TeamMember.Read.All": "660b7406-55f1-41ca-a0ed-0b035e182f3e",
              "TeamMember.ReadWrite.All": "0121dc95-1b9f-4aed-8bac-58c5ac466691",
              "TeamMember.ReadWriteNonOwnerRole.All": "4437522e-9a86-4a41-a7da-e380edd4a97d",
              "TeamSettings.Read.All": "242607bd-1d2c-432c-82eb-bdb27baa23ab",
              "TeamSettings.ReadWrite.All": "bdd80a03-d9bc-451d-b7c4-ce7c63fe3c8f",
              "TeamTemplates.Read.All": "6323133e-1f6e-46d4-9372-ac33a0870636",
              "TeamsActivity.Read.All": "70dec828-f620-4914-aa83-a29117306807",
              "TeamsActivity.Send": "a267235f-af13-44dc-8385-c1dc93023186",
              "TeamsAppInstallation.ReadForChat.All": "cc7e7635-2586-41d6-adaa-a8d3bcad5ee5",
              "TeamsAppInstallation.ReadForTeam.All": "1f615aea-6bf9-4b05-84bd-46388e138537",
              "TeamsAppInstallation.ReadForUser.All": "9ce09611-f4f7-4abd-a629-a05450422a97",
              "TeamsAppInstallation.ReadWriteAndConsentForChat.All": "6e74eff9-4a21-45d6-bc03-3a20f61f8281",
              "TeamsAppInstallation.ReadWriteAndConsentForTeam.All": "b0c13be0-8e20-4bc5-8c55-963c23a39ce9",
              "TeamsAppInstallation.ReadWriteAndConsentSelfForChat.All": "ba1ba90b-2d8f-487e-9f16-80728d85bb5c",
              "TeamsAppInstallation.ReadWriteAndConsentSelfForTeam.All": "1e4be56c-312e-42b8-a2c9-009600d732c0",
              "TeamsAppInstallation.ReadWriteForChat.All": "9e19bae1-2623-4c4f-ab6e-2664615ff9a0",
              "TeamsAppInstallation.ReadWriteForTeam.All": "5dad17ba-f6cc-4954-a5a2-a0dcc95154f0",
              "TeamsAppInstallation.ReadWriteForUser.All": "74ef0291-ca83-4d02-8c7e-d2391e6a444f",
              "TeamsAppInstallation.ReadWriteSelfForChat.All": "73a45059-f39c-4baf-9182-4954ac0e55cf",
              "TeamsAppInstallation.ReadWriteSelfForTeam.All": "9f67436c-5415-4e7f-8ac1-3014a7132630",
              "TeamsAppInstallation.ReadWriteSelfForUser.All": "908de74d-f8b2-4d6b-a9ed-2a17b3b78179",
              "TeamsTab.Create": "49981c42-fd7b-4530-be03-e77b21aed25e",
              "TeamsTab.Read.All": "46890524-499a-4bb2-ad64-1476b4f3e1cf",
              "TeamsTab.ReadWrite.All": "a96d855f-016b-47d7-b51c-1218a98d791c",
              "TeamsTab.ReadWriteForChat.All": "fd9ce730-a250-40dc-bd44-8dc8d20f39ea",
              "TeamsTab.ReadWriteForTeam.All": "6163d4f4-fbf8-43da-a7b4-060fe85ed148",
              "TeamsTab.ReadWriteForUser.All": "425b4b59-d5af-45c8-832f-bb0b7402348a",
              "TeamsTab.ReadWriteSelfForChat.All": "9f62e4a2-a2d6-4350-b28b-d244728c4f86",
              "TeamsTab.ReadWriteSelfForTeam.All": "91c32b81-0ef0-453f-a5c7-4ce2e562f449",
              "TeamsTab.ReadWriteSelfForUser.All": "3c42dec6-49e8-4a0a-b469-36cff0d9da93",
              "Teamwork.Migrate.All": "dfb0dd15-61de-45b2-be36-d6a69fba3c79",
              "TeamworkAppSettings.Read.All": "475ebe88-f071-4bd7-af2b-642952bd4986",
              "TeamworkAppSettings.ReadWrite.All": "ab5b445e-8f10-45f4-9c79-dd3f8062cc4e",
              "TeamworkDevice.Read.All": "0591bafd-7c1c-4c30-a2a5-2b9aacb1dfe8",
              "TeamworkDevice.ReadWrite.All": "79c02f5b-bd4f-4713-bc2c-a8a4a66e127b",
              "TeamworkTag.Read.All": "b74fd6c4-4bde-488e-9695-eeb100e4907f",
              "TeamworkTag.ReadWrite.All": "a3371ca5-911d-46d6-901c-42c8c7a937d8",
              "TermStore.Read.All": "ea047cc2-df29-4f3e-83a3-205de61501ca",
              "TermStore.ReadWrite.All": "f12eb8d6-28e3-46e6-b2c0-b7e4dc69fc95",
              "ThreatAssessment.Read.All": "f8f035bb-2cce-47fb-8bf5-7baf3ecbee48",
              "ThreatHunting.Read.All": "dd98c7f5-2d42-42d3-a0e4-633161547251",
              "ThreatIndicators.Read.All": "197ee4e9-b993-4066-898f-d6aecc55125b",
              "ThreatIndicators.ReadWrite.OwnedBy": "21792b6c-c986-4ffc-85de-df9da54b52fa",
              "ThreatSubmission.Read.All": "86632667-cd15-4845-ad89-48a88e8412e1",
              "ThreatSubmission.ReadWrite.All": "d72bdbf4-a59b-405c-8b04-5995895819ac",
              "ThreatSubmissionPolicy.ReadWrite.All": "926a6798-b100-4a20-a22f-a4918f13951d",
              "TrustFrameworkKeySet.Read.All": "fff194f1-7dce-4428-8301-1badb5518201",
              "TrustFrameworkKeySet.ReadWrite.All": "4a771c9a-1cf2-4609-b88e-3d3e02d539cd",
              "User-LifeCycleInfo.Read.All": "8556a004-db57-4d7a-8b82-97a13428e96f",
              "User-LifeCycleInfo.ReadWrite.All": "925f1248-0f97-47b9-8ec8-538c54e01325",
              "User.Export.All": "405a51b5-8d8d-430b-9842-8be4b0e9f324",
              "User.Invite.All": "09850681-111b-4a89-9bed-3f2cae46d706",
              "User.ManageIdentities.All": "c529cfca-c91b-489c-af2b-d92990b66ce6",
              "User.Read.All": "df021288-bdef-4463-88db-98f22de89214",
              "User.ReadBasic.All": "97235f07-e226-4f63-ace3-39588e11d3a1",
              "User.ReadWrite.All": "741f803b-c850-494e-b5df-cde7c675a1ca",
              "UserAuthenticationMethod.Read.All": "38d9df27-64da-44fd-b7c5-a6fbac20248f",
              "UserAuthenticationMethod.ReadWrite.All": "50483e42-d915-4231-9639-7fdb7fd190e5",
              "UserNotification.ReadWrite.CreatedByApp": "4e774092-a092-48d1-90bd-baad67c7eb47",
              "UserShiftPreferences.Read.All": "de023814-96df-4f53-9376-1e2891ef5a18",
              "UserShiftPreferences.ReadWrite.All": "d1eec298-80f3-49b0-9efb-d90e224798ac",
              "VirtualAppointment.Read.All": "d4f67ec2-59b5-4bdc-b4af-d78f6f9c1954",
              "VirtualAppointment.ReadWrite.All": "bf46a256-f47d-448f-ab78-f226fff08d40",
              "WindowsUpdates.ReadWrite.All": "7dd1be58-6e76-4401-bf8d-31d1e8180d5b",
              "WorkforceIntegration.ReadWrite.All": "202bf709-e8e6-478e-bcfd-5d63c50b68e3",
              "eDiscovery.Read.All": "50180013-6191-4d1e-a373-e590ff4e66af",
              "eDiscovery.ReadWrite.All": "b2620db1-3bf7-4c5b-9cb9-576d29eac736"
            },
            "app_roles": [
              {
                "allowed_member_types": [
                  "Application"
                ],
                "description": "Allows the app to read all available Teams Templates, without a signed-user.",
                "display_name": "Read all available Teams Templates",
                "enabled": true,
                "id": "6323133e-1f6e-46d4-9372-ac33a0870636",
                "value": "TeamTemplates.Read.All"
              },
              {
                "allowed_member_types": [
                  "Application"
                ],
                "description": "Allows the app to read a basic set of profile properties of other users in your organization without a signed-in user. Includes display name, first and last name, email address, open extensions, and photo.",
                "display_name": "Read all users' basic profiles",
                "enabled": true,
                "id": "97235f07-e226-4f63-ace3-39588e11d3a1",
                "value": "User.ReadBasic.All"
              },
              {
                "allowed_member_types": [
                  "Application"
                ],
                "description": "Allows the app to read all class assignments without grades for all users without a signed-in user.",
                "display_name": "Read all class assignments without grades",
                "enabled": true,
                "id": "6e0a958b-b7fc-4348-b7c4-a6ab9fd3dd0e",
                "value": "EduAssignments.ReadBasic.All"
              },
              {
                "allowed_member_types": [
                  "Application"
                ],
                "description": "Allows the app to create, read, update and delete all class assignments without grades for all users without a signed-in user.",
                "display_name": "Create, read, update and delete all class assignments without grades",
                "enabled": true,
                "id": "f431cc63-a2de-48c4-8054-a34bc093af84",
                "value": "EduAssignments.ReadWriteBasic.All"
              },
              {
                "allowed_member_types": [
                  "Application"
                ],
                "description": "Allows the app to read all class assignments with grades for all users without a signed-in user.",
                "display_name": "Read all class assignments with grades",
                "enabled": true,
                "id": "4c37e1b6-35a1-43bf-926a-6f30f2cdf585",
                "value": "EduAssignments.Read.All"
              },
              {
                "allowed_member_types": [
                  "Application"
                ],
                "description": "Allows the app to create, read, update and delete all class assignments with grades for all users without a signed-in user.",
                "display_name": "Create, read, update and delete all class assignments with grades",
                "enabled": true,
                "id": "0d22204b-6cad-4dd0-8362-3e3f2ae699d9",
                "value": "EduAssignments.ReadWrite.All"
              },
              {
                "allowed_member_types": [
                  "Application"
                ],
                "description": "Allows the app to read subject rights requests without a signed-in user.",
                "display_name": "Read all subject rights requests",
                "enabled": true,
                "id": "ee1460f0-368b-4153-870a-4e1ca7e72c42",
                "value": "SubjectRightsRequest.Read.All"
              },
              {
                "allowed_member_types": [
                  "Application"
                ],
                "description": "Allows the app to read and write subject rights requests without a signed in user.",
                "display_name": "Read and write all subject rights requests",
                "enabled": true,
                "id": "8387eaa4-1a3c-41f5-b261-f888138e6041",
                "value": "SubjectRightsRequest.ReadWrite.All"
              },
              {
                "allowed_member_types": [
                  "Application"
                ],
                "description": "Allows the app to read attack simulation and training data for an organization without a signed-in user.",
                "display_name": "Read attack simulation data of an organization",
                "enabled": true,
                "id": "93283d0a-6322-4fa8-966b-8c121624760d",
                "value": "AttackSimulation.Read.All"
              },
              {
                "allowed_member_types": [
                  "Application"
                ],
                "description": "Allows custom authentication extensions associated with the app to receive HTTP requests triggered by an authentication event. The request can include information about a user, client and resource service principals, and other information about the authentication.",
                "display_name": "Receive custom authentication extension HTTP requests",
                "enabled": true,
                "id": "214e810f-fda8-4fd7-a475-29461495eb00",
                "value": "CustomAuthenticationExtension.Receive.Payload"
              },
              {
                "allowed_member_types": [
                  "Application"
                ],
                "description": "Allows the app to read and write your organization's directory access review default policy without a signed-in user.",
                "display_name": "Read and write your organization's directory access review default policy",
                "enabled": true,
                "id": "77c863fd-06c0-47ce-a7eb-49773e89d319",
                "value": "Policy.ReadWrite.AccessReview"
              },
              {
                "allowed_member_types": [
                  "Application"
                ],
                "description": "Allows the app to create groups, read all group properties and memberships, update group properties and memberships, and delete groups. Also allows the app to read and write conversations. All of these operations can be performed by the app without a signed-in user.",
                "display_name": "Read and write all groups",
                "enabled": true,
                "id": "62a82d76-70ea-41e2-9197-370581804d09",
                "value": "Group.ReadWrite.All"
              },
              {
                "allowed_member_types": [
                  "Application"
                ],
                "description": "Allows the app to read group properties and memberships, and read conversations for all groups, without a signed-in user.",
                "display_name": "Read all groups",
                "enabled": true,
                "id": "5b567255-7703-4780-807c-7be8301ae99b",
                "value": "Group.Read.All"
              },
              {
                "allowed_member_types": [
                  "Application"
                ],
                "description": "Allows the app to read your organization's threat submissions and threat submission policies without a signed-in user. Also allows the app to create new threat submissions without a signed-in user.",
                "display_name": "Read and write all of the organization's threat submissions",
                "enabled": true,
                "id": "d72bdbf4-a59b-405c-8b04-5995895819ac",
                "value": "ThreatSubmission.ReadWrite.All"
              },
              {
                "allowed_member_types": [
                  "Application"
                ],
                "description": "Allows an app to read Bookings appointments, businesses, customers, services, and staff without a signed-in user.  ",
                "display_name": "Read all Bookings related resources.",
                "enabled": true,
                "id": "6e98f277-b046-4193-a4f2-6bf6a78cd491",
                "value": "Bookings.Read.All"
              },
              {
                "allowed_member_types": [
                  "Application"
                ],
                "description": "Allows an app to read and write Bookings appointments and customers, and additionally allows reading businesses, services, and staff without a signed-in user. ",
                "display_name": "Read and write all Bookings related resources.",
                "enabled": true,
                "id": "9769393e-5a9f-4302-9e3d-7e018ecb64a7",
                "value": "BookingsAppointment.ReadWrite.All"
              },
              {
                "allowed_member_types": [
                  "Application"
                ],
                "description": "Allows the application to read any data from Records Management, such as configuration, labels, and policies without the signed in user.",
                "display_name": "Read Records Management configuration, labels and policies",
                "enabled": true,
                "id": "ac3a2b8e-03a3-4da9-9ce0-cbe28bf1accd",
                "value": "RecordsManagement.Read.All"
              },
              {
                "allowed_member_types": [
                  "Application"
                ],
                "description": "Allow the application to create, update and delete any data from Records Management, such as configuration, labels, and policies without the signed in user.",
                "display_name": "Read and write Records Management configuration, labels and policies",
                "enabled": true,
                "id": "eb158f57-df43-4751-8b21-b8932adb3d34",
                "value": "RecordsManagement.ReadWrite.All"
              },
              {
                "allowed_member_types": [
                  "Application"
                ],
                "description": "Allows the app to read details of delegated admin relationships with customers like access details (that includes roles) and the duration as well as specific role assignments to security groups without a signed-in user.",
                "display_name": "Read Delegated Admin relationships with customers",
                "enabled": true,
                "id": "f6e9e124-4586-492f-adc0-c6f96e4823fd",
                "value": "DelegatedAdminRelationship.Read.All"
              },
              {
                "allowed_member_types": [
                  "Application"
                ],
                "description": "Allows the app to manage (create-update-terminate) Delegated Admin relationships with customers and role assignments to security groups for active Delegated Admin relationships without a signed-in user.",
                "display_name": "Manage Delegated Admin relationships with customers",
                "enabled": true,
                "id": "cc13eba4-8cd8-44c6-b4d4-f93237adce58",
                "value": "DelegatedAdminRelationship.ReadWrite.All"
              },
              {
                "allowed_member_types": [
                  "Application"
                ],
                "description": "Allows the app to read and manage the Cloud PC role-based access control (RBAC) settings, without a signed-in user. This includes reading and managing Cloud PC role definitions and memberships.",
                "display_name": "Read and write all Cloud PC RBAC settings",
                "enabled": true,
                "id": "274d0592-d1b6-44bd-af1d-26d259bcb43a",
                "value": "RoleManagement.ReadWrite.CloudPC"
              },
              {
                "allowed_member_types": [
                  "Application"
                ],
                "description": "Allows the app to read the Cloud PC role-based access control (RBAC) settings, without a signed-in user.",
                "display_name": "Read Cloud PC RBAC settings",
                "enabled": true,
                "id": "031a549a-bb80-49b6-8032-2068448c6a3c",
                "value": "RoleManagement.Read.CloudPC"
              },
              {
                "allowed_member_types": [
                  "Application"
                ],
                "description": "Allows the app to read custom security attribute assignments for all principals in the tenant without a signed in user.",
                "display_name": "Read custom security attribute assignments",
                "enabled": true,
                "id": "3b37c5a4-1226-493d-bec3-5d6c6b866f3f",
                "value": "CustomSecAttributeAssignment.Read.All"
              },
              {
                "allowed_member_types": [
                  "Application"
                ],
                "description": "Allows the app to read custom security attribute definitions for the tenant without a signed in user.",
                "display_name": "Read custom security attribute definitions",
                "enabled": true,
                "id": "b185aa14-d8d2-42c1-a685-0f5596613624",
                "value": "CustomSecAttributeDefinition.Read.All"
              },
              {
                "allowed_member_types": [
                  "Application"
                ],
                "description": "Allows the app to read all external connections without a signed-in user.",
                "display_name": "Read all external connections",
                "enabled": true,
                "id": "1914711b-a1cb-4793-b019-c2ce0ed21b8c",
                "value": "ExternalConnection.Read.All"
              },
              {
                "allowed_member_types": [
                  "Application"
                ],
                "description": "Allows the app to read and write all external connections without a signed-in user.",
                "display_name": "Read and write all external connections",
                "enabled": true,
                "id": "34c37bc0-2b40-4d5e-85e1-2365cd256d79",
                "value": "ExternalConnection.ReadWrite.All"
              },
              {
                "allowed_member_types": [
                  "Application"
                ],
                "description": "Allows the app to read all external items without a signed-in user.",
                "display_name": "Read all external items",
                "enabled": true,
                "id": "7a7cffad-37d2-4f48-afa4-c6ab129adcc2",
                "value": "ExternalItem.Read.All"
              },
              {
                "allowed_member_types": [
                  "Application"
                ],
                "description": "Allows the app to read and write your organization's cross tenant access policies without a signed-in user.",
                "display_name": "Read and write your organization's cross tenant access policies",
                "enabled": true,
                "id": "338163d7-f101-4c92-94ba-ca46fe52447c",
                "value": "Policy.ReadWrite.CrossTenantAccess"
              },
              {
                "allowed_member_types": [
                  "Application"
                ],
                "description": "Allows the app to read and write custom security attribute definitions for the tenant without a signed in user.",
                "display_name": "Read and write custom security attribute definitions",
                "enabled": true,
                "id": "12338004-21f4-4896-bf5e-b75dfaf1016d",
                "value": "CustomSecAttributeDefinition.ReadWrite.All"
              },
              {
                "allowed_member_types": [
                  "Application"
                ],
                "description": "Allows the app to read and write custom security attribute assignments for all principals in the tenant without a signed in user.",
                "display_name": "Read and write custom security attribute assignments",
                "enabled": true,
                "id": "de89b5e4-5b8f-48eb-8925-29c2b33bd8bd",
                "value": "CustomSecAttributeAssignment.ReadWrite.All"
              },
              {
                "allowed_member_types": [
                  "Application"
                ],
                "description": "Allows the app to read and write to all security incidents, without a signed-in user.",
                "display_name": "Read and write to all security incidents",
                "enabled": true,
                "id": "34bf0e97-1971-4929-b999-9e2442d941d7",
                "value": "SecurityIncident.ReadWrite.All"
              },
              {
                "allowed_member_types": [
                  "Application"
                ],
                "description": "Allows the app to read all security incidents, without a signed-in user.",
                "display_name": "Read all security incidents",
                "enabled": true,
                "id": "45cc0394-e837-488b-a098-1918f48d186c",
                "value": "SecurityIncident.Read.All"
              },
              {
                "allowed_member_types": [
                  "Application"
                ],
                "description": "Allows the app to read and write to all security alerts, without a signed-in user.",
                "display_name": "Read and write to all security alerts",
                "enabled": true,
                "id": "ed4fca05-be46-441f-9803-1873825f8fdb",
                "value": "SecurityAlert.ReadWrite.All"
              },
              {
                "allowed_member_types": [
                  "Application"
                ],
                "description": "Allows the app to read all security alerts, without a signed-in user.",
                "display_name": "Read all security alerts",
                "enabled": true,
                "id": "472e4a4d-bb4a-4026-98d1-0b0d74cb74a5",
                "value": "SecurityAlert.Read.All"
              },
              {
                "allowed_member_types": [
                  "Application"
                ],
                "description": "Allows the app to read and write eDiscovery objects such as cases, custodians, review sets and other related objects without a signed-in user.",
                "display_name": "Read and write all eDiscovery objects",
                "enabled": true,
                "id": "b2620db1-3bf7-4c5b-9cb9-576d29eac736",
                "value": "eDiscovery.ReadWrite.All"
              },
              {
                "allowed_member_types": [
                  "Application"
                ],
                "description": "Allows the app to read eDiscovery objects such as cases, custodians, review sets and other related objects without a signed-in user.",
                "display_name": "Read all eDiscovery objects",
                "enabled": true,
                "id": "50180013-6191-4d1e-a373-e590ff4e66af",
                "value": "eDiscovery.Read.All"
              },
              {
                "allowed_member_types": [
                  "Application"
                ],
                "description": "Allows the app to run hunting queries, without a signed-in user.",
                "display_name": "Run hunting queries",
                "enabled": true,
                "id": "dd98c7f5-2d42-42d3-a0e4-633161547251",
                "value": "ThreatHunting.Read.All"
              },
              {
                "allowed_member_types": [
                  "Application"
                ],
                "description": "Allow the app to read the management data for Teams devices, without a signed-in user.",
                "display_name": "Read Teams devices",
                "enabled": true,
                "id": "0591bafd-7c1c-4c30-a2a5-2b9aacb1dfe8",
                "value": "TeamworkDevice.Read.All"
              },
              {
                "allowed_member_types": [
                  "Application"
                ],
                "description": "Allow the app to read and write the management data for Teams devices, without a signed-in user.",
                "display_name": "Read and write Teams devices",
                "enabled": true,
                "id": "79c02f5b-bd4f-4713-bc2c-a8a4a66e127b",
                "value": "TeamworkDevice.ReadWrite.All"
              },
              {
                "allowed_member_types": [
                  "Application"
                ],
                "description": "Allows the app to read and update identity risky service principal for your organization, without a signed-in user.",
                "display_name": "Read and write all identity risky service principal information",
                "enabled": true,
                "id": "cb8d6980-6bcb-4507-afec-ed6de3a2d798",
                "value": "IdentityRiskyServicePrincipal.ReadWrite.All"
              },
              {
                "allowed_member_types": [
                  "Application"
                ],
                "description": "Allows a Teams app to read, install, upgrade, and uninstall its own tabs for any user, without a signed-in user.",
                "display_name": "Allow the Teams app to manage only its own tabs for all users",
                "enabled": true,
                "id": "3c42dec6-49e8-4a0a-b469-36cff0d9da93",
                "value": "TeamsTab.ReadWriteSelfForUser.All"
              },
              {
                "allowed_member_types": [
                  "Application"
                ],
                "description": "Allows a Teams app to read, install, upgrade, and uninstall its own tabs in any team, without a signed-in user.",
                "display_name": "Allow the Teams app to manage only its own tabs for all teams",
                "enabled": true,
                "id": "91c32b81-0ef0-453f-a5c7-4ce2e562f449",
                "value": "TeamsTab.ReadWriteSelfForTeam.All"
              },
              {
                "allowed_member_types": [
                  "Application"
                ],
                "description": "Allows a Teams app to read, install, upgrade, and uninstall its own tabs for any chat, without a signed-in user.",
                "display_name": "Allow the Teams app to manage only its own tabs for all chats",
                "enabled": true,
                "id": "9f62e4a2-a2d6-4350-b28b-d244728c4f86",
                "value": "TeamsTab.ReadWriteSelfForChat.All"
              },
              {
                "allowed_member_types": [
                  "Application"
                ],
                "description": "Allows the app to read all risky service principal information for your organization, without a signed-in user.",
                "display_name": "Read all identity risky service principal information",
                "enabled": true,
                "id": "607c7344-0eed-41e5-823a-9695ebe1b7b0",
                "value": "IdentityRiskyServicePrincipal.Read.All"
              },
              {
                "allowed_member_types": [
                  "Application"
                ],
                "description": "Allows the app to read and write search configurations, without a signed-in user.",
                "display_name": "Read and write your organization's search configuration",
                "enabled": true,
                "id": "0e778b85-fefa-466d-9eec-750569d92122",
                "value": "SearchConfiguration.ReadWrite.All"
              },
              {
                "allowed_member_types": [
                  "Application"
                ],
                "description": "Allows the app to read search configurations, without a signed-in user.",
                "display_name": "Read your organization's search configuration",
                "enabled": true,
                "id": "ada977a5-b8b1-493b-9a91-66c206d76ecf",
                "value": "SearchConfiguration.Read.All"
              },
              {
                "allowed_member_types": [
                  "Application"
                ],
                "description": "Allows the app to read online meeting artifacts in your organization, without a signed-in user.",
                "display_name": "Read online meeting artifacts",
                "enabled": true,
                "id": "df01ed3b-eb61-4eca-9965-6b3d789751b2",
                "value": "OnlineMeetingArtifact.Read.All"
              },
              {
                "allowed_member_types": [
                  "Application"
                ],
                "description": "Allows the app to create, read, update, and delete apps in the app catalogs without a signed-in user.",
                "display_name": "Read and write to all app catalogs",
                "enabled": true,
                "id": "dc149144-f292-421e-b185-5953f2e98d7f",
                "value": "AppCatalog.ReadWrite.All"
              },
              {
                "allowed_member_types": [
                  "Application"
                ],
                "description": "Allows the app to read apps in the app catalogs without a signed-in user.",
                "display_name": "Read all app catalogs",
                "enabled": true,
                "id": "e12dae10-5a57-4817-b79d-dfbec5348930",
                "value": "AppCatalog.Read.All"
              },
              {
                "allowed_member_types": [
                  "Application"
                ],
                "description": "Allows the app to manage workforce integrations to synchronize data from Microsoft Teams Shifts, without a signed-in user.",
                "display_name": "Read and write workforce integrations",
                "enabled": true,
                "id": "202bf709-e8e6-478e-bcfd-5d63c50b68e3",
                "value": "WorkforceIntegration.ReadWrite.All"
              },
              {
                "allowed_member_types": [
                  "Application"
                ],
                "description": "Allows the app to read all presence information and write activity and availability of all users in the directory without a signed-in user. Presence information includes activity, availability, status note, calendar out-of-office message, time zone and location.",
                "display_name": "Read and write presence information for all users",
                "enabled": true,
                "id": "83cded22-8297-4ff6-a7fa-e97e9545a259",
                "value": "Presence.ReadWrite.All"
              },
              {
                "allowed_member_types": [
                  "Application"
                ],
                "description": "Allows the app to read and write tags in Teams without a signed-in user.",
                "display_name": "Read and write tags in Teams",
                "enabled": true,
                "id": "a3371ca5-911d-46d6-901c-42c8c7a937d8",
                "value": "TeamworkTag.ReadWrite.All"
              },
              {
                "allowed_member_types": [
                  "Application"
                ],
                "description": "Allows the app to read tags in Teams without a signed-in user.",
                "display_name": "Read tags in Teams",
                "enabled": true,
                "id": "b74fd6c4-4bde-488e-9695-eeb100e4907f",
                "value": "TeamworkTag.Read.All"
              },
              {
                "allowed_member_types": [
                  "Application"
                ],
                "description": "Allows the app to read and write all Windows update deployment settings for the organization without a signed-in user.",
                "display_name": "Read and write all Windows update deployment settings",
                "enabled": true,
                "id": "7dd1be58-6e76-4401-bf8d-31d1e8180d5b",
                "value": "WindowsUpdates.ReadWrite.All"
              },
              {
                "allowed_member_types": [
                  "Application"
                ],
                "description": "Allows the app to read and write external connections without a signed-in user. The app can only read and write external connections that it is authorized to, or it can create new external connections. ",
                "display_name": "Read and write external connections",
                "enabled": true,
                "id": "f431331c-49a6-499f-be1c-62af19c34a9d",
                "value": "ExternalConnection.ReadWrite.OwnedBy"
              },
              {
                "allowed_member_types": [
                  "Application"
                ],
                "description": "Allows the app to read and write external items without a signed-in user. The app can only read external items of the connection that it is authorized to.",
                "display_name": "Read and write external items",
                "enabled": true,
                "id": "8116ae0f-55c2-452d-9944-d18420f5b2c8",
                "value": "ExternalItem.ReadWrite.OwnedBy"
              },
              {
                "allowed_member_types": [
                  "Application"
                ],
                "description": "Allow the application to access a subset of site collections without a signed in user.  The specific site collections and the permissions granted will be configured in SharePoint Online.",
                "display_name": "Access selected site collections",
                "enabled": true,
                "id": "883ea226-0bf2-4a8f-9f9d-92c9162a727d",
                "value": "Sites.Selected"
              },
              {
                "allowed_member_types": [
                  "Application"
                ],
                "description": "Allows the app to read documents and list items in all site collections without a signed in user.",
                "display_name": "Read items in all site collections ",
                "enabled": true,
                "id": "332a536c-c7ef-4017-ab91-336970924f0d",
                "value": "Sites.Read.All"
              },
              {
                "allowed_member_types": [
                  "Application"
                ],
                "description": "Allows the app to create, read, update, and delete documents and list items in all site collections without a signed in user.",
                "display_name": "Read and write items in all site collections",
                "enabled": true,
                "id": "9492366f-7969-46a4-8d15-ed1a20078fff",
                "value": "Sites.ReadWrite.All"
              },
              {
                "allowed_member_types": [
                  "Application"
                ],
                "description": "Allows the app to read and write the properties of Cloud PCs, without a signed-in user.",
                "display_name": "Read and write Cloud PCs",
                "enabled": true,
                "id": "3b4349e1-8cf5-45a3-95b7-69d1751d3e6a",
                "value": "CloudPC.ReadWrite.All"
              },
              {
                "allowed_member_types": [
                  "Application"
                ],
                "description": "Allows the app to read the properties of Cloud PCs, without a signed-in user.",
                "display_name": "Read Cloud PCs",
                "enabled": true,
                "id": "a9e09520-8ed4-4cde-838e-4fdea192c227",
                "value": "CloudPC.Read.All"
              },
              {
                "allowed_member_types": [
                  "Application"
                ],
                "description": "Allows the app to update service principal endpoints",
                "display_name": "Read and update service principal endpoints",
                "enabled": true,
                "id": "89c8469c-83ad-45f7-8ff2-6e3d4285709e",
                "value": "ServicePrincipalEndpoint.ReadWrite.All"
              },
              {
                "allowed_member_types": [
                  "Application"
                ],
                "description": "Allows the app to read service principal endpoints",
                "display_name": "Read service principal endpoints",
                "enabled": true,
                "id": "5256681e-b7f6-40c0-8447-2d9db68797a0",
                "value": "ServicePrincipalEndpoint.Read.All"
              },
              {
                "allowed_member_types": [
                  "Application"
                ],
                "description": "Allows the app to create new notifications in users' teamwork activity feeds without a signed in user. These notifications may not be discoverable or be held or governed by compliance policies.",
                "display_name": "Send a teamwork activity to any user",
                "enabled": true,
                "id": "a267235f-af13-44dc-8385-c1dc93023186",
                "value": "TeamsActivity.Send"
              },
              {
                "allowed_member_types": [
                  "Application"
                ],
                "description": "Allows the app to read terms of use acceptance statuses, without a signed in user.",
                "display_name": "Read all terms of use acceptance statuses",
                "enabled": true,
                "id": "d8e4ec18-f6c0-4620-8122-c8b1f2bf400e",
                "value": "AgreementAcceptance.Read.All"
              },
              {
                "allowed_member_types": [
                  "Application"
                ],
                "description": "Allows the app to read and write terms of use agreements, without a signed in user.",
                "display_name": "Read and write all terms of use agreements",
                "enabled": true,
                "id": "c9090d00-6101-42f0-a729-c41074260d47",
                "value": "Agreement.ReadWrite.All"
              },
              {
                "allowed_member_types": [
                  "Application"
                ],
                "description": "Allows the app to read terms of use agreements, without a signed in user.",
                "display_name": "Read all terms of use agreements",
                "enabled": true,
                "id": "2f3e6f8c-093b-4c57-a58b-ba5ce494a169",
                "value": "Agreement.Read.All"
              },
              {
                "allowed_member_types": [
                  "Application"
                ],
                "description": "Allows the app to read app consent requests and approvals, and deny or approve those requests without a signed-in user.",
                "display_name": "Read and write all consent requests",
                "enabled": true,
                "id": "9f1b81a7-0223-4428-bfa4-0bcb5535f27d",
                "value": "ConsentRequest.ReadWrite.All"
              },
              {
                "allowed_member_types": [
                  "Application"
                ],
                "description": "Allows the app to read and write your organization's consent requests policy without a signed-in user.",
                "display_name": "Read and write your organization's consent request policy",
                "enabled": true,
                "id": "999f8c63-0a38-4f1b-91fd-ed1947bdd1a9",
                "value": "Policy.ReadWrite.ConsentRequest"
              },
              {
                "allowed_member_types": [
                  "Application"
                ],
                "description": "Allows the app to read consent requests and approvals without a signed-in user.",
                "display_name": "Read all consent requests",
                "enabled": true,
                "id": "1260ad83-98fb-4785-abbb-d6cc1806fd41",
                "value": "ConsentRequest.Read.All"
              },
              {
                "allowed_member_types": [
                  "Application"
                ],
                "description": "Allows the app to read basic mail properties in all mailboxes without a signed-in user. Includes all properties except body, previewBody, attachments and any extended properties.",
                "display_name": "Read basic mail in all mailboxes",
                "enabled": true,
                "id": "693c5e45-0940-467d-9b8a-1022fb9d42ef",
                "value": "Mail.ReadBasic.All"
              },
              {
                "allowed_member_types": [
                  "Application"
                ],
                "description": "Allows the app to read basic mail properties in all mailboxes without a signed-in user. Includes all properties except body, previewBody, attachments and any extended properties.",
                "display_name": "Read basic mail in all mailboxes",
                "enabled": true,
                "id": "6be147d2-ea4f-4b5a-a3fa-3eab6f3c140a",
                "value": "Mail.ReadBasic"
              },
              {
                "allowed_member_types": [
                  "Application"
                ],
                "description": "Allows the app to read and write feature rollout policies without a signed-in user. Includes abilities to assign and remove users and groups to rollout of a specific feature.",
                "display_name": "Read and write feature rollout policies",
                "enabled": true,
                "id": "2044e4f1-e56c-435b-925c-44cd8f6ba89a",
                "value": "Policy.ReadWrite.FeatureRollout"
              },
              {
                "allowed_member_types": [
                  "Application"
                ],
                "description": "Allows the app to read and manage the role-based access control (RBAC) settings for your company's directory, without a signed-in user. This includes instantiating directory roles and managing directory role membership, and reading directory role templates, directory roles and memberships.",
                "display_name": "Read and write all directory RBAC settings",
                "enabled": true,
                "id": "9e3f62cf-ca93-4989-b6ce-bf83c28f9fe8",
                "value": "RoleManagement.ReadWrite.Directory"
              },
              {
                "allowed_member_types": [
                  "Application"
                ],
                "description": "Allows the app to read the role-based access control (RBAC) settings for your company's directory, without a signed-in user.  This includes reading directory role templates, directory roles and memberships.",
                "display_name": "Read all directory RBAC settings",
                "enabled": true,
                "id": "483bed4a-2ad3-4361-a73b-c83ccdbdc53c",
                "value": "RoleManagement.Read.Directory"
              },
              {
                "allowed_member_types": [
                  "Application"
                ],
                "description": "Allows the app to read and write the organization and related resources, without a signed-in user. Related resources include things like subscribed skus and tenant branding information.",
                "display_name": "Read and write organization information",
                "enabled": true,
                "id": "292d869f-3427-49a8-9dab-8c70152b74e9",
                "value": "Organization.ReadWrite.All"
              },
              {
                "allowed_member_types": [
                  "Application"
                ],
                "description": "Allows the app to read the organization and related resources, without a signed-in user. Related resources include things like subscribed skus and tenant branding information.",
                "display_name": "Read organization information",
                "enabled": true,
                "id": "498476ce-e0fe-48b0-b801-37ba7e2685c6",
                "value": "Organization.Read.All"
              },
              {
                "allowed_member_types": [
                  "Application"
                ],
                "description": "Allows the app to read company places (conference rooms and room lists) for calendar events and other applications, without a signed-in user.",
                "display_name": "Read all company places",
                "enabled": true,
                "id": "913b9306-0ce1-42b8-9137-6a7df690a760",
                "value": "Place.Read.All"
              },
              {
                "allowed_member_types": [
                  "Application"
                ],
                "description": "Allows the app to read the memberships of hidden groups and administrative units without a signed-in user.",
                "display_name": "Read all hidden memberships",
                "enabled": true,
                "id": "658aa5d8-239f-45c4-aa12-864f4fc7e490",
                "value": "Member.Read.Hidden"
              },
              {
                "allowed_member_types": [
                  "Application"
                ],
                "description": "Allow the app to read or write items in all external datasets that the app is authorized to access",
                "display_name": "Read and write items in external datasets",
                "enabled": true,
                "id": "38c3d6ee-69ee-422f-b954-e17819665354",
                "value": "ExternalItem.ReadWrite.All"
              },
              {
                "allowed_member_types": [
                  "Application"
                ],
                "description": "Allows the app to read, update, delete and perform actions on access reviews, reviewers, decisions and settings in the organization for group and app memberships, without a signed-in user.",
                "display_name": "Manage access reviews for group and app memberships",
                "enabled": true,
                "id": "18228521-a591-40f1-b215-5fad4488c117",
                "value": "AccessReview.ReadWrite.Membership"
              },
              {
                "allowed_member_types": [
                  "Application"
                ],
                "description": "Allows the app to read properties of Microsoft Intune-managed device configuration and device compliance policies and their assignment to groups, without a signed-in user.",
                "display_name": "Read Microsoft Intune device configuration and policies",
                "enabled": true,
                "id": "dc377aa6-52d8-4e23-b271-2a7ae04cedf3",
                "value": "DeviceManagementConfiguration.Read.All"
              },
              {
                "allowed_member_types": [
                  "Application"
                ],
                "description": "Allows the app to read the properties, group assignments and status of apps, app configurations and app protection policies managed by Microsoft Intune, without a signed-in user.",
                "display_name": "Read Microsoft Intune apps",
                "enabled": true,
                "id": "7a6ee1e7-141e-4cec-ae74-d9db155731ff",
                "value": "DeviceManagementApps.Read.All"
              },
              {
                "allowed_member_types": [
                  "Application"
                ],
                "description": "Allows the app to read the properties of devices managed by Microsoft Intune, without a signed-in user.",
                "display_name": "Read Microsoft Intune devices",
                "enabled": true,
                "id": "2f51be20-0bb4-4fed-bf7b-db946066c75e",
                "value": "DeviceManagementManagedDevices.Read.All"
              },
              {
                "allowed_member_types": [
                  "Application"
                ],
                "description": "Allows the app to read the properties relating to the Microsoft Intune Role-Based Access Control (RBAC) settings, without a signed-in user.",
                "display_name": "Read Microsoft Intune RBAC settings",
                "enabled": true,
                "id": "58ca0d9a-1575-47e1-a3cb-007ef2e4583b",
                "value": "DeviceManagementRBAC.Read.All"
              },
              {
                "allowed_member_types": [
                  "Application"
                ],
                "description": "Allows the app to read Microsoft Intune service properties including device enrollment and third party service connection configuration, without a signed-in user.",
                "display_name": "Read Microsoft Intune configuration",
                "enabled": true,
                "id": "06a5fe6d-c49d-46a7-b082-56b1b14103c7",
                "value": "DeviceManagementServiceConfig.Read.All"
              },
              {
                "allowed_member_types": [
                  "Application"
                ],
                "description": "Allows the app to create, view, update and delete on-premises published resources, on-premises agents and agent groups, as part of a hybrid identity configuration, without a signed in user.",
                "display_name": "Manage on-premises published resources",
                "enabled": true,
                "id": "0b57845e-aa49-4e6f-8109-ce654fffa618",
                "value": "OnPremisesPublishingProfiles.ReadWrite.All"
              },
              {
                "allowed_member_types": [
                  "Application"
                ],
                "description": "Allows the app to read and write trust framework key set properties without a signed-in user.",
                "display_name": "Read and write trust framework key sets",
                "enabled": true,
                "id": "4a771c9a-1cf2-4609-b88e-3d3e02d539cd",
                "value": "TrustFrameworkKeySet.ReadWrite.All"
              },
              {
                "allowed_member_types": [
                  "Application"
                ],
                "description": "Allows the app to read trust framework key set properties without a signed-in user.",
                "display_name": "Read trust framework key sets",
                "enabled": true,
                "id": "fff194f1-7dce-4428-8301-1badb5518201",
                "value": "TrustFrameworkKeySet.Read.All"
              },
              {
                "allowed_member_types": [
                  "Application"
                ],
                "description": "Allows the app to read and write your organization's trust framework policies without a signed in user.",
                "display_name": "Read and write your organization's trust framework policies",
                "enabled": true,
                "id": "79a677f7-b79d-40d0-a36a-3e6f8688dd7a",
                "value": "Policy.ReadWrite.TrustFramework"
              },
              {
                "allowed_member_types": [
                  "Application"
                ],
                "description": "Allows the app to read all your organization's policies without a signed in user.",
                "display_name": "Read your organization's policies",
                "enabled": true,
                "id": "246dd0d5-5bd0-4def-940b-0421030a5b68",
                "value": "Policy.Read.All"
              },
              {
                "allowed_member_types": [
                  "Application"
                ],
                "description": "Allows the app to read and write your organization’s identity (authentication) providers’ properties without a signed in user.",
                "display_name": "Read and write identity providers",
                "enabled": true,
                "id": "90db2b9a-d928-4d33-a4dd-8442ae3d41e4",
                "value": "IdentityProvider.ReadWrite.All"
              },
              {
                "allowed_member_types": [
                  "Application"
                ],
                "description": "Allows the app to read your organization’s identity (authentication) providers’ properties without a signed in user.",
                "display_name": "Read identity providers",
                "enabled": true,
                "id": "e321f0bb-e7f7-481e-bb28-e3b0b32d4bd0",
                "value": "IdentityProvider.Read.All"
              },
              {
                "allowed_member_types": [
                  "Application"
                ],
                "description": "Allows the app to create, read, update, and delete administrative units and manage administrative unit membership without a signed-in user.",
                "display_name": "Read and write all administrative units",
                "enabled": true,
                "id": "5eb59dd3-1da2-4329-8733-9dabdc435916",
                "value": "AdministrativeUnit.ReadWrite.All"
              },
              {
                "allowed_member_types": [
                  "Application"
                ],
                "description": "Allows the app to read administrative units and administrative unit membership without a signed-in user.",
                "display_name": "Read all administrative units",
                "enabled": true,
                "id": "134fd756-38ce-4afd-ba33-e9623dbe66c2",
                "value": "AdministrativeUnit.Read.All"
              },
              {
                "allowed_member_types": [
                  "Application"
                ],
                "description": "Allows an app to read published sensitivity labels and label policy settings for the entire organization or a specific user, without a signed in user.",
                "display_name": "Read all published labels and label policies for an organization.",
                "enabled": true,
                "id": "19da66cb-0fb0-4390-b071-ebc76a349482",
                "value": "InformationProtectionPolicy.Read.All"
              },
              {
                "allowed_member_types": [
                  "Application"
                ],
                "description": "Allows the app to read all the OneNote notebooks in your organization, without a signed-in user.",
                "display_name": "Read all OneNote notebooks",
                "enabled": true,
                "id": "3aeca27b-ee3a-4c2b-8ded-80376e2134a4",
                "value": "Notes.Read.All"
              },
              {
                "allowed_member_types": [
                  "Application"
                ],
                "description": "Allows the app to invite guest users to the organization, without a signed-in user.",
                "display_name": "Invite guest users to the organization",
                "enabled": true,
                "id": "09850681-111b-4a89-9bed-3f2cae46d706",
                "value": "User.Invite.All"
              },
              {
                "allowed_member_types": [
                  "Application"
                ],
                "description": "Allows the app to read, create, update and delete all files in all site collections without a signed in user. ",
                "display_name": "Read and write files in all site collections",
                "enabled": true,
                "id": "75359482-378d-4052-8f01-80520e7db3cd",
                "value": "Files.ReadWrite.All"
              },
              {
                "allowed_member_types": [
                  "Application"
                ],
                "description": "Allows the app to create threat indicators, and fully manage those threat indicators (read, update and delete), without a signed-in user.  It cannot update any threat indicators it does not own.",
                "display_name": "Manage threat indicators this app creates or owns",
                "enabled": true,
                "id": "21792b6c-c986-4ffc-85de-df9da54b52fa",
                "value": "ThreatIndicators.ReadWrite.OwnedBy"
              },
              {
                "allowed_member_types": [
                  "Application"
                ],
                "description": "Allows the app to read or update security actions, without a signed-in user.",
                "display_name": "Read and update your organization's security actions",
                "enabled": true,
                "id": "f2bf083f-0179-402a-bedb-b2784de8a49b",
                "value": "SecurityActions.ReadWrite.All"
              },
              {
                "allowed_member_types": [
                  "Application"
                ],
                "description": "Allows the app to read security actions, without a signed-in user.",
                "display_name": "Read your organization's security actions",
                "enabled": true,
                "id": "5e0edab9-c148-49d0-b423-ac253e121825",
                "value": "SecurityActions.Read.All"
              },
              {
                "allowed_member_types": [
                  "Application"
                ],
                "description": "Allows the app to read your organization’s security events without a signed-in user. Also allows the app to update editable properties in security events.",
                "display_name": "Read and update your organization’s security events",
                "enabled": true,
                "id": "d903a879-88e0-4c09-b0c9-82f6a1333f84",
                "value": "SecurityEvents.ReadWrite.All"
              },
              {
                "allowed_member_types": [
                  "Application"
                ],
                "description": "Allows the app to read your organization’s security events without a signed-in user.",
                "display_name": "Read your organization’s security events",
                "enabled": true,
                "id": "bf394140-e372-4bf9-a898-299cfc7564e5",
                "value": "SecurityEvents.Read.All"
              },
              {
                "allowed_member_types": [
                  "Application"
                ],
                "description": "Allows an app to read and write all chat messages in Microsoft Teams, without a signed-in user.",
                "display_name": "Read and write all chat messages",
                "enabled": true,
                "id": "294ce7c9-31ba-490a-ad7d-97a7d075e4ed",
                "value": "Chat.ReadWrite.All"
              },
              {
                "allowed_member_types": [
                  "Application"
                ],
                "description": "Allows the app to read and update identity risk detection information for your organization without a signed-in user. Update operations include confirming risk event detections. ",
                "display_name": "Read and write all risk detection information",
                "enabled": true,
                "id": "db06fb33-1953-4b7b-a2ac-f1e2c854f7ae",
                "value": "IdentityRiskEvent.ReadWrite.All"
              },
              {
                "allowed_member_types": [
                  "Application"
                ],
                "description": "Allows the app to read and update identity risky user information for your organization without a signed-in user.  Update operations include dismissing risky users.",
                "display_name": "Read and write all risky user information",
                "enabled": true,
                "id": "656f6061-f9fe-4807-9708-6a2e0934df76",
                "value": "IdentityRiskyUser.ReadWrite.All"
              },
              {
                "allowed_member_types": [
                  "Application"
                ],
                "description": "Allows the app to read all files in all site collections without a signed in user.",
                "display_name": "Read files in all site collections",
                "enabled": true,
                "id": "01d4889c-1287-42c6-ac1f-5d1e02578ef6",
                "value": "Files.Read.All"
              },
              {
                "allowed_member_types": [
                  "Application"
                ],
                "description": "Allows the app to read the identity risk event information for your organization without a signed in user.",
                "display_name": "Read all identity risk event information",
                "enabled": true,
                "id": "6e472fd1-ad78-48da-a0f0-97ab2c6b769e",
                "value": "IdentityRiskEvent.Read.All"
              },
              {
                "allowed_member_types": [
                  "Application"
                ],
                "description": "Allows the app to read a limited subset of properties from both the structure of schools and classes in the organization's roster and education-specific information about all users. Includes name, status, role, email address and photo.",
                "display_name": "Read a limited subset of the organization's roster",
                "enabled": true,
                "id": "0d412a8c-a06c-439f-b3ec-8abcf54d2f96",
                "value": "EduRoster.ReadBasic.All"
              },
              {
                "allowed_member_types": [
                  "Application"
                ],
                "description": "Allows the app to read the structure of schools and classes in the organization's roster and education-specific information about all users to be read.",
                "display_name": "Read the organization's roster",
                "enabled": true,
                "id": "e0ac9e1b-cb65-4fc5-87c5-1a8bc181f648",
                "value": "EduRoster.Read.All"
              },
              {
                "allowed_member_types": [
                  "Application"
                ],
                "description": "Allows the app to read and write the structure of schools and classes in the organization's roster and education-specific information about all users to be read and written.",
                "display_name": "Read and write the organization's roster",
                "enabled": true,
                "id": "d1808e82-ce13-47af-ae0d-f9b254e6d58a",
                "value": "EduRoster.ReadWrite.All"
              },
              {
                "allowed_member_types": [
                  "Application"
                ],
                "description": "Read the state and settings of all Microsoft education apps.",
                "display_name": "Read Education app settings",
                "enabled": true,
                "id": "7c9db06a-ec2d-4e7b-a592-5a1e30992566",
                "value": "EduAdministration.Read.All"
              },
              {
                "allowed_member_types": [
                  "Application"
                ],
                "description": "Manage the state and settings of all Microsoft education apps.",
                "display_name": "Manage education app settings",
                "enabled": true,
                "id": "9bc431c3-b8bc-4a8d-a219-40f10f92eff6",
                "value": "EduAdministration.ReadWrite.All"
              },
              {
                "allowed_member_types": [
                  "Application"
                ],
                "description": "Allows the app to read the identity risky user information for your organization without a signed in user.",
                "display_name": "Read all identity risky user information",
                "enabled": true,
                "id": "dc5007c0-2d7d-4c42-879c-2dab87571379",
                "value": "IdentityRiskyUser.Read.All"
              },
              {
                "allowed_member_types": [
                  "Application"
                ],
                "description": "Allows the app to read and update user profiles without a signed in user.",
                "display_name": "Read and write all users' full profiles",
                "enabled": true,
                "id": "741f803b-c850-494e-b5df-cde7c675a1ca",
                "value": "User.ReadWrite.All"
              },
              {
                "allowed_member_types": [
                  "Application"
                ],
                "description": "Allows the app to read user profiles without a signed in user.",
                "display_name": "Read all users' full profiles",
                "enabled": true,
                "id": "df021288-bdef-4463-88db-98f22de89214",
                "value": "User.Read.All"
              },
              {
                "allowed_member_types": [
                  "Application"
                ],
                "description": "Allows the app to read and query your audit log activities, without a signed-in user.",
                "display_name": "Read all audit log data",
                "enabled": true,
                "id": "b0afded3-3588-46d8-8b3d-9842eff778da",
                "value": "AuditLog.Read.All"
              },
              {
                "allowed_member_types": [
                  "Application"
                ],
                "description": "Allows the app to create other applications, and fully manage those applications (read, update, update application secrets and delete), without a signed-in user.  It cannot update any apps that it is not an owner of.",
                "display_name": "Manage apps that this app creates or owns",
                "enabled": true,
                "id": "18a4783c-866b-4cc7-a460-3d5e5662c884",
                "value": "Application.ReadWrite.OwnedBy"
              },
              {
                "allowed_member_types": [
                  "Application"
                ],
                "description": "Allows the app to export data (e.g. customer content or system-generated logs), associated with any user in your company, when the app is used by a privileged user (e.g. a Company Administrator).",
                "display_name": "Export user's data",
                "enabled": true,
                "id": "405a51b5-8d8d-430b-9842-8be4b0e9f324",
                "value": "User.Export.All"
              },
              {
                "allowed_member_types": [
                  "Application"
                ],
                "description": "Allows the app to read, update, delete and perform actions on programs and program controls in the organization, without a signed-in user.",
                "display_name": "Manage all programs",
                "enabled": true,
                "id": "60a901ed-09f7-4aa5-a16e-7dd3d6f9de36",
                "value": "ProgramControl.ReadWrite.All"
              },
              {
                "allowed_member_types": [
                  "Application"
                ],
                "description": "Allows the app to read programs and program controls in the organization, without a signed-in user.",
                "display_name": "Read all programs",
                "enabled": true,
                "id": "eedb7fdd-7539-4345-a38b-4839e4a84cbd",
                "value": "ProgramControl.Read.All"
              },
              {
                "allowed_member_types": [
                  "Application"
                ],
                "description": "Allows the app to read, update, delete and perform actions on access reviews, reviewers, decisions and settings in the organization, without a signed-in user.",
                "display_name": "Manage all access reviews",
                "enabled": true,
                "id": "ef5f7d5c-338f-44b0-86c3-351f46c8bb5f",
                "value": "AccessReview.ReadWrite.All"
              },
              {
                "allowed_member_types": [
                  "Application"
                ],
                "description": "Allows the app to read access reviews, reviewers, decisions and settings in the organization, without a signed-in user.",
                "display_name": "Read all access reviews",
                "enabled": true,
                "id": "d07a8cc0-3d51-4b77-b3b0-32704d1f69fa",
                "value": "AccessReview.Read.All"
              },
              {
                "allowed_member_types": [
                  "Application"
                ],
                "description": "Allows an app to read all service usage reports without a signed-in user.  Services that provide usage reports include Office 365 and Azure Active Directory.",
                "display_name": "Read all usage reports",
                "enabled": true,
                "id": "230c1aed-a721-4c5d-9cb4-a90514e508ef",
                "value": "Reports.Read.All"
              },
              {
                "allowed_member_types": [
                  "Application"
                ],
                "description": "Allows the app to read any user's scored list of relevant people, without a signed-in user. The list can include local contacts, contacts from social networking, your organization's directory, and people from recent communications (such as email and Skype).",
                "display_name": "Read all users' relevant people lists",
                "enabled": true,
                "id": "b528084d-ad10-4598-8b93-929746b4d7d6",
                "value": "People.Read.All"
              },
              {
                "allowed_member_types": [
                  "Application"
                ],
                "description": "Allows the app to update Microsoft Teams 1-to-1 or group chat messages by patching a set of Data Loss Prevention (DLP) policy violation properties to handle the output of DLP processing.",
                "display_name": "Flag chat messages for violating policy",
                "enabled": true,
                "id": "7e847308-e030-4183-9899-5235d7270f58",
                "value": "Chat.UpdatePolicyViolation.All"
              },
              {
                "allowed_member_types": [
                  "Application"
                ],
                "description": "Allows the app to read all 1-to-1 or group chat messages in Microsoft Teams.",
                "display_name": "Read all chat messages",
                "enabled": true,
                "id": "6b7d71aa-70aa-4810-a8d9-5d9fb2830017",
                "value": "Chat.Read.All"
              },
              {
                "allowed_member_types": [
                  "Application"
                ],
                "description": "Allows the app to read all channel messages in Microsoft Teams",
                "display_name": "Read all channel messages",
                "enabled": true,
                "id": "7b2449af-6ccd-4f4d-9f78-e550c193f0d1",
                "value": "ChannelMessage.Read.All"
              },
              {
                "allowed_member_types": [
                  "Application"
                ],
                "description": "Allows the app to update Microsoft Teams channel messages by patching a set of Data Loss Prevention (DLP) policy violation properties to handle the output of DLP processing.",
                "display_name": "Flag channel messages for violating policy",
                "enabled": true,
                "id": "4d02b0cc-d90b-441f-8d82-4fb55c34d6bb",
                "value": "ChannelMessage.UpdatePolicyViolation.All"
              },
              {
                "allowed_member_types": [
                  "Application"
                ],
                "description": "Allows the app to create, read, update and delete applications and service principals without a signed-in user.  Does not allow management of consent grants.",
                "display_name": "Read and write all applications",
                "enabled": true,
                "id": "1bfefb4e-e0b5-418b-a88f-73c46d2cc8e9",
                "value": "Application.ReadWrite.All"
              },
              {
                "allowed_member_types": [
                  "Application"
                ],
                "description": "Allows the app to create, read, update, and delete user's mailbox settings without a signed-in user. Does not include permission to send mail.",
                "display_name": "Read and write all user mailbox settings",
                "enabled": true,
                "id": "6931bccd-447a-43d1-b442-00a195474933",
                "value": "MailboxSettings.ReadWrite"
              },
              {
                "allowed_member_types": [
                  "Application"
                ],
                "description": "Allows the app to read and write all domain properties without a signed in user.  Also allows the app to add,  verify and remove domains.",
                "display_name": "Read and write domains",
                "enabled": true,
                "id": "7e05723c-0bb0-42da-be95-ae9f08a6e53c",
                "value": "Domain.ReadWrite.All"
              },
              {
                "allowed_member_types": [
                  "Application"
                ],
                "description": "Allows the app to read user's mailbox settings without a signed-in user. Does not include permission to send mail.",
                "display_name": "Read all user mailbox settings",
                "enabled": true,
                "id": "40f97065-369a-49f4-947c-6a255697ae91",
                "value": "MailboxSettings.Read"
              },
              {
                "allowed_member_types": [
                  "Application"
                ],
                "description": "Allows the app to read mail in all mailboxes without a signed-in user.",
                "display_name": "Read mail in all mailboxes",
                "enabled": true,
                "id": "810c84a8-4a9e-49e6-bf7d-12d183f40d01",
                "value": "Mail.Read"
              },
              {
                "allowed_member_types": [
                  "Application"
                ],
                "description": "Allows the app to create, read, update, and delete mail in all mailboxes without a signed-in user. Does not include permission to send mail.",
                "display_name": "Read and write mail in all mailboxes",
                "enabled": true,
                "id": "e2a3a72e-5f79-4c64-b1b1-878b674786c9",
                "value": "Mail.ReadWrite"
              },
              {
                "allowed_member_types": [
                  "Application"
                ],
                "description": "Allows the app to send mail as any user without a signed-in user.",
                "display_name": "Send mail as any user",
                "enabled": true,
                "id": "b633e1c5-b582-4048-a93e-9f11b44c7e96",
                "value": "Mail.Send"
              },
              {
                "allowed_member_types": [
                  "Application"
                ],
                "description": "Allows the app to read all contacts in all mailboxes without a signed-in user.",
                "display_name": "Read contacts in all mailboxes",
                "enabled": true,
                "id": "089fe4d0-434a-44c5-8827-41ba8a0b17f5",
                "value": "Contacts.Read"
              },
              {
                "allowed_member_types": [
                  "Application"
                ],
                "description": "Allows the app to create, read, update, and delete all contacts in all mailboxes without a signed-in user.",
                "display_name": "Read and write contacts in all mailboxes",
                "enabled": true,
                "id": "6918b873-d17a-4dc1-b314-35f528134491",
                "value": "Contacts.ReadWrite"
              },
              {
                "allowed_member_types": [
                  "Application"
                ],
                "description": "Allows the app to read data in your organization's directory, such as users, groups and apps, without a signed-in user.",
                "display_name": "Read directory data",
                "enabled": true,
                "id": "7ab1d382-f21e-4acd-a863-ba3e13f7da61",
                "value": "Directory.Read.All"
              },
              {
                "allowed_member_types": [
                  "Application"
                ],
                "description": "Allows the app to read and write data in your organization's directory, such as users, and groups, without a signed-in user.  Does not allow user or group deletion.",
                "display_name": "Read and write directory data",
                "enabled": true,
                "id": "19dbc75e-c2e2-444c-a770-ec69d8559fc7",
                "value": "Directory.ReadWrite.All"
              },
              {
                "allowed_member_types": [
                  "Application"
                ],
                "description": "Allows the app to read and write all device properties without a signed in user.  Does not allow device creation, device deletion or update of device alternative security identifiers.",
                "display_name": "Read and write devices",
                "enabled": true,
                "id": "1138cb37-bd11-4084-a2b7-9f71582aeddb",
                "value": "Device.ReadWrite.All"
              },
              {
                "allowed_member_types": [
                  "Application"
                ],
                "description": "Allows the app to read events of all calendars without a signed-in user.",
                "display_name": "Read calendars in all mailboxes",
                "enabled": true,
                "id": "798ee544-9d2d-430c-a058-570e29e34338",
                "value": "Calendars.Read"
              },
              {
                "allowed_member_types": [
                  "Application"
                ],
                "description": "Allows the app to create, read, update, and delete events of all calendars without a signed-in user.",
                "display_name": "Read and write calendars in all mailboxes",
                "enabled": true,
                "id": "ef54d2bf-783f-4e0f-bca1-3210c0444d99",
                "value": "Calendars.ReadWrite"
              },
              {
                "allowed_member_types": [
                  "Application"
                ],
                "description": "Allows the app to read your organization's user flows, without a signed-in user.",
                "display_name": "Read all identity user flows",
                "enabled": true,
                "id": "1b0c317f-dd31-4305-9932-259a8b6e8099",
                "value": "IdentityUserFlow.Read.All"
              },
              {
                "allowed_member_types": [
                  "Application"
                ],
                "description": "Allows the app to read or write your organization's user flows, without a signed-in user.",
                "display_name": "Read and write all identity user flows",
                "enabled": true,
                "id": "65319a09-a2be-469d-8782-f6b07debf789",
                "value": "IdentityUserFlow.ReadWrite.All"
              },
              {
                "allowed_member_types": [
                  "Application"
                ],
                "description": "Allows the app to read and create online meetings as an application in your organization.",
                "display_name": "Read and create online meetings",
                "enabled": true,
                "id": "b8bb2037-6e08-44ac-a4ea-4674e010e2a4",
                "value": "OnlineMeetings.ReadWrite.All"
              },
              {
                "allowed_member_types": [
                  "Application"
                ],
                "description": "Allows the app to read online meeting details in your organization, without a signed-in user.",
                "display_name": "Read online meeting details",
                "enabled": true,
                "id": "c1684f21-1984-47fa-9d61-2dc8c296bb70",
                "value": "OnlineMeetings.Read.All"
              },
              {
                "allowed_member_types": [
                  "Application"
                ],
                "description": "Allows the app to get direct access to media streams in a call, without a signed-in user.",
                "display_name": "Access media streams in a call as an app",
                "enabled": true,
                "id": "a7a681dc-756e-4909-b988-f160edc6655f",
                "value": "Calls.AccessMedia.All"
              },
              {
                "allowed_member_types": [
                  "Application"
                ],
                "description": "Allows the app to anonymously join group calls and scheduled meetings in your organization, without a signed-in user.  The app will be joined as a guest to meetings in your organization.",
                "display_name": "Join group calls and meetings as a guest",
                "enabled": true,
                "id": "fd7ccf6b-3d28-418b-9701-cd10f5cd2fd4",
                "value": "Calls.JoinGroupCallAsGuest.All"
              },
              {
                "allowed_member_types": [
                  "Application"
                ],
                "description": "Allows the app to join group calls and scheduled meetings in your organization, without a signed-in user.  The app will be joined with the privileges of a directory user to meetings in your organization.",
                "display_name": "Join group calls and meetings as an app",
                "enabled": true,
                "id": "f6b49018-60ab-4f81-83bd-22caeabfed2d",
                "value": "Calls.JoinGroupCall.All"
              },
              {
                "allowed_member_types": [
                  "Application"
                ],
                "description": "Allows the app to place outbound calls to multiple users and add participants to meetings in your organization, without a signed-in user.",
                "display_name": "Initiate outgoing group calls from the app",
                "enabled": true,
                "id": "4c277553-8a09-487b-8023-29ee378d8324",
                "value": "Calls.InitiateGroupCall.All"
              },
              {
                "allowed_member_types": [
                  "Application"
                ],
                "description": "Allows the app to place outbound calls to a single user and transfer calls to users in your organization’s directory, without a signed-in user.",
                "display_name": "Initiate outgoing 1 to 1 calls from the app",
                "enabled": true,
                "id": "284383ee-7f6e-4e40-a2a8-e85dcb029101",
                "value": "Calls.Initiate.All"
              },
              {
                "allowed_member_types": [
                  "Application"
                ],
                "description": "Allows the app to read all organizational contacts without a signed-in user.  These contacts are managed by the organization and are different from a user's personal contacts.",
                "display_name": "Read organizational contacts",
                "enabled": true,
                "id": "e1a88a34-94c4-4418-be12-c87b00e26bea",
                "value": "OrgContact.Read.All"
              },
              {
                "allowed_member_types": [
                  "Application"
                ],
                "description": "Allows the app to read and write the properties, group assignments and status of apps, app configurations and app protection policies managed by Microsoft Intune, without a signed-in user.",
                "display_name": "Read and write Microsoft Intune apps",
                "enabled": true,
                "id": "78145de6-330d-4800-a6ce-494ff2d33d07",
                "value": "DeviceManagementApps.ReadWrite.All"
              },
              {
                "allowed_member_types": [
                  "Application"
                ],
                "description": "Allows the app to read and write properties of Microsoft Intune-managed device configuration and device compliance policies and their assignment to groups, without a signed-in user.",
                "display_name": "Read and write Microsoft Intune device configuration and policies",
                "enabled": true,
                "id": "9241abd9-d0e6-425a-bd4f-47ba86e767a4",
                "value": "DeviceManagementConfiguration.ReadWrite.All"
              },
              {
                "allowed_member_types": [
                  "Application"
                ],
                "description": "Allows the app to perform remote high impact actions such as wiping the device or resetting the passcode on devices managed by Microsoft Intune, without a signed-in user.",
                "display_name": "Perform user-impacting remote actions on Microsoft Intune devices",
                "enabled": true,
                "id": "5b07b0dd-2377-4e44-a38d-703f09a0dc3c",
                "value": "DeviceManagementManagedDevices.PrivilegedOperations.All"
              },
              {
                "allowed_member_types": [
                  "Application"
                ],
                "description": "Allows the app to read and write the properties of devices managed by Microsoft Intune, without a signed-in user. Does not allow high impact operations such as remote wipe and password reset on the device’s owner",
                "display_name": "Read and write Microsoft Intune devices",
                "enabled": true,
                "id": "243333ab-4d21-40cb-a475-36241daa0842",
                "value": "DeviceManagementManagedDevices.ReadWrite.All"
              },
              {
                "allowed_member_types": [
                  "Application"
                ],
                "description": "Allows the app to read and write the properties relating to the Microsoft Intune Role-Based Access Control (RBAC) settings, without a signed-in user.",
                "display_name": "Read and write Microsoft Intune RBAC settings",
                "enabled": true,
                "id": "e330c4f0-4170-414e-a55a-2f022ec2b57b",
                "value": "DeviceManagementRBAC.ReadWrite.All"
              },
              {
                "allowed_member_types": [
                  "Application"
                ],
                "description": "Allows the app to read and write Microsoft Intune service properties including device enrollment and third party service connection configuration, without a signed-in user.",
                "display_name": "Read and write Microsoft Intune configuration",
                "enabled": true,
                "id": "5ac13192-7ace-4fcf-b828-1a26f28068ee",
                "value": "DeviceManagementServiceConfig.ReadWrite.All"
              },
              {
                "allowed_member_types": [
                  "Application"
                ],
                "description": "Allows the app to manage permission grants for application permissions to any API (including Microsoft Graph) and application assignments for any app, without a signed-in user.",
                "display_name": "Manage app permission grants and app role assignments",
                "enabled": true,
                "id": "06b708a9-e830-4db3-a914-8e69da51d44f",
                "value": "AppRoleAssignment.ReadWrite.All"
              },
              {
                "allowed_member_types": [
                  "Application"
                ],
                "description": "Allows the app to manage permission grants for delegated permissions exposed by any API (including Microsoft Graph), without a signed-in user.",
                "display_name": "Manage all delegated permission grants",
                "enabled": true,
                "id": "8e8e4742-1d95-4f68-9d56-6ee75648c72a",
                "value": "DelegatedPermissionGrant.ReadWrite.All"
              },
              {
                "allowed_member_types": [
                  "Application"
                ],
                "description": "Allows the app to read all users' teamwork activity feed, without a signed-in user.",
                "display_name": "Read all users' teamwork activity feed",
                "enabled": true,
                "id": "70dec828-f620-4914-aa83-a29117306807",
                "value": "TeamsActivity.Read.All"
              },
              {
                "allowed_member_types": [
                  "Application"
                ],
                "description": "Allows the app to read time-based assignment and just-in-time elevation (including scheduled elevation) of Azure AD built-in and custom administrative roles in your organization, without a signed-in user.",
                "display_name": "Read privileged access to Azure AD roles",
                "enabled": true,
                "id": "4cdc2547-9148-4295-8d11-be0db1391d6b",
                "value": "PrivilegedAccess.Read.AzureAD"
              },
              {
                "allowed_member_types": [
                  "Application"
                ],
                "description": "Allows the app to read time-based assignment and just-in-time elevation (including scheduled elevation) of Azure AD groups in your organization, without a signed-in user.",
                "display_name": "Read privileged access to Azure AD groups",
                "enabled": true,
                "id": "01e37dc9-c035-40bd-b438-b2879c4870a6",
                "value": "PrivilegedAccess.Read.AzureADGroup"
              },
              {
                "allowed_member_types": [
                  "Application"
                ],
                "description": "Allows the app to read time-based assignment and just-in-time elevation of user privileges to audit Azure resources in your organization, without a signed-in user.",
                "display_name": "Read privileged access to Azure resources",
                "enabled": true,
                "id": "5df6fe86-1be0-44eb-b916-7bd443a71236",
                "value": "PrivilegedAccess.Read.AzureResources"
              },
              {
                "allowed_member_types": [
                  "Application"
                ],
                "description": "Allows the app to request and manage time-based assignment and just-in-time elevation (including scheduled elevation) of Azure AD built-in and custom administrative roles in your organization, without a signed-in user.",
                "display_name": "Read and write privileged access to Azure AD roles",
                "enabled": true,
                "id": "854d9ab1-6657-4ec8-be45-823027bcd009",
                "value": "PrivilegedAccess.ReadWrite.AzureAD"
              },
              {
                "allowed_member_types": [
                  "Application"
                ],
                "description": "Allows the app to request and manage time-based assignment and just-in-time elevation (including scheduled elevation) of Azure AD groups in your organization, without a signed-in user.",
                "display_name": "Read and write privileged access to Azure AD groups",
                "enabled": true,
                "id": "2f6817f8-7b12-4f0f-bc18-eeaf60705a9e",
                "value": "PrivilegedAccess.ReadWrite.AzureADGroup"
              },
              {
                "allowed_member_types": [
                  "Application"
                ],
                "description": "Allows the app to request and manage time-based assignment and just-in-time elevation of Azure resources (like your subscriptions, resource groups, storage, compute) in your organization, without a signed-in user.",
                "display_name": "Read and write privileged access to Azure resources",
                "enabled": true,
                "id": "6f9d5abc-2db6-400b-a267-7de22a40fb87",
                "value": "PrivilegedAccess.ReadWrite.AzureResources"
              },
              {
                "allowed_member_types": [
                  "Application"
                ],
                "description": "Allows the app to read all the indicators for your organization, without a signed-in user.",
                "display_name": "Read all threat indicators",
                "enabled": true,
                "id": "197ee4e9-b993-4066-898f-d6aecc55125b",
                "value": "ThreatIndicators.Read.All"
              },
              {
                "allowed_member_types": [
                  "Application"
                ],
                "description": "Allows the app to send, read, update and delete user’s notifications, without a signed-in user.",
                "display_name": "Deliver and manage all user's notifications",
                "enabled": true,
                "id": "4e774092-a092-48d1-90bd-baad67c7eb47",
                "value": "UserNotification.ReadWrite.CreatedByApp"
              },
              {
                "allowed_member_types": [
                  "Application"
                ],
                "description": "Allows the app to read all applications and service principals without a signed-in user.",
                "display_name": "Read all applications",
                "enabled": true,
                "id": "9a5d68dd-52b0-4cc2-bd40-abcf44ac3a30",
                "value": "Application.Read.All"
              },
              {
                "allowed_member_types": [
                  "Application"
                ],
                "description": "Allows the app to read memberships and basic group properties for all groups without a signed-in user.",
                "display_name": "Read all group memberships",
                "enabled": true,
                "id": "98830695-27a2-44f7-8c18-0c3ebc9698f6",
                "value": "GroupMember.Read.All"
              },
              {
                "allowed_member_types": [
                  "Application"
                ],
                "description": "Allows the app to list groups, read basic properties, read and update the membership of the groups this app has access to without a signed-in user. Group properties and owners cannot be updated and groups cannot be deleted.",
                "display_name": "Read and write all group memberships",
                "enabled": true,
                "id": "dbaae8cf-10b5-4b86-a4a1-f871c94c6695",
                "value": "GroupMember.ReadWrite.All"
              },
              {
                "allowed_member_types": [
                  "Application"
                ],
                "description": "Allows the app to create groups without a signed-in user.",
                "display_name": "Create groups",
                "enabled": true,
                "id": "bf7b1a76-6e77-406b-b258-bf5c7720e98f",
                "value": "Group.Create"
              },
              {
                "allowed_member_types": [
                  "Application"
                ],
                "description": "Allows an app to read your organization's threat assessment requests, without a signed-in user.",
                "display_name": "Read threat assessment requests",
                "enabled": true,
                "id": "f8f035bb-2cce-47fb-8bf5-7baf3ecbee48",
                "value": "ThreatAssessment.Read.All"
              },
              {
                "allowed_member_types": [
                  "Application"
                ],
                "description": "Allows the app to read all schedules, schedule groups, shifts and associated entities in the Teams or Shifts application without a signed-in user.",
                "display_name": "Read all schedule items",
                "enabled": true,
                "id": "7b2ebf90-d836-437f-b90d-7b62722c4456",
                "value": "Schedule.Read.All"
              },
              {
                "allowed_member_types": [
                  "Application"
                ],
                "description": "Allows the app to manage all schedules, schedule groups, shifts and associated entities in the Teams or Shifts application without a signed-in user.",
                "display_name": "Read and write all schedule items",
                "enabled": true,
                "id": "b7760610-0545-4e8a-9ec3-cce9e63db01c",
                "value": "Schedule.ReadWrite.All"
              },
              {
                "allowed_member_types": [
                  "Application"
                ],
                "description": "Allows the app to read call records for all calls and online meetings without a signed-in user.",
                "display_name": "Read all call records",
                "enabled": true,
                "id": "45bbb07e-7321-4fd7-a8f6-3ff27e6a81c8",
                "value": "CallRecords.Read.All"
              },
              {
                "allowed_member_types": [
                  "Application"
                ],
                "description": "Allows the app to read and write your organization's conditional access policies, without a signed-in user.",
                "display_name": "Read and write your organization's conditional access policies",
                "enabled": true,
                "id": "01c0a623-fc9b-48e9-b794-0756f8e8f067",
                "value": "Policy.ReadWrite.ConditionalAccess"
              },
              {
                "allowed_member_types": [
                  "Application"
                ],
                "description": "Allows the application to read and write authentication methods of all users in your organization, without a signed-in user.                       Authentication methods include things like a user’s phone numbers and Authenticator app settings. This                      does not allow the app to see secret information like passwords, or to sign-in or otherwise use the authentication methods",
                "display_name": "Read and write all users' authentication methods ",
                "enabled": true,
                "id": "50483e42-d915-4231-9639-7fdb7fd190e5",
                "value": "UserAuthenticationMethod.ReadWrite.All"
              },
              {
                "allowed_member_types": [
                  "Application"
                ],
                "description": " Allows the app to read authentication methods of all users in your organization, without a signed-in user.                       Authentication methods include things like a user’s phone numbers and Authenticator app settings. This does not allow the                      app to see secret information like passwords, or to sign-in or otherwise use the authentication methods.",
                "display_name": " Read all users' authentication methods",
                "enabled": true,
                "id": "38d9df27-64da-44fd-b7c5-a6fbac20248f",
                "value": "UserAuthenticationMethod.Read.All"
              },
              {
                "allowed_member_types": [
                  "Application"
                ],
                "description": "Allows the app to create tabs in any team in Microsoft Teams, without a signed-in user. This does not grant the ability to read, modify or delete tabs after they are created, or give access to the content inside the tabs.",
                "display_name": "Create tabs in Microsoft Teams.",
                "enabled": true,
                "id": "49981c42-fd7b-4530-be03-e77b21aed25e",
                "value": "TeamsTab.Create"
              },
              {
                "allowed_member_types": [
                  "Application"
                ],
                "description": "Read the names and settings of tabs inside any team in Microsoft Teams, without a signed-in user. This does not give access to the content inside the tabs. ",
                "display_name": "Read tabs in Microsoft Teams.",
                "enabled": true,
                "id": "46890524-499a-4bb2-ad64-1476b4f3e1cf",
                "value": "TeamsTab.Read.All"
              },
              {
                "allowed_member_types": [
                  "Application"
                ],
                "description": "Read and write tabs in any team in Microsoft Teams, without a signed-in user. This does not give access to the content inside the tabs.",
                "display_name": "Read and write tabs in Microsoft Teams.",
                "enabled": true,
                "id": "a96d855f-016b-47d7-b51c-1218a98d791c",
                "value": "TeamsTab.ReadWrite.All"
              },
              {
                "allowed_member_types": [
                  "Application"
                ],
                "description": "Allows the app to read all domain properties without a signed-in user.",
                "display_name": "Read domains",
                "enabled": true,
                "id": "dbb9058a-0e50-45d7-ae91-66909b5d4664",
                "value": "Domain.Read.All"
              },
              {
                "allowed_member_types": [
                  "Application"
                ],
                "description": "Allows the app to read and write your organization's application configuration policies, without a signed-in user.  This includes policies such as activityBasedTimeoutPolicy, claimsMappingPolicy, homeRealmDiscoveryPolicy, tokenIssuancePolicy  and tokenLifetimePolicy.",
                "display_name": "Read and write your organization's application configuration policies",
                "enabled": true,
                "id": "be74164b-cff1-491c-8741-e671cb536e13",
                "value": "Policy.ReadWrite.ApplicationConfiguration"
              },
              {
                "allowed_member_types": [
                  "Application"
                ],
                "description": "Allows the app to read your organization's devices' configuration information without a signed-in user.",
                "display_name": "Read all devices",
                "enabled": true,
                "id": "7438b122-aefc-4978-80ed-43db9fcc7715",
                "value": "Device.Read.All"
              },
              {
                "allowed_member_types": [
                  "Application"
                ],
                "description": "Allows the app to read, update and delete identities that are associated with a user's account, without a signed in user. This controls the identities users can sign-in with.",
                "display_name": "Manage all users' identities",
                "enabled": true,
                "id": "c529cfca-c91b-489c-af2b-d92990b66ce6",
                "value": "User.ManageIdentities.All"
              },
              {
                "allowed_member_types": [
                  "Application"
                ],
                "description": "Allows the app to read all users' shift schedule preferences without a signed-in user.",
                "display_name": "Read all user shift preferences",
                "enabled": true,
                "id": "de023814-96df-4f53-9376-1e2891ef5a18",
                "value": "UserShiftPreferences.Read.All"
              },
              {
                "allowed_member_types": [
                  "Application"
                ],
                "description": "Allows the app to manage all users' shift schedule preferences without a signed-in user.",
                "display_name": "Read and write all user shift preferences",
                "enabled": true,
                "id": "d1eec298-80f3-49b0-9efb-d90e224798ac",
                "value": "UserShiftPreferences.ReadWrite.All"
              },
              {
                "allowed_member_types": [
                  "Application"
                ],
                "description": "Allows the app to read all the OneNote notebooks in your organization, without a signed-in user.",
                "display_name": "Read and write all OneNote notebooks",
                "enabled": true,
                "id": "0c458cef-11f3-48c2-a568-c66751c238c0",
                "value": "Notes.ReadWrite.All"
              },
              {
                "allowed_member_types": [
                  "Application"
                ],
                "description": "Allows the app to have full control of all site collections without a signed in user.",
                "display_name": "Have full control of all site collections",
                "enabled": true,
                "id": "a82116e5-55eb-4c41-a434-62fe8a61c773",
                "value": "Sites.FullControl.All"
              },
              {
                "allowed_member_types": [
                  "Application"
                ],
                "description": "Allows the app to create or delete document libraries and lists in all site collections without a signed in user.",
                "display_name": "Create, edit, and delete items and lists in all site collections",
                "enabled": true,
                "id": "0c0bf378-bf22-4481-8f81-9e89a9b4960a",
                "value": "Sites.Manage.All"
              },
              {
                "allowed_member_types": [
                  "Application"
                ],
                "description": "Allows the app to read access packages and related entitlement management resources without a signed-in user.",
                "display_name": "Read all entitlement management resources",
                "enabled": true,
                "id": "c74fd47d-ed3c-45c3-9a9e-b8676de685d2",
                "value": "EntitlementManagement.Read.All"
              },
              {
                "allowed_member_types": [
                  "Application"
                ],
                "description": "Allows the app to read and write access packages and related entitlement management resources without a signed-in user.",
                "display_name": "Read and write all entitlement management resources",
                "enabled": true,
                "id": "9acd699f-1e81-4958-b001-93b1d2506e19",
                "value": "EntitlementManagement.ReadWrite.All"
              },
              {
                "allowed_member_types": [
                  "Application"
                ],
                "description": "Create channels in any team, without a signed-in user.",
                "display_name": "Create channels",
                "enabled": true,
                "id": "f3a65bd4-b703-46df-8f7e-0174fea562aa",
                "value": "Channel.Create"
              },
              {
                "allowed_member_types": [
                  "Application"
                ],
                "description": "Delete channels in any team, without a signed-in user.",
                "display_name": "Delete channels",
                "enabled": true,
                "id": "6a118a39-1227-45d4-af0c-ea7b40d210bc",
                "value": "Channel.Delete.All"
              },
              {
                "allowed_member_types": [
                  "Application"
                ],
                "description": "Read all channel names, channel descriptions, and channel settings, without a signed-in user.",
                "display_name": "Read the names, descriptions, and settings of all channels",
                "enabled": true,
                "id": "c97b873f-f59f-49aa-8a0e-52b32d762124",
                "value": "ChannelSettings.Read.All"
              },
              {
                "allowed_member_types": [
                  "Application"
                ],
                "description": "Read and write the names, descriptions, and settings of all channels, without a signed-in user.",
                "display_name": "Read and write the names, descriptions, and settings of all channels",
                "enabled": true,
                "id": "243cded2-bd16-4fd6-a953-ff8177894c3d",
                "value": "ChannelSettings.ReadWrite.All"
              },
              {
                "allowed_member_types": [
                  "Application"
                ],
                "description": "Get a list of all teams, without a signed-in user.",
                "display_name": "Get a list of all teams",
                "enabled": true,
                "id": "2280dda6-0bfd-44ee-a2f4-cb867cfc4c1e",
                "value": "Team.ReadBasic.All"
              },
              {
                "allowed_member_types": [
                  "Application"
                ],
                "description": "Read all channel names and channel descriptions, without a signed-in user.",
                "display_name": "Read the names and descriptions  of all channels",
                "enabled": true,
                "id": "59a6b24b-4225-4393-8165-ebaec5f55d7a",
                "value": "Channel.ReadBasic.All"
              },
              {
                "allowed_member_types": [
                  "Application"
                ],
                "description": "Read and change all teams' settings, without a signed-in user.",
                "display_name": "Read and change all teams' settings",
                "enabled": true,
                "id": "bdd80a03-d9bc-451d-b7c4-ce7c63fe3c8f",
                "value": "TeamSettings.ReadWrite.All"
              },
              {
                "allowed_member_types": [
                  "Application"
                ],
                "description": "Read all team's settings, without a signed-in user.",
                "display_name": "Read all teams' settings",
                "enabled": true,
                "id": "242607bd-1d2c-432c-82eb-bdb27baa23ab",
                "value": "TeamSettings.Read.All"
              },
              {
                "allowed_member_types": [
                  "Application"
                ],
                "description": "Read the members of all teams, without a signed-in user.",
                "display_name": "Read the members of all teams",
                "enabled": true,
                "id": "660b7406-55f1-41ca-a0ed-0b035e182f3e",
                "value": "TeamMember.Read.All"
              },
              {
                "allowed_member_types": [
                  "Application"
                ],
                "description": "Add and remove members from all teams, without a signed-in user. Also allows changing a team member's role, for example from owner to non-owner.",
                "display_name": "Add and remove members from all teams",
                "enabled": true,
                "id": "0121dc95-1b9f-4aed-8bac-58c5ac466691",
                "value": "TeamMember.ReadWrite.All"
              },
              {
                "allowed_member_types": [
                  "Application"
                ],
                "description": "Read the members of all channels, without a signed-in user.",
                "display_name": "Read the members of all channels",
                "enabled": true,
                "id": "3b55498e-47ec-484f-8136-9013221c06a9",
                "value": "ChannelMember.Read.All"
              },
              {
                "allowed_member_types": [
                  "Application"
                ],
                "description": "Add and remove members from all channels, without a signed-in user. Also allows changing a member's role, for example from owner to non-owner.",
                "display_name": "Add and remove members from all channels",
                "enabled": true,
                "id": "35930dcf-aceb-4bd1-b99a-8ffed403c974",
                "value": "ChannelMember.ReadWrite.All"
              },
              {
                "allowed_member_types": [
                  "Application"
                ],
                "description": "Allows the app to read and write all authentication flow policies for the tenant, without a signed-in user.",
                "display_name": "Read and write authentication flow policies",
                "enabled": true,
                "id": "25f85f3c-f66c-4205-8cd5-de92dd7f0cec",
                "value": "Policy.ReadWrite.AuthenticationFlows"
              },
              {
                "allowed_member_types": [
                  "Application"
                ],
                "description": "Allows the app to read and write all authentication method policies for the tenant, without a signed-in user. ",
                "display_name": "Read and write all authentication method policies ",
                "enabled": true,
                "id": "29c18626-4985-4dcd-85c0-193eef327366",
                "value": "Policy.ReadWrite.AuthenticationMethod"
              },
              {
                "allowed_member_types": [
                  "Application"
                ],
                "description": "Allows the app to read and write your organization's authorization policy without a signed in user. For example, authorization policies can control some of the permissions that the out-of-the-box user role has by default.",
                "display_name": "Read and write your organization's authorization policy",
                "enabled": true,
                "id": "fb221be6-99f2-473f-bd32-01c6a0e9ca3b",
                "value": "Policy.ReadWrite.Authorization"
              },
              {
                "allowed_member_types": [
                  "Application"
                ],
                "description": "Read names and members of all one-to-one and group chats in Microsoft Teams, without a signed-in user.",
                "display_name": "Read names and members of all chat threads",
                "enabled": true,
                "id": "b2e060da-3baf-4687-9611-f4ebc0f0cbde",
                "value": "Chat.ReadBasic.All"
              },
              {
                "allowed_member_types": [
                  "Application"
                ],
                "description": "Allows the app to read policies related to consent and permission grants for applications, without a signed-in user.",
                "display_name": "Read consent and permission grant policies",
                "enabled": true,
                "id": "9e640839-a198-48fb-8b9a-013fd6f6cbcd",
                "value": "Policy.Read.PermissionGrant"
              },
              {
                "allowed_member_types": [
                  "Application"
                ],
                "description": "Allows the app to manage policies related to consent and permission grants for applications, without a signed-in user.",
                "display_name": "Manage consent and permission grant policies",
                "enabled": true,
                "id": "a402ca1c-2696-4531-972d-6e5ee4aa11ea",
                "value": "Policy.ReadWrite.PermissionGrant"
              },
              {
                "allowed_member_types": [
                  "Application"
                ],
                "description": "Allows the application to read printers without a signed-in user. ",
                "display_name": "Read printers",
                "enabled": true,
                "id": "9709bb33-4549-49d4-8ed9-a8f65e45bb0f",
                "value": "Printer.Read.All"
              },
              {
                "allowed_member_types": [
                  "Application"
                ],
                "description": "Allows the application to read and update printers without a signed-in user. Does not allow creating (registering) or deleting (unregistering) printers.",
                "display_name": "Read and update printers",
                "enabled": true,
                "id": "f5b3f73d-6247-44df-a74c-866173fddab0",
                "value": "Printer.ReadWrite.All"
              },
              {
                "allowed_member_types": [
                  "Application"
                ],
                "description": "Allows the application to perform advanced operations like redirecting a print job to another printer without a signed-in user. Also allows the application to read and update the metadata of print jobs.",
                "display_name": "Perform advanced operations on print jobs",
                "enabled": true,
                "id": "58a52f47-9e36-4b17-9ebe-ce4ef7f3e6c8",
                "value": "PrintJob.Manage.All"
              },
              {
                "allowed_member_types": [
                  "Application"
                ],
                "description": "Allows the application to read the metadata and document content of print jobs without a signed-in user. ",
                "display_name": "Read print jobs",
                "enabled": true,
                "id": "ac6f956c-edea-44e4-bd06-64b1b4b9aec9",
                "value": "PrintJob.Read.All"
              },
              {
                "allowed_member_types": [
                  "Application"
                ],
                "description": "Allows the application to read the metadata of print jobs without a signed-in user. Does not allow access to print job document content.",
                "display_name": "Read basic information for print jobs",
                "enabled": true,
                "id": "fbf67eee-e074-4ef7-b965-ab5ce1c1f689",
                "value": "PrintJob.ReadBasic.All"
              },
              {
                "allowed_member_types": [
                  "Application"
                ],
                "description": "Allows the application to read and update the metadata and document content of print jobs without a signed-in user.",
                "display_name": "Read and write print jobs",
                "enabled": true,
                "id": "5114b07b-2898-4de7-a541-53b0004e2e13",
                "value": "PrintJob.ReadWrite.All"
              },
              {
                "allowed_member_types": [
                  "Application"
                ],
                "description": "Allows the application to read and update the metadata of print jobs without a signed-in user. Does not allow access to print job document content.",
                "display_name": "Read and write basic information for print jobs",
                "enabled": true,
                "id": "57878358-37f4-4d3a-8c20-4816e0d457b1",
                "value": "PrintJob.ReadWriteBasic.All"
              },
              {
                "allowed_member_types": [
                  "Application"
                ],
                "description": "Allows the application to read and update print task definitions without a signed-in user. ",
                "display_name": "Read, write and update print task definitions",
                "enabled": true,
                "id": "456b71a7-0ee0-4588-9842-c123fcc8f664",
                "value": "PrintTaskDefinition.ReadWrite.All"
              },
              {
                "allowed_member_types": [
                  "Application"
                ],
                "description": "Allows the app to create chat and channel messages, without a signed in user. The app specifies which user appears as the sender, and can backdate the message to appear as if it was sent long ago. The messages can be sent to any chat or channel in the organization.",
                "display_name": "Create chat and channel messages with anyone's identity and with any timestamp",
                "enabled": true,
                "id": "dfb0dd15-61de-45b2-be36-d6a69fba3c79",
                "value": "Teamwork.Migrate.All"
              },
              {
                "allowed_member_types": [
                  "Application"
                ],
                "description": "Allows the app to read the Teams apps that are installed in any chat, without a signed-in user. Does not give the ability to read application-specific settings.",
                "display_name": "Read installed Teams apps for all chats",
                "enabled": true,
                "id": "cc7e7635-2586-41d6-adaa-a8d3bcad5ee5",
                "value": "TeamsAppInstallation.ReadForChat.All"
              },
              {
                "allowed_member_types": [
                  "Application"
                ],
                "description": "Allows the app to read the Teams apps that are installed in any team, without a signed-in user. Does not give the ability to read application-specific settings.",
                "display_name": "Read installed Teams apps for all teams",
                "enabled": true,
                "id": "1f615aea-6bf9-4b05-84bd-46388e138537",
                "value": "TeamsAppInstallation.ReadForTeam.All"
              },
              {
                "allowed_member_types": [
                  "Application"
                ],
                "description": "Allows the app to read the Teams apps that are installed for any user, without a signed-in user. Does not give the ability to read application-specific settings.",
                "display_name": "Read installed Teams apps for all users",
                "enabled": true,
                "id": "9ce09611-f4f7-4abd-a629-a05450422a97",
                "value": "TeamsAppInstallation.ReadForUser.All"
              },
              {
                "allowed_member_types": [
                  "Application"
                ],
                "description": "Allows the app to read, install, upgrade, and uninstall Teams apps in any chat, without a signed-in user. Does not give the ability to read application-specific settings.",
                "display_name": "Manage Teams apps for all chats",
                "enabled": true,
                "id": "9e19bae1-2623-4c4f-ab6e-2664615ff9a0",
                "value": "TeamsAppInstallation.ReadWriteForChat.All"
              },
              {
                "allowed_member_types": [
                  "Application"
                ],
                "description": "Allows the app to read, install, upgrade, and uninstall Teams apps in any team, without a signed-in user. Does not give the ability to read application-specific settings.",
                "display_name": "Manage Teams apps for all teams",
                "enabled": true,
                "id": "5dad17ba-f6cc-4954-a5a2-a0dcc95154f0",
                "value": "TeamsAppInstallation.ReadWriteForTeam.All"
              },
              {
                "allowed_member_types": [
                  "Application"
                ],
                "description": "Allows the app to read, install, upgrade, and uninstall Teams apps for any user, without a signed-in user. Does not give the ability to read application-specific settings.",
                "display_name": "Manage Teams apps for all users",
                "enabled": true,
                "id": "74ef0291-ca83-4d02-8c7e-d2391e6a444f",
                "value": "TeamsAppInstallation.ReadWriteForUser.All"
              },
              {
                "allowed_member_types": [
                  "Application"
                ],
                "description": "Allows a Teams app to read, install, upgrade, and uninstall itself for any chat, without a signed-in user.",
                "display_name": "Allow the Teams app to manage itself for all chats",
                "enabled": true,
                "id": "73a45059-f39c-4baf-9182-4954ac0e55cf",
                "value": "TeamsAppInstallation.ReadWriteSelfForChat.All"
              },
              {
                "allowed_member_types": [
                  "Application"
                ],
                "description": "Allows a Teams app to read, install, upgrade, and uninstall itself in any team, without a signed-in user.",
                "display_name": "Allow the Teams app to manage itself for all teams",
                "enabled": true,
                "id": "9f67436c-5415-4e7f-8ac1-3014a7132630",
                "value": "TeamsAppInstallation.ReadWriteSelfForTeam.All"
              },
              {
                "allowed_member_types": [
                  "Application"
                ],
                "description": "Allows a Teams app to read, install, upgrade, and uninstall itself to any user, without a signed-in user.",
                "display_name": "Allow the app to manage itself for all users",
                "enabled": true,
                "id": "908de74d-f8b2-4d6b-a9ed-2a17b3b78179",
                "value": "TeamsAppInstallation.ReadWriteSelfForUser.All"
              },
              {
                "allowed_member_types": [
                  "Application"
                ],
                "description": "Allows the app to create teams without a signed-in user. ",
                "display_name": "Create teams",
                "enabled": true,
                "id": "23fc2474-f741-46ce-8465-674744c5c361",
                "value": "Team.Create"
              },
              {
                "allowed_member_types": [
                  "Application"
                ],
                "description": "Add and remove members from all teams, without a signed-in user. Does not allow adding or removing a member with the owner role. Additionally, does not allow the app to elevate an existing member to the owner role.",
                "display_name": "Add and remove members with non-owner role for all teams",
                "enabled": true,
                "id": "4437522e-9a86-4a41-a7da-e380edd4a97d",
                "value": "TeamMember.ReadWriteNonOwnerRole.All"
              },
              {
                "allowed_member_types": [
                  "Application"
                ],
                "description": "Allows the app to read all term store data, without a signed-in user. This includes all sets, groups and terms in the term store.",
                "display_name": "Read all term store data",
                "enabled": true,
                "id": "ea047cc2-df29-4f3e-83a3-205de61501ca",
                "value": "TermStore.Read.All"
              },
              {
                "allowed_member_types": [
                  "Application"
                ],
                "description": "Allows the app to read, edit or write all term store data, without a signed-in user. This includes all sets, groups and terms in the term store.",
                "display_name": "Read and write all term store data",
                "enabled": true,
                "id": "f12eb8d6-28e3-46e6-b2c0-b7e4dc69fc95",
                "value": "TermStore.ReadWrite.All"
              },
              {
                "allowed_member_types": [
                  "Application"
                ],
                "description": "Allows the app to read your tenant's service health information, without a signed-in user. Health information may include service issues or service health overviews.",
                "display_name": "Read service health",
                "enabled": true,
                "id": "79c261e0-fe76-4144-aad5-bdc68fbe4037",
                "value": "ServiceHealth.Read.All"
              },
              {
                "allowed_member_types": [
                  "Application"
                ],
                "description": "Allows the app to read your tenant's service announcement messages, without a signed-in user. Messages may include information about new or changed features.",
                "display_name": "Read service messages",
                "enabled": true,
                "id": "1b620472-6534-4fe6-9df2-4680e8aa28ec",
                "value": "ServiceMessage.Read.All"
              },
              {
                "allowed_member_types": [
                  "Application"
                ],
                "description": "Allows the app to read all the short notes without a signed-in user.",
                "display_name": "Read all users' short notes",
                "enabled": true,
                "id": "0c7d31ec-31ca-4f58-b6ec-9950b6b0de69",
                "value": "ShortNotes.Read.All"
              },
              {
                "allowed_member_types": [
                  "Application"
                ],
                "description": "Allows the app to read, create, edit, and delete all the short notes without a signed-in user.",
                "display_name": "Read, create, edit, and delete all users' short notes",
                "enabled": true,
                "id": "842c284c-763d-4a97-838d-79787d129bab",
                "value": "ShortNotes.ReadWrite.All"
              },
              {
                "allowed_member_types": [
                  "Application"
                ],
                "description": "Allows the app to read your organization's conditional access policies, without a signed-in user.",
                "display_name": "Read your organization's conditional access policies",
                "enabled": true,
                "id": "37730810-e9ba-4e46-b07e-8ca78d182097",
                "value": "Policy.Read.ConditionalAccess"
              },
              {
                "allowed_member_types": [
                  "Application"
                ],
                "description": "Allows the app to read role-based access control (RBAC) settings for all RBAC providers without a signed-in user. This includes reading role definitions and role assignments.",
                "display_name": "Read role management data for all RBAC providers",
                "enabled": true,
                "id": "c7fbd983-d9aa-4fa7-84b8-17382c103bc4",
                "value": "RoleManagement.Read.All"
              },
              {
                "allowed_member_types": [
                  "Application"
                ],
                "description": "Allows the app to read all PSTN and direct routing call log data without a signed-in user.",
                "display_name": "Read PSTN and direct routing call log data",
                "enabled": true,
                "id": "a2611786-80b3-417e-adaa-707d4261a5f0",
                "value": "CallRecord-PstnCalls.Read.All"
              },
              {
                "allowed_member_types": [
                  "Application"
                ],
                "description": "Allows the app to read all one-to-one and group chats messages in Microsoft Teams, without a signed-in user.",
                "display_name": "Read all chat messages",
                "enabled": true,
                "id": "b9bb2381-47a4-46cd-aafb-00cb12f68504",
                "value": "ChatMessage.Read.All"
              },
              {
                "allowed_member_types": [
                  "Application"
                ],
                "description": "Allows a Teams app to read, install, upgrade, and uninstall all tabs for any chat, without a signed-in user.",
                "display_name": "Allow the Teams app to manage all tabs for all chats",
                "enabled": true,
                "id": "fd9ce730-a250-40dc-bd44-8dc8d20f39ea",
                "value": "TeamsTab.ReadWriteForChat.All"
              },
              {
                "allowed_member_types": [
                  "Application"
                ],
                "description": "Allows a Teams app to read, install, upgrade, and uninstall all tabs in any team, without a signed-in user.",
                "display_name": "Allow the Teams app to manage all tabs for all teams",
                "enabled": true,
                "id": "6163d4f4-fbf8-43da-a7b4-060fe85ed148",
                "value": "TeamsTab.ReadWriteForTeam.All"
              },
              {
                "allowed_member_types": [
                  "Application"
                ],
                "description": "Allows a Teams app to read, install, upgrade, and uninstall all tabs for any user, without a signed-in user.",
                "display_name": "Allow the app to manage all tabs for all users",
                "enabled": true,
                "id": "425b4b59-d5af-45c8-832f-bb0b7402348a",
                "value": "TeamsTab.ReadWriteForUser.All"
              },
              {
                "allowed_member_types": [
                  "Application"
                ],
                "description": "Allows the app to read the API connectors used in user authentication flows, without a signed-in user.",
                "display_name": "Read API connectors for authentication flows",
                "enabled": true,
                "id": "b86848a7-d5b1-41eb-a9b4-54a4e6306e97",
                "value": "APIConnectors.Read.All"
              },
              {
                "allowed_member_types": [
                  "Application"
                ],
                "description": "Allows the app to read, create and manage the API connectors used in user authentication flows, without a signed-in user.",
                "display_name": "Read and write API connectors for authentication flows",
                "enabled": true,
                "id": "1dfe531a-24a6-4f1b-80f4-7a0dc5a0a171",
                "value": "APIConnectors.ReadWrite.All"
              },
              {
                "allowed_member_types": [
                  "Application"
                ],
                "description": "Read the members of all chats, without a signed-in user.",
                "display_name": "Read the members of all chats",
                "enabled": true,
                "id": "a3410be2-8e48-4f32-8454-c29a7465209d",
                "value": "ChatMember.Read.All"
              },
              {
                "allowed_member_types": [
                  "Application"
                ],
                "description": "Add and remove members from all chats, without a signed-in user.",
                "display_name": "Add and remove members from all chats",
                "enabled": true,
                "id": "57257249-34ce-4810-a8a2-a03adf0c5693",
                "value": "ChatMember.ReadWrite.All"
              },
              {
                "allowed_member_types": [
                  "Application"
                ],
                "description": "Allows the app to create chats without a signed-in user. ",
                "display_name": "Create chats",
                "enabled": true,
                "id": "d9c48af6-9ad9-47ad-82c3-63757137b9af",
                "value": "Chat.Create"
              },
              {
                "allowed_member_types": [
                  "Application"
                ],
                "description": "Allows the application to read tenant-wide print settings without a signed-in user.",
                "display_name": "Read tenant-wide print settings",
                "enabled": true,
                "id": "b5991872-94cf-4652-9765-29535087c6d8",
                "value": "PrintSettings.Read.All"
              },
              {
                "allowed_member_types": [
                  "Application"
                ],
                "description": "Allows the app to read and write the billing configuration on all applications without a signed-in user. ",
                "display_name": "Read and write application billing configuration",
                "enabled": true,
                "id": "9e8be751-7eee-4c09-bcfd-d64f6b087fd8",
                "value": "BillingConfiguration.ReadWrite.All"
              },
              {
                "allowed_member_types": [
                  "Application"
                ],
                "description": "Allows the app to fully manage the data associated with the business scenarios it owns, without a signed-in user.",
                "display_name": "Read and write data for all business scenarios this app creates or owns",
                "enabled": true,
                "id": "f2d21f22-5d80-499e-91cc-0a8a4ce16f54",
                "value": "BusinessScenarioData.ReadWrite.OwnedBy"
              },
              {
                "allowed_member_types": [
                  "Application"
                ],
                "description": "Allows the app to read and write your organization's security defaults policy, without a signed-in user.",
                "display_name": "Read and write your organization's security defaults policy",
                "enabled": true,
                "id": "1c6e93a6-28e2-4cbb-9f64-1a46a821124d",
                "value": "Policy.ReadWrite.SecurityDefaults"
              },
              {
                "allowed_member_types": [
                  "Application"
                ],
                "description": "Allows an app to read and write all browser site lists configured for your organization, without a signed-in user.",
                "display_name": "Read and write all browser site lists for your organization",
                "enabled": true,
                "id": "8349ca94-3061-44d5-9bfb-33774ea5e4f9",
                "value": "BrowserSiteLists.ReadWrite.All"
              },
              {
                "allowed_member_types": [
                  "Application"
                ],
                "description": "Allows the application to read and change the tenant-level settings of SharePoint and OneDrive, without a signed-in user.",
                "display_name": "Read and change SharePoint and OneDrive tenant settings",
                "enabled": true,
                "id": "19b94e34-907c-4f43-bde9-38b1909ed408",
                "value": "SharePointTenantSettings.ReadWrite.All"
              },
              {
                "allowed_member_types": [
                  "Application"
                ],
                "description": "Allows the app to read your organization's authentication event listeners without a signed-in user.",
                "display_name": "Read all authentication event listeners",
                "enabled": true,
                "id": "b7f6385c-6ce6-4639-a480-e23c42ed9784",
                "value": "EventListener.Read.All"
              },
              {
                "allowed_member_types": [
                  "Application"
                ],
                "description": "Allows the app to read or write your organization's authentication event listeners without a signed-in user.",
                "display_name": "Read and write all authentication event listeners",
                "enabled": true,
                "id": "0edf5e9e-4ce8-468a-8432-d08631d18c43",
                "value": "EventListener.ReadWrite.All"
              },
              {
                "allowed_member_types": [
                  "Application"
                ],
                "description": "Allows the app to read your organization's custom authentication extensions without a signed-in user.",
                "display_name": "Read all custom authentication extensions",
                "enabled": true,
                "id": "88bb2658-5d9e-454f-aacd-a3933e079526",
                "value": "CustomAuthenticationExtension.Read.All"
              },
              {
                "allowed_member_types": [
                  "Application"
                ],
                "description": "Allows the app to read all users’ tasks and task lists in your organization, without a signed-in user.",
                "display_name": "Read all users’ tasks and tasklist",
                "enabled": true,
                "id": "f10e1f91-74ed-437f-a6fd-d6ae88e26c1f",
                "value": "Tasks.Read.All"
              },
              {
                "allowed_member_types": [
                  "Application"
                ],
                "description": "Allows the app to read the configurations of business scenarios it owns, without a signed-in user.",
                "display_name": "Read all business scenario configurations this app creates or owns",
                "enabled": true,
                "id": "acc0fc4d-2cd6-4194-8700-1768d8423d86",
                "value": "BusinessScenarioConfig.Read.OwnedBy"
              },
              {
                "allowed_member_types": [
                  "Application"
                ],
                "description": "Allows a Teams app to read, install, upgrade, and uninstall itself for any chat, without a signed-in user, and manage its permission grants for accessing those specific chats' data.",
                "display_name": "Allow the Teams app to manage itself and its permission grants for all chats",
                "enabled": true,
                "id": "ba1ba90b-2d8f-487e-9f16-80728d85bb5c",
                "value": "TeamsAppInstallation.ReadWriteAndConsentSelfForChat.All"
              },
              {
                "allowed_member_types": [
                  "Application"
                ],
                "description": "Allows the app to create, update, list, read and delete all workflows, tasks and related lifecycle workflows resources without a signed-in user.",
                "display_name": "Read and write all lifecycle workflows resources",
                "enabled": true,
                "id": "5c505cf4-8424-4b8e-aa14-ee06e3bb23e3",
                "value": "LifecycleWorkflows.ReadWrite.All"
              },
              {
                "allowed_member_types": [
                  "Application"
                ],
                "description": "Allows the app to read events of all calendars, except for properties such as body, attachments, and extensions, without a signed-in user.",
                "display_name": "Read basic details of calendars in all mailboxes ",
                "enabled": true,
                "id": "8ba4a692-bc31-4128-9094-475872af8a53",
                "value": "Calendars.ReadBasic.All"
              },
              {
                "allowed_member_types": [
                  "Application"
                ],
                "description": "Allows the app to read your organization's network access policies, without a signed-in user.",
                "display_name": "Read all security and routing policies for network access",
                "enabled": true,
                "id": "8a3d36bf-cb46-4bcc-bec9-8d92829dab84",
                "value": "NetworkAccessPolicy.Read.All"
              },
              {
                "allowed_member_types": [
                  "Application"
                ],
                "description": "Allows the app to read your organization's network access braches, without a signed-in user.",
                "display_name": "Read properties of all branches for network access",
                "enabled": true,
                "id": "39ae4a24-1ef0-49e8-9d63-2a66f5c39edd",
                "value": "NetworkAccessBranch.Read.All"
              },
              {
                "allowed_member_types": [
                  "Application"
                ],
                "description": "Allows an app to read all bookmarks without a signed-in user.",
                "display_name": "Read all bookmarks",
                "enabled": true,
                "id": "be95e614-8ef3-49eb-8464-1c9503433b86",
                "value": "Bookmark.Read.All"
              },
              {
                "allowed_member_types": [
                  "Application"
                ],
                "description": "Allows the app to read and write time period definitions without a signed-in user.",
                "display_name": "Manage time period definitions",
                "enabled": true,
                "id": "7afa7744-a782-4a32-b8c2-e3db637e8de7",
                "value": "IndustryData-TimePeriod.ReadWrite.All"
              },
              {
                "allowed_member_types": [
                  "Application"
                ],
                "description": "Allows the application to read and update the organization's external identities policy without a signed-in user.  For example, external identities policy controls if users invited to access resources in your organization via B2B collaboration or B2B direct connect are allowed to self-service leave.",
                "display_name": "Read and write your organization's external identities policy",
                "enabled": true,
                "id": "03cc4f92-788e-4ede-b93f-199424d144a5",
                "value": "Policy.ReadWrite.ExternalIdentities"
              },
              {
                "allowed_member_types": [
                  "Application"
                ],
                "description": "Allows the application to obtain basic tenant information about another target tenant within the Azure AD ecosystem without a signed-in user.",
                "display_name": "Read cross-tenant basic information",
                "enabled": true,
                "id": "cac88765-0581-4025-9725-5ebc13f729ee",
                "value": "CrossTenantInformation.ReadBasic.All"
              },
              {
                "allowed_member_types": [
                  "Application"
                ],
                "description": "Allows the application to list and query any shared user profile information associated with the current tenant without a signed-in user.  It also permits the application to export and remove external user data (e.g. customer content or system-generated logs), for any user associated with the current tenant without a signed-in user.",
                "display_name": "Read all shared cross-tenant user profiles and export or delete their data",
                "enabled": true,
                "id": "306785c5-c09b-4ba0-a4ee-023f3da165cb",
                "value": "CrossTenantUserProfileSharing.ReadWrite.All"
              },
              {
                "allowed_member_types": [
                  "Application"
                ],
                "description": "Allows the app to read all learning content in the organization's directory, without a signed-in user.",
                "display_name": "Read all learning content",
                "enabled": true,
                "id": "8740813e-d8aa-4204-860e-2a0f8f84dbc8",
                "value": "LearningContent.Read.All"
              },
              {
                "allowed_member_types": [
                  "Application"
                ],
                "description": "Allows the app to read and update the authentication context information in your organization without a signed-in user.",
                "display_name": "Read and write all authentication context information",
                "enabled": true,
                "id": "a88eef72-fed0-4bf7-a2a9-f19df33f8b83",
                "value": "AuthenticationContext.ReadWrite.All"
              },
              {
                "allowed_member_types": [
                  "Application"
                ],
                "description": "Allows the app to read all admin report settings, such as whether to display concealed information in reports, without a signed-in user.",
                "display_name": "Read all admin report settings",
                "enabled": true,
                "id": "ee353f83-55ef-4b78-82da-555bfa2b4b95",
                "value": "ReportSettings.Read.All"
              },
              {
                "allowed_member_types": [
                  "Application"
                ],
                "description": "Allows the app to read the members of all chats where the associated Teams application is installed, without a signed-in user.",
                "display_name": "Read the members of all chats where the associated Teams application is installed.",
                "enabled": true,
                "id": "93e7c9e4-54c5-4a41-b796-f2a5adaacda7",
                "value": "ChatMember.Read.WhereInstalled"
              },
              {
                "allowed_member_types": [
                  "Application"
                ],
                "description": "Allows the app to add and remove members from all chats where the associated Teams application is installed, without a signed-in user.",
                "display_name": "Add and remove members from all chats where the associated Teams application is installed.",
                "enabled": true,
                "id": "e32c2cd9-0124-4e44-88fc-772cd98afbdb",
                "value": "ChatMember.ReadWrite.WhereInstalled"
              },
              {
                "allowed_member_types": [
                  "Application"
                ],
                "description": "Allows the application to read virtual appointments for all users, without a signed-in user. The app must also be authorized to access an individual user’s data by the online meetings application access policy.",
                "display_name": "Read all virtual appointments for users, as authorized by online meetings application access policy",
                "enabled": true,
                "id": "d4f67ec2-59b5-4bdc-b4af-d78f6f9c1954",
                "value": "VirtualAppointment.Read.All"
              },
              {
                "allowed_member_types": [
                  "Application"
                ],
                "description": "Allows the app to read source system definitions without a signed-in user.",
                "display_name": "View source system definitions",
                "enabled": true,
                "id": "bc167a60-39fe-4865-8b44-78400fc6ed03",
                "value": "IndustryData-SourceSystem.Read.All"
              },
              {
                "allowed_member_types": [
                  "Application"
                ],
                "description": "Allows the app to read your organization's threat submissions and to view threat submission policies without a signed-in user.",
                "display_name": "Read all of the organization's threat submissions",
                "enabled": true,
                "id": "86632667-cd15-4845-ad89-48a88e8412e1",
                "value": "ThreatSubmission.Read.All"
              },
              {
                "allowed_member_types": [
                  "Application"
                ],
                "description": "Allows an app to sign digests for data without a signed-in user.",
                "display_name": "Sign digests for data",
                "enabled": true,
                "id": "cbe6c7e4-09aa-4b8d-b3c3-2dbb59af4b54",
                "value": "InformationProtectionContent.Sign.All"
              },
              {
                "allowed_member_types": [
                  "Application"
                ],
                "description": "Allows the app to read your organization's threat submission policies without a signed-in user. Also allows the app to create new threat submission polices without a signed-in user.",
                "display_name": "Read and write all of the organization's threat submission policies",
                "enabled": true,
                "id": "926a6798-b100-4a20-a22f-a4918f13951d",
                "value": "ThreatSubmissionPolicy.ReadWrite.All"
              },
              {
                "allowed_member_types": [
                  "Application"
                ],
                "description": "Allows the app to read all one-to-one or group chat messages in Microsoft Teams for chats where the associated Teams application is installed, without a signed-in user.",
                "display_name": "Read all chat messages for chats where the associated Teams application is installed.",
                "enabled": true,
                "id": "1c1b4c8e-3cc7-4c58-8470-9b92c9d5848b",
                "value": "Chat.Read.WhereInstalled"
              },
              {
                "allowed_member_types": [
                  "Application"
                ],
                "description": "Allows the app to read and write all chat messages in Microsoft Teams for chats where the associated Teams application is installed, without a signed-in user.",
                "display_name": "Read and write all chat messages for chats where the associated Teams application is installed.",
                "enabled": true,
                "id": "ad73ce80-f3cd-40ce-b325-df12c33df713",
                "value": "Chat.ReadWrite.WhereInstalled"
              },
              {
                "allowed_member_types": [
                  "Application"
                ],
                "description": "Allows the application to read Azure AD synchronization information, without a signed-in user.",
                "display_name": "Read all Azure AD synchronization data. ",
                "enabled": true,
                "id": "5ba43d2f-fa88-4db2-bd1c-a67c5f0fb1ce",
                "value": "Synchronization.Read.All"
              },
              {
                "allowed_member_types": [
                  "Application"
                ],
                "description": "Allows the app to read data connectors without a signed-in user.",
                "display_name": "View data connector definitions",
                "enabled": true,
                "id": "7ab52c2f-a2ee-4d98-9ebc-725e3934aae2",
                "value": "IndustryData-DataConnector.Read.All"
              },
              {
                "allowed_member_types": [
                  "Application"
                ],
                "description": "Allows the app to read and write data connectors without a signed-in user.",
                "display_name": "Manage data connector definitions",
                "enabled": true,
                "id": "eda0971c-482e-4345-b28f-69c309cb8a34",
                "value": "IndustryData-DataConnector.ReadWrite.All"
              },
              {
                "allowed_member_types": [
                  "Application"
                ],
                "description": "Allows the app to read, create, and update attack simulation and training data for an organization without a signed-in user.",
                "display_name": "Read, create, and update all attack simulation data of an organization",
                "enabled": true,
                "id": "e125258e-8c8a-42a8-8f55-ab502afa52f3",
                "value": "AttackSimulation.ReadWrite.All"
              },
              {
                "allowed_member_types": [
                  "Application"
                ],
                "description": "Allows the app to read and update all Azure AD recommendations, without a signed-in user. ",
                "display_name": "Read and update all Azure AD recommendations",
                "enabled": true,
                "id": "0e9eea12-4f01-45f6-9b8d-3ea4c8144158",
                "value": "DirectoryRecommendations.ReadWrite.All"
              },
              {
                "allowed_member_types": [
                  "Application"
                ],
                "description": "Allows the app to read all recordings of all online meetings, without a signed-in user.",
                "display_name": "Read all recordings of online meetings.",
                "enabled": true,
                "id": "a4a08342-c95d-476b-b943-97e100569c8d",
                "value": "OnlineMeetingRecording.Read.All"
              },
              {
                "allowed_member_types": [
                  "Application"
                ],
                "description": "Allows an app to manage license assignments for users and groups, without a signed-in user.",
                "display_name": "Manage all license assignments",
                "enabled": true,
                "id": "5facf0c1-8979-4e95-abcf-ff3d079771c0",
                "value": "LicenseAssignment.ReadWrite.All"
              },
              {
                "allowed_member_types": [
                  "Application"
                ],
                "description": "Allows the app to read and write the Teams app settings without a signed-in user.",
                "display_name": "Read and write Teams app settings",
                "enabled": true,
                "id": "ab5b445e-8f10-45f4-9c79-dd3f8062cc4e",
                "value": "TeamworkAppSettings.ReadWrite.All"
              },
              {
                "allowed_member_types": [
                  "Application"
                ],
                "description": "Allows the app to read and write the lifecycle information like employeeLeaveDateTime of users in your organization, without a signed-in user.",
                "display_name": "Read and write all users' lifecycle information",
                "enabled": true,
                "id": "925f1248-0f97-47b9-8ec8-538c54e01325",
                "value": "User-LifeCycleInfo.ReadWrite.All"
              },
              {
                "allowed_member_types": [
                  "Application"
                ],
                "description": "Allows the app to read, install, upgrade, and uninstall Teams apps in any team, without a signed-in user. Gives the ability to manage permission grants for accessing those specific teams' data.",
                "display_name": "Manage installation and permission grants of Teams apps for all teams",
                "enabled": true,
                "id": "b0c13be0-8e20-4bc5-8c55-963c23a39ce9",
                "value": "TeamsAppInstallation.ReadWriteAndConsentForTeam.All"
              },
              {
                "allowed_member_types": [
                  "Application"
                ],
                "description": "Allows a Teams app to read, install, upgrade, and uninstall itself for any team, without a signed-in user, and manage its permission grants for accessing those specific teams' data.",
                "display_name": "Allow the Teams app to manage itself and its permission grants for all teams",
                "enabled": true,
                "id": "1e4be56c-312e-42b8-a2c9-009600d732c0",
                "value": "TeamsAppInstallation.ReadWriteAndConsentSelfForTeam.All"
              },
              {
                "allowed_member_types": [
                  "Application"
                ],
                "description": "Allows the app to upload data files to a data connector without a signed-in user.",
                "display_name": "Upload files to a data connector",
                "enabled": true,
                "id": "9334c44b-a7c6-4350-8036-6bf8e02b4c1f",
                "value": "IndustryData-DataConnector.Upload"
              },
              {
                "allowed_member_types": [
                  "Application"
                ],
                "description": "Allows the app to read reference definitions without a signed-in user.",
                "display_name": "View reference definitions",
                "enabled": true,
                "id": "6ee891c3-74a4-4148-8463-0c834375dfaf",
                "value": "IndustryData-ReferenceDefinition.Read.All"
              },
              {
                "allowed_member_types": [
                  "Application"
                ],
                "description": "Allows the app to read all role-based access control (RBAC) alerts for your company's directory, without a signed-in user. This includes reading alert statuses, alert definitions, alert configurations and incidents that lead to an alert.",
                "display_name": "Read all alert data for your company's directory",
                "enabled": true,
                "id": "ef31918f-2d50-4755-8943-b8638c0a077e",
                "value": "RoleManagementAlert.Read.Directory"
              },
              {
                "allowed_member_types": [
                  "Application"
                ],
                "description": "Allows the app to read all Azure AD recommendations, without a signed-in user. ",
                "display_name": "Read all Azure AD recommendations",
                "enabled": true,
                "id": "ae73097b-cb2a-4447-b064-5d80f6093921",
                "value": "DirectoryRecommendations.Read.All"
              },
              {
                "allowed_member_types": [
                  "Application"
                ],
                "description": "Allows the application to list and query any shared user profile information associated with the current tenant without a signed-in user.  It also permits the application to export external user data (e.g. customer content or system-generated logs), for any user associated with the current tenant without a signed-in user.",
                "display_name": "Read all shared cross-tenant user profiles and export their data",
                "enabled": true,
                "id": "8b919d44-6192-4f3d-8a3b-f86f8069ae3c",
                "value": "CrossTenantUserProfileSharing.Read.All"
              },
              {
                "allowed_member_types": [
                  "Application"
                ],
                "description": "Allows the app to manage restricted resources based on the other permissions granted to the app, without a signed-in user.",
                "display_name": "Manage restricted resources in the directory",
                "enabled": true,
                "id": "f20584af-9290-4153-9280-ff8bb2c0ea7f",
                "value": "Directory.Write.Restricted"
              },
              {
                "allowed_member_types": [
                  "Application"
                ],
                "description": "Allows the app to read device local credential properties including passwords, without a signed-in user.",
                "display_name": "Read device local credential passwords",
                "enabled": true,
                "id": "884b599e-4d48-43a5-ba94-15c414d00588",
                "value": "DeviceLocalCredential.Read.All"
              },
              {
                "allowed_member_types": [
                  "Application"
                ],
                "description": "Allows the app to read device local credential properties excluding passwords, without a signed-in user.",
                "display_name": "Read device local credential properties",
                "enabled": true,
                "id": "db51be59-e728-414b-b800-e0f010df1a79",
                "value": "DeviceLocalCredential.ReadBasic.All"
              },
              {
                "allowed_member_types": [
                  "Application"
                ],
                "description": "Allows the app to read all transcripts of all online meetings, without a signed-in user.",
                "display_name": "Read all transcripts of online meetings.",
                "enabled": true,
                "id": "a4a80d8d-d283-4bd8-8504-555ec3870630",
                "value": "OnlineMeetingTranscript.Read.All"
              },
              {
                "allowed_member_types": [
                  "Application"
                ],
                "description": "Allows the app to manage all learning content in the organization's directory, without a signed-in user.",
                "display_name": "Manage all learning content",
                "enabled": true,
                "id": "444d6fcb-b738-41e5-b103-ac4f2a2628a3",
                "value": "LearningContent.ReadWrite.All"
              },
              {
                "allowed_member_types": [
                  "Application"
                ],
                "description": "Allows the app to create new business scenarios and fully manage the configurations of scenarios it owns, without a signed-in user.",
                "display_name": "Read and write all business scenario configurations this app creates or owns",
                "enabled": true,
                "id": "bbea195a-4c47-4a4f-bff2-cba399e11698",
                "value": "BusinessScenarioConfig.ReadWrite.OwnedBy"
              },
              {
                "allowed_member_types": [
                  "Application"
                ],
                "description": "Allows the application to configure the Azure AD synchronization service, without a signed-in user.",
                "display_name": "Read and write all Azure AD synchronization data. ",
                "enabled": true,
                "id": "9b50c33d-700f-43b1-b2eb-87e89b703581",
                "value": "Synchronization.ReadWrite.All"
              },
              {
                "allowed_member_types": [
                  "Application"
                ],
                "description": "Allows the app to read current and previous IndustryData runs without a signed-in user.",
                "display_name": "View current and previous runs",
                "enabled": true,
                "id": "f6f5d10b-3024-4d1d-b674-aae4df4a1a73",
                "value": "IndustryData-Run.Read.All"
              },
              {
                "allowed_member_types": [
                  "Application"
                ],
                "description": "Allows the app to read and write source system definitions without a signed-in user.",
                "display_name": "Manage source system definitions",
                "enabled": true,
                "id": "7d866958-e06e-4dd6-91c6-a086b3f5cfeb",
                "value": "IndustryData-SourceSystem.ReadWrite.All"
              },
              {
                "allowed_member_types": [
                  "Application"
                ],
                "description": "Allows the app to read and manage all role-based access control (RBAC) alerts for your company's directory, without a signed-in user. This includes managing alert settings, initiating alert scans, dimissing alerts, remediating alert incidents, and reading alert statuses, alert definitions, alert configurations and incidents that lead to an alert.",
                "display_name": "Read all alert data, configure alerts, and take actions on all alerts for your company's directory",
                "enabled": true,
                "id": "11059518-d6a6-4851-98ed-509268489c4a",
                "value": "RoleManagementAlert.ReadWrite.Directory"
              },
              {
                "allowed_member_types": [
                  "Application"
                ],
                "description": "Allows an app to read all question and answers, without a signed-in user.",
                "display_name": "Read all Question and Answers ",
                "enabled": true,
                "id": "ee49e170-1dd1-4030-b44c-61ad6e98f743",
                "value": "QnA.Read.All"
              },
              {
                "allowed_member_types": [
                  "Application"
                ],
                "description": "Allows the application to read the tenant-level settings of SharePoint and OneDrive, without a signed-in user.",
                "display_name": "Read SharePoint and OneDrive tenant settings",
                "enabled": true,
                "id": "83d4163d-a2d8-4d3b-9695-4ae3ca98f888",
                "value": "SharePointTenantSettings.Read.All"
              },
              {
                "allowed_member_types": [
                  "Application"
                ],
                "description": "Allows the app to read or write your organization's custom authentication extensions without a signed-in user.",
                "display_name": "Read and write all custom authentication extensions",
                "enabled": true,
                "id": "c2667967-7050-4e7e-b059-4cbbb3811d03",
                "value": "CustomAuthenticationExtension.ReadWrite.All"
              },
              {
                "allowed_member_types": [
                  "Application"
                ],
                "description": "Allows the app to read the data associated with the business scenarios it owns, without a signed-in user.",
                "display_name": "Read data for all business scenarios this app creates or owns",
                "enabled": true,
                "id": "6c0257fd-cffe-415b-8239-2d0d70fdaa9c",
                "value": "BusinessScenarioData.Read.OwnedBy"
              },
              {
                "allowed_member_types": [
                  "Application"
                ],
                "description": "Allows the app to read names and members of all one-to-one and group chats in Microsoft Teams where the associated Teams application is installed, without a signed-in user.",
                "display_name": "Read names and members of all chat threads where the associated Teams application is installed.",
                "enabled": true,
                "id": "818ba5bd-5b3e-4fe0-bbe6-aa4686669073",
                "value": "Chat.ReadBasic.WhereInstalled"
              },
              {
                "allowed_member_types": [
                  "Application"
                ],
                "description": "Allows the app to read, install, upgrade, and uninstall Teams apps in any chat, without a signed-in user. Gives the ability to manage permission grants for accessing those specific chats' data.",
                "display_name": "Manage installation and permission grants of Teams apps for all chats",
                "enabled": true,
                "id": "6e74eff9-4a21-45d6-bc03-3a20f61f8281",
                "value": "TeamsAppInstallation.ReadWriteAndConsentForChat.All"
              },
              {
                "allowed_member_types": [
                  "Application"
                ],
                "description": "Allows the app to list and read all workflows, tasks and related lifecycle workflows resources without a signed-in user.",
                "display_name": "Read all lifecycle workflows resources",
                "enabled": true,
                "id": "7c67316a-232a-4b84-be22-cea2c0906404",
                "value": "LifecycleWorkflows.Read.All"
              },
              {
                "allowed_member_types": [
                  "Application"
                ],
                "description": "Allows the app to read and write inbound data flows without a signed-in user.",
                "display_name": "Manage inbound flow definitions",
                "enabled": true,
                "id": "e688c61f-d4c6-4d64-a197-3bcf6ba1d6ad",
                "value": "IndustryData-InboundFlow.ReadWrite.All"
              },
              {
                "allowed_member_types": [
                  "Application"
                ],
                "description": "Allows the app to read basic service and resource information without a signed-in user.",
                "display_name": "View basic service and resource information",
                "enabled": true,
                "id": "4f5ac95f-62fd-472c-b60f-125d24ca0bc5",
                "value": "IndustryData.ReadBasic.All"
              },
              {
                "allowed_member_types": [
                  "Application"
                ],
                "description": "Allows the app to read time period definitions without a signed-in user.",
                "display_name": "Read time period definitions",
                "enabled": true,
                "id": "7c55c952-b095-4c23-a522-022bce4cc1e3",
                "value": "IndustryData-TimePeriod.Read.All"
              },
              {
                "allowed_member_types": [
                  "Application"
                ],
                "description": "Allows the app to create protected content without a signed-in user. ",
                "display_name": "Create protected content",
                "enabled": true,
                "id": "287bd98c-e865-4e8c-bade-1a85523195b9",
                "value": "InformationProtectionContent.Write.All"
              },
              {
                "allowed_member_types": [
                  "Application"
                ],
                "description": "Allows the app to create, read, update and delete all users’ tasks and task lists in your organization, without a signed-in user",
                "display_name": "Read and write all users’ tasks and tasklists",
                "enabled": true,
                "id": "44e666d1-d276-445b-a5fc-8815eeb81d55",
                "value": "Tasks.ReadWrite.All"
              },
              {
                "allowed_member_types": [
                  "Application"
                ],
                "description": "Allows the app to read the Teams app settings without a signed-in user.",
                "display_name": "Read Teams app settings",
                "enabled": true,
                "id": "475ebe88-f071-4bd7-af2b-642952bd4986",
                "value": "TeamworkAppSettings.Read.All"
              },
              {
                "allowed_member_types": [
                  "Application"
                ],
                "description": "Allows the app to read the authentication context information in your organization without a signed-in user.",
                "display_name": "Read all authentication context information",
                "enabled": true,
                "id": "381f742f-e1f8-4309-b4ab-e3d91ae4c5c1",
                "value": "AuthenticationContext.Read.All"
              },
              {
                "allowed_member_types": [
                  "Application"
                ],
                "description": "Allows the app to read and update all admin report settings, such as whether to display concealed information in reports, without a signed-in user.",
                "display_name": "Read and write all admin report settings",
                "enabled": true,
                "id": "2a60023f-3219-47ad-baa4-40e17cd02a1d",
                "value": "ReportSettings.ReadWrite.All"
              },
              {
                "allowed_member_types": [
                  "Application"
                ],
                "description": "Allows an app to read all browser site lists configured for your organization, without a signed-in user.",
                "display_name": "Read all browser site lists for your organization",
                "enabled": true,
                "id": "c5ee1f21-fc7f-4937-9af0-c91648ff9597",
                "value": "BrowserSiteLists.Read.All"
              },
              {
                "allowed_member_types": [
                  "Application"
                ],
                "description": "Allows the application to read and write virtual appointments for all users, without a signed-in user. The app must also be authorized to access an individual user’s data by the online meetings application access policy.",
                "display_name": "Read-write all virtual appointments for users, as authorized by online meetings app access policy",
                "enabled": true,
                "id": "bf46a256-f47d-448f-ab78-f226fff08d40",
                "value": "VirtualAppointment.ReadWrite.All"
              },
              {
                "allowed_member_types": [
                  "Application"
                ],
                "description": "Allows the app to read the lifecycle information like employeeLeaveDateTime of users in your organization, without a signed-in user.",
                "display_name": "Read all users' lifecycle information",
                "enabled": true,
                "id": "8556a004-db57-4d7a-8b82-97a13428e96f",
                "value": "User-LifeCycleInfo.Read.All"
              },
              {
                "allowed_member_types": [
                  "Application"
                ],
                "description": "Allows the app to read and write your organization's network access policies, without a signed-in user.",
                "display_name": "Read and write all security and routing policies for network access",
                "enabled": true,
                "id": "f0c341be-8348-4989-8e43-660324294538",
                "value": "NetworkAccessPolicy.ReadWrite.All"
              },
              {
                "allowed_member_types": [
                  "Application"
                ],
                "description": "Allows the app to read and write your organization's network access braches, without a signed-in user.",
                "display_name": "Read and write properties of all branches for network access",
                "enabled": true,
                "id": "8137102d-ec16-4191-aaf8-7aeda8026183",
                "value": "NetworkAccessBranch.ReadWrite.All"
              },
              {
                "allowed_member_types": [
                  "Application"
                ],
                "description": "Allows an app to read all acronyms without a signed-in user.",
                "display_name": "Read all acronyms",
                "enabled": true,
                "id": "8c0aed2c-0c61-433d-b63c-6370ddc73248",
                "value": "Acronym.Read.All"
              },
              {
                "allowed_member_types": [
                  "Application"
                ],
                "description": "Allows the app to read inbound data flows without a signed-in user.",
                "display_name": "View inbound flow definitions",
                "enabled": true,
                "id": "305f6ba2-049a-4b1b-88bb-fe7e08758a00",
                "value": "IndustryData-InboundFlow.Read.All"
              }
            ],
            "application_id": "00000003-0000-0000-c000-000000000000",
            "application_tenant_id": "f8cdef31-a31e-4b4a-93e4-5f571e91255a",
            "description": "",
            "display_name": "Microsoft Graph",
            "feature_tags": [
              {
                "custom_single_sign_on": false,
                "enterprise": false,
                "gallery": false,
                "hide": false
              }
            ],
            "features": [
              {
                "custom_single_sign_on_app": false,
                "enterprise_application": false,
                "gallery_application": false,
                "visible_to_users": true
              }
            ],
            "homepage_url": "",
            "id": "400c84f5-fed6-4d1c-aaf7-15df7b4570c5",
            "login_url": "",
            "logout_url": "",
            "notes": "",
            "notification_email_addresses": [],
            "oauth2_permission_scope_ids": {
              "APIConnectors.Read.All": "1b6ff35f-31df-4332-8571-d31ea5a4893f",
              "APIConnectors.ReadWrite.All": "c67b52c5-7c69-48b6-9d48-7b3af3ded914",
              "AccessReview.Read.All": "ebfcd32b-babb-40f4-a14b-42706e83bd28",
              "AccessReview.ReadWrite.All": "e4aa47b9-9a69-4109-82ed-36ec70d85ff1",
              "AccessReview.ReadWrite.Membership": "5af8c3f5-baca-439a-97b0-ea58a435e269",
              "Acronym.Read.All": "9084c10f-a2d6-4713-8732-348def50fe02",
              "AdministrativeUnit.Read.All": "3361d15d-be43-4de6-b441-3c746d05163d",
              "AdministrativeUnit.ReadWrite.All": "7b8a2d34-6b3f-4542-a343-54651608ad81",
              "Agreement.Read.All": "af2819c9-df71-4dd3-ade7-4d7c9dc653b7",
              "Agreement.ReadWrite.All": "ef4b5d93-3104-4664-9053-a5c49ab44218",
              "AgreementAcceptance.Read": "0b7643bb-5336-476f-80b5-18fbfbc91806",
              "AgreementAcceptance.Read.All": "a66a5341-e66e-4897-9d52-c2df58c2bfb9",
              "Analytics.Read": "e03cf23f-8056-446a-8994-7d93dfc8b50e",
              "AppCatalog.Read.All": "88e58d74-d3df-44f3-ad47-e89edf4472e4",
              "AppCatalog.ReadWrite.All": "1ca167d5-1655-44a1-8adf-1414072e1ef9",
              "AppCatalog.Submit": "3db89e36-7fa6-4012-b281-85f3d9d9fd2e",
              "AppRoleAssignment.ReadWrite.All": "84bccea3-f856-4a8a-967b-dbe0a3d53a64",
              "Application.Read.All": "c79f8feb-a9db-4090-85f9-90d820caa0eb",
              "Application.ReadWrite.All": "bdfbf15f-ee85-4955-8675-146e8e5296b5",
              "AttackSimulation.Read.All": "104a7a4b-ca76-4677-b7e7-2f4bc482f381",
              "AttackSimulation.ReadWrite.All": "27608d7c-2c66-4cad-a657-951d575f5a60",
              "AuditLog.Read.All": "e4c9e354-4dc5-45b8-9e7c-e1393b0b1a20",
              "AuthenticationContext.Read.All": "57b030f1-8c35-469c-b0d9-e4a077debe70",
              "AuthenticationContext.ReadWrite.All": "ba6d575a-1344-4516-b777-1404f5593057",
              "BillingConfiguration.ReadWrite.All": "2bf6d319-dfca-4c22-9879-f88dcfaee6be",
              "BitlockerKey.Read.All": "b27a61ec-b99c-4d6a-b126-c4375d08ae30",
              "BitlockerKey.ReadBasic.All": "5a107bfc-4f00-4e1a-b67e-66451267bc68",
              "Bookings.Manage.All": "7f36b48e-542f-4d3b-9bcb-8406f0ab9fdb",
              "Bookings.Read.All": "33b1df99-4b29-4548-9339-7a7b83eaeebc",
              "Bookings.ReadWrite.All": "948eb538-f19d-4ec5-9ccc-f059e1ea4c72",
              "BookingsAppointment.ReadWrite.All": "02a5a114-36a6-46ff-a102-954d89d9ab02",
              "Bookmark.Read.All": "98b17b35-f3b1-4849-a85f-9f13733002f0",
              "BrowserSiteLists.Read.All": "fb9be2b7-a7fc-4182-aec1-eda4597c43d5",
              "BrowserSiteLists.ReadWrite.All": "83b34c85-95bf-497b-a04e-b58eca9d49d0",
              "BusinessScenarioConfig.Read.All": "d16480b2-e469-4118-846b-d3d177327bee",
              "BusinessScenarioConfig.Read.OwnedBy": "c47e7b6e-d6f1-4be9-9ffd-1e00f3e32892",
              "BusinessScenarioConfig.ReadWrite.All": "755e785b-b658-446f-bb22-5a46abd029ea",
              "BusinessScenarioConfig.ReadWrite.OwnedBy": "b3b7fcff-b4d4-4230-bf6f-90bd91285395",
              "BusinessScenarioData.Read.OwnedBy": "25b265c4-5d34-4e44-952d-b567f6d3b96d",
              "BusinessScenarioData.ReadWrite.OwnedBy": "19932d57-2952-4c60-8634-3655c79fc527",
              "Calendars.Read": "465a38f9-76ea-45b9-9f34-9e8b0d4b0b42",
              "Calendars.Read.Shared": "2b9c4092-424d-4249-948d-b43879977640",
              "Calendars.ReadBasic": "662d75ba-a364-42ad-adee-f5f880ea4878",
              "Calendars.ReadWrite": "1ec239c2-d7c9-4623-a91a-a9775856bb36",
              "Calendars.ReadWrite.Shared": "12466101-c9b8-439a-8589-dd09ee67e8e9",
              "Channel.Create": "101147cf-4178-4455-9d58-02b5c164e759",
              "Channel.Delete.All": "cc83893a-e232-4723-b5af-bd0b01bcfe65",
              "Channel.ReadBasic.All": "9d8982ae-4365-4f57-95e9-d6032a4c0b87",
              "ChannelMember.Read.All": "2eadaff8-0bce-4198-a6b9-2cfc35a30075",
              "ChannelMember.ReadWrite.All": "0c3e411a-ce45-4cd1-8f30-f99a3efa7b11",
              "ChannelMessage.Edit": "2b61aa8a-6d36-4b2f-ac7b-f29867937c53",
              "ChannelMessage.Read.All": "767156cb-16ae-4d10-8f8b-41b657c8c8c8",
              "ChannelMessage.ReadWrite": "5922d31f-46c8-4404-9eaf-2117e390a8a4",
              "ChannelMessage.Send": "ebf0f66e-9fb1-49e4-a278-222f76911cf4",
              "ChannelSettings.Read.All": "233e0cf1-dd62-48bc-b65b-b38fe87fcf8e",
              "ChannelSettings.ReadWrite.All": "d649fb7c-72b4-4eec-b2b4-b15acf79e378",
              "Chat.Create": "38826093-1258-4dea-98f0-00003be2b8d0",
              "Chat.Read": "f501c180-9344-439a-bca0-6cbf209fd270",
              "Chat.ReadBasic": "9547fcb5-d03f-419d-9948-5928bbf71b0f",
              "Chat.ReadWrite": "9ff7295e-131b-4d94-90e1-69fde507ac11",
              "ChatMember.Read": "c5a9e2b1-faf6-41d4-8875-d381aa549b24",
              "ChatMember.ReadWrite": "dea13482-7ea6-488f-8b98-eb5bbecf033d",
              "ChatMessage.Read": "cdcdac3a-fd45-410d-83ef-554db620e5c7",
              "ChatMessage.Send": "116b7235-7cc6-461e-b163-8e55691d839e",
              "CloudPC.Read.All": "5252ec4e-fd40-4d92-8c68-89dd1d3c6110",
              "CloudPC.ReadWrite.All": "9d77138f-f0e2-47ba-ab33-cd246c8b79d1",
              "ConsentRequest.Read.All": "f3bfad56-966e-4590-a536-82ecf548ac1e",
              "ConsentRequest.ReadWrite.All": "497d9dfa-3bd1-481a-baab-90895e54568c",
              "Contacts.Read": "ff74d97f-43af-4b68-9f2a-b77ee6968c5d",
              "Contacts.Read.Shared": "242b9d9e-ed24-4d09-9a52-f43769beb9d4",
              "Contacts.ReadWrite": "d56682ec-c09e-4743-aaf4-1a3aac4caa21",
              "Contacts.ReadWrite.Shared": "afb6c84b-06be-49af-80bb-8f3f77004eab",
              "CrossTenantInformation.ReadBasic.All": "81594d25-e88e-49cf-ac8c-fecbff49f994",
              "CrossTenantUserProfileSharing.Read": "cb1ba48f-d22b-4325-a07f-74135a62ee41",
              "CrossTenantUserProfileSharing.Read.All": "759dcd16-3c90-463c-937e-abf89f991c18",
              "CrossTenantUserProfileSharing.ReadWrite": "eed0129d-dc60-4f30-8641-daf337a39ffd",
              "CrossTenantUserProfileSharing.ReadWrite.All": "64dfa325-cbf8-48e3-938d-51224a0cac01",
              "CustomAuthenticationExtension.Read.All": "b2052569-c98c-4f36-a5fb-43e5c111e6d0",
              "CustomAuthenticationExtension.ReadWrite.All": "8dfcf82f-15d0-43b3-bc78-a958a13a5792",
              "CustomSecAttributeAssignment.Read.All": "b46ffa80-fe3d-4822-9a1a-c200932d54d0",
              "CustomSecAttributeAssignment.ReadWrite.All": "ca46335e-8453-47cd-a001-8459884efeae",
              "CustomSecAttributeDefinition.Read.All": "ce026878-a0ff-4745-a728-d4fedd086c07",
              "CustomSecAttributeDefinition.ReadWrite.All": "8b0160d4-5743-482b-bb27-efc0a485ca4a",
              "DelegatedAdminRelationship.Read.All": "0c0064ea-477b-4130-82a5-4c2cc4ff68aa",
              "DelegatedAdminRelationship.ReadWrite.All": "885f682f-a990-4bad-a642-36736a74b0c7",
              "DelegatedPermissionGrant.ReadWrite.All": "41ce6ca6-6826-4807-84f1-1c82854f7ee5",
              "Device.Command": "bac3b9c2-b516-4ef4-bd3b-c2ef73d8d804",
              "Device.Read": "11d4cd79-5ba5-460f-803f-e22c8ab85ccd",
              "Device.Read.All": "951183d1-1a61-466f-a6d1-1fde911bfd95",
              "DeviceLocalCredential.Read.All": "280b3b69-0437-44b1-bc20-3b2fca1ee3e9",
              "DeviceLocalCredential.ReadBasic.All": "9917900e-410b-4d15-846e-42a357488545",
              "DeviceManagementApps.Read.All": "4edf5f54-4666-44af-9de9-0144fb4b6e8c",
              "DeviceManagementApps.ReadWrite.All": "7b3f05d5-f68c-4b8d-8c59-a2ecd12f24af",
              "DeviceManagementConfiguration.Read.All": "f1493658-876a-4c87-8fa7-edb559b3476a",
              "DeviceManagementConfiguration.ReadWrite.All": "0883f392-0a7a-443d-8c76-16a6d39c7b63",
              "DeviceManagementManagedDevices.PrivilegedOperations.All": "3404d2bf-2b13-457e-a330-c24615765193",
              "DeviceManagementManagedDevices.Read.All": "314874da-47d6-4978-88dc-cf0d37f0bb82",
              "DeviceManagementManagedDevices.ReadWrite.All": "44642bfe-8385-4adc-8fc6-fe3cb2c375c3",
              "DeviceManagementRBAC.Read.All": "49f0cc30-024c-4dfd-ab3e-82e137ee5431",
              "DeviceManagementRBAC.ReadWrite.All": "0c5e8a55-87a6-4556-93ab-adc52c4d862d",
              "DeviceManagementServiceConfig.Read.All": "8696daa5-bce5-4b2e-83f9-51b6defc4e1e",
              "DeviceManagementServiceConfig.ReadWrite.All": "662ed50a-ac44-4eef-ad86-62eed9be2a29",
              "DigitalHealthSettings.Read": "c3ba73cd-1333-4ac0-9eb6-da00cf298dad",
              "Directory.AccessAsUser.All": "0e263e50-5827-48a4-b97c-d940288653c7",
              "Directory.Read.All": "06da0dbc-49e2-44d2-8312-53f166ab848a",
              "Directory.ReadWrite.All": "c5366453-9fb0-48a5-a156-24f0c49a4b84",
              "Directory.Write.Restricted": "cba5390f-ed6a-4b7f-b657-0efc2210ed20",
              "DirectoryRecommendations.Read.All": "34d3bd24-f6a6-468c-b67c-0c365c1d6410",
              "DirectoryRecommendations.ReadWrite.All": "f37235e8-90a0-4189-93e2-e55b53867ccd",
              "Domain.Read.All": "2f9ee017-59c1-4f1d-9472-bd5529a7b311",
              "Domain.ReadWrite.All": "0b5d694c-a244-4bde-86e6-eb5cd07730fe",
              "EAS.AccessAsUser.All": "ff91d191-45a0-43fd-b837-bd682c4a0b0f",
              "EWS.AccessAsUser.All": "9769c687-087d-48ac-9cb3-c37dde652038",
              "EduAdministration.Read": "8523895c-6081-45bf-8a5d-f062a2f12c9f",
              "EduAdministration.ReadWrite": "63589852-04e3-46b4-bae9-15d5b1050748",
              "EduAssignments.Read": "091460c9-9c4a-49b2-81ef-1f3d852acce2",
              "EduAssignments.ReadBasic": "c0b0103b-c053-4b2e-9973-9f3a544ec9b8",
              "EduAssignments.ReadWrite": "2f233e90-164b-4501-8bce-31af2559a2d3",
              "EduAssignments.ReadWriteBasic": "2ef770a1-622a-47c4-93ee-28d6adbed3a0",
              "EduRoster.Read": "a4389601-22d9-4096-ac18-36a927199112",
              "EduRoster.ReadBasic": "5d186531-d1bf-4f07-8cea-7c42119e1bd9",
              "EduRoster.ReadWrite": "359e19a6-e3fa-4d7f-bcab-d28ec592b51e",
              "EntitlementManagement.Read.All": "5449aa12-1393-4ea2-a7c7-d0e06c1a56b2",
              "EntitlementManagement.ReadWrite.All": "ae7a573d-81d7-432b-ad44-4ed5c9d89038",
              "EntitlementMgmt-SubjectAccess.ReadWrite": "e9fdcbbb-8807-410f-b9ec-8d5468c7c2ac",
              "EventListener.Read.All": "f7dd3bed-5eec-48da-bc73-1c0ef50bc9a1",
              "EventListener.ReadWrite.All": "d11625a6-fe21-4fc6-8d3d-063eba5525ad",
              "ExternalConnection.Read.All": "a38267a5-26b6-4d76-9493-935b7599116b",
              "ExternalConnection.ReadWrite.All": "bbbbd9b3-3566-4931-ac37-2b2180d9e334",
              "ExternalConnection.ReadWrite.OwnedBy": "4082ad95-c812-4f02-be92-780c4c4f1830",
              "ExternalItem.Read.All": "922f9392-b1b7-483c-a4be-0089be7704fb",
              "ExternalItem.ReadWrite.All": "b02c54f8-eb48-4c50-a9f0-a149e5a2012f",
              "ExternalItem.ReadWrite.OwnedBy": "4367b9d7-cee7-4995-853c-a0bdfe95c1f9",
              "Family.Read": "3a1e4806-a744-4c70-80fc-223bf8582c46",
              "Files.Read": "10465720-29dd-4523-a11a-6a75c743c9d9",
              "Files.Read.All": "df85f4d6-205c-4ac5-a5ea-6bf408dba283",
              "Files.Read.Selected": "5447fe39-cb82-4c1a-b977-520e67e724eb",
              "Files.ReadWrite": "5c28f0bf-8a70-41f1-8ab2-9032436ddb65",
              "Files.ReadWrite.All": "863451e7-0667-486c-a5d6-d135439485f0",
              "Files.ReadWrite.AppFolder": "8019c312-3263-48e6-825e-2b833497195b",
              "Files.ReadWrite.Selected": "17dde5bd-8c17-420f-a486-969730c1b827",
              "Financials.ReadWrite.All": "f534bf13-55d4-45a9-8f3c-c92fe64d6131",
              "Group.Read.All": "5f8c59db-677d-491f-a6b8-5f174b11ec1d",
              "Group.ReadWrite.All": "4e46008b-f24c-477d-8fff-7bb4ec7aafe0",
              "GroupMember.Read.All": "bc024368-1153-4739-b217-4326f2e966d0",
              "GroupMember.ReadWrite.All": "f81125ac-d3b7-4573-a3b2-7099cc39df9e",
              "IMAP.AccessAsUser.All": "652390e4-393a-48de-9484-05f9b1212954",
              "IdentityProvider.Read.All": "43781733-b5a7-4d1b-98f4-e8edff23e1a9",
              "IdentityProvider.ReadWrite.All": "f13ce604-1677-429f-90bd-8a10b9f01325",
              "IdentityRiskEvent.Read.All": "8f6a01e7-0391-4ee5-aa22-a3af122cef27",
              "IdentityRiskEvent.ReadWrite.All": "9e4862a5-b68f-479e-848a-4e07e25c9916",
              "IdentityRiskyServicePrincipal.Read.All": "ea5c4ab0-5a73-4f35-8272-5d5337884e5d",
              "IdentityRiskyServicePrincipal.ReadWrite.All": "bb6f654c-d7fd-4ae3-85c3-fc380934f515",
              "IdentityRiskyUser.Read.All": "d04bb851-cb7c-4146-97c7-ca3e71baf56c",
              "IdentityRiskyUser.ReadWrite.All": "e0a7cdbb-08b0-4697-8264-0069786e9674",
              "IdentityUserFlow.Read.All": "2903d63d-4611-4d43-99ce-a33f3f52e343",
              "IdentityUserFlow.ReadWrite.All": "281892cc-4dbf-4e3a-b6cc-b21029bb4e82",
              "IndustryData-DataConnector.Read.All": "d19c0de5-7ecb-4aba-b090-da35ebcd5425",
              "IndustryData-DataConnector.ReadWrite.All": "5ce933ac-3997-4280-aed0-cc072e5c062a",
              "IndustryData-DataConnector.Upload": "fc47391d-ab2c-410f-9059-5600f7af660d",
              "IndustryData-InboundFlow.Read.All": "cb0774da-a605-42af-959c-32f438fb38f4",
              "IndustryData-InboundFlow.ReadWrite.All": "97044676-2cec-40ee-bd70-38df444c9e70",
              "IndustryData-ReferenceDefinition.Read.All": "a3f96ffe-cb84-40a8-ac85-582d7ef97c2a",
              "IndustryData-Run.Read.All": "92685235-50c4-4702-b2c8-36043db6fa79",
              "IndustryData-SourceSystem.Read.All": "49b7016c-89ae-41e7-bd6f-b7170c5490bf",
              "IndustryData-SourceSystem.ReadWrite.All": "9599f005-05d6-4ea7-b1b1-4929768af5d0",
              "IndustryData-TimePeriod.Read.All": "c9d51f28-8ccd-42b2-a836-fd8fe9ebf2ae",
              "IndustryData-TimePeriod.ReadWrite.All": "b6d56528-3032-4f9d-830f-5a24a25e6661",
              "IndustryData.ReadBasic.All": "60382b96-1f5e-46ea-a544-0407e489e588",
              "InformationProtectionPolicy.Read": "4ad84827-5578-4e18-ad7a-86530b12f884",
              "LearningContent.Read.All": "ea4c1fd9-6a9f-4432-8e5d-86e06cc0da77",
              "LearningContent.ReadWrite.All": "53cec1c4-a65f-4981-9dc1-ad75dbf1c077",
              "LearningProvider.Read": "dd8ce36f-9245-45ea-a99e-8ac398c22861",
              "LearningProvider.ReadWrite": "40c2eb57-abaf-49f5-9331-e90fd01f7130",
              "LicenseAssignment.ReadWrite.All": "f55016cc-149c-447e-8f21-7cf3ec1d6350",
              "LifecycleWorkflows.Read.All": "9bcb9916-765a-42af-bf77-02282e26b01a",
              "LifecycleWorkflows.ReadWrite.All": "84b9d731-7db8-4454-8c90-fd9e95350179",
              "Mail.Read": "570282fd-fa5c-430d-a7fd-fc8dc98a9dca",
              "Mail.Read.Shared": "7b9103a5-4610-446b-9670-80643382c1fa",
              "Mail.ReadBasic": "a4b8392a-d8d1-4954-a029-8e668a39a170",
              "Mail.ReadBasic.Shared": "b11fa0e7-fdb7-4dc9-b1f1-59facd463480",
              "Mail.ReadWrite": "024d486e-b451-40bb-833d-3e66d98c5c73",
              "Mail.ReadWrite.Shared": "5df07973-7d5d-46ed-9847-1271055cbd51",
              "Mail.Send": "e383f46e-2787-4529-855e-0e479a3ffac0",
              "Mail.Send.Shared": "a367ab51-6b49-43bf-a716-a1fb06d2a174",
              "MailboxSettings.Read": "87f447af-9fa4-4c32-9dfa-4a57a73d18ce",
              "MailboxSettings.ReadWrite": "818c620a-27a9-40bd-a6a5-d96f7d610b4b",
              "ManagedTenants.Read.All": "dc34164e-6c4a-41a0-be89-3ae2fbad7cd3",
              "ManagedTenants.ReadWrite.All": "b31fa710-c9b3-4d9e-8f5e-8036eecddab9",
              "Member.Read.Hidden": "f6a3db3e-f7e8-4ed2-a414-557c8c9830be",
              "NetworkAccessBranch.Read.All": "4051c7fc-b429-4804-8d80-8f1f8c24a6f7",
              "NetworkAccessBranch.ReadWrite.All": "b8a36cc2-b810-461a-baa4-a7281e50bd5c",
              "NetworkAccessPolicy.Read.All": "ba22922b-752c-446f-89d7-a2d92398fceb",
              "NetworkAccessPolicy.ReadWrite.All": "b1fbad0f-ef6e-42ed-8676-bca7fa3e7291",
              "Notes.Create": "9d822255-d64d-4b7a-afdb-833b9a97ed02",
              "Notes.Read": "371361e4-b9e2-4a3f-8315-2a301a3b0a3d",
              "Notes.Read.All": "dfabfca6-ee36-4db2-8208-7a28381419b3",
              "Notes.ReadWrite": "615e26af-c38a-4150-ae3e-c3b0d4cb1d6a",
              "Notes.ReadWrite.All": "64ac0503-b4fa-45d9-b544-71a463f05da0",
              "Notes.ReadWrite.CreatedByApp": "ed68249d-017c-4df5-9113-e684c7f8760b",
              "Notifications.ReadWrite.CreatedByApp": "89497502-6e42-46a2-8cb2-427fd3df970a",
              "OnPremDirectorySynchronization.Read.All": "f6609722-4100-44eb-b747-e6ca0536989d",
              "OnPremDirectorySynchronization.ReadWrite.All": "c2d95988-7604-4ba1-aaed-38a5f82a51c7",
              "OnPremisesPublishingProfiles.ReadWrite.All": "8c4d5184-71c2-4bf8-bb9d-bc3378c9ad42",
              "OnlineMeetingArtifact.Read.All": "110e5abb-a10c-4b59-8b55-9b4daa4ef743",
              "OnlineMeetingRecording.Read.All": "190c2bb6-1fdd-4fec-9aa2-7d571b5e1fe3",
              "OnlineMeetingTranscript.Read.All": "30b87d18-ebb1-45db-97f8-82ccb1f0190c",
              "OnlineMeetings.Read": "9be106e1-f4e3-4df5-bdff-e4bc531cbe43",
              "OnlineMeetings.ReadWrite": "a65f2972-a4f8-4f5e-afd7-69ccb046d5dc",
              "OrgContact.Read.All": "08432d1b-5911-483c-86df-7980af5cdee0",
              "Organization.Read.All": "4908d5b9-3fb2-4b1e-9336-1888b7937185",
              "Organization.ReadWrite.All": "46ca0847-7e6b-426e-9775-ea810a948356",
              "POP.AccessAsUser.All": "d7b7f2d9-0f45-4ea1-9d42-e50810c06991",
              "People.Read": "ba47897c-39ec-4d83-8086-ee8256fa737d",
              "People.Read.All": "b89f9189-71a5-4e70-b041-9887f0bc7e4a",
              "Place.Read.All": "cb8f45a0-5c2e-4ea1-b803-84b870a7d7ec",
              "Place.ReadWrite.All": "4c06a06a-098a-4063-868e-5dfee3827264",
              "Policy.Read.All": "572fea84-0151-49b2-9301-11cb16974376",
              "Policy.Read.ConditionalAccess": "633e0fce-8c58-4cfb-9495-12bbd5a24f7c",
              "Policy.Read.PermissionGrant": "414de6ea-2d92-462f-b120-6e2a809a6d01",
              "Policy.ReadWrite.AccessReview": "4f5bc9c8-ea54-4772-973a-9ca119cb0409",
              "Policy.ReadWrite.ApplicationConfiguration": "b27add92-efb2-4f16-84f5-8108ba77985c",
              "Policy.ReadWrite.AuthenticationFlows": "edb72de9-4252-4d03-a925-451deef99db7",
              "Policy.ReadWrite.AuthenticationMethod": "7e823077-d88e-468f-a337-e18f1f0e6c7c",
              "Policy.ReadWrite.Authorization": "edd3c878-b384-41fd-95ad-e7407dd775be",
              "Policy.ReadWrite.ConditionalAccess": "ad902697-1014-4ef5-81ef-2b4301988e8c",
              "Policy.ReadWrite.ConsentRequest": "4d135e65-66b8-41a8-9f8b-081452c91774",
              "Policy.ReadWrite.CrossTenantAccess": "014b43d0-6ed4-4fc6-84dc-4b6f7bae7d85",
              "Policy.ReadWrite.DeviceConfiguration": "40b534c3-9552-4550-901b-23879c90bcf9",
              "Policy.ReadWrite.ExternalIdentities": "b5219784-1215-45b5-b3f1-88fe1081f9c0",
              "Policy.ReadWrite.FeatureRollout": "92a38652-f13b-4875-bc77-6e1dbb63e1b2",
              "Policy.ReadWrite.MobilityManagement": "a8ead177-1889-4546-9387-f25e658e2a79",
              "Policy.ReadWrite.PermissionGrant": "2672f8bb-fd5e-42e0-85e1-ec764dd2614e",
              "Policy.ReadWrite.SecurityDefaults": "0b2a744c-2abf-4f1e-ad7e-17a087e2be99",
              "Policy.ReadWrite.TrustFramework": "cefba324-1a70-4a6e-9c1d-fd670b7ae392",
              "Presence.Read": "76bc735e-aecd-4a1d-8b4c-2b915deabb79",
              "Presence.Read.All": "9c7a330d-35b3-4aa1-963d-cb2b9f927841",
              "Presence.ReadWrite": "8d3c54a7-cf58-4773-bf81-c0cd6ad522bb",
              "PrintConnector.Read.All": "d69c2d6d-4f72-4f99-a6b9-663e32f8cf68",
              "PrintConnector.ReadWrite.All": "79ef9967-7d59-4213-9c64-4b10687637d8",
              "PrintJob.Create": "21f0d9c0-9f13-48b3-94e0-b6b231c7d320",
              "PrintJob.Read": "248f5528-65c0-4c88-8326-876c7236df5e",
              "PrintJob.Read.All": "afdd6933-a0d8-40f7-bd1a-b5d778e8624b",
              "PrintJob.ReadBasic": "6a71a747-280f-4670-9ca0-a9cbf882b274",
              "PrintJob.ReadBasic.All": "04ce8d60-72ce-4867-85cf-6d82f36922f3",
              "PrintJob.ReadWrite": "b81dd597-8abb-4b3f-a07a-820b0316ed04",
              "PrintJob.ReadWrite.All": "036b9544-e8c5-46ef-900a-0646cc42b271",
              "PrintJob.ReadWriteBasic": "6f2d22f2-1cb6-412c-a17c-3336817eaa82",
              "PrintJob.ReadWriteBasic.All": "3a0db2f6-0d2a-4c19-971b-49109b19ad3d",
              "PrintSettings.Read.All": "490f32fd-d90f-4dd7-a601-ff6cdc1a3f6c",
              "PrintSettings.ReadWrite.All": "9ccc526a-c51c-4e5c-a1fd-74726ef50b8f",
              "Printer.Create": "90c30bed-6fd1-4279-bf39-714069619721",
              "Printer.FullControl.All": "93dae4bd-43a1-4a23-9a1a-92957e1d9121",
              "Printer.Read.All": "3a736c8a-018e-460a-b60c-863b2683e8bf",
              "Printer.ReadWrite.All": "89f66824-725f-4b8f-928e-e1c5258dc565",
              "PrinterShare.Read.All": "ed11134d-2f3f-440d-a2e1-411efada2502",
              "PrinterShare.ReadBasic.All": "5fa075e9-b951-4165-947b-c63396ff0a37",
              "PrinterShare.ReadWrite.All": "06ceea37-85e2-40d7-bec3-91337a46038f",
              "PrivilegedAccess.Read.AzureAD": "b3a539c9-59cb-4ad5-825a-041ddbdc2bdb",
              "PrivilegedAccess.Read.AzureADGroup": "d329c81c-20ad-4772-abf9-3f6fdb7e5988",
              "PrivilegedAccess.Read.AzureResources": "1d89d70c-dcac-4248-b214-903c457af83a",
              "PrivilegedAccess.ReadWrite.AzureAD": "3c3c74f5-cdaa-4a97-b7e0-4e788bfcfb37",
              "PrivilegedAccess.ReadWrite.AzureADGroup": "32531c59-1f32-461f-b8df-6f8a3b89f73b",
              "PrivilegedAccess.ReadWrite.AzureResources": "a84a9652-ffd3-496e-a991-22ba5529156a",
              "ProgramControl.Read.All": "c492a2e1-2f8f-4caa-b076-99bbf6e40fe4",
              "ProgramControl.ReadWrite.All": "50fd364f-9d93-4ae1-b170-300e87cccf84",
              "QnA.Read.All": "f73fa04f-b9a5-4df9-8843-993ce928925e",
              "RecordsManagement.Read.All": "07f995eb-fc67-4522-ad66-2b8ca8ea3efd",
              "RecordsManagement.ReadWrite.All": "f2833d75-a4e6-40ab-86d4-6dfe73c97605",
              "ReportSettings.Read.All": "84fac5f4-33a9-4100-aa38-a20c6d29e5e7",
              "ReportSettings.ReadWrite.All": "b955410e-7715-4a88-a940-dfd551018df3",
              "Reports.Read.All": "02e97553-ed7b-43d0-ab3c-f8bace0d040c",
              "RoleAssignmentSchedule.Read.Directory": "344a729c-0285-42c6-9014-f12b9b8d6129",
              "RoleAssignmentSchedule.ReadWrite.Directory": "8c026be3-8e26-4774-9372-8d5d6f21daff",
              "RoleEligibilitySchedule.Read.Directory": "eb0788c2-6d4e-4658-8c9e-c0fb8053f03d",
              "RoleEligibilitySchedule.ReadWrite.Directory": "62ade113-f8e0-4bf9-a6ba-5acb31db32fd",
              "RoleManagement.Read.All": "48fec646-b2ba-4019-8681-8eb31435aded",
              "RoleManagement.Read.CloudPC": "9619b88a-8a25-48a7-9571-d23be0337a79",
              "RoleManagement.Read.Directory": "741c54c3-0c1e-44a1-818b-3f97ab4e8c83",
              "RoleManagement.ReadWrite.CloudPC": "501d06f8-07b8-4f18-b5c6-c191a4af7a82",
              "RoleManagement.ReadWrite.Directory": "d01b97e9-cbc0-49fe-810a-750afd5527a3",
              "RoleManagementAlert.Read.Directory": "cce71173-f76d-446e-97ff-efb2d82e11b1",
              "RoleManagementAlert.ReadWrite.Directory": "435644c6-a5b1-40bf-8f52-fe8e5b53e19c",
              "RoleManagementPolicy.Read.Directory": "3de2cdbe-0ff5-47d5-bdee-7f45b4749ead",
              "RoleManagementPolicy.ReadWrite.Directory": "1ff1be21-34eb-448c-9ac9-ce1f506b2a68",
              "SMTP.Send": "258f6531-6087-4cc4-bb90-092c5fb3ed3f",
              "Schedule.Read.All": "fccf6dd8-5706-49fa-811f-69e2e1b585d0",
              "Schedule.ReadWrite.All": "63f27281-c9d9-4f29-94dd-6942f7f1feb0",
              "SearchConfiguration.Read.All": "7d307522-aa38-4cd0-bd60-90c6f0ac50bd",
              "SearchConfiguration.ReadWrite.All": "b1a7d408-cab0-47d2-a2a5-a74a3733600d",
              "SecurityActions.Read.All": "1638cddf-07a4-4de2-8645-69c96cacad73",
              "SecurityActions.ReadWrite.All": "dc38509c-b87d-4da0-bd92-6bec988bac4a",
              "SecurityAlert.Read.All": "bc257fb8-46b4-4b15-8713-01e91bfbe4ea",
              "SecurityAlert.ReadWrite.All": "471f2a7f-2a42-4d45-a2bf-594d0838070d",
              "SecurityEvents.Read.All": "64733abd-851e-478a-bffb-e47a14b18235",
              "SecurityEvents.ReadWrite.All": "6aedf524-7e1c-45a7-bd76-ded8cab8d0fc",
              "SecurityIncident.Read.All": "b9abcc4f-94fc-4457-9141-d20ce80ec952",
              "SecurityIncident.ReadWrite.All": "128ca929-1a19-45e6-a3b8-435ec44a36ba",
              "ServiceHealth.Read.All": "55896846-df78-47a7-aa94-8d3d4442ca7f",
              "ServiceMessage.Read.All": "eda39fa6-f8cf-4c3c-a909-432c683e4c9b",
              "ServiceMessageViewpoint.Write": "636e1b0b-1cc2-4b1c-9aa9-4eeed9b9761b",
              "ServicePrincipalEndpoint.Read.All": "9f9ce928-e038-4e3b-8faf-7b59049a8ddc",
              "ServicePrincipalEndpoint.ReadWrite.All": "7297d82c-9546-4aed-91df-3d4f0a9b3ff0",
              "SharePointTenantSettings.Read.All": "2ef70e10-5bfd-4ede-a5f6-67720500b258",
              "SharePointTenantSettings.ReadWrite.All": "aa07f155-3612-49b8-a147-6c590df35536",
              "ShortNotes.Read": "50f66e47-eb56-45b7-aaa2-75057d9afe08",
              "ShortNotes.ReadWrite": "328438b7-4c01-4c07-a840-e625a749bb89",
              "Sites.FullControl.All": "5a54b8b3-347c-476d-8f8e-42d5c7424d29",
              "Sites.Manage.All": "65e50fdc-43b7-4915-933e-e8138f11f40a",
              "Sites.Read.All": "205e70e5-aba6-4c52-a976-6d2d46c48043",
              "Sites.ReadWrite.All": "89fe6a52-be36-487e-b7d8-d061c450a026",
              "SubjectRightsRequest.Read.All": "9c3af74c-fd0f-4db4-b17a-71939e2a9d77",
              "SubjectRightsRequest.ReadWrite.All": "2b8fcc74-bce1-4ae3-a0e8-60c53739299d",
              "Subscription.Read.All": "5f88184c-80bb-4d52-9ff2-757288b2e9b7",
              "Synchronization.Read.All": "7aa02aeb-824f-4fbe-a3f7-611f751f5b55",
              "Synchronization.ReadWrite.All": "7bb27fa3-ea8f-4d67-a916-87715b6188bd",
              "Tasks.Read": "f45671fb-e0fe-4b4b-be20-3d3ce43f1bcb",
              "Tasks.Read.Shared": "88d21fd4-8e5a-4c32-b5e2-4a1c95f34f72",
              "Tasks.ReadWrite": "2219042f-cab5-40cc-b0d2-16b1540b4c5f",
              "Tasks.ReadWrite.Shared": "c5ddf11b-c114-4886-8558-8a4e557cd52b",
              "Team.Create": "7825d5d6-6049-4ce7-bdf6-3b8d53f4bcd0",
              "Team.ReadBasic.All": "485be79e-c497-4b35-9400-0e3fa7f2a5d4",
              "TeamMember.Read.All": "2497278c-d82d-46a2-b1ce-39d4cdde5570",
              "TeamMember.ReadWrite.All": "4a06efd2-f825-4e34-813e-82a57b03d1ee",
              "TeamMember.ReadWriteNonOwnerRole.All": "2104a4db-3a2f-4ea0-9dba-143d457dc666",
              "TeamSettings.Read.All": "48638b3c-ad68-4383-8ac4-e6880ee6ca57",
              "TeamSettings.ReadWrite.All": "39d65650-9d3e-4223-80db-a335590d027e",
              "TeamTemplates.Read": "cd87405c-5792-4f15-92f7-debc0db6d1d6",
              "TeamsActivity.Read": "0e755559-83fb-4b44-91d0-4cc721b9323e",
              "TeamsActivity.Send": "7ab1d787-bae7-4d5d-8db6-37ea32df9186",
              "TeamsAppInstallation.ReadForChat": "bf3fbf03-f35f-4e93-963e-47e4d874c37a",
              "TeamsAppInstallation.ReadForTeam": "5248dcb1-f83b-4ec3-9f4d-a4428a961a72",
              "TeamsAppInstallation.ReadForUser": "c395395c-ff9a-4dba-bc1f-8372ba9dca84",
              "TeamsAppInstallation.ReadWriteAndConsentForChat": "e1408a66-8f82-451b-a2f3-3c3e38f7413f",
              "TeamsAppInstallation.ReadWriteAndConsentForTeam": "946349d5-2a9d-4535-abc0-7beeacaedd1d",
              "TeamsAppInstallation.ReadWriteAndConsentSelfForChat": "a0e0e18b-8fb2-458f-8130-da2d7cab9c75",
              "TeamsAppInstallation.ReadWriteAndConsentSelfForTeam": "4a6bbf29-a0e1-4a4d-a7d1-cef17f772975",
              "TeamsAppInstallation.ReadWriteForChat": "aa85bf13-d771-4d5d-a9e6-bca04ce44edf",
              "TeamsAppInstallation.ReadWriteForTeam": "2e25a044-2580-450d-8859-42eeb6e996c0",
              "TeamsAppInstallation.ReadWriteForUser": "093f8818-d05f-49b8-95bc-9d2a73e9a43c",
              "TeamsAppInstallation.ReadWriteSelfForChat": "0ce33576-30e8-43b7-99e5-62f8569a4002",
              "TeamsAppInstallation.ReadWriteSelfForTeam": "0f4595f7-64b1-4e13-81bc-11a249df07a9",
              "TeamsAppInstallation.ReadWriteSelfForUser": "207e0cb1-3ce7-4922-b991-5a760c346ebc",
              "TeamsTab.Create": "a9ff19c2-f369-4a95-9a25-ba9d460efc8e",
              "TeamsTab.Read.All": "59dacb05-e88d-4c13-a684-59f1afc8cc98",
              "TeamsTab.ReadWrite.All": "b98bfd41-87c6-45cc-b104-e2de4f0dafb9",
              "TeamsTab.ReadWriteForChat": "ee928332-e9c2-4747-b4a0-f8c164b68de6",
              "TeamsTab.ReadWriteForTeam": "c975dd04-a06e-4fbb-9704-62daad77bb49",
              "TeamsTab.ReadWriteForUser": "c37c9b61-7762-4bff-a156-afc0005847a0",
              "TeamsTab.ReadWriteSelfForChat": "0c219d04-3abf-47f7-912d-5cca239e90e6",
              "TeamsTab.ReadWriteSelfForTeam": "f266662f-120a-4314-b26a-99b08617c7ef",
              "TeamsTab.ReadWriteSelfForUser": "395dfec1-a0b9-465f-a783-8250a430cb8c",
              "TeamworkAppSettings.Read.All": "44e060c4-bbdc-4256-a0b9-dcc0396db368",
              "TeamworkAppSettings.ReadWrite.All": "87c556f0-2bd9-4eed-bd74-5dd8af6eaf7e",
              "TeamworkDevice.Read.All": "b659488b-9d28-4208-b2be-1c6652b3c970",
              "TeamworkDevice.ReadWrite.All": "ddd97ecb-5c31-43db-a235-0ee20e635c40",
              "TeamworkTag.Read": "57587d0b-8399-45be-b207-8050cec54575",
              "TeamworkTag.ReadWrite": "539dabd7-b5b6-4117-b164-d60cd15a8671",
              "TermStore.Read.All": "297f747b-0005-475b-8fef-c890f5152b38",
              "TermStore.ReadWrite.All": "6c37c71d-f50f-4bff-8fd3-8a41da390140",
              "ThreatAssessment.ReadWrite.All": "cac97e40-6730-457d-ad8d-4852fddab7ad",
              "ThreatHunting.Read.All": "b152eca8-ea73-4a48-8c98-1a6742673d99",
              "ThreatIndicators.Read.All": "9cc427b4-2004-41c5-aa22-757b755e9796",
              "ThreatIndicators.ReadWrite.OwnedBy": "91e7d36d-022a-490f-a748-f8e011357b42",
              "ThreatSubmission.Read": "fd5353c6-26dd-449f-a565-c4e16b9fce78",
              "ThreatSubmission.Read.All": "7083913a-4966-44b6-9886-c5822a5fd910",
              "ThreatSubmission.ReadWrite": "68a3156e-46c9-443c-b85c-921397f082b5",
              "ThreatSubmission.ReadWrite.All": "8458e264-4eb9-4922-abe9-768d58f13c7f",
              "ThreatSubmissionPolicy.ReadWrite.All": "059e5840-5353-4c68-b1da-666a033fc5e8",
              "TrustFrameworkKeySet.Read.All": "7ad34336-f5b1-44ce-8682-31d7dfcd9ab9",
              "TrustFrameworkKeySet.ReadWrite.All": "39244520-1e7d-4b4a-aee0-57c65826e427",
              "UnifiedGroupMember.Read.AsGuest": "73e75199-7c3e-41bb-9357-167164dbb415",
              "User-LifeCycleInfo.Read.All": "ed8d2a04-0374-41f1-aefe-da8ac87ccc87",
              "User-LifeCycleInfo.ReadWrite.All": "7ee7473e-bd4b-4c9f-987c-bd58481f5fa2",
              "User.Export.All": "405a51b5-8d8d-430b-9842-8be4b0e9f324",
              "User.Invite.All": "63dd7cd9-b489-4adf-a28c-ac38b9a0f962",
              "User.ManageIdentities.All": "637d7bec-b31e-4deb-acc9-24275642a2c9",
              "User.Read": "e1fe6dd8-ba31-4d61-89e7-88639da4683d",
              "User.Read.All": "a154be20-db9c-4678-8ab7-66f6cc099a59",
              "User.ReadBasic.All": "b340eb25-3456-403f-be2f-af7a0d370277",
              "User.ReadWrite": "b4e74841-8e56-480b-be8b-910348b18b4c",
              "User.ReadWrite.All": "204e0828-b5ca-4ad8-b9f3-f32a958e7cc4",
              "UserActivity.ReadWrite.CreatedByApp": "47607519-5fb1-47d9-99c7-da4b48f369b1",
              "UserAuthenticationMethod.Read": "1f6b61c5-2f65-4135-9c9f-31c0f8d32b52",
              "UserAuthenticationMethod.Read.All": "aec28ec7-4d02-4e8c-b864-50163aea77eb",
              "UserAuthenticationMethod.ReadWrite": "48971fc1-70d7-4245-af77-0beb29b53ee2",
              "UserAuthenticationMethod.ReadWrite.All": "b7887744-6746-4312-813d-72daeaee7e2d",
              "UserNotification.ReadWrite.CreatedByApp": "26e2f3e8-b2a1-47fc-9620-89bb5b042024",
              "UserTimelineActivity.Write.CreatedByApp": "367492fc-594d-4972-a9b5-0d58c622c91c",
              "VirtualAppointment.Read": "27470298-d3b8-4b9c-aad4-6334312a3eac",
              "VirtualAppointment.ReadWrite": "2ccc2926-a528-4b17-b8bb-860eed29d64c",
              "WindowsUpdates.ReadWrite.All": "11776c0c-6138-4db3-a668-ee621bea2555",
              "WorkforceIntegration.Read.All": "f1ccd5a7-6383-466a-8db8-1a656f7d06fa",
              "WorkforceIntegration.ReadWrite.All": "08c4b377-0d23-4a8b-be2a-23c1c1d88545",
              "eDiscovery.Read.All": "99201db3-7652-4d5a-809a-bdb94f85fe3c",
              "eDiscovery.ReadWrite.All": "acb8f680-0834-4146-b69e-4ab1b39745ad",
              "email": "64a6cdd6-aab1-4aaf-94b8-3cc8405e90d0",
              "offline_access": "7427e0e9-2fba-42fe-b0c0-848c9e6a8182",
              "openid": "37f7f235-527c-4136-accd-4a02d197296e",
              "profile": "14dad69e-099b-42c9-810b-d002981feec1"
            },
            "oauth2_permission_scopes": [
              {
                "admin_consent_description": "Allows the app to read the available Teams templates, on behalf of the signed-in user.",
                "admin_consent_display_name": "Read available Teams templates",
                "enabled": true,
                "id": "cd87405c-5792-4f15-92f7-debc0db6d1d6",
                "type": "User",
                "user_consent_description": "Read available Teams templates, on your behalf.",
                "user_consent_display_name": "Read available Teams templates",
                "value": "TeamTemplates.Read"
              },
              {
                "admin_consent_description": "Allows the app to see your users' basic profile (e.g., name, picture, user name, email address)",
                "admin_consent_display_name": "View users' basic profile",
                "enabled": true,
                "id": "14dad69e-099b-42c9-810b-d002981feec1",
                "type": "User",
                "user_consent_description": "Allows the app to see your basic profile (e.g., name, picture, user name, email address)",
                "user_consent_display_name": "View your basic profile",
                "value": "profile"
              },
              {
                "admin_consent_description": "Allows the app to read attack simulation and training data for an organization for the signed-in user.",
                "admin_consent_display_name": "Read attack simulation data of an organization",
                "enabled": true,
                "id": "104a7a4b-ca76-4677-b7e7-2f4bc482f381",
                "type": "Admin",
                "user_consent_description": "Allows the app to read attack simulation and training data for an organization on your behalf.",
                "user_consent_display_name": "Read attack simulation data of an organization",
                "value": "AttackSimulation.Read.All"
              },
              {
                "admin_consent_description": "Allows the app to read and write your organization's directory access review default policy on behalf of the signed-in user.",
                "admin_consent_display_name": "Read and write your organization's directory access review default policy",
                "enabled": true,
                "id": "4f5bc9c8-ea54-4772-973a-9ca119cb0409",
                "type": "Admin",
                "user_consent_description": "Allows the app to read and write your organization's directory access review default policy on your behalf.",
                "user_consent_display_name": "Read and write your organization's directory access review default policy",
                "value": "Policy.ReadWrite.AccessReview"
              },
              {
                "admin_consent_description": "Allows the app to read your organization's threat submissions and threat submission policies on behalf of the signed-in user. Also allows the app to create new threat submissions on behalf of the signed-in user.",
                "admin_consent_display_name": "Read and write all threat submissions",
                "enabled": true,
                "id": "8458e264-4eb9-4922-abe9-768d58f13c7f",
                "type": "Admin",
                "user_consent_description": "Allows the app to read your organization's threat submissions and threat submission policies on your behalf. Also allows the app to create new threat submissions on your behalf.",
                "user_consent_display_name": "Read and write all threat submissions",
                "value": "ThreatSubmission.ReadWrite.All"
              },
              {
                "admin_consent_description": "Allows the application to read any data from Records Management, such as configuration, labels, and policies on behalf of the signed-in user.",
                "admin_consent_display_name": "Read Records Management configuration, labels, and policies",
                "enabled": true,
                "id": "07f995eb-fc67-4522-ad66-2b8ca8ea3efd",
                "type": "Admin",
                "user_consent_description": "Allows the application to read any data from Records Management, such as configuration, labels and policies on your behalf.",
                "user_consent_display_name": "Read Records Management configuration, labels, and policies",
                "value": "RecordsManagement.Read.All"
              },
              {
                "admin_consent_description": "Allow the application to create, update and delete any data from Records Management, such as configuration, labels, and policies on behalf of the signed-in user.",
                "admin_consent_display_name": "Read and write Records Management configuration, labels, and policies",
                "enabled": true,
                "id": "f2833d75-a4e6-40ab-86d4-6dfe73c97605",
                "type": "Admin",
                "user_consent_description": "Allow the application to create, update and delete any data from Records Management, such as configuration, labels, and policies on your behalf.",
                "user_consent_display_name": "Read and write Records Management configuration, labels, and policies",
                "value": "RecordsManagement.ReadWrite.All"
              },
              {
                "admin_consent_description": "Allows the app to read details of delegated admin relationships with customers like access details (that includes roles) and the duration as well as specific role assignments to security groups on behalf of the signed-in user.",
                "admin_consent_display_name": "Read Delegated Admin relationships with customers",
                "enabled": true,
                "id": "0c0064ea-477b-4130-82a5-4c2cc4ff68aa",
                "type": "Admin",
                "user_consent_description": "Allows the app to read details of Delegated Admin relationships with customers like access details (that includes roles) and the duration as well as specific role assignments to security groups on your behalf.",
                "user_consent_display_name": "Read Delegated Admin relationships with customers",
                "value": "DelegatedAdminRelationship.Read.All"
              },
              {
                "admin_consent_description": "Allows the app to manage (create-update-terminate) Delegated Admin relationships with customers as well as role assignments to security groups for active Delegated Admin relationships on behalf of the signed-in user.",
                "admin_consent_display_name": "Manage Delegated Admin relationships with customers",
                "enabled": true,
                "id": "885f682f-a990-4bad-a642-36736a74b0c7",
                "type": "Admin",
                "user_consent_description": "Allows the app to manage (create-update-terminate) Delegated Admin relationships with customers and role assignments to security groups for active Delegated Admin relationships on your behalf.",
                "user_consent_display_name": "Manage Delegated Admin relationships with customers",
                "value": "DelegatedAdminRelationship.ReadWrite.All"
              },
              {
                "admin_consent_description": "Allows the app to read and write all managed tenant information on behalf of the signed-in user.",
                "admin_consent_display_name": "Read and write all managed tenant information",
                "enabled": true,
                "id": "b31fa710-c9b3-4d9e-8f5e-8036eecddab9",
                "type": "Admin",
                "user_consent_description": "Allows the app to read and write all managed tenant information on your behalf.",
                "user_consent_display_name": "Read and write all managed tenant information",
                "value": "ManagedTenants.ReadWrite.All"
              },
              {
                "admin_consent_description": "Allows the app to read all managed tenant information on behalf of the signed-in user.",
                "admin_consent_display_name": "Read all managed tenant information",
                "enabled": true,
                "id": "dc34164e-6c4a-41a0-be89-3ae2fbad7cd3",
                "type": "Admin",
                "user_consent_description": "Allows the app to read all managed tenant information on your behalf.",
                "user_consent_display_name": "Read all managed tenant information",
                "value": "ManagedTenants.Read.All"
              },
              {
                "admin_consent_description": "Allows the app to read and manage the Cloud PC role-based access control (RBAC) settings, on behalf of the signed-in user. This includes reading and managing Cloud PC role definitions and role assignments.",
                "admin_consent_display_name": "Read and write Cloud PC RBAC settings",
                "enabled": true,
                "id": "501d06f8-07b8-4f18-b5c6-c191a4af7a82",
                "type": "Admin",
                "user_consent_description": "Allows the app to read and manage the Cloud PC role-based access control (RBAC) settings, on your behalf. This includes reading and managing Cloud PC role definitions and memberships.",
                "user_consent_display_name": "Read and write Cloud PC RBAC settings",
                "value": "RoleManagement.ReadWrite.CloudPC"
              },
              {
                "admin_consent_description": "Allows the app to read the Cloud PC role-based access control (RBAC) settings, on behalf of the signed-in user.  This includes reading Cloud PC role definitions and role assignments.",
                "admin_consent_display_name": "Read Cloud PC RBAC settings",
                "enabled": true,
                "id": "9619b88a-8a25-48a7-9571-d23be0337a79",
                "type": "Admin",
                "user_consent_description": "Allows the app to read the Cloud PC role-based access control (RBAC) settings, on your behalf.  This includes reading Cloud PC role definitions and role assignments.",
                "user_consent_display_name": "Read Cloud PC RBAC settings",
                "value": "RoleManagement.Read.CloudPC"
              },
              {
                "admin_consent_description": "Allows the app to read and write settings of external connections on behalf of a signed-in user. The signed-in user must be an administrator. The app can only read and write settings of connections that it is authorized to.",
                "admin_consent_display_name": "Read and write external connections",
                "enabled": true,
                "id": "4082ad95-c812-4f02-be92-780c4c4f1830",
                "type": "Admin",
                "user_consent_description": "Allows the app to read and write external connections on your behalf. The signed-in user must be an administrator. The app can only read and write external connections that it is authorized to, or it can create new external connections. ",
                "user_consent_display_name": "Read and write external connections",
                "value": "ExternalConnection.ReadWrite.OwnedBy"
              },
              {
                "admin_consent_description": "Allows the app to read all external connections on behalf of a signed-in user. The signed-in user must be an administrator.",
                "admin_consent_display_name": "Read all external connections",
                "enabled": true,
                "id": "a38267a5-26b6-4d76-9493-935b7599116b",
                "type": "Admin",
                "user_consent_description": "Allows the app to read all external connections on your behalf. The signed-in user must be an administrator.",
                "user_consent_display_name": "Read all external connections",
                "value": "ExternalConnection.Read.All"
              },
              {
                "admin_consent_description": "Allows the app to read and write all external connections on behalf of a signed-in user. The signed-in user must be an administrator.",
                "admin_consent_display_name": "Read and write all external connections",
                "enabled": true,
                "id": "bbbbd9b3-3566-4931-ac37-2b2180d9e334",
                "type": "Admin",
                "user_consent_description": "Allows the app to read and write all external connections on your behalf. The signed-in user must be an administrator.",
                "user_consent_display_name": "Read and write all external connections",
                "value": "ExternalConnection.ReadWrite.All"
              },
              {
                "admin_consent_description": "Allows the app to read and write external items on behalf of a signed-in user. The signed-in user must be an administrator. The app can only read external items of the connection that it is authorized to.",
                "admin_consent_display_name": "Read and write external items",
                "enabled": true,
                "id": "4367b9d7-cee7-4995-853c-a0bdfe95c1f9",
                "type": "Admin",
                "user_consent_description": "Allows the app to read and write external items on your behalf. The signed-in user must be an administrator. The app can only read external items of the connection that it is authorized to.",
                "user_consent_display_name": "Read and write external items",
                "value": "ExternalItem.ReadWrite.OwnedBy"
              },
              {
                "admin_consent_description": "Allows the app to read and write all external items on behalf of a signed-in user. The signed-in user must be an administrator.",
                "admin_consent_display_name": "Read and write all external items",
                "enabled": true,
                "id": "b02c54f8-eb48-4c50-a9f0-a149e5a2012f",
                "type": "Admin",
                "user_consent_description": "Allows the app to read and write all external items on your behalf. The signed-in user must be an administrator.",
                "user_consent_display_name": "Read and write all external items",
                "value": "ExternalItem.ReadWrite.All"
              },
              {
                "admin_consent_description": "Allows the app to read custom security attribute assignments for all principals in the tenant on behalf of a signed in user.",
                "admin_consent_display_name": "Read custom security attribute assignments",
                "enabled": true,
                "id": "b46ffa80-fe3d-4822-9a1a-c200932d54d0",
                "type": "Admin",
                "user_consent_description": "Allows the app to read custom security attribute assignments for all principals in the tenant on your behalf.",
                "user_consent_display_name": "Read custom security attribute assignments",
                "value": "CustomSecAttributeAssignment.Read.All"
              },
              {
                "admin_consent_description": "Allows the app to read custom security attribute definitions for the tenant on behalf of a signed in user.",
                "admin_consent_display_name": "Read custom security attribute definitions",
                "enabled": true,
                "id": "ce026878-a0ff-4745-a728-d4fedd086c07",
                "type": "Admin",
                "user_consent_description": "Allows the app to read custom security attribute definitions for the tenant on your behalf.",
                "user_consent_display_name": "Read custom security attribute definitions",
                "value": "CustomSecAttributeDefinition.Read.All"
              },
              {
                "admin_consent_description": "Allows the app to read and write your organization's cross tenant access policies on behalf of the signed-in user.",
                "admin_consent_display_name": "Read and write your organization's cross tenant access policies",
                "enabled": true,
                "id": "014b43d0-6ed4-4fc6-84dc-4b6f7bae7d85",
                "type": "Admin",
                "user_consent_description": "Allows the app to read and write your organization's cross tenant access policies on your behalf.",
                "user_consent_display_name": "Read and write your organization's cross tenant access policies",
                "value": "Policy.ReadWrite.CrossTenantAccess"
              },
              {
                "admin_consent_description": "Allows the app to read and write tags in Teams, on behalf of the signed-in user.",
                "admin_consent_display_name": "Read and write tags in Teams",
                "enabled": true,
                "id": "539dabd7-b5b6-4117-b164-d60cd15a8671",
                "type": "Admin",
                "user_consent_description": "Allows the app to read and write tags in Teams, on your behalf.",
                "user_consent_display_name": "Read and write tags in Teams",
                "value": "TeamworkTag.ReadWrite"
              },
              {
                "admin_consent_description": "Allows the app to read tags in Teams, on behalf of the signed-in user.",
                "admin_consent_display_name": "Read tags in Teams",
                "enabled": true,
                "id": "57587d0b-8399-45be-b207-8050cec54575",
                "type": "Admin",
                "user_consent_description": "Allows the app to read tags in Teams, on your behalf.",
                "user_consent_display_name": "Read tags in Teams",
                "value": "TeamworkTag.Read"
              },
              {
                "admin_consent_description": "Allows the app to read and write security incidents, on behalf of the signed-in user.",
                "admin_consent_display_name": "Read and write to incidents",
                "enabled": true,
                "id": "128ca929-1a19-45e6-a3b8-435ec44a36ba",
                "type": "Admin",
                "user_consent_description": "Allows the app to read and write to all security incidents that you have access to.",
                "user_consent_display_name": "Read and write to security incidents",
                "value": "SecurityIncident.ReadWrite.All"
              },
              {
                "admin_consent_description": "Allows the app to read security incidents, on behalf of the signed-in user.",
                "admin_consent_display_name": "Read incidents",
                "enabled": true,
                "id": "b9abcc4f-94fc-4457-9141-d20ce80ec952",
                "type": "Admin",
                "user_consent_description": "Allows the app to read all security incidents that you have access to.",
                "user_consent_display_name": "Read security incidents",
                "value": "SecurityIncident.Read.All"
              },
              {
                "admin_consent_description": "Allows the app to read and write to all security alerts, on behalf of the signed-in user.",
                "admin_consent_display_name": "Read and write to all security alerts",
                "enabled": true,
                "id": "471f2a7f-2a42-4d45-a2bf-594d0838070d",
                "type": "Admin",
                "user_consent_description": "Allows the app to read and write all alerts that you have access to.",
                "user_consent_display_name": "Read and write all alerts",
                "value": "SecurityAlert.ReadWrite.All"
              },
              {
                "admin_consent_description": "Allows the app to read all security alerts, on behalf of the signed-in user.",
                "admin_consent_display_name": "Read all security alerts",
                "enabled": true,
                "id": "bc257fb8-46b4-4b15-8713-01e91bfbe4ea",
                "type": "Admin",
                "user_consent_description": "Allows the app to read all security alerts that you have access to.",
                "user_consent_display_name": "Read all alerts",
                "value": "SecurityAlert.Read.All"
              },
              {
                "admin_consent_description": "Allows the app to update service announcement messages' user status on behalf of the signed-in user. The message status can be marked as read, archive, or favorite.",
                "admin_consent_display_name": "Update user status on service announcement messages",
                "enabled": true,
                "id": "636e1b0b-1cc2-4b1c-9aa9-4eeed9b9761b",
                "type": "Admin",
                "user_consent_description": "Allows the app to update service announcement messages' status on your behalf. Your status for messages can be marked as read, archive, or favorite.",
                "user_consent_display_name": "Update your user status on service announcement messages",
                "value": "ServiceMessageViewpoint.Write"
              },
              {
                "admin_consent_description": "Allows the app to run hunting queries, on behalf of the signed-in user.",
                "admin_consent_display_name": "Run hunting queries",
                "enabled": true,
                "id": "b152eca8-ea73-4a48-8c98-1a6742673d99",
                "type": "Admin",
                "user_consent_description": "Allows the app to run hunting queries that you can execute.",
                "user_consent_display_name": "Run hunting queries",
                "value": "ThreatHunting.Read.All"
              },
              {
                "admin_consent_description": "Allows a Teams app to read, install, upgrade, and uninstall itself to teams the signed-in user can access.",
                "admin_consent_display_name": "Allow the app to manage itself in teams",
                "enabled": true,
                "id": "0f4595f7-64b1-4e13-81bc-11a249df07a9",
                "type": "Admin",
                "user_consent_description": "Allows a Teams app to read, install, upgrade, and uninstall itself to teams you can access.",
                "user_consent_display_name": "Allow the Teams app to manage itself in teams",
                "value": "TeamsAppInstallation.ReadWriteSelfForTeam"
              },
              {
                "admin_consent_description": "Allow the app to read the management data for Teams devices on behalf of the signed-in user.",
                "admin_consent_display_name": "Read Teams devices",
                "enabled": true,
                "id": "b659488b-9d28-4208-b2be-1c6652b3c970",
                "type": "Admin",
                "user_consent_description": "Allow the app to read the management data for Teams devices on your behalf.",
                "user_consent_display_name": "Read Teams devices",
                "value": "TeamworkDevice.Read.All"
              },
              {
                "admin_consent_description": "Allow the app to read and write the management data for Teams devices on behalf of the signed-in user.",
                "admin_consent_display_name": "Read and write Teams devices",
                "enabled": true,
                "id": "ddd97ecb-5c31-43db-a235-0ee20e635c40",
                "type": "Admin",
                "user_consent_description": "Allow the app to read and write the management data for Teams devices on your behalf.",
                "user_consent_display_name": "Read and write Teams devices",
                "value": "TeamworkDevice.ReadWrite.All"
              },
              {
                "admin_consent_description": "Allows the app to read all identity risky service principal information for your organization, on behalf of the signed-in user.",
                "admin_consent_display_name": "Read all identity risky service principal information",
                "enabled": true,
                "id": "ea5c4ab0-5a73-4f35-8272-5d5337884e5d",
                "type": "Admin",
                "user_consent_description": "Allows the app to read all identity risky service principal information for your organization, on your behalf.",
                "user_consent_display_name": "Read all identity risky service principal information",
                "value": "IdentityRiskyServicePrincipal.Read.All"
              },
              {
                "admin_consent_description": "Allows the app to read and update identity risky service principal information for all service principals in your organization, on behalf of the signed-in user. Update operations include dismissing risky service principals.",
                "admin_consent_display_name": "Read and write all identity risky service principal information",
                "enabled": true,
                "id": "bb6f654c-d7fd-4ae3-85c3-fc380934f515",
                "type": "Admin",
                "user_consent_description": "Allows the app to read and update identity risky service principal information for all service principals in your organization, on your behalf. Update operations include dismissing risky service principals.",
                "user_consent_display_name": "Read and write all identity risky service principal information",
                "value": "IdentityRiskyServicePrincipal.ReadWrite.All"
              },
              {
                "admin_consent_description": "Allows a Teams app to read, install, upgrade, and uninstall its own tabs to teams the signed-in user can access.",
                "admin_consent_display_name": "Allow the Teams app to manage only its own tabs in teams",
                "enabled": true,
                "id": "f266662f-120a-4314-b26a-99b08617c7ef",
                "type": "Admin",
                "user_consent_description": "Allows a Teams app to read, install, upgrade, and uninstall its own tabs to teams you can access.",
                "user_consent_display_name": "Allow the Teams app to manage only its own tabs in teams",
                "value": "TeamsTab.ReadWriteSelfForTeam"
              },
              {
                "admin_consent_description": "Allows the app to read the presence information and write activity and availability on behalf of the signed-in user. Presence information includes activity, availability, status note, calendar out-of-office message, timezone and location.",
                "admin_consent_display_name": "Read and write a user's presence information",
                "enabled": true,
                "id": "8d3c54a7-cf58-4773-bf81-c0cd6ad522bb",
                "type": "User",
                "user_consent_description": "Allows the app to read the presence information and write activity and availability on your behalf. Presence information includes activity, availability, status note, calendar out-of-office message, timezone and location.",
                "user_consent_display_name": "Read and write your presence information",
                "value": "Presence.ReadWrite"
              },
              {
                "admin_consent_description": "Allows the app to read subject rights requests on behalf of the signed-in user",
                "admin_consent_display_name": "Read subject rights requests",
                "enabled": true,
                "id": "9c3af74c-fd0f-4db4-b17a-71939e2a9d77",
                "type": "Admin",
                "user_consent_description": "Allows the app to read subject rights requests on your behalf.",
                "user_consent_display_name": "Read data subject requests",
                "value": "SubjectRightsRequest.Read.All"
              },
              {
                "admin_consent_description": "Allows the app to read and write subject rights requests on behalf of the signed-in user",
                "admin_consent_display_name": "Read and write subject rights requests",
                "enabled": true,
                "id": "2b8fcc74-bce1-4ae3-a0e8-60c53739299d",
                "type": "Admin",
                "user_consent_description": "Allows the app to read and write subject rights requests on your behalf.",
                "user_consent_display_name": "Read and write data subject requests",
                "value": "SubjectRightsRequest.ReadWrite.All"
              },
              {
                "admin_consent_description": "Allows a Teams app to read, install, upgrade, and uninstall its own tabs for the signed-in user.",
                "admin_consent_display_name": "Allow the Teams app to manage only its own tabs for a user",
                "enabled": true,
                "id": "395dfec1-a0b9-465f-a783-8250a430cb8c",
                "type": "User",
                "user_consent_description": "Allows a Teams app to read, install, upgrade, and uninstall its own tabs for you.",
                "user_consent_display_name": "Allow the Teams app to manage only its own tabs for you",
                "value": "TeamsTab.ReadWriteSelfForUser"
              },
              {
                "admin_consent_description": "Allows a Teams app to read, install, upgrade, and uninstall its own tabs in chats the signed-in user can access.",
                "admin_consent_display_name": "Allow the Teams app to manage only its own tabs in chats",
                "enabled": true,
                "id": "0c219d04-3abf-47f7-912d-5cca239e90e6",
                "type": "Admin",
                "user_consent_description": "Allows a Teams app to read, install, upgrade, and uninstall its own tabs in chats you can access.",
                "user_consent_display_name": "Allow the Teams app to manage only its own tabs in chats",
                "value": "TeamsTab.ReadWriteSelfForChat"
              },
              {
                "admin_consent_description": "Allows the app to read and write search configuration, on behalf of the signed-in user.",
                "admin_consent_display_name": "Read and write your organization's search configuration",
                "enabled": true,
                "id": "b1a7d408-cab0-47d2-a2a5-a74a3733600d",
                "type": "Admin",
                "user_consent_description": "Allows the app to read and write search configuration, on your behalf.",
                "user_consent_display_name": "Read and write your organization's search configuration",
                "value": "SearchConfiguration.ReadWrite.All"
              },
              {
                "admin_consent_description": "Allows the app to read search configuration, on behalf of the signed-in user.",
                "admin_consent_display_name": "Read your organization's search configuration",
                "enabled": true,
                "id": "7d307522-aa38-4cd0-bd60-90c6f0ac50bd",
                "type": "Admin",
                "user_consent_description": "Allows the app to read search configuration, on your behalf.",
                "user_consent_display_name": "Read your organization's search configuration",
                "value": "SearchConfiguration.Read.All"
              },
              {
                "admin_consent_description": "Allows the app to read online meeting artifacts on behalf of the signed-in user.",
                "admin_consent_display_name": "Read user's online meeting artifacts",
                "enabled": true,
                "id": "110e5abb-a10c-4b59-8b55-9b4daa4ef743",
                "type": "User",
                "user_consent_description": "Allows the app to read online meeting artifacts on your behalf.",
                "user_consent_display_name": "Read user's online meeting artifacts",
                "value": "OnlineMeetingArtifact.Read.All"
              },
              {
                "admin_consent_description": "Allows the app to read and manage the active role-based access control (RBAC) assignments for your company's directory, on behalf of the signed-in user. This includes managing active directory role membership, and reading directory role templates, directory roles and active memberships.",
                "admin_consent_display_name": "Read, update, and delete all active role assignments for your company's directory",
                "enabled": true,
                "id": "8c026be3-8e26-4774-9372-8d5d6f21daff",
                "type": "Admin",
                "user_consent_description": "Allows the app to read and manage the active role-based access control (RBAC) assignments for your company's directory, on your behalf. This includes managing active directory role membership, and reading directory role templates, directory roles and active memberships.",
                "user_consent_display_name": "Read, update, and delete all active role assignments for your company's directory",
                "value": "RoleAssignmentSchedule.ReadWrite.Directory"
              },
              {
                "admin_consent_description": "Allows the app to read and manage the eligible role-based access control (RBAC) assignments for your company's directory, on behalf of the signed-in user. This includes managing eligible directory role membership, and reading directory role templates, directory roles and eligible memberships.",
                "admin_consent_display_name": "Read, update, and delete  all eligible role assignments for your company's directory",
                "enabled": true,
                "id": "62ade113-f8e0-4bf9-a6ba-5acb31db32fd",
                "type": "Admin",
                "user_consent_description": "Allows the app to read and manage the eligible role-based access control (RBAC) assignments for your company's directory, on your behalf. This includes managing eligible directory role membership, and reading directory role templates, directory roles and eligible memberships.",
                "user_consent_display_name": "Read, update, and delete  all eligible role assignments for your company's directory",
                "value": "RoleEligibilitySchedule.ReadWrite.Directory"
              },
              {
                "admin_consent_description": "Allows the app to read, update, and delete policies for privileged role-based access control (RBAC) assignments of your company's directory, on behalf of the signed-in user.",
                "admin_consent_display_name": "Read, update, and delete all policies for privileged role assignments of your company's directory",
                "enabled": true,
                "id": "1ff1be21-34eb-448c-9ac9-ce1f506b2a68",
                "type": "Admin",
                "user_consent_description": "Allows the app to read, update, and delete policies for privileged role-based access control (RBAC) assignments of your company's directory, on your behalf.",
                "user_consent_display_name": "Read, update, and delete all policies for privileged role assignments of your company's directory",
                "value": "RoleManagementPolicy.ReadWrite.Directory"
              },
              {
                "admin_consent_description": "Allows the app to read the active role-based access control (RBAC) assignments for your company's directory, on behalf of the signed-in user. This includes reading directory role templates, and directory roles.",
                "admin_consent_display_name": "Read all active role assignments for your company's directory",
                "enabled": true,
                "id": "344a729c-0285-42c6-9014-f12b9b8d6129",
                "type": "Admin",
                "user_consent_description": "Allows the app to read the active role-based access control (RBAC) assignments for your company's directory, on your behalf. This includes reading directory role templates, and directory roles.",
                "user_consent_display_name": "Read all active role assignments for your company's directory",
                "value": "RoleAssignmentSchedule.Read.Directory"
              },
              {
                "admin_consent_description": "Allows the app to read the eligible role-based access control (RBAC) assignments for your company's directory, on behalf of the signed-in user. This includes reading directory role templates, and directory roles.",
                "admin_consent_display_name": "Read all eligible role assignments for your company's directory",
                "enabled": true,
                "id": "eb0788c2-6d4e-4658-8c9e-c0fb8053f03d",
                "type": "Admin",
                "user_consent_description": "Allows the app to read the eligible role-based access control (RBAC) assignments for your company's directory, on your behalf. This includes reading directory role templates, and directory roles.",
                "user_consent_display_name": "Read all eligible role assignments for your company's directory",
                "value": "RoleEligibilitySchedule.Read.Directory"
              },
              {
                "admin_consent_description": "Allows the app to read policies for privileged role-based access control (RBAC) assignments of your company's directory, on behalf of the signed-in user.",
                "admin_consent_display_name": "Read all policies for privileged role assignments of your company's directory",
                "enabled": true,
                "id": "3de2cdbe-0ff5-47d5-bdee-7f45b4749ead",
                "type": "Admin",
                "user_consent_description": "Allows the app to read policies for privileged role-based access control (RBAC) assignments of your company's directory, on your behalf.",
                "user_consent_display_name": "Read all policies for privileged role assignments of your company's directory",
                "value": "RoleManagementPolicy.Read.Directory"
              },
              {
                "admin_consent_description": "Allows the app to read and write all Windows update deployment settings for the organization on behalf of the signed-in user.",
                "admin_consent_display_name": "Read and write all Windows update deployment settings",
                "enabled": true,
                "id": "11776c0c-6138-4db3-a668-ee621bea2555",
                "type": "Admin",
                "user_consent_description": "Allows the app to read and write all Windows update deployment settings for the organization on your behalf.",
                "user_consent_display_name": "Read and write all Windows update deployment settings",
                "value": "WindowsUpdates.ReadWrite.All"
              },
              {
                "admin_consent_description": "Allows the app to read and write your organization's mobility management policies on behalf of the signed-in user.  For example, a mobility management policy can set the enrollment scope for a given mobility management application.",
                "admin_consent_display_name": "Read and write your organization's mobility management policies",
                "enabled": true,
                "id": "a8ead177-1889-4546-9387-f25e658e2a79",
                "type": "Admin",
                "user_consent_description": "Allows the app to read and write your organization's mobility management policies on your behalf.  For example, a mobility management policy can set the enrollment scope for a given mobility management application.",
                "user_consent_display_name": "Read and write your organization's mobility management policies",
                "value": "Policy.ReadWrite.MobilityManagement"
              },
              {
                "admin_consent_description": "Allows the app to read basic unified group properties, memberships and owners of the group the signed-in guest is a member of.",
                "admin_consent_display_name": "Read unified group memberships as guest",
                "enabled": true,
                "id": "73e75199-7c3e-41bb-9357-167164dbb415",
                "type": "Admin",
                "user_consent_description": "Allows the app to read basic unified group properties, memberships and owners of the group you are a member of.",
                "user_consent_display_name": "Read unified group memberships as guest",
                "value": "UnifiedGroupMember.Read.AsGuest"
              },
              {
                "admin_consent_description": "Allows the app to update service principal endpoints",
                "admin_consent_display_name": "Read and update service principal endpoints",
                "enabled": true,
                "id": "7297d82c-9546-4aed-91df-3d4f0a9b3ff0",
                "type": "Admin",
                "user_consent_description": "Allows the app to update service principal endpoints",
                "user_consent_display_name": "Read and update service principal endpoints",
                "value": "ServicePrincipalEndpoint.ReadWrite.All"
              },
              {
                "admin_consent_description": "Allows the app to read service principal endpoints",
                "admin_consent_display_name": "Read service principal endpoints",
                "enabled": true,
                "id": "9f9ce928-e038-4e3b-8faf-7b59049a8ddc",
                "type": "Admin",
                "user_consent_description": "Allows the app to read service principal endpoints",
                "user_consent_display_name": "Read service principal endpoints",
                "value": "ServicePrincipalEndpoint.Read.All"
              },
              {
                "admin_consent_description": "Allows the app to create new notifications in users' teamwork activity feeds on behalf of the signed in user. These notifications may not be discoverable or be held or governed by compliance policies.",
                "admin_consent_display_name": "Send a teamwork activity as the user",
                "enabled": true,
                "id": "7ab1d787-bae7-4d5d-8db6-37ea32df9186",
                "type": "User",
                "user_consent_description": "Allows the app to create new activities in your teamwork activity feed, and send new activities to other users' activity feed, on your behalf.",
                "user_consent_display_name": "Send a teamwork activity",
                "value": "TeamsActivity.Send"
              },
              {
                "admin_consent_description": "Allows the app to read and write eDiscovery objects such as cases, custodians, review sets and other related objects on behalf of the signed-in user.",
                "admin_consent_display_name": "Read and write all eDiscovery objects",
                "enabled": true,
                "id": "acb8f680-0834-4146-b69e-4ab1b39745ad",
                "type": "Admin",
                "user_consent_description": "Allows the app to read and write eDiscovery objects such as cases, custodians, review sets and other related objects on your behalf.",
                "user_consent_display_name": "Read and write all eDiscovery objects",
                "value": "eDiscovery.ReadWrite.All"
              },
              {
                "admin_consent_description": "Allows the app to read eDiscovery objects such as cases, custodians, review sets and other related objects on behalf of the signed-in user.",
                "admin_consent_display_name": "Read all eDiscovery objects",
                "enabled": true,
                "id": "99201db3-7652-4d5a-809a-bdb94f85fe3c",
                "type": "Admin",
                "user_consent_description": "Allows the app to read eDiscovery objects such as cases, custodians, review sets and other related objects on your behalf.",
                "user_consent_display_name": "Read all eDiscovery objects",
                "value": "eDiscovery.Read.All"
              },
              {
                "admin_consent_description": "Allows the app to read and write custom security attribute assignments for all principals in the tenant on behalf of a signed in user.",
                "admin_consent_display_name": "Read and write custom security attribute assignments",
                "enabled": true,
                "id": "ca46335e-8453-47cd-a001-8459884efeae",
                "type": "Admin",
                "user_consent_description": "Allows the app to read and write custom security attribute assignments for all principals in the tenant on your behalf.",
                "user_consent_display_name": "Read and write custom security attribute assignments",
                "value": "CustomSecAttributeAssignment.ReadWrite.All"
              },
              {
                "admin_consent_description": "Allows the app to read and write custom security attribute definitions for the tenant on behalf of a signed in user.",
                "admin_consent_display_name": "Read and write custom security attribute definitions",
                "enabled": true,
                "id": "8b0160d4-5743-482b-bb27-efc0a485ca4a",
                "type": "Admin",
                "user_consent_description": "Allows the app to read and write custom security attribute definitions for the tenant on your behalf.",
                "user_consent_display_name": "Read and write custom security attribute definitions",
                "value": "CustomSecAttributeDefinition.ReadWrite.All"
              },
              {
                "admin_consent_description": "Allows the app to read email in the signed-in user's mailbox except body, previewBody, attachments and any extended properties.",
                "admin_consent_display_name": "Read user basic mail",
                "enabled": true,
                "id": "a4b8392a-d8d1-4954-a029-8e668a39a170",
                "type": "User",
                "user_consent_description": "Allows the app to read email in the signed-in user's mailbox except body, previewBody, attachments and any extended properties.",
                "user_consent_display_name": "Read user basic mail",
                "value": "Mail.ReadBasic"
              },
              {
                "admin_consent_description": "Allows the app to read and write your organization's feature rollout policies on behalf of the signed-in user. Includes abilities to assign and remove users and groups to rollout of a specific feature.",
                "admin_consent_display_name": "Read and write your organization's feature rollout policies",
                "enabled": true,
                "id": "92a38652-f13b-4875-bc77-6e1dbb63e1b2",
                "type": "Admin",
                "user_consent_description": "Allows the app to read and write your organization's feature rollout policies on your behalf. Includes abilities to assign and remove users and groups to rollout of a specific feature.",
                "user_consent_display_name": "Read and write your organization's feature rollout policies",
                "value": "Policy.ReadWrite.FeatureRollout"
              },
              {
                "admin_consent_description": "Allows the app to read and manage the role-based access control (RBAC) settings for your company's directory, on behalf of the signed-in user. This includes instantiating directory roles and managing directory role membership, and reading directory role templates, directory roles and memberships.",
                "admin_consent_display_name": "Read and write directory RBAC settings",
                "enabled": true,
                "id": "d01b97e9-cbc0-49fe-810a-750afd5527a3",
                "type": "Admin",
                "user_consent_description": "Allows the app to read and manage the role-based access control (RBAC) settings for your company's directory, on your behalf. This includes instantiating directory roles and managing directory role membership, and reading directory role templates, directory roles and memberships.",
                "user_consent_display_name": "Read and write directory RBAC settings",
                "value": "RoleManagement.ReadWrite.Directory"
              },
              {
                "admin_consent_description": "Allows the app to read the role-based access control (RBAC) settings for your company's directory, on behalf of the signed-in user.  This includes reading directory role templates, directory roles and memberships.",
                "admin_consent_display_name": "Read directory RBAC settings",
                "enabled": true,
                "id": "741c54c3-0c1e-44a1-818b-3f97ab4e8c83",
                "type": "Admin",
                "user_consent_description": "Allows the app to read the role-based access control (RBAC) settings for your company's directory, on your behalf.  This includes reading directory role templates, directory roles and memberships.",
                "user_consent_display_name": "Read directory RBAC settings",
                "value": "RoleManagement.Read.Directory"
              },
              {
                "admin_consent_description": "Allows the app to read and write the organization and related resources, on behalf of the signed-in user. Related resources include things like subscribed skus and tenant branding information.",
                "admin_consent_display_name": "Read and write organization information",
                "enabled": true,
                "id": "46ca0847-7e6b-426e-9775-ea810a948356",
                "type": "Admin",
                "user_consent_description": "Allows the app to read and write the organization and related resources, on your behalf. Related resources include things like subscribed skus and tenant branding information.",
                "user_consent_display_name": "Read and write organization information",
                "value": "Organization.ReadWrite.All"
              },
              {
                "admin_consent_description": "Allows the app to read the organization and related resources, on behalf of the signed-in user. Related resources include things like subscribed skus and tenant branding information.",
                "admin_consent_display_name": "Read organization information",
                "enabled": true,
                "id": "4908d5b9-3fb2-4b1e-9336-1888b7937185",
                "type": "Admin",
                "user_consent_description": "Allows the app to read the organization and related resources, on your behalf. Related resources include things like subscribed skus and tenant branding information.",
                "user_consent_display_name": "Read organization information",
                "value": "Organization.Read.All"
              },
              {
                "admin_consent_description": "Allows the app to read your company's places (conference rooms and room lists) for calendar events and other applications, on behalf of the signed-in user.",
                "admin_consent_display_name": "Read all company places",
                "enabled": true,
                "id": "cb8f45a0-5c2e-4ea1-b803-84b870a7d7ec",
                "type": "Admin",
                "user_consent_description": "Allows the app to read your company's places (conference rooms and room lists) for calendar events and other applications, on your behalf.",
                "user_consent_display_name": "Read all company places",
                "value": "Place.Read.All"
              },
              {
                "admin_consent_description": "Allows the app to manage workforce integrations, to synchronize data from Microsoft Teams Shifts, on behalf of the signed-in user.",
                "admin_consent_display_name": "Read and write workforce integrations",
                "enabled": true,
                "id": "08c4b377-0d23-4a8b-be2a-23c1c1d88545",
                "type": "Admin",
                "user_consent_description": "Allows the app to manage workforce integrations, to synchronize data from Microsoft Teams Shifts, on your behalf.",
                "user_consent_display_name": "Read and write workforce integrations",
                "value": "WorkforceIntegration.ReadWrite.All"
              },
              {
                "admin_consent_description": "Allows the app to read workforce integrations, to synchronize data from Microsoft Teams Shifts, on behalf of the signed-in user.",
                "admin_consent_display_name": "Read workforce integrations",
                "enabled": true,
                "id": "f1ccd5a7-6383-466a-8db8-1a656f7d06fa",
                "type": "Admin",
                "user_consent_description": "Allows the app to read workforce integrations, to synchronize data from Microsoft Teams Shifts, on your behalf.",
                "user_consent_display_name": "Read workforce integrations",
                "value": "WorkforceIntegration.Read.All"
              },
              {
                "admin_consent_description": "Allows the app to read, update, delete and perform actions on access reviews, reviewers, decisions and settings for group and app memberships that the signed-in user has access to in the organization.",
                "admin_consent_display_name": "Manage access reviews for group and app memberships",
                "enabled": true,
                "id": "5af8c3f5-baca-439a-97b0-ea58a435e269",
                "type": "Admin",
                "user_consent_description": "Allows the app to read, update and perform action on access reviews, reviewers, decisions and settings that you have access to.",
                "user_consent_display_name": "Manage access reviews for group and app memberships",
                "value": "AccessReview.ReadWrite.Membership"
              },
              {
                "admin_consent_description": "Allows the app to manage hybrid identity service configuration by creating, viewing, updating and deleting on-premises published resources, on-premises agents and agent groups, on behalf of the signed-in user.",
                "admin_consent_display_name": "Manage on-premises published resources",
                "enabled": true,
                "id": "8c4d5184-71c2-4bf8-bb9d-bc3378c9ad42",
                "type": "Admin",
                "user_consent_description": "Allows the app to manage hybrid identity service configuration by creating, viewing, updating and deleting on-premises published resources, on-premises agents and agent groups, on your behalf.",
                "user_consent_display_name": "Manage on-premises published resources",
                "value": "OnPremisesPublishingProfiles.ReadWrite.All"
              },
              {
                "admin_consent_description": "Allows an app to read information protection sensitivity labels and label policy settings, on behalf of the signed-in user.",
                "admin_consent_display_name": "Read user sensitivity labels and label policies.",
                "enabled": true,
                "id": "4ad84827-5578-4e18-ad7a-86530b12f884",
                "type": "User",
                "user_consent_description": "Allows an app to read information protection sensitivity labels and label policy settings, on behalf of the signed-in user.",
                "user_consent_display_name": "Read user sensitivity labels and label policies.",
                "value": "InformationProtectionPolicy.Read"
              },
              {
                "admin_consent_description": "Allows the app to read administrative units and administrative unit membership on behalf of the signed-in user.",
                "admin_consent_display_name": "Read administrative units",
                "enabled": true,
                "id": "3361d15d-be43-4de6-b441-3c746d05163d",
                "type": "Admin",
                "user_consent_description": "Allows the app to read administrative units and administrative unit membership on your behalf.",
                "user_consent_display_name": "Read administrative units",
                "value": "AdministrativeUnit.Read.All"
              },
              {
                "admin_consent_description": "Allows the app to create, read, update, and delete administrative units and manage administrative unit membership on behalf of the signed-in user.",
                "admin_consent_display_name": "Read and write administrative units",
                "enabled": true,
                "id": "7b8a2d34-6b3f-4542-a343-54651608ad81",
                "type": "Admin",
                "user_consent_description": "Allows the app to create, read, update, and delete administrative units and manage administrative unit membership on your behalf.",
                "user_consent_display_name": "Read and write administrative units",
                "value": "AdministrativeUnit.ReadWrite.All"
              },
              {
                "admin_consent_description": "Allows the app to read your family information, members and their basic profile.",
                "admin_consent_display_name": "Read your family info",
                "enabled": true,
                "id": "3a1e4806-a744-4c70-80fc-223bf8582c46",
                "type": "User",
                "user_consent_description": "Allows the app to read your family information, members and their basic profile.",
                "user_consent_display_name": "Read your family info",
                "value": "Family.Read"
              },
              {
                "admin_consent_description": "Allows the app to create threat indicators, and fully manage those threat indicators (read, update and delete), on behalf of the signed-in user.  It cannot update any threat indicators it does not own.",
                "admin_consent_display_name": "Manage threat indicators this app creates or owns",
                "enabled": true,
                "id": "91e7d36d-022a-490f-a748-f8e011357b42",
                "type": "Admin",
                "user_consent_description": "Allows the app to create threat indicators, and fully manage those threat indicators (read, update and delete), on your behalf.  It cannot update any threat indicators that it is not an owner of.",
                "user_consent_display_name": "Manage threat indicators this app creates or owns",
                "value": "ThreatIndicators.ReadWrite.OwnedBy"
              },
              {
                "admin_consent_description": "Allows the app to read or update security actions, on behalf of the signed-in user.",
                "admin_consent_display_name": "Read and update your organization's security actions",
                "enabled": true,
                "id": "dc38509c-b87d-4da0-bd92-6bec988bac4a",
                "type": "Admin",
                "user_consent_description": "Allows the app to read and update security actions, on your behalf.",
                "user_consent_display_name": "Read and update your organization's security actions",
                "value": "SecurityActions.ReadWrite.All"
              },
              {
                "admin_consent_description": "Allows the app to read security actions, on behalf of the signed-in user.",
                "admin_consent_display_name": "Read your organization's security actions",
                "enabled": true,
                "id": "1638cddf-07a4-4de2-8645-69c96cacad73",
                "type": "Admin",
                "user_consent_description": "Allows the app to read security actions, on your behalf.",
                "user_consent_display_name": "Read your organization's security actions",
                "value": "SecurityActions.Read.All"
              },
              {
                "admin_consent_description": "Allows an app to read 1 on 1 or group chats threads, on behalf of the signed-in user.",
                "admin_consent_display_name": "Read user chat messages",
                "enabled": true,
                "id": "f501c180-9344-439a-bca0-6cbf209fd270",
                "type": "User",
                "user_consent_description": "Allows an app to read your 1 on 1 or group chat messages in Microsoft Teams, on your behalf.",
                "user_consent_display_name": "Read your chat messages",
                "value": "Chat.Read"
              },
              {
                "admin_consent_description": "Allows an app to read and write 1 on 1 or group chats threads, on behalf of the signed-in user.",
                "admin_consent_display_name": "Read and write user chat messages",
                "enabled": true,
                "id": "9ff7295e-131b-4d94-90e1-69fde507ac11",
                "type": "User",
                "user_consent_description": "Allows an app to read and write your 1 on 1 or group chat messages in Microsoft Teams, on your behalf.",
                "user_consent_display_name": "Read and write your chat messages",
                "value": "Chat.ReadWrite"
              },
              {
                "admin_consent_description": "Allows the app to read and write your organization's trust framework policies on behalf of the signed-in user.",
                "admin_consent_display_name": "Read and write your organization's trust framework policies",
                "enabled": true,
                "id": "cefba324-1a70-4a6e-9c1d-fd670b7ae392",
                "type": "Admin",
                "user_consent_description": "Allows the app to read and write your organization's trust framework policies on your behalf.",
                "user_consent_display_name": "Read and write trust framework policies",
                "value": "Policy.ReadWrite.TrustFramework"
              },
              {
                "admin_consent_description": "Allows the app to read trust framework key set properties on behalf of the signed-in user.",
                "admin_consent_display_name": "Read trust framework key sets",
                "enabled": true,
                "id": "7ad34336-f5b1-44ce-8682-31d7dfcd9ab9",
                "type": "Admin",
                "user_consent_description": "Allows the app to read trust framework key sets, on your behalf.",
                "user_consent_display_name": "Read trust framework key sets",
                "value": "TrustFrameworkKeySet.Read.All"
              },
              {
                "admin_consent_description": "Allows the app to read and write trust framework key set properties on behalf of the signed-in user.",
                "admin_consent_display_name": "Read and write trust framework key sets",
                "enabled": true,
                "id": "39244520-1e7d-4b4a-aee0-57c65826e427",
                "type": "Admin",
                "user_consent_description": "Allows the app to read or write trust framework key sets, on your behalf.",
                "user_consent_display_name": "Read and write trust framework key sets",
                "value": "TrustFrameworkKeySet.ReadWrite.All"
              },
              {
                "admin_consent_description": "Allows the app to read and update identity risk event information for all users in your organization on behalf of the signed-in user. Update operations include confirming risk event detections. ",
                "admin_consent_display_name": "Read and write risk event information",
                "enabled": true,
                "id": "9e4862a5-b68f-479e-848a-4e07e25c9916",
                "type": "Admin",
                "user_consent_description": "Allows the app to read and update identity risk event information for all users in your organization on your behalf. Update operations include confirming risk event detections. ",
                "user_consent_display_name": "Read and write risk event information",
                "value": "IdentityRiskEvent.ReadWrite.All"
              },
              {
                "admin_consent_description": "Allows the app to read and update identity risky user information for all users in your organization on behalf of the signed-in user. Update operations include dismissing risky users.",
                "admin_consent_display_name": "Read and write risky user information",
                "enabled": true,
                "id": "e0a7cdbb-08b0-4697-8264-0069786e9674",
                "type": "Admin",
                "user_consent_description": "Allows the app to read and update identity risky user information for all users in your organization on your behalf. Update operations include dismissing risky users.",
                "user_consent_display_name": "Read and write identity risky user information",
                "value": "IdentityRiskyUser.ReadWrite.All"
              },
              {
                "admin_consent_description": "Allows the app to read the signed-in user's mailbox.",
                "admin_consent_display_name": "Read user mail ",
                "enabled": true,
                "id": "570282fd-fa5c-430d-a7fd-fc8dc98a9dca",
                "type": "User",
                "user_consent_description": "Allows the app to read email in your mailbox. ",
                "user_consent_display_name": "Read your mail ",
                "value": "Mail.Read"
              },
              {
                "admin_consent_description": "Allows the app to read identity risky user information for all users in your organization on behalf of the signed-in user.",
                "admin_consent_display_name": "Read identity risky user information",
                "enabled": true,
                "id": "d04bb851-cb7c-4146-97c7-ca3e71baf56c",
                "type": "Admin",
                "user_consent_description": "Allows the app to read identity risky user information for all users in your organization on behalf of the signed-in user.",
                "user_consent_display_name": "Read identity risky user information",
                "value": "IdentityRiskyUser.Read.All"
              },
              {
                "admin_consent_description": "Allows the app to read the signed-in user's activity statistics, such as how much time the user has spent on emails, in meetings, or in chat sessions.",
                "admin_consent_display_name": "Read user activity statistics",
                "enabled": true,
                "id": "e03cf23f-8056-446a-8994-7d93dfc8b50e",
                "type": "User",
                "user_consent_description": "Allows the app to read your activity statistics, such as how much time you've spent on emails, in meetings, or in chat sessions.",
                "user_consent_display_name": "Read your activity statistics",
                "value": "Analytics.Read"
              },
              {
                "admin_consent_description": "Allows the app to see and update the data you gave it access to, even when users are not currently using the app. This does not give the app any additional permissions.",
                "admin_consent_display_name": "Maintain access to data you have given it access to",
                "enabled": true,
                "id": "7427e0e9-2fba-42fe-b0c0-848c9e6a8182",
                "type": "User",
                "user_consent_description": "Allows the app to see and update the data you gave it access to, even when you are not currently using the app. This does not give the app any additional permissions.",
                "user_consent_display_name": "Maintain access to data you have given it access to",
                "value": "offline_access"
              },
              {
                "admin_consent_description": "Allows the app to have the same access to mailboxes as the signed-in user via Exchange Web Services.",
                "admin_consent_display_name": "Access mailboxes as the signed-in user via Exchange Web Services",
                "enabled": true,
                "id": "9769c687-087d-48ac-9cb3-c37dde652038",
                "type": "User",
                "user_consent_description": "Allows the app full access to your mailboxes on your behalf.",
                "user_consent_display_name": "Access your mailboxes",
                "value": "EWS.AccessAsUser.All"
              },
              {
                "admin_consent_description": "Allows the app to export data (e.g. customer content or system-generated logs), associated with any user in your company, when the app is used by a privileged user (e.g. a Company Administrator).",
                "admin_consent_display_name": "Export user's data",
                "enabled": true,
                "id": "405a51b5-8d8d-430b-9842-8be4b0e9f324",
                "type": "Admin",
                "user_consent_description": "Allows the app to export data (e.g. customer content or system-generated logs), associated with any user in your company, when the app is used by a privileged user (e.g. a Company Administrator).",
                "user_consent_display_name": "Export user's data",
                "value": "User.Export.All"
              },
              {
                "admin_consent_description": "Allows the app to deliver its notifications on behalf of signed-in users. Also allows the app to read, update, and delete the user's notification items for this app.",
                "admin_consent_display_name": "Deliver and manage user notifications for this app",
                "enabled": true,
                "id": "89497502-6e42-46a2-8cb2-427fd3df970a",
                "type": "User",
                "user_consent_description": "Allows the app to deliver its notifications, on your behalf. Also allows the app to read, update, and delete your notification items for this app.",
                "user_consent_display_name": "Deliver and manage your notifications for this app",
                "value": "Notifications.ReadWrite.CreatedByApp"
              },
              {
                "admin_consent_description": "Allows the app to read and write your organization's conditional access policies on behalf of the signed-in user.",
                "admin_consent_display_name": "Read and write your organization's conditional access policies",
                "enabled": true,
                "id": "ad902697-1014-4ef5-81ef-2b4301988e8c",
                "type": "Admin",
                "user_consent_description": "Allows the app to read and write your organization's conditional access policies on your behalf.",
                "user_consent_display_name": "Read and write your organization's conditional access policies",
                "value": "Policy.ReadWrite.ConditionalAccess"
              },
              {
                "admin_consent_description": "Allows the app to read your organization's policies on behalf of the signed-in user.",
                "admin_consent_display_name": "Read your organization's policies",
                "enabled": true,
                "id": "572fea84-0151-49b2-9301-11cb16974376",
                "type": "Admin",
                "user_consent_description": "Allows the app to read your organization's policies on your behalf.",
                "user_consent_display_name": "Read your organization's policies",
                "value": "Policy.Read.All"
              },
              {
                "admin_consent_description": "Allows the app to read access reviews, reviewers, decisions and settings that the signed-in user has access to in the organization.",
                "admin_consent_display_name": "Read all access reviews that user can access",
                "enabled": true,
                "id": "ebfcd32b-babb-40f4-a14b-42706e83bd28",
                "type": "Admin",
                "user_consent_description": "Allows the app to read information on access reviews, reviewers, decisions and settings that you have access to.",
                "user_consent_display_name": "Read access reviews that you can access",
                "value": "AccessReview.Read.All"
              },
              {
                "admin_consent_description": "Allows the app to read, update, delete and perform actions on access reviews, reviewers, decisions and settings that the signed-in user has access to in the organization.",
                "admin_consent_display_name": "Manage all access reviews that user can access",
                "enabled": true,
                "id": "e4aa47b9-9a69-4109-82ed-36ec70d85ff1",
                "type": "Admin",
                "user_consent_description": "Allows the app to read, update and perform action on access reviews, reviewers, decisions and settings that you have access to.",
                "user_consent_display_name": "Manage access reviews that you can access",
                "value": "AccessReview.ReadWrite.All"
              },
              {
                "admin_consent_description": "Allows the app to read programs and program controls that the signed-in user has access to in the organization.",
                "admin_consent_display_name": "Read all programs that user can access",
                "enabled": true,
                "id": "c492a2e1-2f8f-4caa-b076-99bbf6e40fe4",
                "type": "Admin",
                "user_consent_description": "Allows the app to read information on programs and program controls that you have access to.",
                "user_consent_display_name": "Read programs that you can access",
                "value": "ProgramControl.Read.All"
              },
              {
                "admin_consent_description": "Allows the app to read, update, delete and perform actions on programs and program controls that the signed-in user has access to in the organization.",
                "admin_consent_display_name": "Manage all programs that user can access",
                "enabled": true,
                "id": "50fd364f-9d93-4ae1-b170-300e87cccf84",
                "type": "Admin",
                "user_consent_description": "Allows the app to read, update and perform action on programs and program controls that you have access to.",
                "user_consent_display_name": "Manage programs that you can access",
                "value": "ProgramControl.ReadWrite.All"
              },
              {
                "admin_consent_description": "Allows the app to create, read, update, and delete apps in the app catalogs.",
                "admin_consent_display_name": "Read and write to all app catalogs",
                "enabled": true,
                "id": "1ca167d5-1655-44a1-8adf-1414072e1ef9",
                "type": "Admin",
                "user_consent_description": "Allows the app to create, read, update, and delete apps in the app catalogs.",
                "user_consent_display_name": "Read and write to all app catalogs",
                "value": "AppCatalog.ReadWrite.All"
              },
              {
                "admin_consent_description": "Allows the app to request and manage just in time elevation (including scheduled elevation) of users to Azure AD built-in administrative roles, on behalf of signed-in users.",
                "admin_consent_display_name": "Read and write privileged access to Azure AD",
                "enabled": true,
                "id": "3c3c74f5-cdaa-4a97-b7e0-4e788bfcfb37",
                "type": "Admin",
                "user_consent_description": "Allows the app to request and manage just in time elevation (including scheduled elevation) of users to Azure AD built-in administrative roles, on your behalf.",
                "user_consent_display_name": "Read and write privileged access to Azure AD",
                "value": "PrivilegedAccess.ReadWrite.AzureAD"
              },
              {
                "admin_consent_description": "Allows the app to read terms of use agreements on behalf of the signed-in user.",
                "admin_consent_display_name": "Read all terms of use agreements",
                "enabled": true,
                "id": "af2819c9-df71-4dd3-ade7-4d7c9dc653b7",
                "type": "Admin",
                "user_consent_description": "Allows the app to read terms of use agreements on your behalf.",
                "user_consent_display_name": "Read all terms of use agreements",
                "value": "Agreement.Read.All"
              },
              {
                "admin_consent_description": "Allows the app to read and write terms of use agreements on behalf of the signed-in user.",
                "admin_consent_display_name": "Read and write all terms of use agreements",
                "enabled": true,
                "id": "ef4b5d93-3104-4664-9053-a5c49ab44218",
                "type": "Admin",
                "user_consent_description": "Allows the app to read and write terms of use agreements on your behalf.",
                "user_consent_display_name": "Read and write all terms of use agreements",
                "value": "Agreement.ReadWrite.All"
              },
              {
                "admin_consent_description": "Allows the app to read terms of use acceptance statuses on behalf of the signed-in user.",
                "admin_consent_display_name": "Read user terms of use acceptance statuses",
                "enabled": true,
                "id": "0b7643bb-5336-476f-80b5-18fbfbc91806",
                "type": "Admin",
                "user_consent_description": "Allows the app to read your terms of use acceptance statuses.",
                "user_consent_display_name": "Read your terms of use acceptance statuses",
                "value": "AgreementAcceptance.Read"
              },
              {
                "admin_consent_description": "Allows the app to read terms of use acceptance statuses on behalf of the signed-in user.",
                "admin_consent_display_name": "Read terms of use acceptance statuses that user can access",
                "enabled": true,
                "id": "a66a5341-e66e-4897-9d52-c2df58c2bfb9",
                "type": "Admin",
                "user_consent_description": "Allows the app to read terms of use acceptance statuses on your behalf.",
                "user_consent_display_name": "Read all terms of use acceptance statuses",
                "value": "AgreementAcceptance.Read.All"
              },
              {
                "admin_consent_description": "Allows the app to read and query your audit log activities, on behalf of the signed-in user.",
                "admin_consent_display_name": "Read audit log data",
                "enabled": true,
                "id": "e4c9e354-4dc5-45b8-9e7c-e1393b0b1a20",
                "type": "Admin",
                "user_consent_description": "Allows the app to read and query your audit log activities, on your behalf.",
                "user_consent_display_name": "Read audit log data",
                "value": "AuditLog.Read.All"
              },
              {
                "admin_consent_description": "Allows the app to read and report the signed-in user's activity in the app.",
                "admin_consent_display_name": "Read and write app activity to users' activity feed",
                "enabled": true,
                "id": "47607519-5fb1-47d9-99c7-da4b48f369b1",
                "type": "User",
                "user_consent_description": "Allows the app to read and report your activity in the app.",
                "user_consent_display_name": "Read and write app activity to your activity feed",
                "value": "UserActivity.ReadWrite.CreatedByApp"
              },
              {
                "admin_consent_description": "Allows the app to read properties of Microsoft Intune-managed device configuration and device compliance policies and their assignment to groups.",
                "admin_consent_display_name": "Read Microsoft Intune Device Configuration and Policies",
                "enabled": true,
                "id": "f1493658-876a-4c87-8fa7-edb559b3476a",
                "type": "Admin",
                "user_consent_description": "Allows the app to read properties of Microsoft Intune-managed device configuration and device compliance policies and their assignment to groups.",
                "user_consent_display_name": "Read Microsoft Intune Device Configuration and Policies",
                "value": "DeviceManagementConfiguration.Read.All"
              },
              {
                "admin_consent_description": "Allows the app to read and write properties of Microsoft Intune-managed device configuration and device compliance policies and their assignment to groups.",
                "admin_consent_display_name": "Read and write Microsoft Intune Device Configuration and Policies",
                "enabled": true,
                "id": "0883f392-0a7a-443d-8c76-16a6d39c7b63",
                "type": "Admin",
                "user_consent_description": "Allows the app to read and write properties of Microsoft Intune-managed device configuration and device compliance policies and their assignment to groups.",
                "user_consent_display_name": "Read and write Microsoft Intune Device Configuration and Policies",
                "value": "DeviceManagementConfiguration.ReadWrite.All"
              },
              {
                "admin_consent_description": "Allows the app to read the properties, group assignments and status of apps, app configurations and app protection policies managed by Microsoft Intune.",
                "admin_consent_display_name": "Read Microsoft Intune apps",
                "enabled": true,
                "id": "4edf5f54-4666-44af-9de9-0144fb4b6e8c",
                "type": "Admin",
                "user_consent_description": "Allows the app to read the properties, group assignments and status of apps, app configurations and app protection policies managed by Microsoft Intune.",
                "user_consent_display_name": "Read Microsoft Intune apps",
                "value": "DeviceManagementApps.Read.All"
              },
              {
                "admin_consent_description": "Allows the app to read and write the properties, group assignments and status of apps, app configurations and app protection policies managed by Microsoft Intune.",
                "admin_consent_display_name": "Read and write Microsoft Intune apps",
                "enabled": true,
                "id": "7b3f05d5-f68c-4b8d-8c59-a2ecd12f24af",
                "type": "Admin",
                "user_consent_description": "Allows the app to read and write the properties, group assignments and status of apps, app configurations and app protection policies managed by Microsoft Intune.",
                "user_consent_display_name": "Read and write Microsoft Intune apps",
                "value": "DeviceManagementApps.ReadWrite.All"
              },
              {
                "admin_consent_description": "Allows the app to read the properties relating to the Microsoft Intune Role-Based Access Control (RBAC) settings.",
                "admin_consent_display_name": "Read Microsoft Intune RBAC settings",
                "enabled": true,
                "id": "49f0cc30-024c-4dfd-ab3e-82e137ee5431",
                "type": "Admin",
                "user_consent_description": "Allows the app to read the properties relating to the Microsoft Intune Role-Based Access Control (RBAC) settings.",
                "user_consent_display_name": "Read Microsoft Intune RBAC settings",
                "value": "DeviceManagementRBAC.Read.All"
              },
              {
                "admin_consent_description": "Allows the app to read and write the properties relating to the Microsoft Intune Role-Based Access Control (RBAC) settings.",
                "admin_consent_display_name": "Read and write Microsoft Intune RBAC settings",
                "enabled": true,
                "id": "0c5e8a55-87a6-4556-93ab-adc52c4d862d",
                "type": "Admin",
                "user_consent_description": "Allows the app to read and write the properties relating to the Microsoft Intune Role-Based Access Control (RBAC) settings.",
                "user_consent_display_name": "Read and write Microsoft Intune RBAC settings",
                "value": "DeviceManagementRBAC.ReadWrite.All"
              },
              {
                "admin_consent_description": "Allows the app to read the properties of devices managed by Microsoft Intune.",
                "admin_consent_display_name": "Read Microsoft Intune devices",
                "enabled": true,
                "id": "314874da-47d6-4978-88dc-cf0d37f0bb82",
                "type": "Admin",
                "user_consent_description": "Allows the app to read the properties of devices managed by Microsoft Intune.",
                "user_consent_display_name": "Read devices Microsoft Intune devices",
                "value": "DeviceManagementManagedDevices.Read.All"
              },
              {
                "admin_consent_description": "Allows the app to read and write the properties of devices managed by Microsoft Intune. Does not allow high impact operations such as remote wipe and password reset on the device’s owner.",
                "admin_consent_display_name": "Read and write Microsoft Intune devices",
                "enabled": true,
                "id": "44642bfe-8385-4adc-8fc6-fe3cb2c375c3",
                "type": "Admin",
                "user_consent_description": "Allows the app to read and write the properties of devices managed by Microsoft Intune. Does not allow high impact operations such as remote wipe and password reset on the device’s owner.",
                "user_consent_display_name": "Read and write Microsoft Intune devices",
                "value": "DeviceManagementManagedDevices.ReadWrite.All"
              },
              {
                "admin_consent_description": "Allows the app to perform remote high impact actions such as wiping the device or resetting the passcode on devices managed by Microsoft Intune.",
                "admin_consent_display_name": "Perform user-impacting remote actions on Microsoft Intune devices",
                "enabled": true,
                "id": "3404d2bf-2b13-457e-a330-c24615765193",
                "type": "Admin",
                "user_consent_description": "Allows the app to perform remote high impact actions such as wiping the device or resetting the passcode on devices managed by Microsoft Intune.",
                "user_consent_display_name": "Perform user-impacting remote actions on Microsoft Intune devices",
                "value": "DeviceManagementManagedDevices.PrivilegedOperations.All"
              },
              {
                "admin_consent_description": "Allows the app to read and write Microsoft Intune service properties including device enrollment and third party service connection configuration.",
                "admin_consent_display_name": "Read and write Microsoft Intune configuration",
                "enabled": true,
                "id": "662ed50a-ac44-4eef-ad86-62eed9be2a29",
                "type": "Admin",
                "user_consent_description": "Allows the app to read and write Microsoft Intune service properties including device enrollment and third party service connection configuration.",
                "user_consent_display_name": "Read and write Microsoft Intune configuration",
                "value": "DeviceManagementServiceConfig.ReadWrite.All"
              },
              {
                "admin_consent_description": "Allows the app to read Microsoft Intune service properties including device enrollment and third party service connection configuration.",
                "admin_consent_display_name": "Read Microsoft Intune configuration",
                "enabled": true,
                "id": "8696daa5-bce5-4b2e-83f9-51b6defc4e1e",
                "type": "Admin",
                "user_consent_description": "Allows the app to read Microsoft Intune service properties including device enrollment and third party service connection configuration.",
                "user_consent_display_name": "Read Microsoft Intune configuration",
                "value": "DeviceManagementServiceConfig.Read.All"
              },
              {
                "admin_consent_description": "Allows the app to read your organization’s security events on behalf of the signed-in user.",
                "admin_consent_display_name": "Read your organization’s security events",
                "enabled": true,
                "id": "64733abd-851e-478a-bffb-e47a14b18235",
                "type": "Admin",
                "user_consent_description": "Allows the app to read your organization’s security events on your behalf.",
                "user_consent_display_name": "Read your organization’s security events",
                "value": "SecurityEvents.Read.All"
              },
              {
                "admin_consent_description": "Allows the app to read your organization’s security events on behalf of the signed-in user. Also allows the app to update editable properties in security events on behalf of the signed-in user.",
                "admin_consent_display_name": "Read and update your organization’s security events",
                "enabled": true,
                "id": "6aedf524-7e1c-45a7-bd76-ded8cab8d0fc",
                "type": "Admin",
                "user_consent_description": "Allows the app to read your organization’s security events on your behalf. Also allows you to update editable properties in security events.",
                "user_consent_display_name": "Read and update your organization’s security events",
                "value": "SecurityEvents.ReadWrite.All"
              },
              {
                "admin_consent_description": "Allows the app to read a scored list of relevant people of the signed-in user or other users in the signed-in user's organization. The list can include local contacts, contacts from social networking, your organization's directory, and people from recent communications (such as email and Skype).",
                "admin_consent_display_name": "Read all users' relevant people lists",
                "enabled": true,
                "id": "b89f9189-71a5-4e70-b041-9887f0bc7e4a",
                "type": "Admin",
                "user_consent_description": "Allows the app to read a list of people in the order that is most relevant to you. Allows the app to read a list of people in the order that is most relevant to another user in your organization. These can include local contacts, contacts from social networking, people listed in your organization’s directory, and people from recent communications.",
                "user_consent_display_name": "Read all users’ relevant people lists",
                "value": "People.Read.All"
              },
              {
                "admin_consent_description": "Manage the state and settings of all Microsoft education apps on behalf of the user.",
                "admin_consent_display_name": "Manage education app settings",
                "enabled": true,
                "id": "63589852-04e3-46b4-bae9-15d5b1050748",
                "type": "Admin",
                "user_consent_description": "Allows the app to manage the state and settings of all Microsoft education apps on your behalf.",
                "user_consent_display_name": "Manage your education app settings",
                "value": "EduAdministration.ReadWrite"
              },
              {
                "admin_consent_description": "Read the state and settings of all Microsoft education apps on behalf of the user.",
                "admin_consent_display_name": "Read education app settings",
                "enabled": true,
                "id": "8523895c-6081-45bf-8a5d-f062a2f12c9f",
                "type": "Admin",
                "user_consent_description": "Allows the app to view the state and settings of all Microsoft education apps on your behalf.",
                "user_consent_display_name": "View your education app settings",
                "value": "EduAdministration.Read"
              },
              {
                "admin_consent_description": "Allows the app to read and write assignments and their grades on behalf of the user.",
                "admin_consent_display_name": "Read and write users' class assignments and their grades",
                "enabled": true,
                "id": "2f233e90-164b-4501-8bce-31af2559a2d3",
                "type": "Admin",
                "user_consent_description": "Allows the app to view and modify your assignments on your behalf including  grades.",
                "user_consent_display_name": "View and modify your assignments and grades",
                "value": "EduAssignments.ReadWrite"
              },
              {
                "admin_consent_description": "Allows the app to read assignments and their grades on behalf of the user.",
                "admin_consent_display_name": "Read users' class assignments and their grades",
                "enabled": true,
                "id": "091460c9-9c4a-49b2-81ef-1f3d852acce2",
                "type": "Admin",
                "user_consent_description": "Allows the app to view your assignments on your behalf including grades.",
                "user_consent_display_name": "View your assignments and grades",
                "value": "EduAssignments.Read"
              },
              {
                "admin_consent_description": "Allows the app to read and write assignments without grades on behalf of the user.",
                "admin_consent_display_name": "Read and write users' class assignments without grades",
                "enabled": true,
                "id": "2ef770a1-622a-47c4-93ee-28d6adbed3a0",
                "type": "Admin",
                "user_consent_description": "Allows the app to view and modify your assignments on your behalf without seeing grades.",
                "user_consent_display_name": "View and modify your assignments without grades",
                "value": "EduAssignments.ReadWriteBasic"
              },
              {
                "admin_consent_description": "Allows the app to read assignments without grades on behalf of the user.",
                "admin_consent_display_name": "Read users' class assignments without grades",
                "enabled": true,
                "id": "c0b0103b-c053-4b2e-9973-9f3a544ec9b8",
                "type": "Admin",
                "user_consent_description": "Allows the app to view your assignments on your behalf without seeing grades.",
                "user_consent_display_name": "View your assignments without grades",
                "value": "EduAssignments.ReadBasic"
              },
              {
                "admin_consent_description": "Allows the app to read and write the structure of schools and classes in an organization's roster and education-specific information about users to be read and written on behalf of the user.",
                "admin_consent_display_name": "Read and write users' view of the roster",
                "enabled": true,
                "id": "359e19a6-e3fa-4d7f-bcab-d28ec592b51e",
                "type": "Admin",
                "user_consent_description": "Allows the app to view and modify information about schools and classes in your organization and education-related information about you and other users on your behalf.",
                "user_consent_display_name": "View and modify your school, class and user information",
                "value": "EduRoster.ReadWrite"
              },
              {
                "admin_consent_description": "Allows the app to read the structure of schools and classes in an organization's roster and education-specific information about users to be read on behalf of the user.",
                "admin_consent_display_name": "Read users' view of the roster",
                "enabled": true,
                "id": "a4389601-22d9-4096-ac18-36a927199112",
                "type": "Admin",
                "user_consent_description": "Allows the app to view information about schools and classes in your organization and education-related information about you and other users on your behalf.",
                "user_consent_display_name": "View your school, class and user information",
                "value": "EduRoster.Read"
              },
              {
                "admin_consent_description": "Allows the app to read a limited subset of the properties from the structure of schools and classes in an organization's roster and a limited subset of properties about users to be read on behalf of the user. Includes name, status, education role, email address and photo.",
                "admin_consent_display_name": "Read a limited subset of users' view of the roster",
                "enabled": true,
                "id": "5d186531-d1bf-4f07-8cea-7c42119e1bd9",
                "type": "Admin",
                "user_consent_description": "Allows the app to view minimal  information about both schools and classes in your organization and education-related information about you and other users on your behalf.",
                "user_consent_display_name": "View a limited subset of your school, class and user information",
                "value": "EduRoster.ReadBasic"
              },
              {
                "admin_consent_description": "Allows the app to report the signed-in user's app activity information to Microsoft Timeline.",
                "admin_consent_display_name": "Write app activity to users' timeline",
                "enabled": true,
                "id": "367492fc-594d-4972-a9b5-0d58c622c91c",
                "type": "User",
                "user_consent_description": "Allows the app to report your app activity information to Microsoft Timeline.",
                "user_consent_display_name": "Write app activity to your timeline",
                "value": "UserTimelineActivity.Write.CreatedByApp"
              },
              {
                "admin_consent_description": "Allows the app to create, read, update, and delete user's mailbox settings. Does not include permission to send mail.",
                "admin_consent_display_name": "Read and write user mailbox settings",
                "enabled": true,
                "id": "818c620a-27a9-40bd-a6a5-d96f7d610b4b",
                "type": "User",
                "user_consent_description": "Allows the app to read, update, create, and delete your mailbox settings.",
                "user_consent_display_name": "Read and write to your mailbox settings",
                "value": "MailboxSettings.ReadWrite"
              },
              {
                "admin_consent_description": "Allows the app to launch another app or communicate with another app on a user's device on behalf of the signed-in user.",
                "admin_consent_display_name": "Communicate with user devices",
                "enabled": true,
                "id": "bac3b9c2-b516-4ef4-bd3b-c2ef73d8d804",
                "type": "User",
                "user_consent_description": "Allows the app to launch another app or communicate with another app on a device that you own.",
                "user_consent_display_name": "Communicate with your other devices",
                "value": "Device.Command"
              },
              {
                "admin_consent_description": "Allows the app to read a user's list of devices on behalf of the signed-in user.",
                "admin_consent_display_name": "Read user devices",
                "enabled": true,
                "id": "11d4cd79-5ba5-460f-803f-e22c8ab85ccd",
                "type": "User",
                "user_consent_description": "Allows the app to see your list of devices.",
                "user_consent_display_name": "View your list of devices",
                "value": "Device.Read"
              },
              {
                "admin_consent_description": "Allows the app to read, share, and modify OneNote notebooks that the signed-in user has access to in the organization.",
                "admin_consent_display_name": "Read and write all OneNote notebooks that user can access",
                "enabled": true,
                "id": "64ac0503-b4fa-45d9-b544-71a463f05da0",
                "type": "User",
                "user_consent_description": "Allows the app to read, share, and modify all the OneNote notebooks that you have access to.",
                "user_consent_display_name": "Read and write all OneNote notebooks that you can access",
                "value": "Notes.ReadWrite.All"
              },
              {
                "admin_consent_description": "Allows the app to read OneNote notebooks that the signed-in user has access to in the organization.",
                "admin_consent_display_name": "Read all OneNote notebooks that user can access",
                "enabled": true,
                "id": "dfabfca6-ee36-4db2-8208-7a28381419b3",
                "type": "User",
                "user_consent_description": "Allows the app to read all the OneNote notebooks that you have access to.",
                "user_consent_display_name": "Read all OneNote notebooks that you can access",
                "value": "Notes.Read.All"
              },
              {
                "admin_consent_description": "Allows the app to read, share, and modify OneNote notebooks on behalf of the signed-in user.",
                "admin_consent_display_name": "Read and write user OneNote notebooks",
                "enabled": true,
                "id": "615e26af-c38a-4150-ae3e-c3b0d4cb1d6a",
                "type": "User",
                "user_consent_description": "Allows the app to read, share, and modify OneNote notebooks on your behalf.",
                "user_consent_display_name": "Read and write your OneNote notebooks",
                "value": "Notes.ReadWrite"
              },
              {
                "admin_consent_description": "Allows the app to read OneNote notebooks on behalf of the signed-in user.",
                "admin_consent_display_name": "Read user OneNote notebooks",
                "enabled": true,
                "id": "371361e4-b9e2-4a3f-8315-2a301a3b0a3d",
                "type": "User",
                "user_consent_description": "Allows the app to read OneNote notebooks on your behalf.",
                "user_consent_display_name": "Read your OneNote notebooks",
                "value": "Notes.Read"
              },
              {
                "admin_consent_description": "This is deprecated!  Do not use! This permission no longer has any effect. You can safely consent to it. No additional privileges will be granted to the app.",
                "admin_consent_display_name": "Limited notebook access (deprecated)",
                "enabled": true,
                "id": "ed68249d-017c-4df5-9113-e684c7f8760b",
                "type": "User",
                "user_consent_description": "This permission no longer has any effect. You can safely consent to it. No additional privileges will be granted to the app.",
                "user_consent_display_name": "Limited access to your OneNote notebooks for this app (preview)",
                "value": "Notes.ReadWrite.CreatedByApp"
              },
              {
                "admin_consent_description": "Allows the app to read the titles of OneNote notebooks and sections and to create new pages, notebooks, and sections on behalf of the signed-in user.",
                "admin_consent_display_name": "Create user OneNote notebooks",
                "enabled": true,
                "id": "9d822255-d64d-4b7a-afdb-833b9a97ed02",
                "type": "User",
                "user_consent_description": "Allows the app to view the titles of your OneNote notebooks and sections and to create new pages, notebooks, and sections on your behalf.",
                "user_consent_display_name": "Create your OneNote notebooks",
                "value": "Notes.Create"
              },
              {
                "admin_consent_description": "Allows the app to invite guest users to the organization, on behalf of the signed-in user.",
                "admin_consent_display_name": "Invite guest users to the organization",
                "enabled": true,
                "id": "63dd7cd9-b489-4adf-a28c-ac38b9a0f962",
                "type": "Admin",
                "user_consent_description": "Allows the app to invite guest users to the organization, on your behalf.",
                "user_consent_display_name": "Invite guest users to the organization",
                "value": "User.Invite.All"
              },
              {
                "admin_consent_description": "Allows the app to the read user's mailbox settings. Does not include permission to send mail.",
                "admin_consent_display_name": "Read user mailbox settings",
                "enabled": true,
                "id": "87f447af-9fa4-4c32-9dfa-4a57a73d18ce",
                "type": "User",
                "user_consent_description": "Allows the app to read your mailbox settings.",
                "user_consent_display_name": "Read your mailbox settings",
                "value": "MailboxSettings.Read"
              },
              {
                "admin_consent_description": "(Preview) Allows the app to read files that the user selects. The app has access for several hours after the user selects a file.",
                "admin_consent_display_name": "Read files that the user selects (preview)",
                "enabled": true,
                "id": "5447fe39-cb82-4c1a-b977-520e67e724eb",
                "type": "User",
                "user_consent_description": "(Preview) Allows the app to read files that you select. After you select a file, the app has access to the file for several hours.",
                "user_consent_display_name": "Read selected files",
                "value": "Files.Read.Selected"
              },
              {
                "admin_consent_description": "(Preview) Allows the app to read and write files that the user selects. The app has access for several hours after the user selects a file.",
                "admin_consent_display_name": "Read and write files that the user selects (preview)",
                "enabled": true,
                "id": "17dde5bd-8c17-420f-a486-969730c1b827",
                "type": "User",
                "user_consent_description": "(Preview) Allows the app to read and write files that you select. After you select a file, the app has access to the file for several hours.",
                "user_consent_display_name": "Read and write selected files",
                "value": "Files.ReadWrite.Selected"
              },
              {
                "admin_consent_description": "(Preview) Allows the app to read, create, update and delete files in the application's folder.",
                "admin_consent_display_name": "Have full access to the application's folder (preview)",
                "enabled": true,
                "id": "8019c312-3263-48e6-825e-2b833497195b",
                "type": "User",
                "user_consent_description": "(Preview) Allows the app to read, create, update and delete files in the application's folder.",
                "user_consent_display_name": "Have full access to the application's folder",
                "value": "Files.ReadWrite.AppFolder"
              },
              {
                "admin_consent_description": "Allows an app to read all service usage reports on behalf of the signed-in user.  Services that provide usage reports include Office 365 and Azure Active Directory.",
                "admin_consent_display_name": "Read all usage reports",
                "enabled": true,
                "id": "02e97553-ed7b-43d0-ab3c-f8bace0d040c",
                "type": "Admin",
                "user_consent_description": "Allows an app to read all service usage reports on your behalf. Services that provide usage reports include Office 365 and Azure Active Directory.",
                "user_consent_display_name": "Read all usage reports",
                "value": "Reports.Read.All"
              },
              {
                "admin_consent_description": "Allows the application to edit or delete documents and list items in all site collections on behalf of the signed-in user.",
                "admin_consent_display_name": "Edit or delete items in all site collections",
                "enabled": true,
                "id": "89fe6a52-be36-487e-b7d8-d061c450a026",
                "type": "User",
                "user_consent_description": "Allow the application to edit or delete documents and list items in all site collections on your behalf.",
                "user_consent_display_name": "Edit or delete items in all site collections",
                "value": "Sites.ReadWrite.All"
              },
              {
                "admin_consent_description": "Allows the app to create, read, update, and delete tasks a user has permissions to, including their own and shared tasks.",
                "admin_consent_display_name": "Read and write user and shared tasks",
                "enabled": true,
                "id": "c5ddf11b-c114-4886-8558-8a4e557cd52b",
                "type": "User",
                "user_consent_description": "Allows the app to read, update, create, and delete tasks you have permissions to access, including your own and shared tasks.",
                "user_consent_display_name": "Read and write to your and shared tasks",
                "value": "Tasks.ReadWrite.Shared"
              },
              {
                "admin_consent_description": "Allows the app to read tasks a user has permissions to access, including their own and shared tasks.",
                "admin_consent_display_name": "Read user and shared tasks",
                "enabled": true,
                "id": "88d21fd4-8e5a-4c32-b5e2-4a1c95f34f72",
                "type": "User",
                "user_consent_description": "Allows the app to read tasks you have permissions to access, including your own and shared tasks.",
                "user_consent_display_name": "Read your and shared tasks",
                "value": "Tasks.Read.Shared"
              },
              {
                "admin_consent_description": "Allows the app to create, read, update, and delete contacts a user has permissions to, including their own and shared contacts.",
                "admin_consent_display_name": "Read and write user and shared contacts",
                "enabled": true,
                "id": "afb6c84b-06be-49af-80bb-8f3f77004eab",
                "type": "User",
                "user_consent_description": "Allows the app to read, update, create, and delete contacts you have permissions to access, including your own and shared contacts.",
                "user_consent_display_name": "Read and write to your and shared contacts",
                "value": "Contacts.ReadWrite.Shared"
              },
              {
                "admin_consent_description": "Allows the app to read contacts a user has permissions to access, including their own and shared contacts.",
                "admin_consent_display_name": "Read user and shared contacts",
                "enabled": true,
                "id": "242b9d9e-ed24-4d09-9a52-f43769beb9d4",
                "type": "User",
                "user_consent_description": "Allows the app to read contacts you have permissions to access, including your own and shared contacts.",
                "user_consent_display_name": "Read your and shared contacts",
                "value": "Contacts.Read.Shared"
              },
              {
                "admin_consent_description": "Allows the app to create, read, update and delete events in all calendars in the organization user has permissions to access. This includes delegate and shared calendars.",
                "admin_consent_display_name": "Read and write user and shared calendars",
                "enabled": true,
                "id": "12466101-c9b8-439a-8589-dd09ee67e8e9",
                "type": "User",
                "user_consent_description": "Allows the app to read, update, create and delete events in all calendars in your organization you have permissions to access. This includes delegate and shared calendars.",
                "user_consent_display_name": "Read and write to your and shared calendars",
                "value": "Calendars.ReadWrite.Shared"
              },
              {
                "admin_consent_description": "Allows the app to read events in all calendars that the user can access, including delegate and shared calendars.",
                "admin_consent_display_name": "Read user and shared calendars",
                "enabled": true,
                "id": "2b9c4092-424d-4249-948d-b43879977640",
                "type": "User",
                "user_consent_description": "Allows the app to read events in all calendars that you can access, including delegate and shared calendars. ",
                "user_consent_display_name": "Read calendars you can access",
                "value": "Calendars.Read.Shared"
              },
              {
                "admin_consent_description": "Allows the app to send mail as the signed-in user, including sending on-behalf of others.",
                "admin_consent_display_name": "Send mail on behalf of others",
                "enabled": true,
                "id": "a367ab51-6b49-43bf-a716-a1fb06d2a174",
                "type": "User",
                "user_consent_description": "Allows the app to send mail as you or on-behalf of someone else.",
                "user_consent_display_name": "Send mail on behalf of others or yourself",
                "value": "Mail.Send.Shared"
              },
              {
                "admin_consent_description": "Allows the app to create, read, update, and delete mail a user has permission to access, including their own and shared mail. Does not include permission to send mail.",
                "admin_consent_display_name": "Read and write user and shared mail",
                "enabled": true,
                "id": "5df07973-7d5d-46ed-9847-1271055cbd51",
                "type": "User",
                "user_consent_description": "Allows the app to read, update, create, and delete mail you have permission to access, including your own and shared mail. Does not allow the app to send mail on your behalf.",
                "user_consent_display_name": "Read and write mail you can access",
                "value": "Mail.ReadWrite.Shared"
              },
              {
                "admin_consent_description": "Allows the app to read mail a user can access, including their own and shared mail.",
                "admin_consent_display_name": "Read user and shared mail",
                "enabled": true,
                "id": "7b9103a5-4610-446b-9670-80643382c1fa",
                "type": "User",
                "user_consent_description": "Allows the app to read mail you can access, including shared mail.",
                "user_consent_display_name": "Read mail you can access",
                "value": "Mail.Read.Shared"
              },
              {
                "admin_consent_description": "Allows users to sign-in to the app, and allows the app to read the profile of signed-in users. It also allows the app to read basic company information of signed-in users.",
                "admin_consent_display_name": "Sign in and read user profile",
                "enabled": true,
                "id": "e1fe6dd8-ba31-4d61-89e7-88639da4683d",
                "type": "User",
                "user_consent_description": "Allows you to sign in to the app with your organizational account and let the app read your profile. It also allows the app to read basic company information.",
                "user_consent_display_name": "Sign you in and read your profile",
                "value": "User.Read"
              },
              {
                "admin_consent_description": "Allows the app to read your profile. It also allows the app to update your profile information on your behalf.",
                "admin_consent_display_name": "Read and write access to user profile",
                "enabled": true,
                "id": "b4e74841-8e56-480b-be8b-910348b18b4c",
                "type": "User",
                "user_consent_description": "Allows the app to read your profile, and discover your group membership, reports and manager. It also allows the app to update your profile information on your behalf.",
                "user_consent_display_name": "Read and update your profile",
                "value": "User.ReadWrite"
              },
              {
                "admin_consent_description": "Allows the app to read a basic set of profile properties of other users in your organization on behalf of the signed-in user. This includes display name, first and last name, email address and photo.",
                "admin_consent_display_name": "Read all users' basic profiles",
                "enabled": true,
                "id": "b340eb25-3456-403f-be2f-af7a0d370277",
                "type": "User",
                "user_consent_description": "Allows the app to read a basic set of profile properties of other users in your organization on your behalf. Includes display name, first and last name, email address and photo.",
                "user_consent_display_name": "Read all users' basic profiles",
                "value": "User.ReadBasic.All"
              },
              {
                "admin_consent_description": "Allows the app to read the full set of profile properties, reports, and managers of other users in your organization, on behalf of the signed-in user.",
                "admin_consent_display_name": "Read all users' full profiles",
                "enabled": true,
                "id": "a154be20-db9c-4678-8ab7-66f6cc099a59",
                "type": "Admin",
                "user_consent_description": "Allows the app to read the full set of profile properties, reports, and managers of other users in your organization, on your behalf.",
                "user_consent_display_name": "Read all users' full profiles",
                "value": "User.Read.All"
              },
              {
                "admin_consent_description": "Allows the app to read and write the full set of profile properties, reports, and managers of other users in your organization, on behalf of the signed-in user.",
                "admin_consent_display_name": "Read and write all users' full profiles",
                "enabled": true,
                "id": "204e0828-b5ca-4ad8-b9f3-f32a958e7cc4",
                "type": "Admin",
                "user_consent_description": "Allows the app to read and write the full set of profile properties, reports, and managers of other users in your organization, on your behalf.",
                "user_consent_display_name": "Read and write all users' full profiles",
                "value": "User.ReadWrite.All"
              },
              {
                "admin_consent_description": "Allows the app to list groups, and to read their properties and all group memberships on behalf of the signed-in user.  Also allows the app to read calendar, conversations, files, and other group content for all groups the signed-in user can access. ",
                "admin_consent_display_name": "Read all groups",
                "enabled": true,
                "id": "5f8c59db-677d-491f-a6b8-5f174b11ec1d",
                "type": "Admin",
                "user_consent_description": "Allows the app to list groups, and to read their properties and all group memberships on your behalf.  Also allows the app to read calendar, conversations, files, and other group content for all groups you can access.  ",
                "user_consent_display_name": "Read all groups",
                "value": "Group.Read.All"
              },
              {
                "admin_consent_description": "Allows the app to create groups and read all group properties and memberships on behalf of the signed-in user.  Additionally allows group owners to manage their groups and allows group members to update group content.",
                "admin_consent_display_name": "Read and write all groups",
                "enabled": true,
                "id": "4e46008b-f24c-477d-8fff-7bb4ec7aafe0",
                "type": "Admin",
                "user_consent_description": "Allows the app to create groups and read all group properties and memberships on your behalf.  Additionally allows the app to manage your groups and to update group content for groups you are a member of.",
                "user_consent_display_name": "Read and write all groups",
                "value": "Group.ReadWrite.All"
              },
              {
                "admin_consent_description": "Allows the app to read data in your organization's directory, such as users, groups and apps.",
                "admin_consent_display_name": "Read directory data",
                "enabled": true,
                "id": "06da0dbc-49e2-44d2-8312-53f166ab848a",
                "type": "Admin",
                "user_consent_description": "Allows the app to read data in your organization's directory.",
                "user_consent_display_name": "Read directory data",
                "value": "Directory.Read.All"
              },
              {
                "admin_consent_description": "Allows the app to read and write data in your organization's directory, such as users, and groups.  It does not allow the app to delete users or groups, or reset user passwords.",
                "admin_consent_display_name": "Read and write directory data",
                "enabled": true,
                "id": "c5366453-9fb0-48a5-a156-24f0c49a4b84",
                "type": "Admin",
                "user_consent_description": "Allows the app to read and write data in your organization's directory, such as other users, groups.  It does not allow the app to delete users or groups, or reset user passwords.",
                "user_consent_display_name": "Read and write directory data",
                "value": "Directory.ReadWrite.All"
              },
              {
                "admin_consent_description": "Allows the app to have the same access to information in the directory as the signed-in user.",
                "admin_consent_display_name": "Access directory as the signed in user",
                "enabled": true,
                "id": "0e263e50-5827-48a4-b97c-d940288653c7",
                "type": "Admin",
                "user_consent_description": "Allows the app to have the same access to information in your work or school directory as you do.",
                "user_consent_display_name": "Access the directory as you",
                "value": "Directory.AccessAsUser.All"
              },
              {
                "admin_consent_description": "Allows the app to create, read, update, and delete email in user mailboxes. Does not include permission to send mail. ",
                "admin_consent_display_name": "Read and write access to user mail ",
                "enabled": true,
                "id": "024d486e-b451-40bb-833d-3e66d98c5c73",
                "type": "User",
                "user_consent_description": "Allows the app to read, update, create and delete email in your mailbox. Does not include permission to send mail. ",
                "user_consent_display_name": "Read and write access to your mail ",
                "value": "Mail.ReadWrite"
              },
              {
                "admin_consent_description": "Allows the app to send mail as users in the organization. ",
                "admin_consent_display_name": "Send mail as a user ",
                "enabled": true,
                "id": "e383f46e-2787-4529-855e-0e479a3ffac0",
                "type": "User",
                "user_consent_description": "Allows the app to send mail as you. ",
                "user_consent_display_name": "Send mail as you ",
                "value": "Mail.Send"
              },
              {
                "admin_consent_description": "Allows the app to read events in user calendars . ",
                "admin_consent_display_name": "Read user calendars ",
                "enabled": true,
                "id": "465a38f9-76ea-45b9-9f34-9e8b0d4b0b42",
                "type": "User",
                "user_consent_description": "Allows the app to read events in your calendars. ",
                "user_consent_display_name": "Read your calendars ",
                "value": "Calendars.Read"
              },
              {
                "admin_consent_description": "Allows the app to create, read, update, and delete events in user calendars. ",
                "admin_consent_display_name": "Have full access to user calendars ",
                "enabled": true,
                "id": "1ec239c2-d7c9-4623-a91a-a9775856bb36",
                "type": "User",
                "user_consent_description": "Allows the app to read, update, create and delete events in your calendars. ",
                "user_consent_display_name": "Have full access to your calendars  ",
                "value": "Calendars.ReadWrite"
              },
              {
                "admin_consent_description": "Allows the app to read user contacts.  ",
                "admin_consent_display_name": "Read user contacts ",
                "enabled": true,
                "id": "ff74d97f-43af-4b68-9f2a-b77ee6968c5d",
                "type": "User",
                "user_consent_description": "Allows the app to read contacts in your contact folders. ",
                "user_consent_display_name": "Read your contacts ",
                "value": "Contacts.Read"
              },
              {
                "admin_consent_description": "Allows the app to create, read, update, and delete user contacts. ",
                "admin_consent_display_name": "Have full access to user contacts ",
                "enabled": true,
                "id": "d56682ec-c09e-4743-aaf4-1a3aac4caa21",
                "type": "User",
                "user_consent_description": "Allows the app to read, update, create and delete contacts in your contact folders. ",
                "user_consent_display_name": "Have full access of your contacts ",
                "value": "Contacts.ReadWrite"
              },
              {
                "admin_consent_description": "Allows the app to read the signed-in user's files.",
                "admin_consent_display_name": "Read user files",
                "enabled": true,
                "id": "10465720-29dd-4523-a11a-6a75c743c9d9",
                "type": "User",
                "user_consent_description": "Allows the app to read your files.",
                "user_consent_display_name": "Read your files",
                "value": "Files.Read"
              },
              {
                "admin_consent_description": "Allows the app to read, create, update and delete the signed-in user's files.",
                "admin_consent_display_name": "Have full access to user files",
                "enabled": true,
                "id": "5c28f0bf-8a70-41f1-8ab2-9032436ddb65",
                "type": "User",
                "user_consent_description": "Allows the app to read, create, update, and delete your files.",
                "user_consent_display_name": "Have full access to your files",
                "value": "Files.ReadWrite"
              },
              {
                "admin_consent_description": "Allows the app to read all files the signed-in user can access.",
                "admin_consent_display_name": "Read all files that user can access",
                "enabled": true,
                "id": "df85f4d6-205c-4ac5-a5ea-6bf408dba283",
                "type": "User",
                "user_consent_description": "Allows the app to read all files you can access.",
                "user_consent_display_name": "Read all files that you have access to",
                "value": "Files.Read.All"
              },
              {
                "admin_consent_description": "Allows the app to read, create, update and delete all files the signed-in user can access.",
                "admin_consent_display_name": "Have full access to all files user can access",
                "enabled": true,
                "id": "863451e7-0667-486c-a5d6-d135439485f0",
                "type": "User",
                "user_consent_description": "Allows the app to read, create, update and delete all files that you can access.",
                "user_consent_display_name": "Have full access to all files you have access to",
                "value": "Files.ReadWrite.All"
              },
              {
                "admin_consent_description": "Allows the application to read documents and list  items in all site collections on behalf of the signed-in user",
                "admin_consent_display_name": "Read items in all site collections",
                "enabled": true,
                "id": "205e70e5-aba6-4c52-a976-6d2d46c48043",
                "type": "User",
                "user_consent_description": "Allow the application to read documents and list items in all site collections on your behalf",
                "user_consent_display_name": "Read items in all site collections",
                "value": "Sites.Read.All"
              },
              {
                "admin_consent_description": "Allows users to sign in to the app with their work or school accounts and allows the app to see basic user profile information.",
                "admin_consent_display_name": "Sign users in",
                "enabled": true,
                "id": "37f7f235-527c-4136-accd-4a02d197296e",
                "type": "User",
                "user_consent_description": "Allows you to sign in to the app with your work or school account and allows the app to read your basic profile information.",
                "user_consent_display_name": "Sign in as you",
                "value": "openid"
              },
              {
                "admin_consent_description": "Allows the app to read your users' primary email address",
                "admin_consent_display_name": "View users' email address",
                "enabled": true,
                "id": "64a6cdd6-aab1-4aaf-94b8-3cc8405e90d0",
                "type": "User",
                "user_consent_description": "Allows the app to read your primary email address",
                "user_consent_display_name": "View your email address",
                "value": "email"
              },
              {
                "admin_consent_description": "Allows the app to read identity risk event information for all users in your organization on behalf of the signed-in user. ",
                "admin_consent_display_name": "Read identity risk event information",
                "enabled": true,
                "id": "8f6a01e7-0391-4ee5-aa22-a3af122cef27",
                "type": "Admin",
                "user_consent_description": "Allows the app to read identity risk event information for all users in your organization on behalf of the signed-in user. ",
                "user_consent_display_name": "Read identity risk event information",
                "value": "IdentityRiskEvent.Read.All"
              },
              {
                "admin_consent_description": "Allows the app to read the memberships of hidden groups and administrative units on behalf of the signed-in user, for those hidden groups and administrative units that the signed-in user has access to.",
                "admin_consent_display_name": "Read hidden memberships",
                "enabled": true,
                "id": "f6a3db3e-f7e8-4ed2-a414-557c8c9830be",
                "type": "Admin",
                "user_consent_description": "Allows the app to read the memberships of hidden groups or administrative units on your behalf, for those hidden groups or adminstrative units that you have access to.",
                "user_consent_display_name": "Read your hidden memberships",
                "value": "Member.Read.Hidden"
              },
              {
                "admin_consent_description": "Allows the app to read a ranked list of relevant people of the signed-in user. The list includes local contacts, contacts from social networking, your organization's directory, and people from recent communications (such as email and Skype).",
                "admin_consent_display_name": "Read users' relevant people lists",
                "enabled": true,
                "id": "ba47897c-39ec-4d83-8086-ee8256fa737d",
                "type": "User",
                "user_consent_description": "Allows the app to read a list of people in the order that's most relevant to you. This includes your local contacts, your contacts from social networking, people listed in your organization's directory, and people from recent communications.",
                "user_consent_display_name": "Read your relevant people list",
                "value": "People.Read"
              },
              {
                "admin_consent_description": "Allows the application to create or delete document libraries and lists in all site collections on behalf of the signed-in user.",
                "admin_consent_display_name": "Create, edit, and delete items and lists in all site collections",
                "enabled": true,
                "id": "65e50fdc-43b7-4915-933e-e8138f11f40a",
                "type": "User",
                "user_consent_description": "Allow the application to create or delete document libraries and lists in all site collections on your behalf.",
                "user_consent_display_name": "Create, edit, and delete items and lists in all your site collections",
                "value": "Sites.Manage.All"
              },
              {
                "admin_consent_description": "Allows the application to have full control of all site collections on behalf of the signed-in user.",
                "admin_consent_display_name": "Have full control of all site collections",
                "enabled": true,
                "id": "5a54b8b3-347c-476d-8f8e-42d5c7424d29",
                "type": "Admin",
                "user_consent_description": "Allow the application to have full control of all site collections on your behalf.",
                "user_consent_display_name": "Have full control of all your site collections",
                "value": "Sites.FullControl.All"
              },
              {
                "admin_consent_description": "Allows the app to read and write your organization’s identity (authentication) providers’ properties on behalf of the user.",
                "admin_consent_display_name": "Read and write identity providers",
                "enabled": true,
                "id": "f13ce604-1677-429f-90bd-8a10b9f01325",
                "type": "Admin",
                "user_consent_description": "Allows the app to read and write your organization’s identity (authentication) providers’ properties on your behalf.",
                "user_consent_display_name": "Read and write identity providers",
                "value": "IdentityProvider.ReadWrite.All"
              },
              {
                "admin_consent_description": "Allows the app to read your organization’s identity (authentication) providers’ properties on behalf of the user.",
                "admin_consent_display_name": "Read identity providers",
                "enabled": true,
                "id": "43781733-b5a7-4d1b-98f4-e8edff23e1a9",
                "type": "Admin",
                "user_consent_description": "Allows the app to read your organization’s identity (authentication) providers’ properties on your behalf.",
                "user_consent_display_name": "Read identity providers",
                "value": "IdentityProvider.Read.All"
              },
              {
                "admin_consent_description": "Allows an app to read bookings appointments, businesses, customers, services, and staff on behalf of the signed-in user.",
                "admin_consent_display_name": "Read bookings information",
                "enabled": true,
                "id": "33b1df99-4b29-4548-9339-7a7b83eaeebc",
                "type": "User",
                "user_consent_description": "Allows an app to read bookings appointments, businesses, customers, services, and staff on your behalf.",
                "user_consent_display_name": "Read bookings information",
                "value": "Bookings.Read.All"
              },
              {
                "admin_consent_description": "Allows an app to read and write bookings appointments and customers, and additionally allows read businesses information, services, and staff on behalf of the signed-in user.",
                "admin_consent_display_name": "Read and write booking appointments",
                "enabled": true,
                "id": "02a5a114-36a6-46ff-a102-954d89d9ab02",
                "type": "User",
                "user_consent_description": "Allows an app to read and write bookings appointments and customers, and additionally allows read businesses information, services, and staff on your behalf.",
                "user_consent_display_name": "Read and write booking appointments",
                "value": "BookingsAppointment.ReadWrite.All"
              },
              {
                "admin_consent_description": "Allows an app to read and write bookings appointments, businesses, customers, services, and staff on behalf of the signed-in user. Does not allow create, delete and publish of booking businesses.",
                "admin_consent_display_name": "Read and write bookings information",
                "enabled": true,
                "id": "948eb538-f19d-4ec5-9ccc-f059e1ea4c72",
                "type": "User",
                "user_consent_description": "Allows an app to read and write Bookings appointments, businesses, customers, services, and staff on your behalf. Does not allow create, delete and publish of booking businesses.",
                "user_consent_display_name": "Read and write bookings information",
                "value": "Bookings.ReadWrite.All"
              },
              {
                "admin_consent_description": "Allows an app to read, write and manage bookings appointments, businesses, customers, services, and staff on behalf of the signed-in user.",
                "admin_consent_display_name": "Manage bookings information",
                "enabled": true,
                "id": "7f36b48e-542f-4d3b-9bcb-8406f0ab9fdb",
                "type": "User",
                "user_consent_description": "Allows an app to read, write and manage bookings appointments, businesses, customers, services, and staff on your behalf.",
                "user_consent_display_name": "Manage bookings information",
                "value": "Bookings.Manage.All"
              },
              {
                "admin_consent_description": "Allows the app to have the same access to mailboxes as the signed-in user via Exchange ActiveSync.",
                "admin_consent_display_name": "Access mailboxes via Exchange ActiveSync",
                "enabled": true,
                "id": "ff91d191-45a0-43fd-b837-bd682c4a0b0f",
                "type": "User",
                "user_consent_description": "Allows the app full access to your mailboxes on your behalf.",
                "user_consent_display_name": "Access your mailboxes",
                "value": "EAS.AccessAsUser.All"
              },
              {
                "admin_consent_description": "Allows the app to read and write financials data on behalf of the signed-in user.",
                "admin_consent_display_name": "Read and write financials data",
                "enabled": true,
                "id": "f534bf13-55d4-45a9-8f3c-c92fe64d6131",
                "type": "User",
                "user_consent_description": "Allows the app to read and write financials data on your behalf.",
                "user_consent_display_name": "Read and write financials data",
                "value": "Financials.ReadWrite.All"
              },
              {
                "admin_consent_description": "Allows the app to read your organization's user flows, on behalf of the signed-in user.",
                "admin_consent_display_name": "Read all identity user flows",
                "enabled": true,
                "id": "2903d63d-4611-4d43-99ce-a33f3f52e343",
                "type": "Admin",
                "user_consent_description": "Allows the app to read your organization's user flows, on your behalf.",
                "user_consent_display_name": "Read all identity user flows",
                "value": "IdentityUserFlow.Read.All"
              },
              {
                "admin_consent_description": "Allows the app to read or write your organization's user flows, on behalf of the signed-in user.",
                "admin_consent_display_name": "Read and write all identity user flows",
                "enabled": true,
                "id": "281892cc-4dbf-4e3a-b6cc-b21029bb4e82",
                "type": "Admin",
                "user_consent_description": "Allows the app to read or write your organization's user flows, on your behalf.",
                "user_consent_display_name": "Read and write all identity user flows",
                "value": "IdentityUserFlow.ReadWrite.All"
              },
              {
                "admin_consent_description": "Allows the app to read all organizational contacts on behalf of the signed-in user.  These contacts are managed by the organization and are different from a user's personal contacts.",
                "admin_consent_display_name": "Read organizational contacts",
                "enabled": true,
                "id": "08432d1b-5911-483c-86df-7980af5cdee0",
                "type": "Admin",
                "user_consent_description": "Allows the app to read all organizational contacts on your behalf.  These contacts are managed by the organization and are different from your personal contacts.",
                "user_consent_display_name": "Read organizational contacts",
                "value": "OrgContact.Read.All"
              },
              {
                "admin_consent_description": "Allows the app to manage permission grants for application permissions to any API (including Microsoft Graph) and application assignments for any app, on behalf of the signed-in user.",
                "admin_consent_display_name": "Manage app permission grants and app role assignments",
                "enabled": true,
                "id": "84bccea3-f856-4a8a-967b-dbe0a3d53a64",
                "type": "Admin",
                "user_consent_description": "Allows the app to manage permission grants for application permissions to any API (including Microsoft Graph) and application assignments for any app, on your behalf.",
                "user_consent_display_name": "Manage app permission grants and app role assignments",
                "value": "AppRoleAssignment.ReadWrite.All"
              },
              {
                "admin_consent_description": "Allows the app to manage permission grants for delegated permissions exposed by any API (including Microsoft Graph), on behalf of the signed in user.",
                "admin_consent_display_name": "Manage all delegated permission grants",
                "enabled": true,
                "id": "41ce6ca6-6826-4807-84f1-1c82854f7ee5",
                "type": "Admin",
                "user_consent_description": "Allows the app to manage permission grants for delegated permissions exposed by any API (including Microsoft Graph), on your behalf. ",
                "user_consent_display_name": "Manage all delegated permission grants",
                "value": "DelegatedPermissionGrant.ReadWrite.All"
              },
              {
                "admin_consent_description": "Allows the app to read online meeting details on behalf of the signed-in user.",
                "admin_consent_display_name": "Read user's online meetings",
                "enabled": true,
                "id": "9be106e1-f4e3-4df5-bdff-e4bc531cbe43",
                "type": "User",
                "user_consent_description": "Allows the app to read online meeting details on your behalf.",
                "user_consent_display_name": "Read your online meetings",
                "value": "OnlineMeetings.Read"
              },
              {
                "admin_consent_description": "Allows the app to read and create online meetings on behalf of the signed-in user.",
                "admin_consent_display_name": "Read and create user's online meetings",
                "enabled": true,
                "id": "a65f2972-a4f8-4f5e-afd7-69ccb046d5dc",
                "type": "User",
                "user_consent_description": "Allows the app to read and create online meetings on your behalf.",
                "user_consent_display_name": "Read and create your online meetings",
                "value": "OnlineMeetings.ReadWrite"
              },
              {
                "admin_consent_description": "Allows the app to read the signed-in user's teamwork activity feed.",
                "admin_consent_display_name": "Read user's teamwork activity feed",
                "enabled": true,
                "id": "0e755559-83fb-4b44-91d0-4cc721b9323e",
                "type": "User",
                "user_consent_description": "Allows the app to read your teamwork activity feed.",
                "user_consent_display_name": "Read your teamwork activity feed",
                "value": "TeamsActivity.Read"
              },
              {
                "admin_consent_description": "Allows the app to request and manage time-based assignment and just-in-time elevation of user privileges to manage Azure resources (like subscriptions, resource groups, storage, compute) on behalf of the signed-in users.",
                "admin_consent_display_name": "Read and write privileged access to Azure resources",
                "enabled": true,
                "id": "a84a9652-ffd3-496e-a991-22ba5529156a",
                "type": "Admin",
                "user_consent_description": "Allows the app to request and manage time-based assignment and just-in-time elevation of user privileges to manage  your Azure resources (like your subscriptions, resource groups, storage, compute) on your behalf.",
                "user_consent_display_name": "Read and write privileged access to Azure resources",
                "value": "PrivilegedAccess.ReadWrite.AzureResources"
              },
              {
                "admin_consent_description": "Allows the app to read time-based assignment and just-in-time elevation (including scheduled elevation) of Azure AD built-in and custom administrative roles, on behalf of the signed-in user.",
                "admin_consent_display_name": "Read privileged access to Azure AD",
                "enabled": true,
                "id": "b3a539c9-59cb-4ad5-825a-041ddbdc2bdb",
                "type": "Admin",
                "user_consent_description": "Allows the app to read time-based assignment and just-in-time elevation (including scheduled elevation) of Azure AD built-in and custom administrative roles, on your behalf.",
                "user_consent_display_name": "Read privileged access to Azure AD",
                "value": "PrivilegedAccess.Read.AzureAD"
              },
              {
                "admin_consent_description": "Allows the app to read time-based assignment and just-in-time elevation (including scheduled elevation) of Azure AD groups, on behalf of the signed-in user.",
                "admin_consent_display_name": "Read privileged access to Azure AD groups",
                "enabled": true,
                "id": "d329c81c-20ad-4772-abf9-3f6fdb7e5988",
                "type": "Admin",
                "user_consent_description": "Allows the app to read time-based assignment and just-in-time elevation (including scheduled elevation) of Azure AD groups, on your behalf.",
                "user_consent_display_name": "Read privileged access to Azure AD groups",
                "value": "PrivilegedAccess.Read.AzureADGroup"
              },
              {
                "admin_consent_description": "Allows the app to read time-based assignment and just-in-time elevation of Azure resources (like your subscriptions, resource groups, storage, compute) on behalf of the signed-in user.",
                "admin_consent_display_name": "Read privileged access to Azure resources",
                "enabled": true,
                "id": "1d89d70c-dcac-4248-b214-903c457af83a",
                "type": "Admin",
                "user_consent_description": "Allows the app to read time-based assignment and just-in-time elevation of Azure resources (like your subscriptions, resource groups, storage, compute) on your behalf.",
                "user_consent_display_name": "Read privileged access to your Azure resources",
                "value": "PrivilegedAccess.Read.AzureResources"
              },
              {
                "admin_consent_description": "Allows the app to request and manage time-based assignment and just-in-time elevation (including scheduled elevation) of Azure AD groups, on behalf of the signed-in user.",
                "admin_consent_display_name": "Read and write privileged access to Azure AD groups",
                "enabled": true,
                "id": "32531c59-1f32-461f-b8df-6f8a3b89f73b",
                "type": "Admin",
                "user_consent_description": "Allows the app to request and manage time-based assignment and just-in-time elevation (including scheduled elevation) of Azure AD groups, on your behalf.",
                "user_consent_display_name": "Read and write privileged access to Azure AD groups",
                "value": "PrivilegedAccess.ReadWrite.AzureADGroup"
              },
              {
                "admin_consent_description": "Allows the app to read all the indicators for your organization, on behalf of the signed-in user.",
                "admin_consent_display_name": "Read all threat indicators",
                "enabled": true,
                "id": "9cc427b4-2004-41c5-aa22-757b755e9796",
                "type": "Admin",
                "user_consent_description": "Allows the app to read all the indicators for your organization, on your behalf.",
                "user_consent_display_name": "Read all threat indicators",
                "value": "ThreatIndicators.Read.All"
              },
              {
                "admin_consent_description": "Allow the app to read external datasets and content, on behalf of the signed-in user.",
                "admin_consent_display_name": "Read items in external datasets",
                "enabled": true,
                "id": "922f9392-b1b7-483c-a4be-0089be7704fb",
                "type": "Admin",
                "user_consent_description": "Allows the app to read external datasets and content that you have access to.",
                "user_consent_display_name": "Read items in external datasets",
                "value": "ExternalItem.Read.All"
              },
              {
                "admin_consent_description": "Allows an app to edit channel messages in Microsoft Teams, on behalf of the signed-in user.",
                "admin_consent_display_name": "Edit user's channel messages",
                "enabled": true,
                "id": "2b61aa8a-6d36-4b2f-ac7b-f29867937c53",
                "type": "User",
                "user_consent_description": "Allows the app to edit channel messages in Microsoft Teams, on your behalf.",
                "user_consent_display_name": "Edit your channel messages",
                "value": "ChannelMessage.Edit"
              },
              {
                "admin_consent_description": "Allows an app to send channel messages in Microsoft Teams, on behalf of the signed-in user.",
                "admin_consent_display_name": "Send channel messages",
                "enabled": true,
                "id": "ebf0f66e-9fb1-49e4-a278-222f76911cf4",
                "type": "User",
                "user_consent_description": "Allows the app to send channel messages in Microsoft Teams, on your behalf.",
                "user_consent_display_name": "Send channel messages",
                "value": "ChannelMessage.Send"
              },
              {
                "admin_consent_description": "Allows the app to manage organization places (conference rooms and room lists) for calendar events and other applications, on behalf of the signed-in user.",
                "admin_consent_display_name": "Read and write organization places",
                "enabled": true,
                "id": "4c06a06a-098a-4063-868e-5dfee3827264",
                "type": "Admin",
                "user_consent_description": "Allows the app to manage organization places (conference rooms and room lists) for calendar events and other applications, on your behalf.",
                "user_consent_display_name": "Read and write organization places",
                "value": "Place.ReadWrite.All"
              },
              {
                "admin_consent_description": "Allows the app to request access to and management of access packages and related entitlement management resources on behalf of the signed-in user.",
                "admin_consent_display_name": "Read and write entitlement management resources",
                "enabled": true,
                "id": "ae7a573d-81d7-432b-ad44-4ed5c9d89038",
                "type": "Admin",
                "user_consent_description": "Allows the app to request access to and management of access packages and related entitlement management resources that you have access to.",
                "user_consent_display_name": "Read and write entitlement management resources",
                "value": "EntitlementManagement.ReadWrite.All"
              },
              {
                "admin_consent_description": "Allows the app to send, read, update and delete user’s notifications.",
                "admin_consent_display_name": "Deliver and manage user's notifications",
                "enabled": true,
                "id": "26e2f3e8-b2a1-47fc-9620-89bb5b042024",
                "type": "User",
                "user_consent_description": "Allows the app to send, read, update and delete your app-specific notifications.",
                "user_consent_display_name": "Deliver and manage your notifications",
                "value": "UserNotification.ReadWrite.CreatedByApp"
              },
              {
                "admin_consent_description": "Allows the app to read applications and service principals on behalf of the signed-in user.",
                "admin_consent_display_name": "Read applications",
                "enabled": true,
                "id": "c79f8feb-a9db-4090-85f9-90d820caa0eb",
                "type": "Admin",
                "user_consent_description": "Allows the app to read applications and service principals on your behalf.",
                "user_consent_display_name": "Read applications",
                "value": "Application.Read.All"
              },
              {
                "admin_consent_description": "Allows the app to create, read, update and delete applications and service principals on behalf of the signed-in user. Does not allow management of consent grants.",
                "admin_consent_display_name": "Read and write all applications",
                "enabled": true,
                "id": "bdfbf15f-ee85-4955-8675-146e8e5296b5",
                "type": "Admin",
                "user_consent_description": "Allows the app to create, read, update and delete applications and service principals on your behalf. Does not allow management of consent grants.",
                "user_consent_display_name": "Read and write applications",
                "value": "Application.ReadWrite.All"
              },
              {
                "admin_consent_description": "Allows the app to read BitLocker keys on behalf of the signed-in user, for their owned devices. Allows read of the recovery key.",
                "admin_consent_display_name": "Read BitLocker keys",
                "enabled": true,
                "id": "b27a61ec-b99c-4d6a-b126-c4375d08ae30",
                "type": "Admin",
                "user_consent_description": "Allows the app to read BitLocker keys for your owned devices. Allows read of the recovery key.",
                "user_consent_display_name": "Read your BitLocker keys",
                "value": "BitlockerKey.Read.All"
              },
              {
                "admin_consent_description": "Allows the app to read basic BitLocker key properties on behalf of the signed-in user, for their owned devices. Does not allow read of the recovery key itself.",
                "admin_consent_display_name": "Read BitLocker keys basic information",
                "enabled": true,
                "id": "5a107bfc-4f00-4e1a-b67e-66451267bc68",
                "type": "Admin",
                "user_consent_description": "Allows the app to read basic BitLocker key properties for your owned devices. Does not allow read of the recovery key itself.",
                "user_consent_display_name": "Read your BitLocker keys basic information",
                "value": "BitlockerKey.ReadBasic.All"
              },
              {
                "admin_consent_description": "Allows the app to list groups, read basic group properties and read membership of all groups the signed-in user has access to.",
                "admin_consent_display_name": "Read group memberships",
                "enabled": true,
                "id": "bc024368-1153-4739-b217-4326f2e966d0",
                "type": "Admin",
                "user_consent_description": "Allows the app to list groups, read basic group properties and read membership of all your groups.",
                "user_consent_display_name": "Read group memberships",
                "value": "GroupMember.Read.All"
              },
              {
                "admin_consent_description": "Allows the app to list groups, read basic properties, read and update the membership of the groups the signed-in user has access to. Group properties and owners cannot be updated and groups cannot be deleted.",
                "admin_consent_display_name": "Read and write group memberships",
                "enabled": true,
                "id": "f81125ac-d3b7-4573-a3b2-7099cc39df9e",
                "type": "Admin",
                "user_consent_description": "Allows the app to list groups, read basic properties, read and update the membership of your groups. Group properties and owners cannot be updated and groups cannot be deleted.",
                "user_consent_display_name": "Read and write group memberships",
                "value": "GroupMember.ReadWrite.All"
              },
              {
                "admin_consent_description": "Allows an app to read your organization's threat assessment requests on behalf of the signed-in user. Also allows the app to create new requests to assess threats received by your organization on behalf of the signed-in user.",
                "admin_consent_display_name": "Read and write threat assessment requests",
                "enabled": true,
                "id": "cac97e40-6730-457d-ad8d-4852fddab7ad",
                "type": "Admin",
                "user_consent_description": "Allows an app to read your organization's threat assessment requests on your behalf. Also allows the app to create new requests to assess threats received by your organization on your behalf.",
                "user_consent_display_name": "Read and write threat assessment requests",
                "value": "ThreatAssessment.ReadWrite.All"
              },
              {
                "admin_consent_description": "Allows the app to read schedule, schedule groups, shifts and associated entities in the Teams or Shifts application on behalf of the signed-in user.",
                "admin_consent_display_name": "Read user schedule items",
                "enabled": true,
                "id": "fccf6dd8-5706-49fa-811f-69e2e1b585d0",
                "type": "Admin",
                "user_consent_description": "Allows the app to read schedule, schedule groups, shifts and associated entities in the Teams or Shifts application on your behalf.",
                "user_consent_display_name": "Read your schedule items",
                "value": "Schedule.Read.All"
              },
              {
                "admin_consent_description": "Allows the app to manage schedule, schedule groups, shifts and associated entities in the Teams or Shifts application on behalf of the signed-in user.",
                "admin_consent_display_name": "Read and write user schedule items",
                "enabled": true,
                "id": "63f27281-c9d9-4f29-94dd-6942f7f1feb0",
                "type": "Admin",
                "user_consent_description": "Allows the app to manage schedule, schedule groups, shifts and associated entities in the Teams or Shifts application on your behalf.",
                "user_consent_display_name": "Read and write your schedule items",
                "value": "Schedule.ReadWrite.All"
              },
              {
                "admin_consent_description": " Allows the app to read and write authentication methods of all users in your organization that the signed-in user has access to.                       Authentication methods include things like a user’s phone numbers and Authenticator app settings. This                      does not allow the app to see secret information like passwords, or to sign-in or otherwise use the authentication methods.",
                "admin_consent_display_name": "Read and write all users' authentication methods.",
                "enabled": true,
                "id": "b7887744-6746-4312-813d-72daeaee7e2d",
                "type": "Admin",
                "user_consent_description": "Allows the app to read and write authentication methods of all users you have access to in your organization.                       Authentication methods include things like a user’s phone numbers and Authenticator app settings. This does not allow                      the app to see secret information like passwords, or to sign-in or otherwise use the authentication methods.",
                "user_consent_display_name": "Read and write all users' authentication methods",
                "value": "UserAuthenticationMethod.ReadWrite.All"
              },
              {
                "admin_consent_description": "Allows the app to read and write the signed-in user's authentication methods, including phone numbers and Authenticator app settings.                       This does not allow the app to see secret information like the signed-in user's passwords, or                      to sign-in or otherwise use the signed-in user's authentication methods.  ",
                "admin_consent_display_name": "Read and write user authentication methods",
                "enabled": true,
                "id": "48971fc1-70d7-4245-af77-0beb29b53ee2",
                "type": "Admin",
                "user_consent_description": "Allows the app to read and write your authentication methods, including phone numbers and Authenticator app settings.This does not allow the app to see secret information like your passwords, or to sign-in or otherwise use your authentication methods.",
                "user_consent_display_name": "Read and write your authentication methods",
                "value": "UserAuthenticationMethod.ReadWrite"
              },
              {
                "admin_consent_description": "Allows the app to read authentication methods of all users in your organization that the signed-in user has access to. Authentication methods include things like a user’s phone numbers and Authenticator app settings. This does not allow the app to see secret information like passwords, or to sign-in or otherwise use the authentication methods.",
                "admin_consent_display_name": "Read all users' authentication methods",
                "enabled": true,
                "id": "aec28ec7-4d02-4e8c-b864-50163aea77eb",
                "type": "Admin",
                "user_consent_description": "Allows the app to read authentication methods of all users you have access to in your organization. Authentication methods include things like a user’s phone numbers and Authenticator app settings. This does not allow the app to see secret information like passwords, or to sign-in or otherwise use the authentication methods.",
                "user_consent_display_name": "Read all users' authentication methods",
                "value": "UserAuthenticationMethod.Read.All"
              },
              {
                "admin_consent_description": "Allows the app to read the signed-in user's authentication methods, including phone numbers and Authenticator app settings. This does not allow the app to see secret information like the signed-in user's passwords, or to sign-in  or otherwise use the signed-in user's authentication methods.",
                "admin_consent_display_name": "Read user authentication methods.",
                "enabled": true,
                "id": "1f6b61c5-2f65-4135-9c9f-31c0f8d32b52",
                "type": "Admin",
                "user_consent_description": "Allows the app to read your authentication methods, including phone numbers and Authenticator app settings. This does not allow the app to see secret information like your passwords, or to sign-in or otherwise use your authentication methods.",
                "user_consent_display_name": "Read your authentication methods.",
                "value": "UserAuthenticationMethod.Read"
              },
              {
                "admin_consent_description": "Allows the app to create tabs in any team in Microsoft Teams, on behalf of the signed-in user. This does not grant the ability to read, modify or delete tabs after they are created, or give access to the content inside the tabs.",
                "admin_consent_display_name": "Create tabs in Microsoft Teams.",
                "enabled": true,
                "id": "a9ff19c2-f369-4a95-9a25-ba9d460efc8e",
                "type": "Admin",
                "user_consent_description": "Allows the app to create tabs in any team in Microsoft Teams, on your behalf. This does not grant the ability to read, modify or delete tabs after they are created, or give access to the content inside the tabs.",
                "user_consent_display_name": "Create tabs in Microsoft Teams.",
                "value": "TeamsTab.Create"
              },
              {
                "admin_consent_description": "Read the names and settings of tabs inside any team in Microsoft Teams, on behalf of the signed-in user. This does not give access to the content inside the tabs.",
                "admin_consent_display_name": "Read tabs in Microsoft Teams.",
                "enabled": true,
                "id": "59dacb05-e88d-4c13-a684-59f1afc8cc98",
                "type": "Admin",
                "user_consent_description": "Read the names and settings of tabs inside any team in Microsoft Teams, on your behalf. This does not give access to the content inside the tabs.",
                "user_consent_display_name": "Read tabs in Microsoft Teams.",
                "value": "TeamsTab.Read.All"
              },
              {
                "admin_consent_description": "Read and write tabs in any team in Microsoft Teams, on behalf of the signed-in user. This does not give access to the content inside the tabs.",
                "admin_consent_display_name": "Read and write tabs in Microsoft Teams.",
                "enabled": true,
                "id": "b98bfd41-87c6-45cc-b104-e2de4f0dafb9",
                "type": "Admin",
                "user_consent_description": "Read and write tabs in any team in Microsoft Teams, on your behalf. This does not give access to the content inside the tabs.",
                "user_consent_display_name": "Read and write tabs in Microsoft Teams.",
                "value": "TeamsTab.ReadWrite.All"
              },
              {
                "admin_consent_description": "Allows the app to have the same access to mailboxes as the signed-in user via IMAP protocol.",
                "admin_consent_display_name": "Read and write access to mailboxes via IMAP.",
                "enabled": true,
                "id": "652390e4-393a-48de-9484-05f9b1212954",
                "type": "User",
                "user_consent_description": "Allows the app to read, update, create and delete email in your mailbox. Does not include permission to send mail.",
                "user_consent_display_name": "Read and write access to your mail.",
                "value": "IMAP.AccessAsUser.All"
              },
              {
                "admin_consent_description": "Allows the app to have the same access to mailboxes as the signed-in user via POP protocol.",
                "admin_consent_display_name": "Read and write access to mailboxes via POP.",
                "enabled": true,
                "id": "d7b7f2d9-0f45-4ea1-9d42-e50810c06991",
                "type": "User",
                "user_consent_description": "Allows the app to read, update, create and delete email in your mailbox. Does not include permission to send mail.",
                "user_consent_display_name": "Read and write access to your mail.",
                "value": "POP.AccessAsUser.All"
              },
              {
                "admin_consent_description": "Allows the app to be able to send emails from the user’s mailbox using the SMTP AUTH client submission protocol.",
                "admin_consent_display_name": "Send emails from mailboxes using SMTP AUTH.",
                "enabled": true,
                "id": "258f6531-6087-4cc4-bb90-092c5fb3ed3f",
                "type": "User",
                "user_consent_description": "Allows the app to send emails on your behalf from your mailbox.",
                "user_consent_display_name": "Access to sending emails from your mailbox.",
                "value": "SMTP.Send"
              },
              {
                "admin_consent_description": "Allows the app to read all domain properties on behalf of the signed-in user.",
                "admin_consent_display_name": "Read domains.",
                "enabled": true,
                "id": "2f9ee017-59c1-4f1d-9472-bd5529a7b311",
                "type": "Admin",
                "user_consent_description": "Allows the app to read all domain properties on your behalf.",
                "user_consent_display_name": "Read domains.",
                "value": "Domain.Read.All"
              },
              {
                "admin_consent_description": "Allows the app to read and write all domain properties on behalf of the signed-in user. Also allows the app to add, verify and remove domains.",
                "admin_consent_display_name": "Read and write domains",
                "enabled": true,
                "id": "0b5d694c-a244-4bde-86e6-eb5cd07730fe",
                "type": "Admin",
                "user_consent_description": "Allows the app to read and write all domain properties on your behalf. Also allows the app to add, verify and remove domains.",
                "user_consent_display_name": "Read and write domains",
                "value": "Domain.ReadWrite.All"
              },
              {
                "admin_consent_description": "Allows the app to read and write your organization's application configuration policies on behalf of the signed-in user.  This includes policies such as activityBasedTimeoutPolicy, claimsMappingPolicy, homeRealmDiscoveryPolicy,  tokenIssuancePolicy and tokenLifetimePolicy.",
                "admin_consent_display_name": "Read and write your organization's application configuration policies",
                "enabled": true,
                "id": "b27add92-efb2-4f16-84f5-8108ba77985c",
                "type": "Admin",
                "user_consent_description": "Allows the app to read and write your organization's application configuration policies on your behalf.  This includes policies such as activityBasedTimeoutPolicy, claimsMappingPolicy, homeRealmDiscoveryPolicy, tokenIssuancePolicy  and tokenLifetimePolicy.",
                "user_consent_display_name": "Read and write your organization's application configuration policies",
                "value": "Policy.ReadWrite.ApplicationConfiguration"
              },
              {
                "admin_consent_description": "Allows the app to read your organization's devices' configuration information on behalf of the signed-in user.",
                "admin_consent_display_name": "Read all devices",
                "enabled": true,
                "id": "951183d1-1a61-466f-a6d1-1fde911bfd95",
                "type": "Admin",
                "user_consent_description": "Allows the app to read devices' configuration information on your behalf.",
                "user_consent_display_name": "Read all devices",
                "value": "Device.Read.All"
              },
              {
                "admin_consent_description": "Allows the app to read, update and delete identities that are associated with a user's account that the signed-in user has access to. This controls the identities users can sign-in with.",
                "admin_consent_display_name": "Manage  user identities",
                "enabled": true,
                "id": "637d7bec-b31e-4deb-acc9-24275642a2c9",
                "type": "Admin",
                "user_consent_description": "Allows the app to read, update and delete identities that are associated with a user's account that you have access to. This controls the identities users can sign-in with.",
                "user_consent_display_name": "Manage  user identities",
                "value": "User.ManageIdentities.All"
              },
              {
                "admin_consent_description": "Allows the app to read access packages and related entitlement management resources on behalf of the signed-in user.",
                "admin_consent_display_name": "Read all entitlement management resources",
                "enabled": true,
                "id": "5449aa12-1393-4ea2-a7c7-d0e06c1a56b2",
                "type": "Admin",
                "user_consent_description": "Allows the app to read access packages and related entitlement management resources that you have access to.",
                "user_consent_display_name": "Read all entitlement management resources",
                "value": "EntitlementManagement.Read.All"
              },
              {
                "admin_consent_description": "Create channels in any team, on behalf of the signed-in user.",
                "admin_consent_display_name": "Create channels",
                "enabled": true,
                "id": "101147cf-4178-4455-9d58-02b5c164e759",
                "type": "Admin",
                "user_consent_description": "Create channels in any team, on your behalf.",
                "user_consent_display_name": "Create channels",
                "value": "Channel.Create"
              },
              {
                "admin_consent_description": "Delete channels in any team, on behalf of the signed-in user.",
                "admin_consent_display_name": "Delete channels",
                "enabled": true,
                "id": "cc83893a-e232-4723-b5af-bd0b01bcfe65",
                "type": "Admin",
                "user_consent_description": "Delete channels in any team, on your behalf.",
                "user_consent_display_name": "Delete channels",
                "value": "Channel.Delete.All"
              },
              {
                "admin_consent_description": "Read all channel names, channel descriptions, and channel settings, on behalf of the signed-in user.",
                "admin_consent_display_name": "Read the names, descriptions, and settings of channels",
                "enabled": true,
                "id": "233e0cf1-dd62-48bc-b65b-b38fe87fcf8e",
                "type": "Admin",
                "user_consent_description": "Read all channel names, channel descriptions, and channel settings, on your behalf.",
                "user_consent_display_name": "Read the names, descriptions, and settings of channels",
                "value": "ChannelSettings.Read.All"
              },
              {
                "admin_consent_description": "Read and write the names, descriptions, and settings of all channels, on behalf of the signed-in user.",
                "admin_consent_display_name": "Read and write the names, descriptions, and settings of channels",
                "enabled": true,
                "id": "d649fb7c-72b4-4eec-b2b4-b15acf79e378",
                "type": "Admin",
                "user_consent_description": "Read and write the names, descriptions, and settings of all channels, on your behalf.",
                "user_consent_display_name": "Read and write the names, descriptions, and settings of channels",
                "value": "ChannelSettings.ReadWrite.All"
              },
              {
                "admin_consent_description": "Allows the app to read all webhook subscriptions on behalf of the signed-in user.",
                "admin_consent_display_name": "Read all webhook subscriptions ",
                "enabled": true,
                "id": "5f88184c-80bb-4d52-9ff2-757288b2e9b7",
                "type": "Admin",
                "user_consent_description": "Allows the app to read all webhook subscriptions on your behalf.",
                "user_consent_display_name": "Read all webhook subscriptions ",
                "value": "Subscription.Read.All"
              },
              {
                "admin_consent_description": "Read the names and  descriptions of teams, on behalf of the signed-in user.",
                "admin_consent_display_name": "Read the names and descriptions of teams",
                "enabled": true,
                "id": "485be79e-c497-4b35-9400-0e3fa7f2a5d4",
                "type": "User",
                "user_consent_description": "Read the names and  descriptions of teams, on your behalf.",
                "user_consent_display_name": "Read the names and descriptions of teams",
                "value": "Team.ReadBasic.All"
              },
              {
                "admin_consent_description": "Read channel names and channel descriptions, on behalf of the signed-in user.",
                "admin_consent_display_name": "Read the names and descriptions of channels",
                "enabled": true,
                "id": "9d8982ae-4365-4f57-95e9-d6032a4c0b87",
                "type": "User",
                "user_consent_description": "Read channel names and channel descriptions, on your behalf.",
                "user_consent_display_name": "Read the names and descriptions of channels",
                "value": "Channel.ReadBasic.All"
              },
              {
                "admin_consent_description": "Read all teams' settings, on behalf of the signed-in user.",
                "admin_consent_display_name": "Read teams' settings",
                "enabled": true,
                "id": "48638b3c-ad68-4383-8ac4-e6880ee6ca57",
                "type": "Admin",
                "user_consent_description": "Read all teams' settings, on your behalf.",
                "user_consent_display_name": "Read teams' settings",
                "value": "TeamSettings.Read.All"
              },
              {
                "admin_consent_description": "Read and change all teams' settings, on behalf of the signed-in user.",
                "admin_consent_display_name": "Read and change teams' settings",
                "enabled": true,
                "id": "39d65650-9d3e-4223-80db-a335590d027e",
                "type": "Admin",
                "user_consent_description": "Read and change all teams' settings, on your behalf.",
                "user_consent_display_name": "Read and change teams' settings",
                "value": "TeamSettings.ReadWrite.All"
              },
              {
                "admin_consent_description": "Read the members of teams, on behalf of the signed-in user.",
                "admin_consent_display_name": "Read the members of teams",
                "enabled": true,
                "id": "2497278c-d82d-46a2-b1ce-39d4cdde5570",
                "type": "Admin",
                "user_consent_description": "Read the members of teams, on your behalf.",
                "user_consent_display_name": "Read the members of teams",
                "value": "TeamMember.Read.All"
              },
              {
                "admin_consent_description": "Add and remove members from teams, on behalf of the signed-in user. Also allows changing a member's role, for example from owner to non-owner.",
                "admin_consent_display_name": "Add and remove members from teams",
                "enabled": true,
                "id": "4a06efd2-f825-4e34-813e-82a57b03d1ee",
                "type": "Admin",
                "user_consent_description": "Add and remove members from teams, on your behalf. Also allows changing a member's role, for example from owner to non-owner.",
                "user_consent_display_name": "Add and remove members from teams and channels",
                "value": "TeamMember.ReadWrite.All"
              },
              {
                "admin_consent_description": "Allows the app to read consent requests and approvals on behalf of the signed-in user.",
                "admin_consent_display_name": "Read consent requests",
                "enabled": true,
                "id": "f3bfad56-966e-4590-a536-82ecf548ac1e",
                "type": "Admin",
                "user_consent_description": "Allows the app to read consent requests and approvals, on your behalf.",
                "user_consent_display_name": "Read consent requests",
                "value": "ConsentRequest.Read.All"
              },
              {
                "admin_consent_description": "Allows the app to read app consent requests and approvals, and deny or approve those requests on behalf of the signed-in user.",
                "admin_consent_display_name": "Read and write consent requests",
                "enabled": true,
                "id": "497d9dfa-3bd1-481a-baab-90895e54568c",
                "type": "Admin",
                "user_consent_description": "Allows the app to read app consent requests for your approval, and deny or approve those request on your behalf.",
                "user_consent_display_name": "Read and write consent requests",
                "value": "ConsentRequest.ReadWrite.All"
              },
              {
                "admin_consent_description": "Allows the app to read and write your organization's consent requests policy on behalf of the signed-in user.",
                "admin_consent_display_name": "Read and write consent request policy",
                "enabled": true,
                "id": "4d135e65-66b8-41a8-9f8b-081452c91774",
                "type": "Admin",
                "user_consent_description": "Allows the app to read and write your organization's consent request policy on your behalf.",
                "user_consent_display_name": "Read and write consent request policy",
                "value": "Policy.ReadWrite.ConsentRequest"
              },
              {
                "admin_consent_description": "Allows the app to read presence information on behalf of the signed-in user. Presence information includes activity, availability, status note, calendar out-of-office message, timezone and location.",
                "admin_consent_display_name": "Read user's presence information",
                "enabled": true,
                "id": "76bc735e-aecd-4a1d-8b4c-2b915deabb79",
                "type": "User",
                "user_consent_description": "Allows the app to read your presence information on your behalf. Presence information includes activity, availability, status note, calendar out-of-office message, timezone and location.",
                "user_consent_display_name": "Read your presence information",
                "value": "Presence.Read"
              },
              {
                "admin_consent_description": "Allows the app to read presence information of all users in the directory on behalf of the signed-in user. Presence information includes activity, availability, status note, calendar out-of-office message, timezone and location.",
                "admin_consent_display_name": "Read presence information of all users in your organization",
                "enabled": true,
                "id": "9c7a330d-35b3-4aa1-963d-cb2b9f927841",
                "type": "User",
                "user_consent_description": "Allows the app to read presence information of all users in the directory on your behalf. Presence information includes activity, availability, status note, calendar out-of-office message, timezone and location.",
                "user_consent_display_name": "Read presence information of all users in your organization",
                "value": "Presence.Read.All"
              },
              {
                "admin_consent_description": "Read the members of channels, on behalf of the signed-in user.",
                "admin_consent_display_name": "Read the members of channels",
                "enabled": true,
                "id": "2eadaff8-0bce-4198-a6b9-2cfc35a30075",
                "type": "Admin",
                "user_consent_description": "Read the members of channels, on your behalf.",
                "user_consent_display_name": "Read the members of teams and channels",
                "value": "ChannelMember.Read.All"
              },
              {
                "admin_consent_description": "Add and remove members from channels, on behalf of the signed-in user. Also allows changing a member's role, for example from owner to non-owner.",
                "admin_consent_display_name": "Add and remove members from channels",
                "enabled": true,
                "id": "0c3e411a-ce45-4cd1-8f30-f99a3efa7b11",
                "type": "Admin",
                "user_consent_description": "Add and remove members from channels, on your behalf. Also allows changing a member's role, for example from owner to non-owner.",
                "user_consent_display_name": "Add and remove members from teams and channels",
                "value": "ChannelMember.ReadWrite.All"
              },
              {
                "admin_consent_description": "Allows the app to read and write the authentication flow policies, on behalf of the signed-in user. ",
                "admin_consent_display_name": "Read and write authentication flow policies",
                "enabled": true,
                "id": "edb72de9-4252-4d03-a925-451deef99db7",
                "type": "Admin",
                "user_consent_description": "Allows the app to read and write the authentication flow policies for your tenant, on your behalf.",
                "user_consent_display_name": "Read and write your authentication flow policies",
                "value": "Policy.ReadWrite.AuthenticationFlows"
              },
              {
                "admin_consent_description": "Allows an app to read a channel's messages in Microsoft Teams, on behalf of the signed-in user.",
                "admin_consent_display_name": "Read user channel messages",
                "enabled": true,
                "id": "767156cb-16ae-4d10-8f8b-41b657c8c8c8",
                "type": "Admin",
                "user_consent_description": "Allows the app to read a channel's messages in Microsoft Teams, on your behalf.",
                "user_consent_display_name": "Read your channel messages",
                "value": "ChannelMessage.Read.All"
              },
              {
                "admin_consent_description": "Allows the app to read the apps in the app catalogs.",
                "admin_consent_display_name": "Read all app catalogs",
                "enabled": true,
                "id": "88e58d74-d3df-44f3-ad47-e89edf4472e4",
                "type": "User",
                "user_consent_description": "Allows the app to read apps in the app catalogs.",
                "user_consent_display_name": "Read all app catalogs",
                "value": "AppCatalog.Read.All"
              },
              {
                "admin_consent_description": "Allows the app to read and write the authentication method policies, on behalf of the signed-in user. ",
                "admin_consent_display_name": "Read and write authentication method policies",
                "enabled": true,
                "id": "7e823077-d88e-468f-a337-e18f1f0e6c7c",
                "type": "Admin",
                "user_consent_description": "Allows the app to read and write the authentication method policies for your tenant, on your behalf.",
                "user_consent_display_name": "Read and write your authentication method policies ",
                "value": "Policy.ReadWrite.AuthenticationMethod"
              },
              {
                "admin_consent_description": "Allows the app to read and write your organization's authorization policy on behalf of the signed-in user.  For example, authorization policies can control some of the permissions that the out-of-the-box user role has by default.",
                "admin_consent_display_name": "Read and write your organization's authorization policy",
                "enabled": true,
                "id": "edd3c878-b384-41fd-95ad-e7407dd775be",
                "type": "Admin",
                "user_consent_description": "Allows the app to read and write your organization's authorization policy on your behalf. For example, authorization policies can control some of the permissions that the out-of-the-box user role has by default.",
                "user_consent_display_name": "Read and write your organization's authorization policy",
                "value": "Policy.ReadWrite.Authorization"
              },
              {
                "admin_consent_description": "Allows the app to read policies related to consent and permission grants for applications, on behalf of the signed-in user.",
                "admin_consent_display_name": "Read consent and permission grant policies",
                "enabled": true,
                "id": "414de6ea-2d92-462f-b120-6e2a809a6d01",
                "type": "Admin",
                "user_consent_description": "Allows the app to read policies related to consent and permission grants for applications, on your behalf.",
                "user_consent_display_name": "Read consent and permission grant policies",
                "value": "Policy.Read.PermissionGrant"
              },
              {
                "admin_consent_description": "Allows the app to manage policies related to consent and permission grants for applications, on behalf of the signed-in user.",
                "admin_consent_display_name": "Manage consent and permission grant policies",
                "enabled": true,
                "id": "2672f8bb-fd5e-42e0-85e1-ec764dd2614e",
                "type": "Admin",
                "user_consent_description": "Allows the app to manage policies related to consent and permission grants for applications, on behalf of the signed-in user.",
                "user_consent_display_name": "Manage consent and permission grant policies",
                "value": "Policy.ReadWrite.PermissionGrant"
              },
              {
                "admin_consent_description": "Allows the application to create (register) printers on behalf of the signed-in user. ",
                "admin_consent_display_name": "Register printers  ",
                "enabled": true,
                "id": "90c30bed-6fd1-4279-bf39-714069619721",
                "type": "Admin",
                "user_consent_description": "Allows the application to create (register) printers on your behalf. ",
                "user_consent_display_name": "Register printers  ",
                "value": "Printer.Create"
              },
              {
                "admin_consent_description": "Allows the application to create (register), read, update, and delete (unregister) printers on behalf of the signed-in user. ",
                "admin_consent_display_name": "Register, read, update, and unregister printers",
                "enabled": true,
                "id": "93dae4bd-43a1-4a23-9a1a-92957e1d9121",
                "type": "Admin",
                "user_consent_description": "Allows the application to create (register), read, update, and delete (unregister) printers on your behalf.  ",
                "user_consent_display_name": "Register, read, update, and unregister printers",
                "value": "Printer.FullControl.All"
              },
              {
                "admin_consent_description": "Allows the application to read printers on behalf of the signed-in user. ",
                "admin_consent_display_name": "Read printers",
                "enabled": true,
                "id": "3a736c8a-018e-460a-b60c-863b2683e8bf",
                "type": "Admin",
                "user_consent_description": "Allows the application to read printers on your behalf. ",
                "user_consent_display_name": "Read printers",
                "value": "Printer.Read.All"
              },
              {
                "admin_consent_description": "Allows the application to read and update printers on behalf of the signed-in user. Does not allow creating (registering) or deleting (unregistering) printers.",
                "admin_consent_display_name": "Read and update printers",
                "enabled": true,
                "id": "89f66824-725f-4b8f-928e-e1c5258dc565",
                "type": "Admin",
                "user_consent_description": "Allows the application to read and update printers on your behalf. Does not allow creating (registering) or deleting (unregistering) printers.",
                "user_consent_display_name": "Read and update printers",
                "value": "Printer.ReadWrite.All"
              },
              {
                "admin_consent_description": "Allows the application to read printer shares on behalf of the signed-in user. ",
                "admin_consent_display_name": "Read printer shares",
                "enabled": true,
                "id": "ed11134d-2f3f-440d-a2e1-411efada2502",
                "type": "User",
                "user_consent_description": "Allows the application to read printer shares on your behalf. ",
                "user_consent_display_name": "Read printer shares",
                "value": "PrinterShare.Read.All"
              },
              {
                "admin_consent_description": "Allows the application to read and update printer shares on behalf of the signed-in user. ",
                "admin_consent_display_name": "Read and write printer shares",
                "enabled": true,
                "id": "06ceea37-85e2-40d7-bec3-91337a46038f",
                "type": "Admin",
                "user_consent_description": "Allows the application to read and update printer shares on your behalf. ",
                "user_consent_display_name": "Read and update printer shares",
                "value": "PrinterShare.ReadWrite.All"
              },
              {
                "admin_consent_description": "Allows the application to read the metadata and document content of print jobs that the signed-in user created.",
                "admin_consent_display_name": "Read user's print jobs",
                "enabled": true,
                "id": "248f5528-65c0-4c88-8326-876c7236df5e",
                "type": "User",
                "user_consent_description": "Allows the application to read the metadata and document content of print jobs that you created.",
                "user_consent_display_name": "Read your print jobs",
                "value": "PrintJob.Read"
              },
              {
                "admin_consent_description": "Allows the application to read the metadata and document content of print jobs on behalf of the signed-in user. ",
                "admin_consent_display_name": "Read print jobs",
                "enabled": true,
                "id": "afdd6933-a0d8-40f7-bd1a-b5d778e8624b",
                "type": "Admin",
                "user_consent_description": "Allows the application to read the metadata and document content of print jobs on your behalf. ",
                "user_consent_display_name": "Read print jobs",
                "value": "PrintJob.Read.All"
              },
              {
                "admin_consent_description": "Allows the application to read the metadata of print jobs that the signed-in user created. Does not allow access to print job document content.",
                "admin_consent_display_name": "Read basic information of user's print jobs",
                "enabled": true,
                "id": "6a71a747-280f-4670-9ca0-a9cbf882b274",
                "type": "User",
                "user_consent_description": "Allows the application to read the metadata of print jobs that you created. Does not allow access to print job document content.",
                "user_consent_display_name": "Read basic information of your print jobs",
                "value": "PrintJob.ReadBasic"
              },
              {
                "admin_consent_description": "Allows the application to read the metadata of print jobs on behalf of the signed-in user. Does not allow access to print job document content.",
                "admin_consent_display_name": "Read basic information of print jobs",
                "enabled": true,
                "id": "04ce8d60-72ce-4867-85cf-6d82f36922f3",
                "type": "Admin",
                "user_consent_description": "Allows the application to read the metadata of print jobs on your behalf. Does not allow access to print job document content.",
                "user_consent_display_name": "Read basic information of print jobs",
                "value": "PrintJob.ReadBasic.All"
              },
              {
                "admin_consent_description": "Allows the application to read and update the metadata and document content of print jobs that the signed-in user created.",
                "admin_consent_display_name": "Read and write user's print jobs",
                "enabled": true,
                "id": "b81dd597-8abb-4b3f-a07a-820b0316ed04",
                "type": "User",
                "user_consent_description": "Allows the application to read and update the metadata and document content of print jobs that you created.",
                "user_consent_display_name": "Read and update your print jobs",
                "value": "PrintJob.ReadWrite"
              },
              {
                "admin_consent_description": "Allows the application to read and update the metadata and document content of print jobs on behalf of the signed-in user. ",
                "admin_consent_display_name": "Read and write print jobs",
                "enabled": true,
                "id": "036b9544-e8c5-46ef-900a-0646cc42b271",
                "type": "Admin",
                "user_consent_description": "Allows the application to read and update the metadata and document content of print jobs on your behalf. ",
                "user_consent_display_name": "Read and update print jobs",
                "value": "PrintJob.ReadWrite.All"
              },
              {
                "admin_consent_description": "Allows the application to read and update the metadata of print jobs that the signed-in user created. Does not allow access to print job document content.",
                "admin_consent_display_name": "Read and write basic information of user's print jobs",
                "enabled": true,
                "id": "6f2d22f2-1cb6-412c-a17c-3336817eaa82",
                "type": "User",
                "user_consent_description": "Allows the application to read and update the metadata of print jobs that you created. Does not allow access to print job document content.",
                "user_consent_display_name": "Read and write basic information of your print jobs",
                "value": "PrintJob.ReadWriteBasic"
              },
              {
                "admin_consent_description": "Allows the application to read and update the metadata of print jobs on behalf of the signed-in user. Does not allow access to print job document content.",
                "admin_consent_display_name": "Read and write basic information of print jobs",
                "enabled": true,
                "id": "3a0db2f6-0d2a-4c19-971b-49109b19ad3d",
                "type": "Admin",
                "user_consent_description": "Allows the application to read and update the metadata of print jobs on your behalf. Does not allow access to print job document content.",
                "user_consent_display_name": "Read and write basic information of print jobs",
                "value": "PrintJob.ReadWriteBasic.All"
              },
              {
                "admin_consent_description": "Allows the app to read and write your organization's device configuration policies on behalf of the signed-in user.  For example, device registration policy can limit initial provisioning controls using quota restrictions, additional authentication and authorization checks.",
                "admin_consent_display_name": "Read and write your organization's device configuration policies",
                "enabled": true,
                "id": "40b534c3-9552-4550-901b-23879c90bcf9",
                "type": "Admin",
                "user_consent_description": "Allows the app to read and write your organization's device configuration policies on your behalf.  For example, device registration policy can limit initial provisioning controls using quota restrictions, additional authentication and authorization checks.",
                "user_consent_display_name": "Read and write your organization's device configuration policies",
                "value": "Policy.ReadWrite.DeviceConfiguration"
              },
              {
                "admin_consent_description": "Allows the app to submit application packages to the catalog and cancel submissions that are pending review on behalf of the signed-in user.",
                "admin_consent_display_name": "Submit application packages to the catalog and cancel pending submissions",
                "enabled": true,
                "id": "3db89e36-7fa6-4012-b281-85f3d9d9fd2e",
                "type": "User",
                "user_consent_description": "Allows the app to submit application packages to the catalog and cancel submissions that are pending review on your behalf.",
                "user_consent_display_name": "Submit application packages to your organization's catalog and cancel pending submissions",
                "value": "AppCatalog.Submit"
              },
              {
                "admin_consent_description": "Allows the app to read the Teams apps that are installed in chats the signed-in user can access. Does not give the ability to read application-specific settings.",
                "admin_consent_display_name": "Read installed Teams apps in chats",
                "enabled": true,
                "id": "bf3fbf03-f35f-4e93-963e-47e4d874c37a",
                "type": "User",
                "user_consent_description": "Allows the app to read the Teams apps that are installed in chats that you can access. Does not give the ability to read application-specific settings.",
                "user_consent_display_name": "Read installed Teams apps in chats",
                "value": "TeamsAppInstallation.ReadForChat"
              },
              {
                "admin_consent_description": "Allows the app to read the Teams apps that are installed in teams the signed-in user can access. Does not give the ability to read application-specific settings.",
                "admin_consent_display_name": "Read installed Teams apps in teams",
                "enabled": true,
                "id": "5248dcb1-f83b-4ec3-9f4d-a4428a961a72",
                "type": "Admin",
                "user_consent_description": "Allows the app to read the Teams apps that are installed in teams that you can access. Does not give the ability to read application-specific settings.",
                "user_consent_display_name": "Read installed Teams apps in teams",
                "value": "TeamsAppInstallation.ReadForTeam"
              },
              {
                "admin_consent_description": "Allows the app to read the Teams apps that are installed for the signed-in user. Does not give the ability to read application-specific settings.",
                "admin_consent_display_name": "Read user's installed Teams apps",
                "enabled": true,
                "id": "c395395c-ff9a-4dba-bc1f-8372ba9dca84",
                "type": "User",
                "user_consent_description": "Allows the app to read the Teams apps that are installed for you. Does not give the ability to read application-specific settings.",
                "user_consent_display_name": "Read your installed Teams apps",
                "value": "TeamsAppInstallation.ReadForUser"
              },
              {
                "admin_consent_description": "Allows the app to read, install, upgrade, and uninstall Teams apps in teams the signed-in user can access. Does not give the ability to read application-specific settings.",
                "admin_consent_display_name": "Manage installed Teams apps in teams",
                "enabled": true,
                "id": "2e25a044-2580-450d-8859-42eeb6e996c0",
                "type": "Admin",
                "user_consent_description": "Allows the app to read, install, upgrade, and uninstall Teams apps in teams you can access. Does not give the ability to read application-specific settings.",
                "user_consent_display_name": "Manage installed Teams apps in teams",
                "value": "TeamsAppInstallation.ReadWriteForTeam"
              },
              {
                "admin_consent_description": "Allows a Teams app to read, install, upgrade, and uninstall itself in chats the signed-in user can access.",
                "admin_consent_display_name": "Allow the Teams app to manage itself in chats",
                "enabled": true,
                "id": "0ce33576-30e8-43b7-99e5-62f8569a4002",
                "type": "Admin",
                "user_consent_description": "Allows a Teams app to read, install, upgrade, and uninstall itself in chats you can access.",
                "user_consent_display_name": "Allow the Teams app to manage itself in chats",
                "value": "TeamsAppInstallation.ReadWriteSelfForChat"
              },
              {
                "admin_consent_description": "Allows a Teams app to read, install, upgrade, and uninstall itself for the signed-in user.",
                "admin_consent_display_name": "Allow the Teams app to manage itself for a user",
                "enabled": true,
                "id": "207e0cb1-3ce7-4922-b991-5a760c346ebc",
                "type": "User",
                "user_consent_description": "Allows a Teams app to read, install, upgrade, and uninstall itself for you.",
                "user_consent_display_name": "Allow the Teams app to manage itself for you",
                "value": "TeamsAppInstallation.ReadWriteSelfForUser"
              },
              {
                "admin_consent_description": "Allows the app to read, install, upgrade, and uninstall Teams apps installed for the signed-in user. Does not give the ability to read application-specific settings.",
                "admin_consent_display_name": "Manage user's installed Teams apps",
                "enabled": true,
                "id": "093f8818-d05f-49b8-95bc-9d2a73e9a43c",
                "type": "Admin",
                "user_consent_description": "Allows the app to read, install, upgrade, and uninstall Teams apps installed for you. Does not give the ability to read application-specific settings.",
                "user_consent_display_name": "Manage your installed Teams apps",
                "value": "TeamsAppInstallation.ReadWriteForUser"
              },
              {
                "admin_consent_description": "Allows the app to create teams on behalf of the signed-in user.",
                "admin_consent_display_name": "Create teams",
                "enabled": true,
                "id": "7825d5d6-6049-4ce7-bdf6-3b8d53f4bcd0",
                "type": "User",
                "user_consent_description": "Allows the app to create teams on your behalf. ",
                "user_consent_display_name": "Create teams",
                "value": "Team.Create"
              },
              {
                "admin_consent_description": "Add and remove members from all teams, on behalf of the signed-in user. Does not allow adding or removing a member with the owner role. Additionally, does not allow the app to elevate an existing member to the owner role.",
                "admin_consent_display_name": "Add and remove members with non-owner role for all teams",
                "enabled": true,
                "id": "2104a4db-3a2f-4ea0-9dba-143d457dc666",
                "type": "Admin",
                "user_consent_description": "Add and remove members from all teams, on your behalf. Does not allow adding or removing a member with the owner role. Additionally, does not allow the app to elevate an existing member to the owner role.",
                "user_consent_display_name": "Add and remove members with non-owner role for all teams",
                "value": "TeamMember.ReadWriteNonOwnerRole.All"
              },
              {
                "admin_consent_description": "Allows the app to read the term store data that the signed-in user has access to. This includes all sets, groups and terms in the term store.",
                "admin_consent_display_name": "Read term store data",
                "enabled": true,
                "id": "297f747b-0005-475b-8fef-c890f5152b38",
                "type": "Admin",
                "user_consent_description": "Allows the app to read the term store data that you have access to. This includes all sets, groups and terms in the term store.",
                "user_consent_display_name": "Read term store data",
                "value": "TermStore.Read.All"
              },
              {
                "admin_consent_description": "Allows the app to read or modify data that the signed-in user has access to. This includes all sets, groups and terms in the term store.",
                "admin_consent_display_name": "Read and write term store data",
                "enabled": true,
                "id": "6c37c71d-f50f-4bff-8fd3-8a41da390140",
                "type": "Admin",
                "user_consent_description": "Allows the app to read or modify data that you have access to. This includes all sets, groups and terms in the term store.",
                "user_consent_display_name": "Read and write term store data",
                "value": "TermStore.ReadWrite.All"
              },
              {
                "admin_consent_description": "Allows the app to read your tenant's service announcement messages on behalf of the signed-in user. Messages may include information about new or changed features.",
                "admin_consent_display_name": "Read service announcement messages",
                "enabled": true,
                "id": "eda39fa6-f8cf-4c3c-a909-432c683e4c9b",
                "type": "Admin",
                "user_consent_description": "Allows the app to read your tenant's service announcement messages on your behalf. Messages may include information about new or changed features.",
                "user_consent_display_name": "Read service messages",
                "value": "ServiceMessage.Read.All"
              },
              {
                "admin_consent_description": "Allows the app to read your tenant's service health information on behalf of the signed-in user. Health information may include service issues or service health overviews.",
                "admin_consent_display_name": "Read service health",
                "enabled": true,
                "id": "55896846-df78-47a7-aa94-8d3d4442ca7f",
                "type": "Admin",
                "user_consent_description": "Allows the app to read your tenant's service health information on your behalf.Health information may include service issues or service health overviews.",
                "user_consent_display_name": "Read service health",
                "value": "ServiceHealth.Read.All"
              },
              {
                "admin_consent_description": "Allows the app to read all the short notes a sign-in user has access to.",
                "admin_consent_display_name": "Read short notes of the signed-in user",
                "enabled": true,
                "id": "50f66e47-eb56-45b7-aaa2-75057d9afe08",
                "type": "User",
                "user_consent_description": "Allows the app to read your short notes.",
                "user_consent_display_name": "Read your short notes",
                "value": "ShortNotes.Read"
              },
              {
                "admin_consent_description": "Allows the app to read, create, edit, and delete short notes of a signed-in user.",
                "admin_consent_display_name": "Read, create, edit, and delete short notes of the signed-in user",
                "enabled": true,
                "id": "328438b7-4c01-4c07-a840-e625a749bb89",
                "type": "User",
                "user_consent_description": "Allows the app to read, create, edit, and delete your short notes.",
                "user_consent_display_name": "Read, create, edit, and delete your short notes",
                "value": "ShortNotes.ReadWrite"
              },
              {
                "admin_consent_description": "Allows the app to read your organization's conditional access policies on behalf of the signed-in user.",
                "admin_consent_display_name": "Read your organization's conditional access policies",
                "enabled": true,
                "id": "633e0fce-8c58-4cfb-9495-12bbd5a24f7c",
                "type": "User",
                "user_consent_description": "Allows the app to read your organization's conditional access policies on your behalf.",
                "user_consent_display_name": "Read your organization's conditional access policies",
                "value": "Policy.Read.ConditionalAccess"
              },
              {
                "admin_consent_description": "Allows the app to read the role-based access control (RBAC) settings for all RBAC providers, on behalf of the signed-in user.  This includes reading role definitions and role assignments.",
                "admin_consent_display_name": "Read role management data for all RBAC providers",
                "enabled": true,
                "id": "48fec646-b2ba-4019-8681-8eb31435aded",
                "type": "Admin",
                "user_consent_description": "Allows the app to read the role-based access control (RBAC) settings for all RBAC providers, on your behalf.  This includes reading role definitions and role assignments.",
                "user_consent_display_name": "Read role management data for all RBAC providers",
                "value": "RoleManagement.Read.All"
              },
              {
                "admin_consent_description": "Allows an app to send one-to-one and group chat messages in Microsoft Teams, on behalf of the signed-in user.",
                "admin_consent_display_name": "Send user chat messages",
                "enabled": true,
                "id": "116b7235-7cc6-461e-b163-8e55691d839e",
                "type": "User",
                "user_consent_description": "Allows an app to send one-to-one and group chat messages in Microsoft Teams, on your behalf.",
                "user_consent_display_name": "Send chat messages",
                "value": "ChatMessage.Send"
              },
              {
                "admin_consent_description": "Allows an app to read the members and descriptions of one-to-one and group chat threads, on behalf of the signed-in user.",
                "admin_consent_display_name": "Read names and members of user chat threads",
                "enabled": true,
                "id": "9547fcb5-d03f-419d-9948-5928bbf71b0f",
                "type": "User",
                "user_consent_description": "Allows an app to read the members and descriptions of one-to-one and group chat threads, on your behalf.",
                "user_consent_display_name": "Read names and members of your chat threads",
                "value": "Chat.ReadBasic"
              },
              {
                "admin_consent_description": "Allows the app to read and write the properties of Cloud PCs on behalf of the signed-in user.",
                "admin_consent_display_name": "Read and write Cloud PCs",
                "enabled": true,
                "id": "9d77138f-f0e2-47ba-ab33-cd246c8b79d1",
                "type": "Admin",
                "user_consent_description": "Allows the app to read and write the properties of Cloud PCs, on your behalf.",
                "user_consent_display_name": "Read and write Cloud PCs",
                "value": "CloudPC.ReadWrite.All"
              },
              {
                "admin_consent_description": "Allows the app to read the properties of Cloud PCs on behalf of the signed-in user.",
                "admin_consent_display_name": "Read Cloud PCs",
                "enabled": true,
                "id": "5252ec4e-fd40-4d92-8c68-89dd1d3c6110",
                "type": "User",
                "user_consent_description": "Allows the app to read the properties of Cloud PCs, on your behalf.",
                "user_consent_display_name": "Read Cloud PCs",
                "value": "CloudPC.Read.All"
              },
              {
                "admin_consent_description": "Allows the app to read, install, upgrade, and uninstall Teams apps in chats the signed-in user can access. Does not give the ability to read application-specific settings.",
                "admin_consent_display_name": "Manage installed Teams apps in chats",
                "enabled": true,
                "id": "aa85bf13-d771-4d5d-a9e6-bca04ce44edf",
                "type": "Admin",
                "user_consent_description": "Allows the app to read, install, upgrade, and uninstall Teams apps in chats you can access. Does not give the ability to read application-specific settings.",
                "user_consent_display_name": "Manage installed Teams apps in chats",
                "value": "TeamsAppInstallation.ReadWriteForChat"
              },
              {
                "admin_consent_description": "Allows the app to create, read, update, and delete the signed-in user's tasks and task lists, including any shared with the user.",
                "admin_consent_display_name": "Create, read, update, and delete user’s tasks and task lists",
                "enabled": true,
                "id": "2219042f-cab5-40cc-b0d2-16b1540b4c5f",
                "type": "User",
                "user_consent_description": "Allows the app to create, read, update, and delete your tasks and task lists, including any shared with you.",
                "user_consent_display_name": "Create, read, update, and delete your tasks and task lists",
                "value": "Tasks.ReadWrite"
              },
              {
                "admin_consent_description": "Allows the app to read the signed-in user’s tasks and task lists, including any shared with the user. Doesn't include permission to create, delete, or update anything.",
                "admin_consent_display_name": "Read user's tasks and task lists",
                "enabled": true,
                "id": "f45671fb-e0fe-4b4b-be20-3d3ce43f1bcb",
                "type": "User",
                "user_consent_description": "Allows the app to read your tasks and task lists, including any shared with you. Doesn't include permission to create, delete, or update anything.",
                "user_consent_display_name": "Read your tasks and task lists",
                "value": "Tasks.Read"
              },
              {
                "admin_consent_description": "Allows an app to read one-to-one and group chat messages, on behalf of the signed-in user.",
                "admin_consent_display_name": "Read user chat messages",
                "enabled": true,
                "id": "cdcdac3a-fd45-410d-83ef-554db620e5c7",
                "type": "User",
                "user_consent_description": "Allows an app to read one-to-one or group chat messages in Microsoft Teams, on your behalf.",
                "user_consent_display_name": "Read user chat messages",
                "value": "ChatMessage.Read"
              },
              {
                "admin_consent_description": "Allows a Teams app to read, install, upgrade, and uninstall all tabs in chats the signed-in user can access.",
                "admin_consent_display_name": "Allow the Teams app to manage all tabs in chats",
                "enabled": true,
                "id": "ee928332-e9c2-4747-b4a0-f8c164b68de6",
                "type": "Admin",
                "user_consent_description": "Allows a Teams app to read, install, upgrade, and uninstall all tabs in chats you can access.",
                "user_consent_display_name": "Allow the Teams app to manage all tabs in chats",
                "value": "TeamsTab.ReadWriteForChat"
              },
              {
                "admin_consent_description": "Allows a Teams app to read, install, upgrade, and uninstall all tabs to teams the signed-in user can access.",
                "admin_consent_display_name": "Allow the Teams app to manage all tabs in teams",
                "enabled": true,
                "id": "c975dd04-a06e-4fbb-9704-62daad77bb49",
                "type": "Admin",
                "user_consent_description": "Allows a Teams app to read, install, upgrade, and uninstall all tabs to teams you can access.",
                "user_consent_display_name": "Allow the app to manage all tabs in teams",
                "value": "TeamsTab.ReadWriteForTeam"
              },
              {
                "admin_consent_description": "Allows a Teams app to read, install, upgrade, and uninstall all tabs for the signed-in user.",
                "admin_consent_display_name": "Allow the Teams app to manage all tabs for a user",
                "enabled": true,
                "id": "c37c9b61-7762-4bff-a156-afc0005847a0",
                "type": "User",
                "user_consent_description": "Allows a Teams app to read, install, upgrade, and uninstall all tabs for you.",
                "user_consent_display_name": "Allow the Teams app to manage all tabs for you",
                "value": "TeamsTab.ReadWriteForUser"
              },
              {
                "admin_consent_description": "Allows the app to read the API connectors used in user authentication flows, on behalf of the signed-in user.",
                "admin_consent_display_name": "Read API connectors for authentication flows",
                "enabled": true,
                "id": "1b6ff35f-31df-4332-8571-d31ea5a4893f",
                "type": "Admin",
                "user_consent_description": "Allows the app to read the API connectors used in user authentication flows, on your behalf.",
                "user_consent_display_name": "Read API connectors for authentication flows",
                "value": "APIConnectors.Read.All"
              },
              {
                "admin_consent_description": "Allows the app to read, create and manage the API connectors used in user authentication flows, on behalf of the signed-in user.",
                "admin_consent_display_name": "Read and write API connectors for authentication flows",
                "enabled": true,
                "id": "c67b52c5-7c69-48b6-9d48-7b3af3ded914",
                "type": "Admin",
                "user_consent_description": "Allows the app to read, create and manage the API connectors used in user authentication flows, on your behalf.",
                "user_consent_display_name": "Read and write API connectors for authentication flows",
                "value": "APIConnectors.ReadWrite.All"
              },
              {
                "admin_consent_description": "Read the members of chats, on behalf of the signed-in user.",
                "admin_consent_display_name": "Read the members of chats",
                "enabled": true,
                "id": "c5a9e2b1-faf6-41d4-8875-d381aa549b24",
                "type": "Admin",
                "user_consent_description": "Read the members of chats, on your behalf.",
                "user_consent_display_name": "Read the members of chats",
                "value": "ChatMember.Read"
              },
              {
                "admin_consent_description": "Add and remove members from chats, on behalf of the signed-in user.",
                "admin_consent_display_name": "Add and remove members from chats",
                "enabled": true,
                "id": "dea13482-7ea6-488f-8b98-eb5bbecf033d",
                "type": "Admin",
                "user_consent_description": "Add and remove members from chats, on your behalf.",
                "user_consent_display_name": "Add and remove members from chats",
                "value": "ChatMember.ReadWrite"
              },
              {
                "admin_consent_description": "Allows the app to create chats on behalf of the signed-in user.",
                "admin_consent_display_name": "Create chats",
                "enabled": true,
                "id": "38826093-1258-4dea-98f0-00003be2b8d0",
                "type": "User",
                "user_consent_description": "Allows the app to create chats on your behalf. ",
                "user_consent_display_name": "Create chats",
                "value": "Chat.Create"
              },
              {
                "admin_consent_description": "Allows the application to read and write tenant-wide print settings on behalf of the signed-in user.",
                "admin_consent_display_name": "Read and write tenant-wide print settings",
                "enabled": true,
                "id": "9ccc526a-c51c-4e5c-a1fd-74726ef50b8f",
                "type": "Admin",
                "user_consent_description": "Allows the application to read and write tenant-wide print settings on your behalf.",
                "user_consent_display_name": "Read and write tenant-wide print settings",
                "value": "PrintSettings.ReadWrite.All"
              },
              {
                "admin_consent_description": "Allows the application to read tenant-wide print settings on behalf of the signed-in user.",
                "admin_consent_display_name": "Read tenant-wide print settings",
                "enabled": true,
                "id": "490f32fd-d90f-4dd7-a601-ff6cdc1a3f6c",
                "type": "Admin",
                "user_consent_description": "Allows the application to read tenant-wide print settings on your behalf.",
                "user_consent_display_name": "Read tenant-wide print settings",
                "value": "PrintSettings.Read.All"
              },
              {
                "admin_consent_description": "Allows the application to read and write print connectors on behalf of the signed-in user. ",
                "admin_consent_display_name": "Read and write print connectors",
                "enabled": true,
                "id": "79ef9967-7d59-4213-9c64-4b10687637d8",
                "type": "Admin",
                "user_consent_description": "Allows the application to read and write print connectors on your behalf.",
                "user_consent_display_name": "Read and write print connectors",
                "value": "PrintConnector.ReadWrite.All"
              },
              {
                "admin_consent_description": "Allows the application to read print connectors on behalf of the signed-in user.",
                "admin_consent_display_name": "Read print connectors",
                "enabled": true,
                "id": "d69c2d6d-4f72-4f99-a6b9-663e32f8cf68",
                "type": "Admin",
                "user_consent_description": "Allows the application to read print connectors on your behalf.",
                "user_consent_display_name": "Read print connectors",
                "value": "PrintConnector.Read.All"
              },
              {
                "admin_consent_description": "Allows the application to read basic information about printer shares on behalf of the signed-in user. Does not allow reading access control information.",
                "admin_consent_display_name": "Read basic information about printer shares",
                "enabled": true,
                "id": "5fa075e9-b951-4165-947b-c63396ff0a37",
                "type": "User",
                "user_consent_description": "Allows the application to read basic information about printer shares on your behalf.",
                "user_consent_display_name": "Read basic information about printer shares",
                "value": "PrinterShare.ReadBasic.All"
              },
              {
                "admin_consent_description": "Allows the application to create print jobs on behalf of the signed-in user and upload document content to print jobs that the signed-in user created.",
                "admin_consent_display_name": "Create print jobs",
                "enabled": true,
                "id": "21f0d9c0-9f13-48b3-94e0-b6b231c7d320",
                "type": "User",
                "user_consent_description": "Allows the application to create print jobs on your behalf and upload document content to print jobs  that you created.",
                "user_consent_display_name": "Create your print jobs",
                "value": "PrintJob.Create"
              },
              {
                "admin_consent_description": "Allows the app to manage self-service entitlement management resources on behalf of the signed-in user.  This includes operations such as requesting access and approving access of others.",
                "admin_consent_display_name": "Read and write entitlement management resources related to self-service operations",
                "enabled": true,
                "id": "e9fdcbbb-8807-410f-b9ec-8d5468c7c2ac",
                "type": "User",
                "user_consent_description": "Allows the app to create and manage self-service entitlement management resources that you have access to.  This includes operations such as requesting access and approving access for others.",
                "user_consent_display_name": "Read and write self-service entitlement management resources",
                "value": "EntitlementMgmt-SubjectAccess.ReadWrite"
              },
              {
                "admin_consent_description": "Allows the app to read Azure AD recommendations, on behalf of the signed-in user.",
                "admin_consent_display_name": "Read Azure AD recommendations",
                "enabled": true,
                "id": "34d3bd24-f6a6-468c-b67c-0c365c1d6410",
                "type": "Admin",
                "user_consent_description": "Allows the app to read Azure AD recommendations, on your behalf.",
                "user_consent_display_name": "Read Azure AD recommendations",
                "value": "DirectoryRecommendations.Read.All"
              },
              {
                "admin_consent_description": "Allows the application to list and query user profile information associated with the current tenant on behalf of the signed-in user.  It also permits the application to export and remove external user data (e.g. customer content or system-generated logs), associated with the current tenant on behalf of the signed-in user.",
                "admin_consent_display_name": "Read shared cross-tenant user profile and export or delete data",
                "enabled": true,
                "id": "eed0129d-dc60-4f30-8641-daf337a39ffd",
                "type": "Admin",
                "user_consent_description": "Allows the application to list and query shared user profile information associated with the current tenant on your behalf.  It also permits the application to export and remove your external user data (e.g. customer content or system-generated logs), associated with the current tenant on your behalf.",
                "user_consent_display_name": "Read shared cross-tenant user profile and export or delete data",
                "value": "CrossTenantUserProfileSharing.ReadWrite"
              },
              {
                "admin_consent_description": "Allows the app to manage restricted resources based on the other permissions granted to the app, on behalf of the signed-in user.",
                "admin_consent_display_name": "Manage restricted resources in the directory",
                "enabled": true,
                "id": "cba5390f-ed6a-4b7f-b657-0efc2210ed20",
                "type": "Admin",
                "user_consent_description": "Allows the app to manage restricted resources based on the other permissions granted to the app, on your behalf.",
                "user_consent_display_name": "Manage restricted resources in the directory",
                "value": "Directory.Write.Restricted"
              },
              {
                "admin_consent_description": "Allows the app to read your organization's threat submission policies on behalf of the signed-in user. Also allows the app to create new threat submission policies on behalf of the signed-in user.",
                "admin_consent_display_name": "Read and write all threat submission policies",
                "enabled": true,
                "id": "059e5840-5353-4c68-b1da-666a033fc5e8",
                "type": "Admin",
                "user_consent_description": "Allows the app to read your organization's threat submission policies  on your behalf. Also allows the app to create new threat submission policies  on your behalf.",
                "user_consent_display_name": "Read and write all threat submission policies",
                "value": "ThreatSubmissionPolicy.ReadWrite.All"
              },
              {
                "admin_consent_description": "Allows the app to fully manage all data associated with the business scenarios it owns. Data access and changes will be attributed to the signed-in user.",
                "admin_consent_display_name": "Read and write all data for business scenarios this app creates or owns",
                "enabled": true,
                "id": "19932d57-2952-4c60-8634-3655c79fc527",
                "type": "Admin",
                "user_consent_description": "Allows the app to fully manage all data associated with the business scenarios it owns. These changes will be attributed to you.",
                "user_consent_display_name": "Read and write data for business scenarios this app creates or owns",
                "value": "BusinessScenarioData.ReadWrite.OwnedBy"
              },
              {
                "admin_consent_description": "Allows an application to read virtual appointments for the signed-in user. Only an organizer or participant user can read their virtual appointments.  ",
                "admin_consent_display_name": "Read a user's virtual appointments",
                "enabled": true,
                "id": "27470298-d3b8-4b9c-aad4-6334312a3eac",
                "type": "Admin",
                "user_consent_description": "Allows the app to read virtual appointments on your behalf.  ",
                "user_consent_display_name": "Read your virtual appointments ",
                "value": "VirtualAppointment.Read"
              },
              {
                "admin_consent_description": "Allows an app to read the browser site lists configured for your organization, on behalf of the signed-in user.",
                "admin_consent_display_name": "Read browser site lists for your organization",
                "enabled": true,
                "id": "fb9be2b7-a7fc-4182-aec1-eda4597c43d5",
                "type": "User",
                "user_consent_description": "Allows an app to read the browser site lists configured for your organization, on your behalf.",
                "user_consent_display_name": "Read browser site lists for your organization",
                "value": "BrowserSiteLists.Read.All"
              },
              {
                "admin_consent_description": "Allows the app to read Azure AD synchronization information, on behalf of the signed-in user.",
                "admin_consent_display_name": "Read all Azure AD synchronization data",
                "enabled": true,
                "id": "7aa02aeb-824f-4fbe-a3f7-611f751f5b55",
                "type": "Admin",
                "user_consent_description": "Allows the app to read Azure AD synchronization information, on your behalf.",
                "user_consent_display_name": "Read all Azure AD synchronization data",
                "value": "Synchronization.Read.All"
              },
              {
                "admin_consent_description": "Allows the app to read and write inbound data flows on behalf of the signed-in user.",
                "admin_consent_display_name": "Manage inbound flow definitions",
                "enabled": true,
                "id": "97044676-2cec-40ee-bd70-38df444c9e70",
                "type": "Admin",
                "user_consent_description": "Allows the app to read and write inbound data flows on your behalf.",
                "user_consent_display_name": "Manage inbound flow definitions",
                "value": "IndustryData-InboundFlow.ReadWrite.All"
              },
              {
                "admin_consent_description": "Allows the app to read a user's digital health settings, such as content restrictions.",
                "admin_consent_display_name": "Read your digital health settings",
                "enabled": true,
                "id": "c3ba73cd-1333-4ac0-9eb6-da00cf298dad",
                "type": "User",
                "user_consent_description": "Allows the app to read your digital health settings, such as content restrictions.",
                "user_consent_display_name": "Read your digital health settings",
                "value": "DigitalHealthSettings.Read"
              },
              {
                "admin_consent_description": "Allows an app to read all question and answer sets that the signed-in user can access.",
                "admin_consent_display_name": "Read all Questions and Answers that the user can access.",
                "enabled": true,
                "id": "f73fa04f-b9a5-4df9-8843-993ce928925e",
                "type": "User",
                "user_consent_description": "Allows the app to read all question and answer sets that you can access.",
                "user_consent_display_name": "Read all Questions and Answers that you can access.",
                "value": "QnA.Read.All"
              },
              {
                "admin_consent_description": "Allows the application to list and query any shared user profile information associated with the current tenant on behalf of the signed-in user.  It also permits the application to export and remove external user data (e.g. customer content or system-generated logs), for any user associated with the current tenant on behalf of the signed-in user.",
                "admin_consent_display_name": "Read all shared cross-tenant user profiles and export or delete their data",
                "enabled": true,
                "id": "64dfa325-cbf8-48e3-938d-51224a0cac01",
                "type": "Admin",
                "user_consent_description": "Allows the application to list and query any shared user profile information associated with the current tenant on your behalf.  It also permits the application to export and remove external user data (e.g. customer content or system-generated logs), for any user associated with the current tenant on your behalf.",
                "user_consent_display_name": "Read any shared cross-tenant user profiles and export or delete data",
                "value": "CrossTenantUserProfileSharing.ReadWrite.All"
              },
              {
                "admin_consent_description": "Allows the app to read the threat submissions and threat submission policies owned by the signed-in user.",
                "admin_consent_display_name": "Read threat submissions",
                "enabled": true,
                "id": "fd5353c6-26dd-449f-a565-c4e16b9fce78",
                "type": "User",
                "user_consent_description": "Allows the app to read the threat submissions and threat submission policies that you own on your behalf.",
                "user_consent_display_name": "Read threat submissions",
                "value": "ThreatSubmission.Read"
              },
              {
                "admin_consent_description": "Allows the app to read the threat submissions and threat submission policies owned by the signed-in user. Also allows the app to create new threat submissions on behalf of the signed-in user.",
                "admin_consent_display_name": "Read and write threat submissions",
                "enabled": true,
                "id": "68a3156e-46c9-443c-b85c-921397f082b5",
                "type": "User",
                "user_consent_description": "Allows the app to read the threat submissions and threat submission policies that you own. Also allows the app to create new threat submissions on your behalf.",
                "user_consent_display_name": "Read and write threat submissions",
                "value": "ThreatSubmission.ReadWrite"
              },
              {
                "admin_consent_description": "Allows the app to read device local credential properties including passwords, on behalf of the signed-in user.",
                "admin_consent_display_name": "Read device local credential passwords",
                "enabled": true,
                "id": "280b3b69-0437-44b1-bc20-3b2fca1ee3e9",
                "type": "Admin",
                "user_consent_description": "Allows the app to read device local credential properties including passwords, on your behalf.",
                "user_consent_display_name": "Read device local credential passwords",
                "value": "DeviceLocalCredential.Read.All"
              },
              {
                "admin_consent_description": "Allows the app to read all recordings of online meetings, on behalf of the signed-in user.",
                "admin_consent_display_name": "Read all recordings of online meetings.",
                "enabled": true,
                "id": "190c2bb6-1fdd-4fec-9aa2-7d571b5e1fe3",
                "type": "Admin",
                "user_consent_description": "Allows the app to read all recordings of online meetings, on your behalf. ",
                "user_consent_display_name": "Read all recordings of online meetings. ",
                "value": "OnlineMeetingRecording.Read.All"
              },
              {
                "admin_consent_description": "Allows a Teams app to read, install, upgrade, and uninstall itself in teams the signed-in user can access, and manage its permission grants for accessing those specific teams' data.",
                "admin_consent_display_name": "Allow the Teams app to manage itself and its permission grants in teams",
                "enabled": true,
                "id": "4a6bbf29-a0e1-4a4d-a7d1-cef17f772975",
                "type": "Admin",
                "user_consent_description": "Allows a Teams app to read, install, upgrade, and uninstall itself in teams the signed-in user can access, and manage its permission grants for accessing those specific teams' data.",
                "user_consent_display_name": "Allow the Teams app to manage itself and its permission grants in teams",
                "value": "TeamsAppInstallation.ReadWriteAndConsentSelfForTeam"
              },
              {
                "admin_consent_description": "Allows the app to configure the Azure AD synchronization service, on behalf of the signed-in user.",
                "admin_consent_display_name": "Read and write all Azure AD synchronization data",
                "enabled": true,
                "id": "7bb27fa3-ea8f-4d67-a916-87715b6188bd",
                "type": "Admin",
                "user_consent_description": "Allows the app to configure the Azure AD synchronization service, on your behalf.",
                "user_consent_display_name": "Read and write all Azure AD synchronization data",
                "value": "Synchronization.ReadWrite.All"
              },
              {
                "admin_consent_description": "Allows the app to read inbound data flows on behalf of the signed-in user.",
                "admin_consent_display_name": "View inbound flow definitions",
                "enabled": true,
                "id": "cb0774da-a605-42af-959c-32f438fb38f4",
                "type": "Admin",
                "user_consent_description": "Allows the app to read inbound data flows on your behalf.",
                "user_consent_display_name": "View inbound flow definitions",
                "value": "IndustryData-InboundFlow.Read.All"
              },
              {
                "admin_consent_description": "Allows the application to read and update the organization's external identities policy on behalf of the signed-in user.  For example, external identities policy controls if users invited to access resources in your organization via B2B collaboration or B2B direct connect are allowed to self-service leave.",
                "admin_consent_display_name": "Read and write your organization's external identities policy",
                "enabled": true,
                "id": "b5219784-1215-45b5-b3f1-88fe1081f9c0",
                "type": "Admin",
                "user_consent_description": "Allows the application to read and update the organization's external identities policy on your behalf.  For example, external identities policy controls if users invited to access resources in your organization via B2B collaboration or B2B direct connect are allowed to self-service leave.",
                "user_consent_display_name": "Read and write your organization's external identities policy",
                "value": "Policy.ReadWrite.ExternalIdentities"
              },
              {
                "admin_consent_description": "Allows the application to obtain basic tenant information about another target tenant within the Azure AD ecosystem on behalf of the signed-in user.",
                "admin_consent_display_name": "Read cross-tenant basic information",
                "enabled": true,
                "id": "81594d25-e88e-49cf-ac8c-fecbff49f994",
                "type": "Admin",
                "user_consent_description": "Allows the application to obtain basic tenant information about another target tenant within the Azure AD ecosystem on your behalf.",
                "user_consent_display_name": "Read cross-tenant basic information",
                "value": "CrossTenantInformation.ReadBasic.All"
              },
              {
                "admin_consent_description": "Allows the app to read your organization's authentication event listeners on behalf of the signed-in user.",
                "admin_consent_display_name": "Read your organization's authentication event listeners",
                "enabled": true,
                "id": "f7dd3bed-5eec-48da-bc73-1c0ef50bc9a1",
                "type": "Admin",
                "user_consent_description": "Allows the app to read your organization's authentication event listeners on your behalf.",
                "user_consent_display_name": "Read your organization's authentication event listeners",
                "value": "EventListener.Read.All"
              },
              {
                "admin_consent_description": "Allows the app to read device local credential properties excluding passwords, on behalf of the signed-in user.",
                "admin_consent_display_name": "Read device local credential properties",
                "enabled": true,
                "id": "9917900e-410b-4d15-846e-42a357488545",
                "type": "Admin",
                "user_consent_description": "Allows the app to read device local credential properties excluding passwords, on your behalf.",
                "user_consent_display_name": "Read device local credential properties",
                "value": "DeviceLocalCredential.ReadBasic.All"
              },
              {
                "admin_consent_description": "Allows the app to read the Teams app settings on behalf of the signed-in user.",
                "admin_consent_display_name": "Read Teams app settings",
                "enabled": true,
                "id": "44e060c4-bbdc-4256-a0b9-dcc0396db368",
                "type": "User",
                "user_consent_description": "Allows the app to read the Teams app settings on your behalf.",
                "user_consent_display_name": "Read Teams app settings",
                "value": "TeamworkAppSettings.Read.All"
              },
              {
                "admin_consent_description": "Allows the app to manage learning content in the organization's directory, on behalf of the signed-in user.",
                "admin_consent_display_name": "Manage learning content",
                "enabled": true,
                "id": "53cec1c4-a65f-4981-9dc1-ad75dbf1c077",
                "type": "Admin",
                "user_consent_description": "Allows the app to manage learning content in the organization's directory, on your behalf.",
                "user_consent_display_name": "Manage learning content",
                "value": "LearningContent.ReadWrite.All"
              },
              {
                "admin_consent_description": "Allows the app to create, update, read, and delete data for the learning provider in the organization's directory, on behalf of the signed-in user.",
                "admin_consent_display_name": "Manage learning provider",
                "enabled": true,
                "id": "40c2eb57-abaf-49f5-9331-e90fd01f7130",
                "type": "Admin",
                "user_consent_description": "Allows the app to create, update, read, and delete data for the learning provider in the organization's directory, on your behalf.",
                "user_consent_display_name": "Manage learning provider",
                "value": "LearningProvider.ReadWrite"
              },
              {
                "admin_consent_description": "Allows the app to read and write the configurations of your organization's business scenarios, on behalf of the signed-in user.",
                "admin_consent_display_name": "Read and write business scenario configurations",
                "enabled": true,
                "id": "755e785b-b658-446f-bb22-5a46abd029ea",
                "type": "Admin",
                "user_consent_description": "Allows the app to read and write the configurations of your organization's business scenarios, on your behalf.",
                "user_consent_display_name": "Read and write business scenario configurations",
                "value": "BusinessScenarioConfig.ReadWrite.All"
              },
              {
                "admin_consent_description": "Allows the app to read the lifecycle information like employeeLeaveDateTime of users in your organization, on behalf of the signed-in user.",
                "admin_consent_display_name": "Read all users' lifecycle information",
                "enabled": true,
                "id": "ed8d2a04-0374-41f1-aefe-da8ac87ccc87",
                "type": "Admin",
                "user_consent_description": "Allows the app to read the lifecycle information like employeeLeaveDateTime of users in your organization, on behalf of the signed-in user.",
                "user_consent_display_name": "Read all users' lifecycle information",
                "value": "User-LifeCycleInfo.Read.All"
              },
              {
                "admin_consent_description": "Allows the app to read, install, upgrade, and uninstall Teams apps in chats the signed-in user can access. Gives the ability to manage permission grants for accessing those specific chats' data.",
                "admin_consent_display_name": "Manage installed Teams apps in chats",
                "enabled": true,
                "id": "e1408a66-8f82-451b-a2f3-3c3e38f7413f",
                "type": "Admin",
                "user_consent_description": "Allows the app to read, install, upgrade, and uninstall Teams apps in chats the signed-in user can access. Gives the ability to manage permission grants for accessing those specific chats' data.",
                "user_consent_display_name": "Manage installation and permission grants of Teams apps in chats",
                "value": "TeamsAppInstallation.ReadWriteAndConsentForChat"
              },
              {
                "admin_consent_description": "Allows an app to read and write the browser site lists configured for your organization, on behalf of the signed-in user.",
                "admin_consent_display_name": "Read and write browser site lists for your organization",
                "enabled": true,
                "id": "83b34c85-95bf-497b-a04e-b58eca9d49d0",
                "type": "User",
                "user_consent_description": "Allows an app to read and write the browser site lists configured for your organization, on your behalf.",
                "user_consent_display_name": "Read and write browser site lists for your organization",
                "value": "BrowserSiteLists.ReadWrite.All"
              },
              {
                "admin_consent_description": "Allows the app to read data connectors on behalf of the signed-in user.",
                "admin_consent_display_name": "View data connector definitions",
                "enabled": true,
                "id": "d19c0de5-7ecb-4aba-b090-da35ebcd5425",
                "type": "Admin",
                "user_consent_description": "Allows the app to read data connectors on your behalf.",
                "user_consent_display_name": "View data connector definitions",
                "value": "IndustryData-DataConnector.Read.All"
              },
              {
                "admin_consent_description": "Allows the app to read and write data connectors on behalf of the signed-in user.",
                "admin_consent_display_name": "Manage data connector definitions",
                "enabled": true,
                "id": "5ce933ac-3997-4280-aed0-cc072e5c062a",
                "type": "Admin",
                "user_consent_description": "Allows the app to read and write data connectors on your behalf.",
                "user_consent_display_name": "Manage data connector definitions",
                "value": "IndustryData-DataConnector.ReadWrite.All"
              },
              {
                "admin_consent_description": "Allows the app to read current and previous IndustryData runs on behalf of the signed-in user.",
                "admin_consent_display_name": "View current and previous runs",
                "enabled": true,
                "id": "92685235-50c4-4702-b2c8-36043db6fa79",
                "type": "Admin",
                "user_consent_description": "Allows the app to read current and previous IndustryData runs on your behalf.",
                "user_consent_display_name": "View current and previous runs",
                "value": "IndustryData-Run.Read.All"
              },
              {
                "admin_consent_description": "Allows the app to read and write all on-premises directory synchronization information for the organization, on behalf of the signed-in user.",
                "admin_consent_display_name": "Read and write all on-premises directory synchronization information",
                "enabled": true,
                "id": "c2d95988-7604-4ba1-aaed-38a5f82a51c7",
                "type": "Admin",
                "user_consent_description": "Allows the app to read and write all on-premises directory synchronization information for the organization, on your behalf.",
                "user_consent_display_name": "Read and write all on-premises directory synchronization information",
                "value": "OnPremDirectorySynchronization.ReadWrite.All"
              },
              {
                "admin_consent_description": "Allows the application to list and query user profile information associated with the current tenant on behalf of the signed-in user.  It also permits the application to export external user data (e.g. customer content or system-generated logs), associated with the current tenant on behalf of the signed-in user.",
                "admin_consent_display_name": "Read shared cross-tenant user profile and export data",
                "enabled": true,
                "id": "cb1ba48f-d22b-4325-a07f-74135a62ee41",
                "type": "Admin",
                "user_consent_description": "Allows the application to list and query shared user profile information associated with the current tenant on your behalf.  It also permits the application to export your external user data (e.g. customer content or system-generated logs), associated with the current tenant on your behalf.",
                "user_consent_display_name": "Read shared cross-tenant user profile and export data",
                "value": "CrossTenantUserProfileSharing.Read"
              },
              {
                "admin_consent_description": "Allows the app to read admin report settings, such as whether to display concealed information in reports, on behalf of the signed-in user",
                "admin_consent_display_name": "Read admin report settings",
                "enabled": true,
                "id": "84fac5f4-33a9-4100-aa38-a20c6d29e5e7",
                "type": "Admin",
                "user_consent_description": "Allows the app to read admin report settings, such as whether to display concealed information in reports, on your behalf.",
                "user_consent_display_name": "Read admin report settings",
                "value": "ReportSettings.Read.All"
              },
              {
                "admin_consent_description": "Allows the app to read all data associated with the business scenarios it owns. Data access will be attributed to the signed-in user.",
                "admin_consent_display_name": "Read all data for business scenarios this app creates or owns",
                "enabled": true,
                "id": "25b265c4-5d34-4e44-952d-b567f6d3b96d",
                "type": "Admin",
                "user_consent_description": "Allows the app to read all data associated with the business scenarios it owns. Data access will be attributed to you.",
                "user_consent_display_name": "Read data for business scenarios this app creates or owns",
                "value": "BusinessScenarioData.Read.OwnedBy"
              },
              {
                "admin_consent_description": "Allows the app to read and write your organization's security defaults policy on behalf of the signed-in user.",
                "admin_consent_display_name": "Read and write your organization's security defaults policy",
                "enabled": true,
                "id": "0b2a744c-2abf-4f1e-ad7e-17a087e2be99",
                "type": "Admin",
                "user_consent_description": "Allows the app to read and write your organization's security defaults policy on your behalf.",
                "user_consent_display_name": "Read and write your organization's security defaults policy",
                "value": "Policy.ReadWrite.SecurityDefaults"
              },
              {
                "admin_consent_description": "Allows the app to read and write the lifecycle information like employeeLeaveDateTime of users in your organization, on behalf of the signed-in user.",
                "admin_consent_display_name": "Read and write all users' lifecycle information",
                "enabled": true,
                "id": "7ee7473e-bd4b-4c9f-987c-bd58481f5fa2",
                "type": "Admin",
                "user_consent_description": "Allows the app to read and write the lifecycle information like employeeLeaveDateTime of users in your organization, on behalf of the signed-in user.",
                "user_consent_display_name": "Read and write all users' lifecycle information",
                "value": "User-LifeCycleInfo.ReadWrite.All"
              },
              {
                "admin_consent_description": "Allows the app to read, install, upgrade, and uninstall Teams apps in teams the signed-in user can access. Gives the ability to manage permission grants for accessing those specific teams' data.",
                "admin_consent_display_name": "Manage installed Teams apps in teams",
                "enabled": true,
                "id": "946349d5-2a9d-4535-abc0-7beeacaedd1d",
                "type": "Admin",
                "user_consent_description": "Allows the app to read, install, upgrade, and uninstall Teams apps in teams the signed-in user can access. Gives the ability to manage permission grants for accessing those specific teams' data.",
                "user_consent_display_name": "Manage installation and permission grants of Teams apps in teams",
                "value": "TeamsAppInstallation.ReadWriteAndConsentForTeam"
              },
              {
                "admin_consent_description": "Allows the app to read and update Azure AD recommendations, on behalf of the signed-in user. ",
                "admin_consent_display_name": "Read and update Azure AD recommendations",
                "enabled": true,
                "id": "f37235e8-90a0-4189-93e2-e55b53867ccd",
                "type": "Admin",
                "user_consent_description": "Allows the app to read and update Azure AD recommendations, on your behalf.",
                "user_consent_display_name": "Read and update Azure AD recommendations",
                "value": "DirectoryRecommendations.ReadWrite.All"
              },
              {
                "admin_consent_description": "Allows the app to read your organization's threat submissions and threat submission policies on behalf of the signed-in user.",
                "admin_consent_display_name": "Read all threat submissions",
                "enabled": true,
                "id": "7083913a-4966-44b6-9886-c5822a5fd910",
                "type": "Admin",
                "user_consent_description": "Allows the app to read your organization's threat submissions and threat submission policies on your behalf.",
                "user_consent_display_name": "Read all threat submissions",
                "value": "ThreatSubmission.Read.All"
              },
              {
                "admin_consent_description": "Allows the app to read learning content in the organization's directory, on behalf of the signed-in user.",
                "admin_consent_display_name": "Read learning content",
                "enabled": true,
                "id": "ea4c1fd9-6a9f-4432-8e5d-86e06cc0da77",
                "type": "Admin",
                "user_consent_description": "Allows the app to read learning content in the organization's directory, on your behalf.",
                "user_consent_display_name": "Read learning content",
                "value": "LearningContent.Read.All"
              },
              {
                "admin_consent_description": "Allows the app to read data for the learning provider in the organization's directory, on behalf of the signed-in user.",
                "admin_consent_display_name": "Read learning provider",
                "enabled": true,
                "id": "dd8ce36f-9245-45ea-a99e-8ac398c22861",
                "type": "Admin",
                "user_consent_description": "Allows the app to read data for the learning provider in the organization's directory, on your behalf.",
                "user_consent_display_name": "Read learning provider",
                "value": "LearningProvider.Read"
              },
              {
                "admin_consent_description": "Allows the app to read the configurations of your organization's business scenarios, on behalf of the signed-in user.",
                "admin_consent_display_name": "Read business scenario configurations",
                "enabled": true,
                "id": "d16480b2-e469-4118-846b-d3d177327bee",
                "type": "Admin",
                "user_consent_description": "Allows the app to read the configurations of your organization's business scenarios, on your behalf.",
                "user_consent_display_name": "Read business scenario configurations",
                "value": "BusinessScenarioConfig.Read.All"
              },
              {
                "admin_consent_description": "Allows the app to create, update, list, read and delete all workflows, tasks and related lifecycle workflows resources on behalf of the signed-in user.",
                "admin_consent_display_name": "Read and write all lifecycle workflows resources",
                "enabled": true,
                "id": "84b9d731-7db8-4454-8c90-fd9e95350179",
                "type": "Admin",
                "user_consent_description": "Allows the app to create, update, list, read and delete all workflows, tasks and related lifecycle workflows resources on your behalf.",
                "user_consent_display_name": "Read and write all lifecycle workflows resources",
                "value": "LifecycleWorkflows.ReadWrite.All"
              },
              {
                "admin_consent_description": "Allows the app to read and write your organization's branches for network access on behalf of the signed-in user.",
                "admin_consent_display_name": "Read and write properties of branches for network access",
                "enabled": true,
                "id": "b8a36cc2-b810-461a-baa4-a7281e50bd5c",
                "type": "Admin",
                "user_consent_description": "Allows the app to read and write your organization's branches for network access on your behalf.",
                "user_consent_display_name": "Read and write properties of branches for network access",
                "value": "NetworkAccessBranch.ReadWrite.All"
              },
              {
                "admin_consent_description": "Allows an app to read all bookmarks that the signed-in user can access.",
                "admin_consent_display_name": "Read all bookmarks that the user can access",
                "enabled": true,
                "id": "98b17b35-f3b1-4849-a85f-9f13733002f0",
                "type": "User",
                "user_consent_description": "Allows the app to read all bookmarks you can access.",
                "user_consent_display_name": "Read all bookmarks that you have access to",
                "value": "Bookmark.Read.All"
              },
              {
                "admin_consent_description": "Allows the app to read basic Industry Data service and resource information on behalf of the signed-in user.",
                "admin_consent_display_name": "Read basic Industry Data service and resource definitions",
                "enabled": true,
                "id": "60382b96-1f5e-46ea-a544-0407e489e588",
                "type": "User",
                "user_consent_description": "Allows the app to read Industry Data basic service and resource information on your behalf.",
                "user_consent_display_name": "Read basic Industry Data service and resource definitions",
                "value": "IndustryData.ReadBasic.All"
              },
              {
                "admin_consent_description": "Allows the app to read reference definitions on behalf of the signed-in user.",
                "admin_consent_display_name": "View reference definitions",
                "enabled": true,
                "id": "a3f96ffe-cb84-40a8-ac85-582d7ef97c2a",
                "type": "Admin",
                "user_consent_description": "Allows the app to read reference definitions on your behalf.",
                "user_consent_display_name": "View reference definitions",
                "value": "IndustryData-ReferenceDefinition.Read.All"
              },
              {
                "admin_consent_description": "Allows the app to read source system definitions on behalf of the signed-in user.",
                "admin_consent_display_name": "View source system definitions",
                "enabled": true,
                "id": "49b7016c-89ae-41e7-bd6f-b7170c5490bf",
                "type": "Admin",
                "user_consent_description": "Allows the app to read source system definitions on your behalf.",
                "user_consent_display_name": "View source system definitions",
                "value": "IndustryData-SourceSystem.Read.All"
              },
              {
                "admin_consent_description": "Allows the app to read time period definitions on behalf of the signed-in user.",
                "admin_consent_display_name": "Read time period definitions",
                "enabled": true,
                "id": "c9d51f28-8ccd-42b2-a836-fd8fe9ebf2ae",
                "type": "Admin",
                "user_consent_description": "Allows the app to read time period definitions on your behalf.",
                "user_consent_display_name": "Read time period definitions",
                "value": "IndustryData-TimePeriod.Read.All"
              },
              {
                "admin_consent_description": "Allows the app to read and write time period definitions on behalf of the signed-in user.",
                "admin_consent_display_name": "Manage time period definitions",
                "enabled": true,
                "id": "b6d56528-3032-4f9d-830f-5a24a25e6661",
                "type": "Admin",
                "user_consent_description": "Allows the app to read and write time period definitions on your behalf.",
                "user_consent_display_name": "Manage time period definitions",
                "value": "IndustryData-TimePeriod.ReadWrite.All"
              },
              {
                "admin_consent_description": "Allows the app to read all on-premises directory synchronization information for the organization, on behalf of the signed-in user.",
                "admin_consent_display_name": "Read all on-premises directory synchronization information",
                "enabled": true,
                "id": "f6609722-4100-44eb-b747-e6ca0536989d",
                "type": "Admin",
                "user_consent_description": "Allows the app to read all on-premises directory synchronization information for the organization, on your behalf.",
                "user_consent_display_name": "Read all on-premises directory synchronization information",
                "value": "OnPremDirectorySynchronization.Read.All"
              },
              {
                "admin_consent_description": "Allows the app to read the role-based access control (RBAC) alerts for your company's directory, on behalf of the signed-in user. This includes reading alert statuses, alert definitions, alert configurations and incidents that lead to an alert.",
                "admin_consent_display_name": "Read all alert data for your company's directory",
                "enabled": true,
                "id": "cce71173-f76d-446e-97ff-efb2d82e11b1",
                "type": "Admin",
                "user_consent_description": "Allows the app to read the role-based access control (RBAC) alerts for your company's directory, on your behalf. This includes reading alert statuses, alert definitions, alert configurations and incidents that lead to an alert.",
                "user_consent_display_name": "Read all alert data for your company's directory",
                "value": "RoleManagementAlert.Read.Directory"
              },
              {
                "admin_consent_description": "Allows the app to read and write the billing configuration on all applications on behalf of the signed-in user. ",
                "admin_consent_display_name": "Read and write application billing configuration",
                "enabled": true,
                "id": "2bf6d319-dfca-4c22-9879-f88dcfaee6be",
                "type": "Admin",
                "user_consent_description": "Allows the app to read and write the billing configuration on all applications on your behalf",
                "user_consent_display_name": "Read and write application billing configuration",
                "value": "BillingConfiguration.ReadWrite.All"
              },
              {
                "admin_consent_description": "Allows the application to read and change the tenant-level settings of SharePoint and OneDrive on behalf of the signed-in user.",
                "admin_consent_display_name": "Read and change SharePoint and OneDrive tenant settings",
                "enabled": true,
                "id": "aa07f155-3612-49b8-a147-6c590df35536",
                "type": "Admin",
                "user_consent_description": "Allows the application to read and change the tenant-level settings of SharePoint and OneDrive on your behalf.",
                "user_consent_display_name": "Read and change SharePoint and OneDrive tenant settings",
                "value": "SharePointTenantSettings.ReadWrite.All"
              },
              {
                "admin_consent_description": "Allows the app to read or write your organization's authentication event listeners on behalf of the signed-in user.",
                "admin_consent_display_name": "Read and write your organization's authentication event listeners",
                "enabled": true,
                "id": "d11625a6-fe21-4fc6-8d3d-063eba5525ad",
                "type": "Admin",
                "user_consent_description": "Allows the app to read or write your organization's authentication event listeners on your behalf.",
                "user_consent_display_name": "Read and write your organization's authentication event listeners",
                "value": "EventListener.ReadWrite.All"
              },
              {
                "admin_consent_description": "Allows the app to read and write the Teams app settings on behalf of the signed-in user.",
                "admin_consent_display_name": "Read and write Teams app settings",
                "enabled": true,
                "id": "87c556f0-2bd9-4eed-bd74-5dd8af6eaf7e",
                "type": "Admin",
                "user_consent_description": "Allows the app to read and write the Teams app settings on your behalf.",
                "user_consent_display_name": "Read and write Teams app settings",
                "value": "TeamworkAppSettings.ReadWrite.All"
              },
              {
                "admin_consent_description": "Allows the app to read all authentication context information in your organization on behalf of the signed-in user.",
                "admin_consent_display_name": "Read all authentication context information",
                "enabled": true,
                "id": "57b030f1-8c35-469c-b0d9-e4a077debe70",
                "type": "Admin",
                "user_consent_description": "Allows the app to read all authentication context information in your organization on your behalf.",
                "user_consent_display_name": "Read all authentication context information",
                "value": "AuthenticationContext.Read.All"
              },
              {
                "admin_consent_description": "Allows the app to read and update all authentication context information in your organization on behalf of the signed-in user.",
                "admin_consent_display_name": "Read and write all authentication context information",
                "enabled": true,
                "id": "ba6d575a-1344-4516-b777-1404f5593057",
                "type": "Admin",
                "user_consent_description": "Allows the app to read and update all authentication context information in your organization on your behalf.",
                "user_consent_display_name": "Read and write all authentication context information",
                "value": "AuthenticationContext.ReadWrite.All"
              },
              {
                "admin_consent_description": "Allows the app to read and update admin report settings, such as whether to display concealed information in reports, on behalf of the signed-in user.",
                "admin_consent_display_name": "Read and write admin report settings",
                "enabled": true,
                "id": "b955410e-7715-4a88-a940-dfd551018df3",
                "type": "Admin",
                "user_consent_description": "Allows the app to read and update admin report settings, such as whether to display concealed information in reports, on your behalf.",
                "user_consent_display_name": "Read and write admin report settings",
                "value": "ReportSettings.ReadWrite.All"
              },
              {
                "admin_consent_description": "Allows the app to read the configurations of business scenarios it owns, on behalf of the signed-in user.",
                "admin_consent_display_name": "Read business scenario configurations this app creates or owns",
                "enabled": true,
                "id": "c47e7b6e-d6f1-4be9-9ffd-1e00f3e32892",
                "type": "Admin",
                "user_consent_description": "Allows the app to read the configurations of business scenarios it owns, on your behalf.",
                "user_consent_display_name": "Read business scenario configurations this app creates or owns",
                "value": "BusinessScenarioConfig.Read.OwnedBy"
              },
              {
                "admin_consent_description": "Allows an application to read and write virtual appointments for the signed-in user. Only an organizer or participant user can read and write their virtual appointments. ",
                "admin_consent_display_name": "Read and write a user's virtual appointments  ",
                "enabled": true,
                "id": "2ccc2926-a528-4b17-b8bb-860eed29d64c",
                "type": "Admin",
                "user_consent_description": "Allows the app to read and write virtual appointments on your behalf.  ",
                "user_consent_display_name": "Read and write your virtual appointments",
                "value": "VirtualAppointment.ReadWrite"
              },
              {
                "admin_consent_description": "Allows the app to list and read all workflows, tasks and related lifecycle workflows resources on behalf of the signed-in user.",
                "admin_consent_display_name": "Read all lifecycle workflows resources",
                "enabled": true,
                "id": "9bcb9916-765a-42af-bf77-02282e26b01a",
                "type": "Admin",
                "user_consent_description": "Allows the app to list and read all workflows, tasks and related lifecycle workflows resources on your behalf.",
                "user_consent_display_name": "Read all lifecycle workflows resources",
                "value": "LifecycleWorkflows.Read.All"
              },
              {
                "admin_consent_description": "Allows the app to read and write your organization's security and routing network access policies on behalf of the signed-in user.",
                "admin_consent_display_name": "Read and write security and routing policies for network access",
                "enabled": true,
                "id": "b1fbad0f-ef6e-42ed-8676-bca7fa3e7291",
                "type": "Admin",
                "user_consent_description": "Allows the app to read and write your organization's security and routing network access policies on your behalf.",
                "user_consent_display_name": "Read and write security and routing policies for network access",
                "value": "NetworkAccessPolicy.ReadWrite.All"
              },
              {
                "admin_consent_description": "Allows the app to read and manage the role-based access control (RBAC) alerts for your company's directory, on behalf of the signed-in user. This includes managing alert settings, initiating alert scans, dimissing alerts, remediating alert incidents, and reading alert statuses, alert definitions, alert configurations and incidents that lead to an alert.",
                "admin_consent_display_name": "Read all alert data, configure alerts, and take actions on all alerts for your company's directory",
                "enabled": true,
                "id": "435644c6-a5b1-40bf-8f52-fe8e5b53e19c",
                "type": "Admin",
                "user_consent_description": "Allows the app to read and manage the role-based access control (RBAC) alerts for your company's directory, on your behalf. This includes managing alert settings, initiating alert scans, dimissing alerts, remediating alert incidents, and reading alert statuses, alert definitions, alert configurations and incidents that lead to an alert.",
                "user_consent_display_name": "Read all alert data, configure alerts, and take actions on all alerts for your company's directory",
                "value": "RoleManagementAlert.ReadWrite.Directory"
              },
              {
                "admin_consent_description": "Allows the application to list and query any shared user profile information associated with the current tenant on behalf of the signed-in user.  It also permits the application to export external user data (e.g. customer content or system-generated logs), for any user associated with the current tenant on behalf of the signed-in user.",
                "admin_consent_display_name": "Read all shared cross-tenant user profiles and export their data",
                "enabled": true,
                "id": "759dcd16-3c90-463c-937e-abf89f991c18",
                "type": "Admin",
                "user_consent_description": "Allows the application to list and query any shared user profile information associated with the current tenant on your behalf.  It also permits the application to export external user data (e.g. customer content or system-generated logs), for any user associated with the current tenant on your behalf.",
                "user_consent_display_name": "Read any shared cross-tenant user profiles and export data",
                "value": "CrossTenantUserProfileSharing.Read.All"
              },
              {
                "admin_consent_description": "Allows the application to read the tenant-level settings in SharePoint and OneDrive on behalf of the signed-in user.",
                "admin_consent_display_name": "Read SharePoint and OneDrive tenant settings",
                "enabled": true,
                "id": "2ef70e10-5bfd-4ede-a5f6-67720500b258",
                "type": "Admin",
                "user_consent_description": "Allows the application to read the tenant-level settings in SharePoint and OneDrive on your behalf.",
                "user_consent_display_name": "Read SharePoint and OneDrive tenant settings",
                "value": "SharePointTenantSettings.Read.All"
              },
              {
                "admin_consent_description": "Allows the app to read or write your organization's custom authentication extensions on behalf of the signed-in user.",
                "admin_consent_display_name": "Read and write your organization's custom authentication extensions",
                "enabled": true,
                "id": "8dfcf82f-15d0-43b3-bc78-a958a13a5792",
                "type": "Admin",
                "user_consent_description": "Allows the app to read or write your organization's custom authentication extensions on your behalf.",
                "user_consent_display_name": "Read and write your organization's custom authentication extensions",
                "value": "CustomAuthenticationExtension.ReadWrite.All"
              },
              {
                "admin_consent_description": "Allows an app to manage license assignments for users and groups, on behalf of the signed-in user.",
                "admin_consent_display_name": "Manage all license assignments",
                "enabled": true,
                "id": "f55016cc-149c-447e-8f21-7cf3ec1d6350",
                "type": "Admin",
                "user_consent_description": "Allows the app to manage all license assignments, on your behalf.",
                "user_consent_display_name": "Manage all license assignments",
                "value": "LicenseAssignment.ReadWrite.All"
              },
              {
                "admin_consent_description": "Allows the app to read mail the signed-in user can access, including their own and shared mail, except for body, bodyPreview, uniqueBody, attachments, extensions, and any extended properties.",
                "admin_consent_display_name": "Read user and shared basic mail",
                "enabled": true,
                "id": "b11fa0e7-fdb7-4dc9-b1f1-59facd463480",
                "type": "User",
                "user_consent_description": "Allows the app to read mail you can access, including shared mail except body, previewBody, uniqueBody, attachments, extensions, and any extended properties. ",
                "user_consent_display_name": "Read basic mail you can access",
                "value": "Mail.ReadBasic.Shared"
              },
              {
                "admin_consent_description": "Allows the app to create new business scenarios and fully manage the configurations of scenarios it owns, on behalf of the signed-in user.",
                "admin_consent_display_name": "Read and write business scenario configurations this app creates or owns",
                "enabled": true,
                "id": "b3b7fcff-b4d4-4230-bf6f-90bd91285395",
                "type": "Admin",
                "user_consent_description": "Allows the app to create new business scenarios and fully manage the configurations of scenarios it owns, on your behalf.",
                "user_consent_display_name": "Read and write business scenario configurations this app creates or owns",
                "value": "BusinessScenarioConfig.ReadWrite.OwnedBy"
              },
              {
                "admin_consent_description": "Allows an app to read all acronyms that the signed-in user can access.",
                "admin_consent_display_name": "Read all acronyms that the user can access",
                "enabled": true,
                "id": "9084c10f-a2d6-4713-8732-348def50fe02",
                "type": "User",
                "user_consent_description": "Allows the app to read all acronyms you can access.",
                "user_consent_display_name": "Read all acronyms that you have access to",
                "value": "Acronym.Read.All"
              },
              {
                "admin_consent_description": "Allows the app to read and write source system definitions on behalf of the signed-in user.",
                "admin_consent_display_name": "Manage source system definitions",
                "enabled": true,
                "id": "9599f005-05d6-4ea7-b1b1-4929768af5d0",
                "type": "Admin",
                "user_consent_description": "Allows the app to read and write source system definitions on your behalf.",
                "user_consent_display_name": "Manage source system definitions",
                "value": "IndustryData-SourceSystem.ReadWrite.All"
              },
              {
                "admin_consent_description": "Allows the app to read your organization's custom authentication extensions on behalf of the signed-in user.",
                "admin_consent_display_name": "Read your oganization's custom authentication extensions",
                "enabled": true,
                "id": "b2052569-c98c-4f36-a5fb-43e5c111e6d0",
                "type": "Admin",
                "user_consent_description": "Allows the app to read your organization's custom authentication extensions on your behalf.",
                "user_consent_display_name": "Read your organization's custom authentication extensions",
                "value": "CustomAuthenticationExtension.Read.All"
              },
              {
                "admin_consent_description": "Allows the app to read all transcripts of online meetings, on behalf of the signed-in user.",
                "admin_consent_display_name": "Read all transcripts of online meetings. ",
                "enabled": true,
                "id": "30b87d18-ebb1-45db-97f8-82ccb1f0190c",
                "type": "Admin",
                "user_consent_description": "Allows the app to read all transcripts of online meetings, on your behalf.",
                "user_consent_display_name": "Read all transcripts of online meetings.",
                "value": "OnlineMeetingTranscript.Read.All"
              },
              {
                "admin_consent_description": "Allows the app to read and write channel messages, on behalf of the signed-in user. This doesn't allow the app to edit the policyViolation of a channel message.",
                "admin_consent_display_name": "Read and write user channel messages",
                "enabled": true,
                "id": "5922d31f-46c8-4404-9eaf-2117e390a8a4",
                "type": "Admin",
                "user_consent_description": "Allows the app to read and write channel messages, on your behalf. This doesn't allow the app to edit the policyViolation of a channel message.",
                "user_consent_display_name": "Read and write user channel messages",
                "value": "ChannelMessage.ReadWrite"
              },
              {
                "admin_consent_description": "Allows a Teams app to read, install, upgrade, and uninstall itself in chats the signed-in user can access, and manage its permission grants for accessing those specific chats' data.",
                "admin_consent_display_name": "Allow the Teams app to manage itself and its permission grants in chats",
                "enabled": true,
                "id": "a0e0e18b-8fb2-458f-8130-da2d7cab9c75",
                "type": "Admin",
                "user_consent_description": "Allows a Teams app to read, install, upgrade, and uninstall itself in chats the signed-in user can access, and manage its permission grants for accessing those specific chats' data.",
                "user_consent_display_name": "Allow the Teams app to manage itself and its permission grants in chats",
                "value": "TeamsAppInstallation.ReadWriteAndConsentSelfForChat"
              },
              {
                "admin_consent_description": "Allows the app to read events in user calendars, except for properties such as body, attachments, and extensions.",
                "admin_consent_display_name": "Read basic details of user calendars",
                "enabled": true,
                "id": "662d75ba-a364-42ad-adee-f5f880ea4878",
                "type": "Admin",
                "user_consent_description": "Allows the app to read events in your calendars, except for properties such as body, attachments, and extensions.",
                "user_consent_display_name": "Read basic details of your calendars",
                "value": "Calendars.ReadBasic"
              },
              {
                "admin_consent_description": "Allows the app to read your organization's security and routing network access policies on behalf of the signed-in user.",
                "admin_consent_display_name": "Read security and routing policies for network access",
                "enabled": true,
                "id": "ba22922b-752c-446f-89d7-a2d92398fceb",
                "type": "User",
                "user_consent_description": "Allows the app to read your organization's security and routing network access policies on your behalf.",
                "user_consent_display_name": "Read security and routing policies for network access",
                "value": "NetworkAccessPolicy.Read.All"
              },
              {
                "admin_consent_description": "Allows the app to read your organization's branches for network access on behalf of the signed-in user.",
                "admin_consent_display_name": "Read properties of branches for network access",
                "enabled": true,
                "id": "4051c7fc-b429-4804-8d80-8f1f8c24a6f7",
                "type": "User",
                "user_consent_description": "Allows the app to read your organization's branches for network access on your behalf.",
                "user_consent_display_name": "Read properties of branches for network access",
                "value": "NetworkAccessBranch.Read.All"
              },
              {
                "admin_consent_description": "Allows the app to upload data files to a data connector on behalf of the signed-in user.",
                "admin_consent_display_name": "Upload files to a data connector",
                "enabled": true,
                "id": "fc47391d-ab2c-410f-9059-5600f7af660d",
                "type": "Admin",
                "user_consent_description": "Allows the app to upload data files to a data connector on your behalf.",
                "user_consent_display_name": "Upload files to a data connector",
                "value": "IndustryData-DataConnector.Upload"
              },
              {
                "admin_consent_description": "Allows the app to read, create, and update attack simulation and training data for an organization for the signed-in user.",
                "admin_consent_display_name": "Read, create, and update attack simulation data of an organization",
                "enabled": true,
                "id": "27608d7c-2c66-4cad-a657-951d575f5a60",
                "type": "User",
                "user_consent_description": "Allows the app to read, create, and update attack simulation and training data for an organization on your behalf.",
                "user_consent_display_name": "Read, create, and update attack simulation data of an organization",
                "value": "AttackSimulation.ReadWrite.All"
              }
            ],
            "object_id": "400c84f5-fed6-4d1c-aaf7-15df7b4570c5",
            "owners": [],
            "preferred_single_sign_on_mode": "",
            "redirect_uris": [],
            "saml_metadata_url": "",
            "saml_single_sign_on": [
              {
                "relay_state": ""
              }
            ],
            "service_principal_names": [
              "00000003-0000-0000-c000-000000000000/ags.windows.net",
              "https://canary.graph.microsoft.com",
              "https://graph.microsoft.com",
              "https://ags.windows.net",
              "https://graph.microsoft.us",
              "https://graph.microsoft.com/",
              "https://dod-graph.microsoft.us",
              "https://canary.graph.microsoft.com/",
              "https://graph.microsoft.us/",
              "https://dod-graph.microsoft.us/"
            ],
            "sign_in_audience": "AzureADMultipleOrgs",
            "tags": [],
            "timeouts": null,
            "type": "Application",
            "use_existing": true
          },
          "sensitive_attributes": [],
          "private": "eyJlMmJmYjczMC1lY2FhLTExZTYtOGY4OC0zNDM2M2JjN2M0YzAiOnsiY3JlYXRlIjo2MDAwMDAwMDAwMDAsImRlbGV0ZSI6MzAwMDAwMDAwMDAwLCJyZWFkIjozMDAwMDAwMDAwMDAsInVwZGF0ZSI6NjAwMDAwMDAwMDAwfX0=",
          "dependencies": [
            "data.azuread_application_published_app_ids.well_known"
          ]
        }
      ]
    },
    {
      "mode": "managed",
      "type": "azuread_service_principal",
      "name": "mssql-app-sp",
      "provider": "provider[\"registry.terraform.io/hashicorp/azuread\"]",
      "instances": [
        {
          "schema_version": 0,
          "attributes": {
            "account_enabled": true,
            "alternative_names": [],
            "app_role_assignment_required": false,
            "app_role_ids": {},
            "app_roles": [],
            "application_id": "cb6850e1-fcea-415b-93aa-da99ff2aff98",
            "application_tenant_id": "da4e5376-e590-44ac-b4f4-35c36df9aecb",
            "description": "",
            "display_name": "mssql_app",
            "feature_tags": [
              {
                "custom_single_sign_on": false,
                "enterprise": false,
                "gallery": false,
                "hide": false
              }
            ],
            "features": [
              {
                "custom_single_sign_on_app": false,
                "enterprise_application": false,
                "gallery_application": false,
                "visible_to_users": true
              }
            ],
            "homepage_url": "",
            "id": "98d1eedf-b8fa-4a9b-b409-263a805e3864",
            "login_url": "",
            "logout_url": "",
            "notes": "",
            "notification_email_addresses": [],
            "oauth2_permission_scope_ids": {},
            "oauth2_permission_scopes": [],
            "object_id": "98d1eedf-b8fa-4a9b-b409-263a805e3864",
            "owners": [
              "22a38ffe-4c4a-4389-be94-009dc5492acf"
            ],
            "preferred_single_sign_on_mode": "",
            "redirect_uris": [],
            "saml_metadata_url": "",
            "saml_single_sign_on": [
              {
                "relay_state": ""
              }
            ],
            "service_principal_names": [],
            "sign_in_audience": "AzureADMyOrg",
            "tags": [],
            "timeouts": null,
            "type": "Application",
            "use_existing": null
          },
          "sensitive_attributes": [],
          "private": "eyJlMmJmYjczMC1lY2FhLTExZTYtOGY4OC0zNDM2M2JjN2M0YzAiOnsiY3JlYXRlIjo2MDAwMDAwMDAwMDAsImRlbGV0ZSI6MzAwMDAwMDAwMDAwLCJyZWFkIjozMDAwMDAwMDAwMDAsInVwZGF0ZSI6NjAwMDAwMDAwMDAwfX0=",
          "dependencies": [
            "azuread_application.mssql-app",
            "azuread_service_principal.msgraph",
            "data.azuread_application_published_app_ids.well_known",
            "data.azurerm_client_config.current"
          ]
        }
      ]
    },
    {
      "mode": "managed",
      "type": "azurerm_mssql_database",
      "name": "db",
      "provider": "provider[\"registry.terraform.io/hashicorp/azurerm\"]",
      "instances": [
        {
          "schema_version": 1,
          "attributes": {
            "auto_pause_delay_in_minutes": 0,
            "collation": "SQL_Latin1_General_CP1_CI_AS",
            "create_mode": "Default",
            "creation_source_database_id": null,
            "elastic_pool_id": "",
            "geo_backup_enabled": true,
            "id": "/subscriptions/b06a8909-72e8-43c2-b37c-8140334a5f32/resourceGroups/aritest-rg/providers/Microsoft.Sql/servers/aritest-server/databases/aritest-db",
            "import": [],
            "ledger_enabled": false,
            "license_type": "",
            "long_term_retention_policy": [
              {
                "monthly_retention": "PT0S",
                "week_of_year": 1,
                "weekly_retention": "PT0S",
                "yearly_retention": "PT0S"
              }
            ],
            "maintenance_configuration_name": "SQL_Default",
            "max_size_gb": 2,
            "min_capacity": 0,
            "name": "aritest-db",
            "read_replica_count": 0,
            "read_scale": false,
            "recover_database_id": null,
            "restore_dropped_database_id": null,
            "restore_point_in_time": null,
            "sample_name": null,
            "server_id": "/subscriptions/b06a8909-72e8-43c2-b37c-8140334a5f32/resourceGroups/aritest-rg/providers/Microsoft.Sql/servers/aritest-server",
            "short_term_retention_policy": [
              {
                "backup_interval_in_hours": 24,
                "retention_days": 7
              }
            ],
            "sku_name": "Basic",
            "storage_account_type": "Geo",
            "tags": {},
            "threat_detection_policy": [
              {
                "disabled_alerts": [],
                "email_account_admins": "Disabled",
                "email_addresses": [],
                "retention_days": 0,
                "state": "Disabled",
                "storage_account_access_key": "",
                "storage_endpoint": ""
              }
            ],
            "timeouts": null,
            "transparent_data_encryption_enabled": true,
            "zone_redundant": false
          },
          "sensitive_attributes": [],
          "private": "eyJlMmJmYjczMC1lY2FhLTExZTYtOGY4OC0zNDM2M2JjN2M0YzAiOnsiY3JlYXRlIjozNjAwMDAwMDAwMDAwLCJkZWxldGUiOjM2MDAwMDAwMDAwMDAsInJlYWQiOjMwMDAwMDAwMDAwMCwidXBkYXRlIjozNjAwMDAwMDAwMDAwfSwic2NoZW1hX3ZlcnNpb24iOiIxIn0=",
          "dependencies": [
            "azurerm_mssql_server.server",
            "azurerm_resource_group.rg",
            "data.azurerm_client_config.current"
          ]
        }
      ]
    },
    {
      "mode": "managed",
      "type": "azurerm_mssql_server",
      "name": "server",
      "provider": "provider[\"registry.terraform.io/hashicorp/azurerm\"]",
      "instances": [
        {
          "schema_version": 0,
          "attributes": {
            "administrator_login": "CloudSAf22d0eb4",
            "administrator_login_password": null,
            "azuread_administrator": [
              {
                "azuread_authentication_only": true,
                "login_username": "dbadmin@arimitsu2023.onmicrosoft.com",
                "object_id": "91fc76cf-3c42-4a0d-a053-187be4fa0866",
                "tenant_id": "da4e5376-e590-44ac-b4f4-35c36df9aecb"
              }
            ],
            "connection_policy": "Default",
            "fully_qualified_domain_name": "aritest-server.database.windows.net",
            "id": "/subscriptions/b06a8909-72e8-43c2-b37c-8140334a5f32/resourceGroups/aritest-rg/providers/Microsoft.Sql/servers/aritest-server",
            "identity": [],
            "location": "japaneast",
            "minimum_tls_version": "1.2",
            "name": "aritest-server",
            "outbound_network_restriction_enabled": false,
            "primary_user_assigned_identity_id": "",
            "public_network_access_enabled": true,
            "resource_group_name": "aritest-rg",
            "restorable_dropped_database_ids": [],
            "tags": {},
            "timeouts": null,
            "version": "12.0"
          },
          "sensitive_attributes": [],
          "private": "eyJlMmJmYjczMC1lY2FhLTExZTYtOGY4OC0zNDM2M2JjN2M0YzAiOnsiY3JlYXRlIjozNjAwMDAwMDAwMDAwLCJkZWxldGUiOjM2MDAwMDAwMDAwMDAsInJlYWQiOjMwMDAwMDAwMDAwMCwidXBkYXRlIjozNjAwMDAwMDAwMDAwfX0=",
          "dependencies": [
            "azurerm_resource_group.rg",
            "data.azurerm_client_config.current"
          ]
        }
      ]
    },
    {
      "mode": "managed",
      "type": "azurerm_resource_group",
      "name": "rg",
      "provider": "provider[\"registry.terraform.io/hashicorp/azurerm\"]",
      "instances": [
        {
          "schema_version": 0,
          "attributes": {
            "id": "/subscriptions/b06a8909-72e8-43c2-b37c-8140334a5f32/resourceGroups/aritest-rg",
            "location": "japaneast",
            "name": "aritest-rg",
            "tags": {},
            "timeouts": null
          },
          "sensitive_attributes": [],
          "private": "eyJlMmJmYjczMC1lY2FhLTExZTYtOGY4OC0zNDM2M2JjN2M0YzAiOnsiY3JlYXRlIjo1NDAwMDAwMDAwMDAwLCJkZWxldGUiOjU0MDAwMDAwMDAwMDAsInJlYWQiOjMwMDAwMDAwMDAwMCwidXBkYXRlIjo1NDAwMDAwMDAwMDAwfX0="
        }
      ]
    },
    {
      "mode": "managed",
      "type": "azurerm_role_assignment",
      "name": "blob_contributer",
      "provider": "provider[\"registry.terraform.io/hashicorp/azurerm\"]",
      "instances": [
        {
          "schema_version": 0,
          "attributes": {
            "condition": "",
            "condition_version": "",
            "delegated_managed_identity_resource_id": "",
            "description": "",
            "id": "/subscriptions/b06a8909-72e8-43c2-b37c-8140334a5f32/providers/Microsoft.Authorization/roleAssignments/a5493b34-c2e7-7842-fd05-85bcc707c125",
            "name": "a5493b34-c2e7-7842-fd05-85bcc707c125",
            "principal_id": "98d1eedf-b8fa-4a9b-b409-263a805e3864",
            "principal_type": "ServicePrincipal",
            "role_definition_id": "/subscriptions/b06a8909-72e8-43c2-b37c-8140334a5f32/providers/Microsoft.Authorization/roleDefinitions/ba92f5b4-2d11-453d-a403-e96b0029c9fe",
            "role_definition_name": "Storage Blob Data Contributor",
            "scope": "/subscriptions/b06a8909-72e8-43c2-b37c-8140334a5f32",
            "skip_service_principal_aad_check": null,
            "timeouts": null
          },
          "sensitive_attributes": [],
          "private": "eyJlMmJmYjczMC1lY2FhLTExZTYtOGY4OC0zNDM2M2JjN2M0YzAiOnsiY3JlYXRlIjoxODAwMDAwMDAwMDAwLCJkZWxldGUiOjE4MDAwMDAwMDAwMDAsInJlYWQiOjMwMDAwMDAwMDAwMCwidXBkYXRlIjoxODAwMDAwMDAwMDAwfX0=",
          "dependencies": [
            "azuread_application.mssql-app",
            "azuread_service_principal.msgraph",
            "azuread_service_principal.mssql-app-sp",
            "data.azuread_application_published_app_ids.well_known",
            "data.azurerm_client_config.current",
            "data.azurerm_subscription.current"
          ]
        }
      ]
    },
    {
      "mode": "managed",
      "type": "azurerm_storage_account",
      "name": "storage",
      "provider": "provider[\"registry.terraform.io/hashicorp/azurerm\"]",
      "instances": [
        {
          "schema_version": 3,
          "attributes": {
            "access_tier": "Hot",
            "account_kind": "StorageV2",
            "account_replication_type": "GRS",
            "account_tier": "Standard",
            "allow_nested_items_to_be_public": true,
            "azure_files_authentication": [],
            "blob_properties": [
              {
                "change_feed_enabled": false,
                "change_feed_retention_in_days": 0,
                "container_delete_retention_policy": [],
                "cors_rule": [],
                "default_service_version": "",
                "delete_retention_policy": [],
                "last_access_time_enabled": false,
                "restore_policy": [],
                "versioning_enabled": false
              }
            ],
            "cross_tenant_replication_enabled": true,
            "custom_domain": [],
            "customer_managed_key": [],
            "default_to_oauth_authentication": false,
            "edge_zone": "",
            "enable_https_traffic_only": true,
            "id": "/subscriptions/b06a8909-72e8-43c2-b37c-8140334a5f32/resourceGroups/aritest-rg/providers/Microsoft.Storage/storageAccounts/ariteststorageaccount",
            "identity": [],
            "immutability_policy": [],
            "infrastructure_encryption_enabled": false,
            "is_hns_enabled": false,
            "large_file_share_enabled": null,
            "location": "japaneast",
            "min_tls_version": "TLS1_2",
            "name": "ariteststorageaccount",
            "network_rules": [
              {
                "bypass": [
                  "AzureServices"
                ],
                "default_action": "Allow",
                "ip_rules": [],
                "private_link_access": [],
                "virtual_network_subnet_ids": []
              }
            ],
            "nfsv3_enabled": false,
            "primary_access_key": "r8iVfNaxxTSAtV6ST/0JeGVeNuxTfWoLf8n+ms/DksItB9WYFQFn5rhwkIE1cF7ifIKXbDumJIPr+AStlf/SXw==",
            "primary_blob_connection_string": "DefaultEndpointsProtocol=https;BlobEndpoint=https://ariteststorageaccount.blob.core.windows.net/;AccountName=ariteststorageaccount;AccountKey=r8iVfNaxxTSAtV6ST/0JeGVeNuxTfWoLf8n+ms/DksItB9WYFQFn5rhwkIE1cF7ifIKXbDumJIPr+AStlf/SXw==",
            "primary_blob_endpoint": "https://ariteststorageaccount.blob.core.windows.net/",
            "primary_blob_host": "ariteststorageaccount.blob.core.windows.net",
            "primary_connection_string": "DefaultEndpointsProtocol=https;AccountName=ariteststorageaccount;AccountKey=r8iVfNaxxTSAtV6ST/0JeGVeNuxTfWoLf8n+ms/DksItB9WYFQFn5rhwkIE1cF7ifIKXbDumJIPr+AStlf/SXw==;EndpointSuffix=core.windows.net",
            "primary_dfs_endpoint": "https://ariteststorageaccount.dfs.core.windows.net/",
            "primary_dfs_host": "ariteststorageaccount.dfs.core.windows.net",
            "primary_file_endpoint": "https://ariteststorageaccount.file.core.windows.net/",
            "primary_file_host": "ariteststorageaccount.file.core.windows.net",
            "primary_location": "japaneast",
            "primary_queue_endpoint": "https://ariteststorageaccount.queue.core.windows.net/",
            "primary_queue_host": "ariteststorageaccount.queue.core.windows.net",
            "primary_table_endpoint": "https://ariteststorageaccount.table.core.windows.net/",
            "primary_table_host": "ariteststorageaccount.table.core.windows.net",
            "primary_web_endpoint": "https://ariteststorageaccount.z11.web.core.windows.net/",
            "primary_web_host": "ariteststorageaccount.z11.web.core.windows.net",
            "public_network_access_enabled": true,
            "queue_encryption_key_type": "Service",
            "queue_properties": [
              {
                "cors_rule": [],
                "hour_metrics": [
                  {
                    "enabled": true,
                    "include_apis": true,
                    "retention_policy_days": 7,
                    "version": "1.0"
                  }
                ],
                "logging": [
                  {
                    "delete": false,
                    "read": false,
                    "retention_policy_days": 0,
                    "version": "1.0",
                    "write": false
                  }
                ],
                "minute_metrics": [
                  {
                    "enabled": false,
                    "include_apis": false,
                    "retention_policy_days": 0,
                    "version": "1.0"
                  }
                ]
              }
            ],
            "resource_group_name": "aritest-rg",
            "routing": [],
            "sas_policy": [],
            "secondary_access_key": "puL03fdRsP12qpqcMHj/DWRAjTvRWmsMIEDJ69IRzd3x+m10ffvxA6bMjbREH55DwHLqWEAIm+XY+ASt8LlzdQ==",
            "secondary_blob_connection_string": "",
            "secondary_blob_endpoint": null,
            "secondary_blob_host": null,
            "secondary_connection_string": "DefaultEndpointsProtocol=https;AccountName=ariteststorageaccount;AccountKey=puL03fdRsP12qpqcMHj/DWRAjTvRWmsMIEDJ69IRzd3x+m10ffvxA6bMjbREH55DwHLqWEAIm+XY+ASt8LlzdQ==;EndpointSuffix=core.windows.net",
            "secondary_dfs_endpoint": null,
            "secondary_dfs_host": null,
            "secondary_file_endpoint": null,
            "secondary_file_host": null,
            "secondary_location": "japanwest",
            "secondary_queue_endpoint": null,
            "secondary_queue_host": null,
            "secondary_table_endpoint": null,
            "secondary_table_host": null,
            "secondary_web_endpoint": null,
            "secondary_web_host": null,
            "sftp_enabled": false,
            "share_properties": [
              {
                "cors_rule": [],
                "retention_policy": [
                  {
                    "days": 7
                  }
                ],
                "smb": []
              }
            ],
            "shared_access_key_enabled": true,
            "static_website": [],
            "table_encryption_key_type": "Service",
            "tags": {},
            "timeouts": null
          },
          "sensitive_attributes": [],
          "private": "eyJlMmJmYjczMC1lY2FhLTExZTYtOGY4OC0zNDM2M2JjN2M0YzAiOnsiY3JlYXRlIjozNjAwMDAwMDAwMDAwLCJkZWxldGUiOjM2MDAwMDAwMDAwMDAsInJlYWQiOjMwMDAwMDAwMDAwMCwidXBkYXRlIjozNjAwMDAwMDAwMDAwfSwic2NoZW1hX3ZlcnNpb24iOiIzIn0=",
          "dependencies": [
            "azurerm_resource_group.rg"
          ]
        }
      ]
    },
    {
      "mode": "managed",
      "type": "azurerm_storage_container",
      "name": "container",
      "provider": "provider[\"registry.terraform.io/hashicorp/azurerm\"]",
      "instances": [
        {
          "schema_version": 1,
          "attributes": {
            "container_access_type": "private",
            "has_immutability_policy": false,
            "has_legal_hold": false,
            "id": "https://ariteststorageaccount.blob.core.windows.net/container",
            "metadata": {},
            "name": "container",
            "resource_manager_id": "/subscriptions/b06a8909-72e8-43c2-b37c-8140334a5f32/resourceGroups/aritest-rg/providers/Microsoft.Storage/storageAccounts/ariteststorageaccount/blobServices/default/containers/container",
            "storage_account_name": "ariteststorageaccount",
            "timeouts": null
          },
          "sensitive_attributes": [],
          "private": "eyJlMmJmYjczMC1lY2FhLTExZTYtOGY4OC0zNDM2M2JjN2M0YzAiOnsiY3JlYXRlIjoxODAwMDAwMDAwMDAwLCJkZWxldGUiOjE4MDAwMDAwMDAwMDAsInJlYWQiOjMwMDAwMDAwMDAwMCwidXBkYXRlIjoxODAwMDAwMDAwMDAwfSwic2NoZW1hX3ZlcnNpb24iOiIxIn0=",
          "dependencies": [
            "azurerm_storage_account.storage"
          ]
        }
      ]
    }
  ],
  "check_results": null
}
